{
  "version": 4,
  "terraform_version": "1.6.4",
  "serial": 266,
  "lineage": "2739370a-6560-63df-bd1e-8bdb542f6cb3",
  "outputs": {
    "base_url": {
      "value": "https://ueb8gkzdtj.execute-api.ap-southeast-1.amazonaws.com/prod",
      "type": "string"
    }
  },
  "resources": [
    {
      "mode": "data",
      "type": "archive_file",
      "name": "lambda_hello_world",
      "provider": "provider[\"registry.terraform.io/hashicorp/archive\"]",
      "instances": [
        {
          "schema_version": 0,
          "attributes": {
            "exclude_symlink_directories": null,
            "excludes": null,
            "id": "458c849388a68451db1cbc36c18c761d33d512cf",
            "output_base64sha256": "9A1pTC79cRqNX9NBfGHLCLH4k3ttAkBr+YSoUPc3psM=",
            "output_base64sha512": "Hxjp1+C4fbbH8AL2kb1wQkT1Siq9332uojmipA7mRKSMy8uOY7nk/pUC9h4Q/LLnpM7dds+nQX/s+mMx/lavZA==",
            "output_file_mode": null,
            "output_md5": "73c8eef9e314a6337df6e74b8826fa8e",
            "output_path": "./dist/functions/hello-world.zip",
            "output_sha": "458c849388a68451db1cbc36c18c761d33d512cf",
            "output_sha256": "f40d694c2efd711a8d5fd3417c61cb08b1f8937b6d02406bf984a850f737a6c3",
            "output_sha512": "1f18e9d7e0b87db6c7f002f691bd704244f54a2abddf7daea239a2a40ee644a48ccbcb8e63b9e4fe9502f61e10fcb2e7a4cedd76cfa7417fecfa6331fe56af64",
            "output_size": 5258915,
            "source": [],
            "source_content": null,
            "source_content_filename": null,
            "source_dir": null,
            "source_file": "./dist/functions/hello-world",
            "type": "zip"
          },
          "sensitive_attributes": []
        }
      ]
    },
    {
      "mode": "data",
      "type": "archive_file",
      "name": "lambda_monitored_link_add_multiple",
      "provider": "provider[\"registry.terraform.io/hashicorp/archive\"]",
      "instances": [
        {
          "schema_version": 0,
          "attributes": {
            "exclude_symlink_directories": null,
            "excludes": null,
            "id": "6433ce0d90c219433b9e2adf90e7d97f970d063a",
            "output_base64sha256": "OFIU/gC/pbD43nRS54OBrUsQ8OgRApLK8hR1BjhThfg=",
            "output_base64sha512": "mwSsixFaewvlVWNYa7IZKVoEdl0o9j/akWO2IivuIeDJMtnc0TcBb5bov8zz5vnPhvP1AV3jVA2f0JiTfYQKVA==",
            "output_file_mode": null,
            "output_md5": "d1e79b4018c00bd518f17d64f22dd0d6",
            "output_path": "./dist/functions/monitored-link-add-multiple.zip",
            "output_sha": "6433ce0d90c219433b9e2adf90e7d97f970d063a",
            "output_sha256": "385214fe00bfa5b0f8de7452e78381ad4b10f0e8110292caf2147506385385f8",
            "output_sha512": "9b04ac8b115a7b0be55563586bb219295a04765d28f63fda9163b6222bee21e0c932d9dcd137016f96e8bfccf3e6f9cf86f3f5015de3540d9fd098937d840a54",
            "output_size": 9512712,
            "source": [],
            "source_content": null,
            "source_content_filename": null,
            "source_dir": null,
            "source_file": "./dist/functions/monitored-link-add-multiple",
            "type": "zip"
          },
          "sensitive_attributes": []
        }
      ]
    },
    {
      "mode": "data",
      "type": "archive_file",
      "name": "lambda_monitored_link_edit_multiple",
      "provider": "provider[\"registry.terraform.io/hashicorp/archive\"]",
      "instances": [
        {
          "schema_version": 0,
          "attributes": {
            "exclude_symlink_directories": null,
            "excludes": null,
            "id": "f81b55e520745458d9e343cd46d75b0a2bca84f6",
            "output_base64sha256": "q9XdcpxraPekMxC66QzZxW5y4ytS0sNSP/9mcZsb8iI=",
            "output_base64sha512": "BxmTM5oYwH3kxhfqvy3edGJ/PHkc3dadd89BD11v2Yi6Aey6LCn6YMjT8SMp5qw5eLJlMFb5YAHehiUwqpbfPw==",
            "output_file_mode": null,
            "output_md5": "8823871a3a83b56697caccfaddb7f52f",
            "output_path": "./dist/functions/monitored-link-edit-multiple.zip",
            "output_sha": "f81b55e520745458d9e343cd46d75b0a2bca84f6",
            "output_sha256": "abd5dd729c6b68f7a43310bae90cd9c56e72e32b52d2c3523fff66719b1bf222",
            "output_sha512": "071993339a18c07de4c617eabf2dde74627f3c791cddd69d77cf410f5d6fd988ba01ecba2c29fa60c8d3f12329e6ac3978b2653056f96001de862530aa96df3f",
            "output_size": 9505212,
            "source": [],
            "source_content": null,
            "source_content_filename": null,
            "source_dir": null,
            "source_file": "./dist/functions/monitored-link-edit-multiple",
            "type": "zip"
          },
          "sensitive_attributes": []
        }
      ]
    },
    {
      "mode": "data",
      "type": "archive_file",
      "name": "lambda_monitored_link_list",
      "provider": "provider[\"registry.terraform.io/hashicorp/archive\"]",
      "instances": [
        {
          "schema_version": 0,
          "attributes": {
            "exclude_symlink_directories": null,
            "excludes": null,
            "id": "6f024ef6420470010be09410371e0df6bc907c42",
            "output_base64sha256": "ROFX2LJ9WYY6W2ua9nA++quOYM6hN0CDChBRdkISja4=",
            "output_base64sha512": "xu7KdHjpeqvD5JYwVyr2u+y71XQeIE2C4ctgdGTvkl39BCvozpz6ya80En5jrWaiFuetKVNSKE+ESypF0x6uCQ==",
            "output_file_mode": null,
            "output_md5": "b60477d781664003a9b415db2adb23a6",
            "output_path": "./dist/functions/monitored-link-list.zip",
            "output_sha": "6f024ef6420470010be09410371e0df6bc907c42",
            "output_sha256": "44e157d8b27d59863a5b6b9af6703efaab8e60cea13740830a10517642128dae",
            "output_sha512": "c6eeca7478e97aabc3e49630572af6bbecbbd5741e204d82e1cb607464ef925dfd042be8ce9cfac9af34127e63ad66a216e7ad295352284f844b2a45d31eae09",
            "output_size": 9475285,
            "source": [],
            "source_content": null,
            "source_content_filename": null,
            "source_dir": null,
            "source_file": "./dist/functions/monitored-link-list",
            "type": "zip"
          },
          "sensitive_attributes": []
        }
      ]
    },
    {
      "mode": "data",
      "type": "archive_file",
      "name": "lambda_user_reset_password",
      "provider": "provider[\"registry.terraform.io/hashicorp/archive\"]",
      "instances": [
        {
          "schema_version": 0,
          "attributes": {
            "exclude_symlink_directories": null,
            "excludes": null,
            "id": "47a3f317eadc9d30de83aaeeedc96913d63b123e",
            "output_base64sha256": "GMUaabU0ivZHVA5Eo+eFU099U9i2rxt6ui8x7PqLagY=",
            "output_base64sha512": "H0NVpexo/k0SuL41aOGrlKm7745a4HYHXa2z4JzB+U9tTilYQBhzIDZ7Miexhxl8qThrCQqodzsFYPEPpgDaXw==",
            "output_file_mode": null,
            "output_md5": "4829aade48210237ca2654232261f890",
            "output_path": "./dist/functions/user-reset-password.zip",
            "output_sha": "47a3f317eadc9d30de83aaeeedc96913d63b123e",
            "output_sha256": "18c51a69b5348af647540e44a3e785534f7d53d8b6af1b7aba2f31ecfa8b6a06",
            "output_sha512": "1f4355a5ec68fe4d12b8be3568e1ab94a9bbef8e5ae076075dadb3e09cc1f94f6d4e295840187320367b3227b187197ca9386b090aa8773b0560f10fa600da5f",
            "output_size": 9062390,
            "source": [],
            "source_content": null,
            "source_content_filename": null,
            "source_dir": null,
            "source_file": "./dist/functions/user-reset-password",
            "type": "zip"
          },
          "sensitive_attributes": []
        }
      ]
    },
    {
      "mode": "data",
      "type": "archive_file",
      "name": "lambda_user_sign_in",
      "provider": "provider[\"registry.terraform.io/hashicorp/archive\"]",
      "instances": [
        {
          "schema_version": 0,
          "attributes": {
            "exclude_symlink_directories": null,
            "excludes": null,
            "id": "d651077402ccd7dc2aeeff48d023521c9b6681e0",
            "output_base64sha256": "PQxMBaCCZ1+t+YOgFph5xlm72h9Oj0PAD5yWwHVrGBo=",
            "output_base64sha512": "gjtvzs0lzKkPy8G3A9jrzM2oMd+XWxWfOSdfv9X1VLFHWhk1y+q4bDh3e8r+MRE/a5EhvHmQIVdAAAJN67b2Pw==",
            "output_file_mode": null,
            "output_md5": "1a07912501b4995fa92788fe00865649",
            "output_path": "./dist/functions/user-signin.zip",
            "output_sha": "d651077402ccd7dc2aeeff48d023521c9b6681e0",
            "output_sha256": "3d0c4c05a082675fadf983a0169879c659bbda1f4e8f43c00f9c96c0756b181a",
            "output_sha512": "823b6fcecd25cca90fcbc1b703d8ebcccda831df975b159f39275fbfd5f554b1475a1935cbeab86c38777bcafe31113f6b9121bc799021574000024debb6f63f",
            "output_size": 9472291,
            "source": [],
            "source_content": null,
            "source_content_filename": null,
            "source_dir": null,
            "source_file": "./dist/functions/user-signin",
            "type": "zip"
          },
          "sensitive_attributes": []
        }
      ]
    },
    {
      "mode": "data",
      "type": "archive_file",
      "name": "lambda_user_sign_up",
      "provider": "provider[\"registry.terraform.io/hashicorp/archive\"]",
      "instances": [
        {
          "schema_version": 0,
          "attributes": {
            "exclude_symlink_directories": null,
            "excludes": null,
            "id": "055c308546521edfbd9285c82954110abd87acf7",
            "output_base64sha256": "STP9AjEQm0/BgT6j2BH7nujiThYcIZLh6Q1CQXnlIJE=",
            "output_base64sha512": "mUXLUAsaZFEgV09bp5lgFvR0SX4WQ0tfmO1EZqh9agAZ1alBWaXDdFyN2OzPSX++bHgNDxjxWDdPCN7YEb+yMw==",
            "output_file_mode": null,
            "output_md5": "8fe6382c3663898a066c63b685736235",
            "output_path": "./dist/functions/user-signup.zip",
            "output_sha": "055c308546521edfbd9285c82954110abd87acf7",
            "output_sha256": "4933fd0231109b4fc1813ea3d811fb9ee8e24e161c2192e1e90d424179e52091",
            "output_sha512": "9945cb500b1a645120574f5ba7996016f474497e16434b5f98ed4466a87d6a0019d5a94159a5c3745c8dd8eccf497fbe6c780d0f18f158374f08ded811bfb233",
            "output_size": 9060501,
            "source": [],
            "source_content": null,
            "source_content_filename": null,
            "source_dir": null,
            "source_file": "./dist/functions/user-signup",
            "type": "zip"
          },
          "sensitive_attributes": []
        }
      ]
    },
    {
      "mode": "data",
      "type": "archive_file",
      "name": "lambda_user_validate_otp",
      "provider": "provider[\"registry.terraform.io/hashicorp/archive\"]",
      "instances": [
        {
          "schema_version": 0,
          "attributes": {
            "exclude_symlink_directories": null,
            "excludes": null,
            "id": "a30422250f41284db417664c4c4a5caf02f9965e",
            "output_base64sha256": "lbtPsQG4G9+e4RX7hBSUS7tkva0fiEAh/CEdWzXkwx4=",
            "output_base64sha512": "aH26E66Exu0/STTxAI8kKa+Oj3CX/nr3pFdp5lR2KlXNjFZa5t/AEBKYcsL9rXSJ4/SLOewns4K25zKRYiVwFQ==",
            "output_file_mode": null,
            "output_md5": "0903eb215f3f3c867849f71746195c20",
            "output_path": "./dist/functions/user-validate-otp.zip",
            "output_sha": "a30422250f41284db417664c4c4a5caf02f9965e",
            "output_sha256": "95bb4fb101b81bdf9ee115fb8414944bbb64bdad1f884021fc211d5b35e4c31e",
            "output_sha512": "687dba13ae84c6ed3f4934f1008f2429af8e8f7097fe7af7a45769e654762a55cd8c565ae6dfc010129872c2fdad7489e3f48b39ec27b382b6e7329162257015",
            "output_size": 9037673,
            "source": [],
            "source_content": null,
            "source_content_filename": null,
            "source_dir": null,
            "source_file": "./dist/functions/user-validate-otp",
            "type": "zip"
          },
          "sensitive_attributes": []
        }
      ]
    },
    {
      "mode": "data",
      "type": "aws_vpcs",
      "name": "list",
      "provider": "provider[\"registry.terraform.io/hashicorp/aws\"]",
      "instances": [
        {
          "schema_version": 0,
          "attributes": {
            "filter": null,
            "id": "ap-southeast-1",
            "ids": [],
            "tags": {
              "deployment_environment_name": "prod",
              "project_name": "diskon-hunter-price-monitoring"
            },
            "timeouts": null
          },
          "sensitive_attributes": []
        }
      ]
    },
    {
      "mode": "managed",
      "type": "aws_apigatewayv2_api",
      "name": "lambda",
      "provider": "provider[\"registry.terraform.io/hashicorp/aws\"]",
      "instances": [
        {
          "schema_version": 0,
          "attributes": {
            "api_endpoint": "https://ueb8gkzdtj.execute-api.ap-southeast-1.amazonaws.com",
            "api_key_selection_expression": "$request.header.x-api-key",
            "arn": "arn:aws:apigateway:ap-southeast-1::/apis/ueb8gkzdtj",
            "body": null,
            "cors_configuration": [
              {
                "allow_credentials": false,
                "allow_headers": [
                  "accept",
                  "accept-encoding",
                  "authorization",
                  "content-length",
                  "content-type"
                ],
                "allow_methods": [
                  "GET",
                  "OPTIONS",
                  "POST"
                ],
                "allow_origins": [
                  "*"
                ],
                "expose_headers": [
                  "*"
                ],
                "max_age": 300
              }
            ],
            "credentials_arn": null,
            "description": "",
            "disable_execute_api_endpoint": false,
            "execution_arn": "arn:aws:execute-api:ap-southeast-1:033737710410:ueb8gkzdtj",
            "fail_on_warnings": null,
            "id": "ueb8gkzdtj",
            "name": "serverless_lambda_gw",
            "protocol_type": "HTTP",
            "route_key": null,
            "route_selection_expression": "$request.method $request.path",
            "tags": {},
            "tags_all": {
              "deployment_environment_name": "prod",
              "deployment_environment_purpose": "Enviroment accessed and used by end user",
              "module_name": "app-be-serverless",
              "project_name": "diskon-hunter-price-monitoring"
            },
            "target": null,
            "version": ""
          },
          "sensitive_attributes": [],
          "private": "bnVsbA=="
        }
      ]
    },
    {
      "mode": "managed",
      "type": "aws_apigatewayv2_integration",
      "name": "hello_world",
      "provider": "provider[\"registry.terraform.io/hashicorp/aws\"]",
      "instances": [
        {
          "schema_version": 0,
          "attributes": {
            "api_id": "ueb8gkzdtj",
            "connection_id": "",
            "connection_type": "INTERNET",
            "content_handling_strategy": "",
            "credentials_arn": "",
            "description": "",
            "id": "emgs3zu",
            "integration_method": "POST",
            "integration_response_selection_expression": "",
            "integration_subtype": "",
            "integration_type": "AWS_PROXY",
            "integration_uri": "arn:aws:apigateway:ap-southeast-1:lambda:path/2015-03-31/functions/arn:aws:lambda:ap-southeast-1:033737710410:function:HelloWorld/invocations",
            "passthrough_behavior": "",
            "payload_format_version": "1.0",
            "request_parameters": {},
            "request_templates": {},
            "response_parameters": [],
            "template_selection_expression": "",
            "timeout_milliseconds": 30000,
            "tls_config": []
          },
          "sensitive_attributes": [],
          "private": "bnVsbA==",
          "dependencies": [
            "aws_apigatewayv2_api.lambda",
            "aws_iam_role.lambda_exec",
            "aws_lambda_function.hello_world",
            "data.archive_file.lambda_hello_world",
            "null_resource.go_build_functions_output_hello_world"
          ]
        }
      ]
    },
    {
      "mode": "managed",
      "type": "aws_apigatewayv2_integration",
      "name": "monitored_link_add_multiple",
      "provider": "provider[\"registry.terraform.io/hashicorp/aws\"]",
      "instances": [
        {
          "schema_version": 0,
          "attributes": {
            "api_id": "ueb8gkzdtj",
            "connection_id": "",
            "connection_type": "INTERNET",
            "content_handling_strategy": "",
            "credentials_arn": "",
            "description": "",
            "id": "mkup30q",
            "integration_method": "POST",
            "integration_response_selection_expression": "",
            "integration_subtype": "",
            "integration_type": "AWS_PROXY",
            "integration_uri": "arn:aws:apigateway:ap-southeast-1:lambda:path/2015-03-31/functions/arn:aws:lambda:ap-southeast-1:033737710410:function:MonitoredLinkAddMultiple/invocations",
            "passthrough_behavior": "",
            "payload_format_version": "1.0",
            "request_parameters": {},
            "request_templates": {},
            "response_parameters": [],
            "template_selection_expression": "",
            "timeout_milliseconds": 30000,
            "tls_config": []
          },
          "sensitive_attributes": [],
          "private": "bnVsbA==",
          "dependencies": [
            "aws_apigatewayv2_api.lambda",
            "aws_iam_role.lambda_exec",
            "aws_lambda_function.monitored_link_add_multiple",
            "data.archive_file.lambda_monitored_link_add_multiple",
            "null_resource.go_build_functions_output_monitored_link_add_multiple"
          ]
        }
      ]
    },
    {
      "mode": "managed",
      "type": "aws_apigatewayv2_integration",
      "name": "monitored_link_edit_multiple",
      "provider": "provider[\"registry.terraform.io/hashicorp/aws\"]",
      "instances": [
        {
          "schema_version": 0,
          "attributes": {
            "api_id": "ueb8gkzdtj",
            "connection_id": "",
            "connection_type": "INTERNET",
            "content_handling_strategy": "",
            "credentials_arn": "",
            "description": "",
            "id": "70q48pp",
            "integration_method": "POST",
            "integration_response_selection_expression": "",
            "integration_subtype": "",
            "integration_type": "AWS_PROXY",
            "integration_uri": "arn:aws:apigateway:ap-southeast-1:lambda:path/2015-03-31/functions/arn:aws:lambda:ap-southeast-1:033737710410:function:MonitoredLinkEditMultiple/invocations",
            "passthrough_behavior": "",
            "payload_format_version": "1.0",
            "request_parameters": {},
            "request_templates": {},
            "response_parameters": [],
            "template_selection_expression": "",
            "timeout_milliseconds": 30000,
            "tls_config": []
          },
          "sensitive_attributes": [],
          "private": "bnVsbA==",
          "dependencies": [
            "aws_apigatewayv2_api.lambda",
            "aws_iam_role.lambda_exec",
            "aws_lambda_function.monitored_link_edit_multiple",
            "data.archive_file.lambda_monitored_link_edit_multiple",
            "null_resource.go_build_functions_output_monitored_link_edit_multiple"
          ]
        }
      ]
    },
    {
      "mode": "managed",
      "type": "aws_apigatewayv2_integration",
      "name": "monitored_link_list",
      "provider": "provider[\"registry.terraform.io/hashicorp/aws\"]",
      "instances": [
        {
          "schema_version": 0,
          "attributes": {
            "api_id": "ueb8gkzdtj",
            "connection_id": "",
            "connection_type": "INTERNET",
            "content_handling_strategy": "",
            "credentials_arn": "",
            "description": "",
            "id": "7rmfyqe",
            "integration_method": "POST",
            "integration_response_selection_expression": "",
            "integration_subtype": "",
            "integration_type": "AWS_PROXY",
            "integration_uri": "arn:aws:apigateway:ap-southeast-1:lambda:path/2015-03-31/functions/arn:aws:lambda:ap-southeast-1:033737710410:function:MonitoredLinkList/invocations",
            "passthrough_behavior": "",
            "payload_format_version": "1.0",
            "request_parameters": {},
            "request_templates": {},
            "response_parameters": [],
            "template_selection_expression": "",
            "timeout_milliseconds": 30000,
            "tls_config": []
          },
          "sensitive_attributes": [],
          "private": "bnVsbA==",
          "dependencies": [
            "aws_apigatewayv2_api.lambda",
            "aws_iam_role.lambda_exec",
            "aws_lambda_function.monitored_link_list",
            "data.archive_file.lambda_monitored_link_list",
            "null_resource.go_build_functions_output_monitored_link_list"
          ]
        }
      ]
    },
    {
      "mode": "managed",
      "type": "aws_apigatewayv2_integration",
      "name": "user_reset_password",
      "provider": "provider[\"registry.terraform.io/hashicorp/aws\"]",
      "instances": [
        {
          "schema_version": 0,
          "attributes": {
            "api_id": "ueb8gkzdtj",
            "connection_id": "",
            "connection_type": "INTERNET",
            "content_handling_strategy": "",
            "credentials_arn": "",
            "description": "",
            "id": "q4ev9ua",
            "integration_method": "POST",
            "integration_response_selection_expression": "",
            "integration_subtype": "",
            "integration_type": "AWS_PROXY",
            "integration_uri": "arn:aws:apigateway:ap-southeast-1:lambda:path/2015-03-31/functions/arn:aws:lambda:ap-southeast-1:033737710410:function:UserResetPassword/invocations",
            "passthrough_behavior": "",
            "payload_format_version": "1.0",
            "request_parameters": null,
            "request_templates": null,
            "response_parameters": [],
            "template_selection_expression": "",
            "timeout_milliseconds": 30000,
            "tls_config": []
          },
          "sensitive_attributes": [],
          "private": "bnVsbA==",
          "dependencies": [
            "aws_apigatewayv2_api.lambda",
            "aws_iam_role.lambda_exec",
            "aws_lambda_function.user_reset_password",
            "data.archive_file.lambda_user_reset_password",
            "null_resource.go_build_functions_output_user_reset_password"
          ]
        }
      ]
    },
    {
      "mode": "managed",
      "type": "aws_apigatewayv2_integration",
      "name": "user_sign_in",
      "provider": "provider[\"registry.terraform.io/hashicorp/aws\"]",
      "instances": [
        {
          "schema_version": 0,
          "attributes": {
            "api_id": "ueb8gkzdtj",
            "connection_id": "",
            "connection_type": "INTERNET",
            "content_handling_strategy": "",
            "credentials_arn": "",
            "description": "",
            "id": "7fjul68",
            "integration_method": "POST",
            "integration_response_selection_expression": "",
            "integration_subtype": "",
            "integration_type": "AWS_PROXY",
            "integration_uri": "arn:aws:apigateway:ap-southeast-1:lambda:path/2015-03-31/functions/arn:aws:lambda:ap-southeast-1:033737710410:function:UserSignIn/invocations",
            "passthrough_behavior": "",
            "payload_format_version": "1.0",
            "request_parameters": {},
            "request_templates": {},
            "response_parameters": [],
            "template_selection_expression": "",
            "timeout_milliseconds": 30000,
            "tls_config": []
          },
          "sensitive_attributes": [],
          "private": "bnVsbA==",
          "dependencies": [
            "aws_apigatewayv2_api.lambda",
            "aws_iam_role.lambda_exec",
            "aws_lambda_function.user_sign_in",
            "data.archive_file.lambda_user_sign_in",
            "null_resource.go_build_functions_output_user_sign_in"
          ]
        }
      ]
    },
    {
      "mode": "managed",
      "type": "aws_apigatewayv2_integration",
      "name": "user_sign_up",
      "provider": "provider[\"registry.terraform.io/hashicorp/aws\"]",
      "instances": [
        {
          "schema_version": 0,
          "attributes": {
            "api_id": "ueb8gkzdtj",
            "connection_id": "",
            "connection_type": "INTERNET",
            "content_handling_strategy": "",
            "credentials_arn": "",
            "description": "",
            "id": "omcqcdj",
            "integration_method": "POST",
            "integration_response_selection_expression": "",
            "integration_subtype": "",
            "integration_type": "AWS_PROXY",
            "integration_uri": "arn:aws:apigateway:ap-southeast-1:lambda:path/2015-03-31/functions/arn:aws:lambda:ap-southeast-1:033737710410:function:UserSignUp/invocations",
            "passthrough_behavior": "",
            "payload_format_version": "1.0",
            "request_parameters": {},
            "request_templates": {},
            "response_parameters": [],
            "template_selection_expression": "",
            "timeout_milliseconds": 30000,
            "tls_config": []
          },
          "sensitive_attributes": [],
          "private": "bnVsbA==",
          "dependencies": [
            "aws_apigatewayv2_api.lambda",
            "aws_iam_role.lambda_exec",
            "aws_lambda_function.user_sign_up",
            "data.archive_file.lambda_user_sign_up",
            "null_resource.go_build_functions_output_user_sign_up"
          ]
        }
      ]
    },
    {
      "mode": "managed",
      "type": "aws_apigatewayv2_integration",
      "name": "user_validate_otp",
      "provider": "provider[\"registry.terraform.io/hashicorp/aws\"]",
      "instances": [
        {
          "schema_version": 0,
          "attributes": {
            "api_id": "ueb8gkzdtj",
            "connection_id": "",
            "connection_type": "INTERNET",
            "content_handling_strategy": "",
            "credentials_arn": "",
            "description": "",
            "id": "l9slgbd",
            "integration_method": "POST",
            "integration_response_selection_expression": "",
            "integration_subtype": "",
            "integration_type": "AWS_PROXY",
            "integration_uri": "arn:aws:apigateway:ap-southeast-1:lambda:path/2015-03-31/functions/arn:aws:lambda:ap-southeast-1:033737710410:function:UserValidateOtp/invocations",
            "passthrough_behavior": "",
            "payload_format_version": "1.0",
            "request_parameters": {},
            "request_templates": {},
            "response_parameters": [],
            "template_selection_expression": "",
            "timeout_milliseconds": 30000,
            "tls_config": []
          },
          "sensitive_attributes": [],
          "private": "bnVsbA==",
          "dependencies": [
            "aws_apigatewayv2_api.lambda",
            "aws_iam_role.lambda_exec",
            "aws_lambda_function.user_validate_otp",
            "data.archive_file.lambda_user_validate_otp",
            "null_resource.go_build_functions_output_user_validate_otp"
          ]
        }
      ]
    },
    {
      "mode": "managed",
      "type": "aws_apigatewayv2_route",
      "name": "hello_world",
      "provider": "provider[\"registry.terraform.io/hashicorp/aws\"]",
      "instances": [
        {
          "schema_version": 0,
          "attributes": {
            "api_id": "ueb8gkzdtj",
            "api_key_required": false,
            "authorization_scopes": [],
            "authorization_type": "NONE",
            "authorizer_id": "",
            "id": "1yi4gph",
            "model_selection_expression": "",
            "operation_name": "",
            "request_models": {},
            "request_parameter": [],
            "route_key": "GET /hello",
            "route_response_selection_expression": "",
            "target": "integrations/emgs3zu"
          },
          "sensitive_attributes": [],
          "private": "bnVsbA==",
          "dependencies": [
            "aws_apigatewayv2_api.lambda",
            "aws_apigatewayv2_integration.hello_world",
            "aws_iam_role.lambda_exec",
            "aws_lambda_function.hello_world",
            "data.archive_file.lambda_hello_world",
            "null_resource.go_build_functions_output_hello_world"
          ]
        }
      ]
    },
    {
      "mode": "managed",
      "type": "aws_apigatewayv2_route",
      "name": "monitored_link_add_multiple",
      "provider": "provider[\"registry.terraform.io/hashicorp/aws\"]",
      "instances": [
        {
          "schema_version": 0,
          "attributes": {
            "api_id": "ueb8gkzdtj",
            "api_key_required": false,
            "authorization_scopes": [],
            "authorization_type": "NONE",
            "authorizer_id": "",
            "id": "0hnl4af",
            "model_selection_expression": "",
            "operation_name": "",
            "request_models": {},
            "request_parameter": [],
            "route_key": "POST /v1/monitoredLink.addMultiple",
            "route_response_selection_expression": "",
            "target": "integrations/mkup30q"
          },
          "sensitive_attributes": [],
          "private": "bnVsbA==",
          "dependencies": [
            "aws_apigatewayv2_api.lambda",
            "aws_apigatewayv2_integration.monitored_link_add_multiple",
            "aws_iam_role.lambda_exec",
            "aws_lambda_function.monitored_link_add_multiple",
            "data.archive_file.lambda_monitored_link_add_multiple",
            "null_resource.go_build_functions_output_monitored_link_add_multiple"
          ]
        }
      ]
    },
    {
      "mode": "managed",
      "type": "aws_apigatewayv2_route",
      "name": "monitored_link_edit_multiple",
      "provider": "provider[\"registry.terraform.io/hashicorp/aws\"]",
      "instances": [
        {
          "schema_version": 0,
          "attributes": {
            "api_id": "ueb8gkzdtj",
            "api_key_required": false,
            "authorization_scopes": [],
            "authorization_type": "NONE",
            "authorizer_id": "",
            "id": "x50ro1l",
            "model_selection_expression": "",
            "operation_name": "",
            "request_models": {},
            "request_parameter": [],
            "route_key": "POST /v1/monitoredLink.editMultiple",
            "route_response_selection_expression": "",
            "target": "integrations/70q48pp"
          },
          "sensitive_attributes": [],
          "private": "bnVsbA==",
          "dependencies": [
            "aws_apigatewayv2_api.lambda",
            "aws_apigatewayv2_integration.monitored_link_edit_multiple",
            "aws_iam_role.lambda_exec",
            "aws_lambda_function.monitored_link_edit_multiple",
            "data.archive_file.lambda_monitored_link_edit_multiple",
            "null_resource.go_build_functions_output_monitored_link_edit_multiple"
          ]
        }
      ]
    },
    {
      "mode": "managed",
      "type": "aws_apigatewayv2_route",
      "name": "monitored_link_list",
      "provider": "provider[\"registry.terraform.io/hashicorp/aws\"]",
      "instances": [
        {
          "schema_version": 0,
          "attributes": {
            "api_id": "ueb8gkzdtj",
            "api_key_required": false,
            "authorization_scopes": [],
            "authorization_type": "NONE",
            "authorizer_id": "",
            "id": "le60zul",
            "model_selection_expression": "",
            "operation_name": "",
            "request_models": {},
            "request_parameter": [],
            "route_key": "POST /v1/monitoredLink.list",
            "route_response_selection_expression": "",
            "target": "integrations/7rmfyqe"
          },
          "sensitive_attributes": [],
          "private": "bnVsbA==",
          "dependencies": [
            "aws_apigatewayv2_api.lambda",
            "aws_apigatewayv2_integration.monitored_link_list",
            "aws_iam_role.lambda_exec",
            "aws_lambda_function.monitored_link_list",
            "data.archive_file.lambda_monitored_link_list",
            "null_resource.go_build_functions_output_monitored_link_list"
          ]
        }
      ]
    },
    {
      "mode": "managed",
      "type": "aws_apigatewayv2_route",
      "name": "user_reset_password",
      "provider": "provider[\"registry.terraform.io/hashicorp/aws\"]",
      "instances": [
        {
          "schema_version": 0,
          "attributes": {
            "api_id": "ueb8gkzdtj",
            "api_key_required": false,
            "authorization_scopes": null,
            "authorization_type": "NONE",
            "authorizer_id": "",
            "id": "hdxpgb9",
            "model_selection_expression": "",
            "operation_name": "",
            "request_models": null,
            "request_parameter": [],
            "route_key": "POST /v1/user.resetPassword",
            "route_response_selection_expression": "",
            "target": "integrations/q4ev9ua"
          },
          "sensitive_attributes": [],
          "private": "bnVsbA==",
          "dependencies": [
            "aws_apigatewayv2_api.lambda",
            "aws_apigatewayv2_integration.user_reset_password",
            "aws_iam_role.lambda_exec",
            "aws_lambda_function.user_reset_password",
            "data.archive_file.lambda_user_reset_password",
            "null_resource.go_build_functions_output_user_reset_password"
          ]
        }
      ]
    },
    {
      "mode": "managed",
      "type": "aws_apigatewayv2_route",
      "name": "user_sign_in",
      "provider": "provider[\"registry.terraform.io/hashicorp/aws\"]",
      "instances": [
        {
          "schema_version": 0,
          "attributes": {
            "api_id": "ueb8gkzdtj",
            "api_key_required": false,
            "authorization_scopes": [],
            "authorization_type": "NONE",
            "authorizer_id": "",
            "id": "j7ht9lm",
            "model_selection_expression": "",
            "operation_name": "",
            "request_models": {},
            "request_parameter": [],
            "route_key": "POST /v1/user.signin",
            "route_response_selection_expression": "",
            "target": "integrations/7fjul68"
          },
          "sensitive_attributes": [],
          "private": "bnVsbA==",
          "dependencies": [
            "aws_apigatewayv2_api.lambda",
            "aws_apigatewayv2_integration.user_sign_in",
            "aws_iam_role.lambda_exec",
            "aws_lambda_function.user_sign_in",
            "data.archive_file.lambda_user_sign_in",
            "null_resource.go_build_functions_output_user_sign_in"
          ]
        }
      ]
    },
    {
      "mode": "managed",
      "type": "aws_apigatewayv2_route",
      "name": "user_sign_up",
      "provider": "provider[\"registry.terraform.io/hashicorp/aws\"]",
      "instances": [
        {
          "schema_version": 0,
          "attributes": {
            "api_id": "ueb8gkzdtj",
            "api_key_required": false,
            "authorization_scopes": [],
            "authorization_type": "NONE",
            "authorizer_id": "",
            "id": "hxod5ps",
            "model_selection_expression": "",
            "operation_name": "",
            "request_models": {},
            "request_parameter": [],
            "route_key": "POST /v1/user.signup",
            "route_response_selection_expression": "",
            "target": "integrations/omcqcdj"
          },
          "sensitive_attributes": [],
          "private": "bnVsbA==",
          "dependencies": [
            "aws_apigatewayv2_api.lambda",
            "aws_apigatewayv2_integration.user_sign_up",
            "aws_iam_role.lambda_exec",
            "aws_lambda_function.user_sign_up",
            "data.archive_file.lambda_user_sign_up",
            "null_resource.go_build_functions_output_user_sign_up"
          ]
        }
      ]
    },
    {
      "mode": "managed",
      "type": "aws_apigatewayv2_route",
      "name": "user_validate_otp",
      "provider": "provider[\"registry.terraform.io/hashicorp/aws\"]",
      "instances": [
        {
          "schema_version": 0,
          "attributes": {
            "api_id": "ueb8gkzdtj",
            "api_key_required": false,
            "authorization_scopes": [],
            "authorization_type": "NONE",
            "authorizer_id": "",
            "id": "h7yfu1e",
            "model_selection_expression": "",
            "operation_name": "",
            "request_models": {},
            "request_parameter": [],
            "route_key": "POST /v1/user.validateOtp",
            "route_response_selection_expression": "",
            "target": "integrations/l9slgbd"
          },
          "sensitive_attributes": [],
          "private": "bnVsbA==",
          "dependencies": [
            "aws_apigatewayv2_api.lambda",
            "aws_apigatewayv2_integration.user_validate_otp",
            "aws_iam_role.lambda_exec",
            "aws_lambda_function.user_validate_otp",
            "data.archive_file.lambda_user_validate_otp",
            "null_resource.go_build_functions_output_user_validate_otp"
          ]
        }
      ]
    },
    {
      "mode": "managed",
      "type": "aws_apigatewayv2_stage",
      "name": "lambda",
      "provider": "provider[\"registry.terraform.io/hashicorp/aws\"]",
      "instances": [
        {
          "schema_version": 0,
          "attributes": {
            "access_log_settings": [
              {
                "destination_arn": "arn:aws:logs:ap-southeast-1:033737710410:log-group:/aws/api_gw/serverless_lambda_gw",
                "format": "{\"httpMethod\":\"$context.httpMethod\",\"integrationErrorMessage\":\"$context.integrationErrorMessage\",\"protocol\":\"$context.protocol\",\"requestId\":\"$context.requestId\",\"requestTime\":\"$context.requestTime\",\"resourcePath\":\"$context.resourcePath\",\"responseLength\":\"$context.responseLength\",\"routeKey\":\"$context.routeKey\",\"sourceIp\":\"$context.identity.sourceIp\",\"status\":\"$context.status\"}"
              }
            ],
            "api_id": "ueb8gkzdtj",
            "arn": "arn:aws:apigateway:ap-southeast-1::/apis/ueb8gkzdtj/stages/prod",
            "auto_deploy": true,
            "client_certificate_id": "",
            "default_route_settings": [
              {
                "data_trace_enabled": false,
                "detailed_metrics_enabled": true,
                "logging_level": "",
                "throttling_burst_limit": 500,
                "throttling_rate_limit": 1000
              }
            ],
            "deployment_id": "z5nesh",
            "description": "",
            "execution_arn": "arn:aws:execute-api:ap-southeast-1:033737710410:ueb8gkzdtj/prod",
            "id": "prod",
            "invoke_url": "https://ueb8gkzdtj.execute-api.ap-southeast-1.amazonaws.com/prod",
            "name": "prod",
            "route_settings": [],
            "stage_variables": {},
            "tags": {},
            "tags_all": {
              "deployment_environment_name": "prod",
              "deployment_environment_purpose": "Enviroment accessed and used by end user",
              "module_name": "app-be-serverless",
              "project_name": "diskon-hunter-price-monitoring"
            }
          },
          "sensitive_attributes": [],
          "private": "bnVsbA==",
          "dependencies": [
            "aws_apigatewayv2_api.lambda",
            "aws_cloudwatch_log_group.api_gw"
          ]
        }
      ]
    },
    {
      "mode": "managed",
      "type": "aws_cloudwatch_log_group",
      "name": "api_gw",
      "provider": "provider[\"registry.terraform.io/hashicorp/aws\"]",
      "instances": [
        {
          "schema_version": 0,
          "attributes": {
            "arn": "arn:aws:logs:ap-southeast-1:033737710410:log-group:/aws/api_gw/serverless_lambda_gw",
            "id": "/aws/api_gw/serverless_lambda_gw",
            "kms_key_id": "",
            "name": "/aws/api_gw/serverless_lambda_gw",
            "name_prefix": "",
            "retention_in_days": 30,
            "skip_destroy": false,
            "tags": {},
            "tags_all": {
              "deployment_environment_name": "prod",
              "deployment_environment_purpose": "Enviroment accessed and used by end user",
              "module_name": "app-be-serverless",
              "project_name": "diskon-hunter-price-monitoring"
            }
          },
          "sensitive_attributes": [],
          "private": "bnVsbA==",
          "dependencies": [
            "aws_apigatewayv2_api.lambda"
          ]
        }
      ]
    },
    {
      "mode": "managed",
      "type": "aws_cloudwatch_log_group",
      "name": "hello_world",
      "provider": "provider[\"registry.terraform.io/hashicorp/aws\"]",
      "instances": [
        {
          "schema_version": 0,
          "attributes": {
            "arn": "arn:aws:logs:ap-southeast-1:033737710410:log-group:/aws/lambda/HelloWorld",
            "id": "/aws/lambda/HelloWorld",
            "kms_key_id": "",
            "name": "/aws/lambda/HelloWorld",
            "name_prefix": "",
            "retention_in_days": 30,
            "skip_destroy": false,
            "tags": {},
            "tags_all": {
              "deployment_environment_name": "prod",
              "deployment_environment_purpose": "Enviroment accessed and used by end user",
              "module_name": "app-be-serverless",
              "project_name": "diskon-hunter-price-monitoring"
            }
          },
          "sensitive_attributes": [],
          "private": "bnVsbA==",
          "dependencies": [
            "aws_iam_role.lambda_exec",
            "aws_lambda_function.hello_world",
            "data.archive_file.lambda_hello_world",
            "null_resource.go_build_functions_output_hello_world"
          ]
        }
      ]
    },
    {
      "mode": "managed",
      "type": "aws_cloudwatch_log_group",
      "name": "monitored_link_add_multiple",
      "provider": "provider[\"registry.terraform.io/hashicorp/aws\"]",
      "instances": [
        {
          "schema_version": 0,
          "attributes": {
            "arn": "arn:aws:logs:ap-southeast-1:033737710410:log-group:/aws/lambda/MonitoredLinkAddMultiple",
            "id": "/aws/lambda/MonitoredLinkAddMultiple",
            "kms_key_id": "",
            "name": "/aws/lambda/MonitoredLinkAddMultiple",
            "name_prefix": "",
            "retention_in_days": 30,
            "skip_destroy": false,
            "tags": {},
            "tags_all": {
              "deployment_environment_name": "prod",
              "deployment_environment_purpose": "Enviroment accessed and used by end user",
              "module_name": "app-be-serverless",
              "project_name": "diskon-hunter-price-monitoring"
            }
          },
          "sensitive_attributes": [],
          "private": "bnVsbA==",
          "dependencies": [
            "aws_iam_role.lambda_exec",
            "aws_lambda_function.monitored_link_add_multiple",
            "data.archive_file.lambda_monitored_link_add_multiple",
            "null_resource.go_build_functions_output_monitored_link_add_multiple"
          ]
        }
      ]
    },
    {
      "mode": "managed",
      "type": "aws_cloudwatch_log_group",
      "name": "monitored_link_edit_multiple",
      "provider": "provider[\"registry.terraform.io/hashicorp/aws\"]",
      "instances": [
        {
          "schema_version": 0,
          "attributes": {
            "arn": "arn:aws:logs:ap-southeast-1:033737710410:log-group:/aws/lambda/MonitoredLinkEditMultiple",
            "id": "/aws/lambda/MonitoredLinkEditMultiple",
            "kms_key_id": "",
            "name": "/aws/lambda/MonitoredLinkEditMultiple",
            "name_prefix": "",
            "retention_in_days": 30,
            "skip_destroy": false,
            "tags": {},
            "tags_all": {
              "deployment_environment_name": "prod",
              "deployment_environment_purpose": "Enviroment accessed and used by end user",
              "module_name": "app-be-serverless",
              "project_name": "diskon-hunter-price-monitoring"
            }
          },
          "sensitive_attributes": [],
          "private": "bnVsbA==",
          "dependencies": [
            "aws_iam_role.lambda_exec",
            "aws_lambda_function.monitored_link_edit_multiple",
            "data.archive_file.lambda_monitored_link_edit_multiple",
            "null_resource.go_build_functions_output_monitored_link_edit_multiple"
          ]
        }
      ]
    },
    {
      "mode": "managed",
      "type": "aws_cloudwatch_log_group",
      "name": "monitored_link_list",
      "provider": "provider[\"registry.terraform.io/hashicorp/aws\"]",
      "instances": [
        {
          "schema_version": 0,
          "attributes": {
            "arn": "arn:aws:logs:ap-southeast-1:033737710410:log-group:/aws/lambda/MonitoredLinkList",
            "id": "/aws/lambda/MonitoredLinkList",
            "kms_key_id": "",
            "name": "/aws/lambda/MonitoredLinkList",
            "name_prefix": "",
            "retention_in_days": 30,
            "skip_destroy": false,
            "tags": {},
            "tags_all": {
              "deployment_environment_name": "prod",
              "deployment_environment_purpose": "Enviroment accessed and used by end user",
              "module_name": "app-be-serverless",
              "project_name": "diskon-hunter-price-monitoring"
            }
          },
          "sensitive_attributes": [],
          "private": "bnVsbA==",
          "dependencies": [
            "aws_iam_role.lambda_exec",
            "aws_lambda_function.monitored_link_list",
            "data.archive_file.lambda_monitored_link_list",
            "null_resource.go_build_functions_output_monitored_link_list"
          ]
        }
      ]
    },
    {
      "mode": "managed",
      "type": "aws_cloudwatch_log_group",
      "name": "user_reset_password",
      "provider": "provider[\"registry.terraform.io/hashicorp/aws\"]",
      "instances": [
        {
          "schema_version": 0,
          "attributes": {
            "arn": "arn:aws:logs:ap-southeast-1:033737710410:log-group:/aws/lambda/UserResetPassword",
            "id": "/aws/lambda/UserResetPassword",
            "kms_key_id": "",
            "name": "/aws/lambda/UserResetPassword",
            "name_prefix": "",
            "retention_in_days": 30,
            "skip_destroy": false,
            "tags": null,
            "tags_all": {
              "deployment_environment_name": "prod",
              "deployment_environment_purpose": "Enviroment accessed and used by end user",
              "module_name": "app-be-serverless",
              "project_name": "diskon-hunter-price-monitoring"
            }
          },
          "sensitive_attributes": [],
          "private": "bnVsbA==",
          "dependencies": [
            "aws_iam_role.lambda_exec",
            "aws_lambda_function.user_reset_password",
            "data.archive_file.lambda_user_reset_password",
            "null_resource.go_build_functions_output_user_reset_password"
          ]
        }
      ]
    },
    {
      "mode": "managed",
      "type": "aws_cloudwatch_log_group",
      "name": "user_sign_in",
      "provider": "provider[\"registry.terraform.io/hashicorp/aws\"]",
      "instances": [
        {
          "schema_version": 0,
          "attributes": {
            "arn": "arn:aws:logs:ap-southeast-1:033737710410:log-group:/aws/lambda/UserSignIn",
            "id": "/aws/lambda/UserSignIn",
            "kms_key_id": "",
            "name": "/aws/lambda/UserSignIn",
            "name_prefix": "",
            "retention_in_days": 30,
            "skip_destroy": false,
            "tags": {},
            "tags_all": {
              "deployment_environment_name": "prod",
              "deployment_environment_purpose": "Enviroment accessed and used by end user",
              "module_name": "app-be-serverless",
              "project_name": "diskon-hunter-price-monitoring"
            }
          },
          "sensitive_attributes": [],
          "private": "bnVsbA==",
          "dependencies": [
            "aws_iam_role.lambda_exec",
            "aws_lambda_function.user_sign_in",
            "data.archive_file.lambda_user_sign_in",
            "null_resource.go_build_functions_output_user_sign_in"
          ]
        }
      ]
    },
    {
      "mode": "managed",
      "type": "aws_cloudwatch_log_group",
      "name": "user_sign_up",
      "provider": "provider[\"registry.terraform.io/hashicorp/aws\"]",
      "instances": [
        {
          "schema_version": 0,
          "attributes": {
            "arn": "arn:aws:logs:ap-southeast-1:033737710410:log-group:/aws/lambda/UserSignUp",
            "id": "/aws/lambda/UserSignUp",
            "kms_key_id": "",
            "name": "/aws/lambda/UserSignUp",
            "name_prefix": "",
            "retention_in_days": 30,
            "skip_destroy": false,
            "tags": {},
            "tags_all": {
              "deployment_environment_name": "prod",
              "deployment_environment_purpose": "Enviroment accessed and used by end user",
              "module_name": "app-be-serverless",
              "project_name": "diskon-hunter-price-monitoring"
            }
          },
          "sensitive_attributes": [],
          "private": "bnVsbA==",
          "dependencies": [
            "aws_iam_role.lambda_exec",
            "aws_lambda_function.user_sign_up",
            "data.archive_file.lambda_user_sign_up",
            "null_resource.go_build_functions_output_user_sign_up"
          ]
        }
      ]
    },
    {
      "mode": "managed",
      "type": "aws_cloudwatch_log_group",
      "name": "user_validate_otp",
      "provider": "provider[\"registry.terraform.io/hashicorp/aws\"]",
      "instances": [
        {
          "schema_version": 0,
          "attributes": {
            "arn": "arn:aws:logs:ap-southeast-1:033737710410:log-group:/aws/lambda/UserValidateOtp",
            "id": "/aws/lambda/UserValidateOtp",
            "kms_key_id": "",
            "name": "/aws/lambda/UserValidateOtp",
            "name_prefix": "",
            "retention_in_days": 30,
            "skip_destroy": false,
            "tags": {},
            "tags_all": {
              "deployment_environment_name": "prod",
              "deployment_environment_purpose": "Enviroment accessed and used by end user",
              "module_name": "app-be-serverless",
              "project_name": "diskon-hunter-price-monitoring"
            }
          },
          "sensitive_attributes": [],
          "private": "bnVsbA==",
          "dependencies": [
            "aws_iam_role.lambda_exec",
            "aws_lambda_function.user_validate_otp",
            "data.archive_file.lambda_user_validate_otp",
            "null_resource.go_build_functions_output_user_validate_otp"
          ]
        }
      ]
    },
    {
      "mode": "managed",
      "type": "aws_iam_role",
      "name": "lambda_exec",
      "provider": "provider[\"registry.terraform.io/hashicorp/aws\"]",
      "instances": [
        {
          "schema_version": 0,
          "attributes": {
            "arn": "arn:aws:iam::033737710410:role/serverless_lambda",
            "assume_role_policy": "{\"Statement\":[{\"Action\":\"sts:AssumeRole\",\"Effect\":\"Allow\",\"Principal\":{\"Service\":\"lambda.amazonaws.com\"},\"Sid\":\"\"}],\"Version\":\"2012-10-17\"}",
            "create_date": "2023-11-21T17:03:14Z",
            "description": "",
            "force_detach_policies": false,
            "id": "serverless_lambda",
            "inline_policy": [],
            "managed_policy_arns": [
              "arn:aws:iam::aws:policy/AmazonDynamoDBFullAccess",
              "arn:aws:iam::aws:policy/AmazonS3FullAccess",
              "arn:aws:iam::aws:policy/AmazonSESFullAccess",
              "arn:aws:iam::aws:policy/service-role/AWSLambdaBasicExecutionRole"
            ],
            "max_session_duration": 3600,
            "name": "serverless_lambda",
            "name_prefix": "",
            "path": "/",
            "permissions_boundary": "",
            "tags": {},
            "tags_all": {
              "deployment_environment_name": "prod",
              "deployment_environment_purpose": "Enviroment accessed and used by end user",
              "module_name": "app-be-serverless",
              "project_name": "diskon-hunter-price-monitoring"
            },
            "unique_id": "AROAQPWXMTNFOWGFSVC5L"
          },
          "sensitive_attributes": [],
          "private": "bnVsbA=="
        }
      ]
    },
    {
      "mode": "managed",
      "type": "aws_iam_role_policy_attachment",
      "name": "lambda_basic_policy",
      "provider": "provider[\"registry.terraform.io/hashicorp/aws\"]",
      "instances": [
        {
          "schema_version": 0,
          "attributes": {
            "id": "serverless_lambda-20231121170314994000000001",
            "policy_arn": "arn:aws:iam::aws:policy/service-role/AWSLambdaBasicExecutionRole",
            "role": "serverless_lambda"
          },
          "sensitive_attributes": [],
          "private": "bnVsbA==",
          "dependencies": [
            "aws_iam_role.lambda_exec"
          ]
        }
      ]
    },
    {
      "mode": "managed",
      "type": "aws_iam_role_policy_attachment",
      "name": "lambda_dynamodb_policy",
      "provider": "provider[\"registry.terraform.io/hashicorp/aws\"]",
      "instances": [
        {
          "schema_version": 0,
          "attributes": {
            "id": "serverless_lambda-20231121170315941400000003",
            "policy_arn": "arn:aws:iam::aws:policy/AmazonDynamoDBFullAccess",
            "role": "serverless_lambda"
          },
          "sensitive_attributes": [],
          "private": "bnVsbA==",
          "dependencies": [
            "aws_iam_role.lambda_exec"
          ]
        }
      ]
    },
    {
      "mode": "managed",
      "type": "aws_iam_role_policy_attachment",
      "name": "lambda_s3_policy",
      "provider": "provider[\"registry.terraform.io/hashicorp/aws\"]",
      "instances": [
        {
          "schema_version": 0,
          "attributes": {
            "id": "serverless_lambda-20231121170315376800000002",
            "policy_arn": "arn:aws:iam::aws:policy/AmazonS3FullAccess",
            "role": "serverless_lambda"
          },
          "sensitive_attributes": [],
          "private": "bnVsbA==",
          "dependencies": [
            "aws_iam_role.lambda_exec"
          ]
        }
      ]
    },
    {
      "mode": "managed",
      "type": "aws_iam_role_policy_attachment",
      "name": "lambda_ses_policy",
      "provider": "provider[\"registry.terraform.io/hashicorp/aws\"]",
      "instances": [
        {
          "schema_version": 0,
          "attributes": {
            "id": "serverless_lambda-20231216083747595600000001",
            "policy_arn": "arn:aws:iam::aws:policy/AmazonSESFullAccess",
            "role": "serverless_lambda"
          },
          "sensitive_attributes": [],
          "private": "bnVsbA==",
          "dependencies": [
            "aws_iam_role.lambda_exec"
          ]
        }
      ]
    },
    {
      "mode": "managed",
      "type": "aws_lambda_function",
      "name": "hello_world",
      "provider": "provider[\"registry.terraform.io/hashicorp/aws\"]",
      "instances": [
        {
          "schema_version": 0,
          "attributes": {
            "architectures": [
              "x86_64"
            ],
            "arn": "arn:aws:lambda:ap-southeast-1:033737710410:function:HelloWorld",
            "code_signing_config_arn": "",
            "dead_letter_config": [],
            "description": "",
            "environment": [],
            "ephemeral_storage": [
              {
                "size": 512
              }
            ],
            "file_system_config": [],
            "filename": "./dist/functions/hello-world.zip",
            "function_name": "HelloWorld",
            "handler": "hello-world",
            "id": "HelloWorld",
            "image_config": [],
            "image_uri": "",
            "invoke_arn": "arn:aws:apigateway:ap-southeast-1:lambda:path/2015-03-31/functions/arn:aws:lambda:ap-southeast-1:033737710410:function:HelloWorld/invocations",
            "kms_key_arn": "",
            "last_modified": "2023-11-21T17:03:44.281+0000",
            "layers": [],
            "memory_size": 128,
            "package_type": "Zip",
            "publish": true,
            "qualified_arn": "arn:aws:lambda:ap-southeast-1:033737710410:function:HelloWorld:1",
            "qualified_invoke_arn": "arn:aws:apigateway:ap-southeast-1:lambda:path/2015-03-31/functions/arn:aws:lambda:ap-southeast-1:033737710410:function:HelloWorld:1/invocations",
            "replace_security_groups_on_destroy": null,
            "replacement_security_group_ids": null,
            "reserved_concurrent_executions": -1,
            "role": "arn:aws:iam::033737710410:role/serverless_lambda",
            "runtime": "go1.x",
            "s3_bucket": null,
            "s3_key": null,
            "s3_object_version": null,
            "signing_job_arn": "",
            "signing_profile_version_arn": "",
            "skip_destroy": false,
            "snap_start": [],
            "source_code_hash": "9A1pTC79cRqNX9NBfGHLCLH4k3ttAkBr+YSoUPc3psM=",
            "source_code_size": 5258915,
            "tags": {},
            "tags_all": {
              "deployment_environment_name": "prod",
              "deployment_environment_purpose": "Enviroment accessed and used by end user",
              "module_name": "app-be-serverless",
              "project_name": "diskon-hunter-price-monitoring"
            },
            "timeout": 15,
            "timeouts": null,
            "tracing_config": [
              {
                "mode": "PassThrough"
              }
            ],
            "version": "1",
            "vpc_config": []
          },
          "sensitive_attributes": [],
          "private": "eyJlMmJmYjczMC1lY2FhLTExZTYtOGY4OC0zNDM2M2JjN2M0YzAiOnsiY3JlYXRlIjo2MDAwMDAwMDAwMDAsImRlbGV0ZSI6NjAwMDAwMDAwMDAwLCJ1cGRhdGUiOjYwMDAwMDAwMDAwMH19",
          "dependencies": [
            "aws_iam_role.lambda_exec",
            "data.archive_file.lambda_hello_world",
            "null_resource.go_build_functions_output_hello_world"
          ]
        }
      ]
    },
    {
      "mode": "managed",
      "type": "aws_lambda_function",
      "name": "monitored_link_add_multiple",
      "provider": "provider[\"registry.terraform.io/hashicorp/aws\"]",
      "instances": [
        {
          "schema_version": 0,
          "attributes": {
            "architectures": [
              "x86_64"
            ],
            "arn": "arn:aws:lambda:ap-southeast-1:033737710410:function:MonitoredLinkAddMultiple",
            "code_signing_config_arn": "",
            "dead_letter_config": [],
            "description": "",
            "environment": [
              {
                "variables": {
                  "aws_deployment_account_id": "033737710410",
                  "aws_deployment_region_short": "apse1",
                  "deployment_environment_name": "prod",
                  "deployment_environment_purpose": "Enviroment accessed and used by end user",
                  "module_name": "app-be-serverless",
                  "project_name": "diskon-hunter-price-monitoring",
                  "project_name_short": "dhpm"
                }
              }
            ],
            "ephemeral_storage": [
              {
                "size": 512
              }
            ],
            "file_system_config": [],
            "filename": "./dist/functions/monitored-link-add-multiple.zip",
            "function_name": "MonitoredLinkAddMultiple",
            "handler": "monitored-link-add-multiple",
            "id": "MonitoredLinkAddMultiple",
            "image_config": [],
            "image_uri": "",
            "invoke_arn": "arn:aws:apigateway:ap-southeast-1:lambda:path/2015-03-31/functions/arn:aws:lambda:ap-southeast-1:033737710410:function:MonitoredLinkAddMultiple/invocations",
            "kms_key_arn": "",
            "last_modified": "2023-12-16T09:17:38.000+0000",
            "layers": [],
            "memory_size": 2048,
            "package_type": "Zip",
            "publish": true,
            "qualified_arn": "arn:aws:lambda:ap-southeast-1:033737710410:function:MonitoredLinkAddMultiple:8",
            "qualified_invoke_arn": "arn:aws:apigateway:ap-southeast-1:lambda:path/2015-03-31/functions/arn:aws:lambda:ap-southeast-1:033737710410:function:MonitoredLinkAddMultiple:8/invocations",
            "replace_security_groups_on_destroy": null,
            "replacement_security_group_ids": null,
            "reserved_concurrent_executions": -1,
            "role": "arn:aws:iam::033737710410:role/serverless_lambda",
            "runtime": "go1.x",
            "s3_bucket": null,
            "s3_key": null,
            "s3_object_version": null,
            "signing_job_arn": "",
            "signing_profile_version_arn": "",
            "skip_destroy": false,
            "snap_start": [],
            "source_code_hash": "OFIU/gC/pbD43nRS54OBrUsQ8OgRApLK8hR1BjhThfg=",
            "source_code_size": 9512712,
            "tags": {},
            "tags_all": {
              "deployment_environment_name": "prod",
              "deployment_environment_purpose": "Enviroment accessed and used by end user",
              "module_name": "app-be-serverless",
              "project_name": "diskon-hunter-price-monitoring"
            },
            "timeout": 15,
            "timeouts": null,
            "tracing_config": [
              {
                "mode": "PassThrough"
              }
            ],
            "version": "8",
            "vpc_config": []
          },
          "sensitive_attributes": [],
          "private": "eyJlMmJmYjczMC1lY2FhLTExZTYtOGY4OC0zNDM2M2JjN2M0YzAiOnsiY3JlYXRlIjo2MDAwMDAwMDAwMDAsImRlbGV0ZSI6NjAwMDAwMDAwMDAwLCJ1cGRhdGUiOjYwMDAwMDAwMDAwMH19",
          "dependencies": [
            "aws_iam_role.lambda_exec",
            "data.archive_file.lambda_monitored_link_add_multiple",
            "null_resource.go_build_functions_output_monitored_link_add_multiple"
          ]
        }
      ]
    },
    {
      "mode": "managed",
      "type": "aws_lambda_function",
      "name": "monitored_link_edit_multiple",
      "provider": "provider[\"registry.terraform.io/hashicorp/aws\"]",
      "instances": [
        {
          "schema_version": 0,
          "attributes": {
            "architectures": [
              "x86_64"
            ],
            "arn": "arn:aws:lambda:ap-southeast-1:033737710410:function:MonitoredLinkEditMultiple",
            "code_signing_config_arn": "",
            "dead_letter_config": [],
            "description": "",
            "environment": [
              {
                "variables": {
                  "deployment_environment_name": "prod",
                  "deployment_environment_purpose": "Enviroment accessed and used by end user",
                  "module_name": "app-be-serverless",
                  "project_name": "diskon-hunter-price-monitoring",
                  "project_name_short": "dhpm"
                }
              }
            ],
            "ephemeral_storage": [
              {
                "size": 512
              }
            ],
            "file_system_config": [],
            "filename": "./dist/functions/monitored-link-edit-multiple.zip",
            "function_name": "MonitoredLinkEditMultiple",
            "handler": "monitored-link-edit-multiple",
            "id": "MonitoredLinkEditMultiple",
            "image_config": [],
            "image_uri": "",
            "invoke_arn": "arn:aws:apigateway:ap-southeast-1:lambda:path/2015-03-31/functions/arn:aws:lambda:ap-southeast-1:033737710410:function:MonitoredLinkEditMultiple/invocations",
            "kms_key_arn": "",
            "last_modified": "2023-12-16T09:16:30.000+0000",
            "layers": [],
            "memory_size": 2048,
            "package_type": "Zip",
            "publish": true,
            "qualified_arn": "arn:aws:lambda:ap-southeast-1:033737710410:function:MonitoredLinkEditMultiple:3",
            "qualified_invoke_arn": "arn:aws:apigateway:ap-southeast-1:lambda:path/2015-03-31/functions/arn:aws:lambda:ap-southeast-1:033737710410:function:MonitoredLinkEditMultiple:3/invocations",
            "replace_security_groups_on_destroy": null,
            "replacement_security_group_ids": null,
            "reserved_concurrent_executions": -1,
            "role": "arn:aws:iam::033737710410:role/serverless_lambda",
            "runtime": "go1.x",
            "s3_bucket": null,
            "s3_key": null,
            "s3_object_version": null,
            "signing_job_arn": "",
            "signing_profile_version_arn": "",
            "skip_destroy": false,
            "snap_start": [],
            "source_code_hash": "q9XdcpxraPekMxC66QzZxW5y4ytS0sNSP/9mcZsb8iI=",
            "source_code_size": 9505212,
            "tags": {},
            "tags_all": {
              "deployment_environment_name": "prod",
              "deployment_environment_purpose": "Enviroment accessed and used by end user",
              "module_name": "app-be-serverless",
              "project_name": "diskon-hunter-price-monitoring"
            },
            "timeout": 15,
            "timeouts": null,
            "tracing_config": [
              {
                "mode": "PassThrough"
              }
            ],
            "version": "3",
            "vpc_config": []
          },
          "sensitive_attributes": [],
          "private": "eyJlMmJmYjczMC1lY2FhLTExZTYtOGY4OC0zNDM2M2JjN2M0YzAiOnsiY3JlYXRlIjo2MDAwMDAwMDAwMDAsImRlbGV0ZSI6NjAwMDAwMDAwMDAwLCJ1cGRhdGUiOjYwMDAwMDAwMDAwMH19",
          "dependencies": [
            "aws_iam_role.lambda_exec",
            "data.archive_file.lambda_monitored_link_edit_multiple",
            "null_resource.go_build_functions_output_monitored_link_edit_multiple"
          ]
        }
      ]
    },
    {
      "mode": "managed",
      "type": "aws_lambda_function",
      "name": "monitored_link_list",
      "provider": "provider[\"registry.terraform.io/hashicorp/aws\"]",
      "instances": [
        {
          "schema_version": 0,
          "attributes": {
            "architectures": [
              "x86_64"
            ],
            "arn": "arn:aws:lambda:ap-southeast-1:033737710410:function:MonitoredLinkList",
            "code_signing_config_arn": "",
            "dead_letter_config": [],
            "description": "",
            "environment": [
              {
                "variables": {
                  "aws_deployment_account_id": "033737710410",
                  "aws_deployment_region_short": "apse1",
                  "deployment_environment_name": "prod",
                  "deployment_environment_purpose": "Enviroment accessed and used by end user",
                  "module_name": "app-be-serverless",
                  "project_name": "diskon-hunter-price-monitoring",
                  "project_name_short": "dhpm"
                }
              }
            ],
            "ephemeral_storage": [
              {
                "size": 512
              }
            ],
            "file_system_config": [],
            "filename": "./dist/functions/monitored-link-list.zip",
            "function_name": "MonitoredLinkList",
            "handler": "monitored-link-list",
            "id": "MonitoredLinkList",
            "image_config": [],
            "image_uri": "",
            "invoke_arn": "arn:aws:apigateway:ap-southeast-1:lambda:path/2015-03-31/functions/arn:aws:lambda:ap-southeast-1:033737710410:function:MonitoredLinkList/invocations",
            "kms_key_arn": "",
            "last_modified": "2023-12-16T09:17:16.000+0000",
            "layers": [],
            "memory_size": 2048,
            "package_type": "Zip",
            "publish": true,
            "qualified_arn": "arn:aws:lambda:ap-southeast-1:033737710410:function:MonitoredLinkList:4",
            "qualified_invoke_arn": "arn:aws:apigateway:ap-southeast-1:lambda:path/2015-03-31/functions/arn:aws:lambda:ap-southeast-1:033737710410:function:MonitoredLinkList:4/invocations",
            "replace_security_groups_on_destroy": null,
            "replacement_security_group_ids": null,
            "reserved_concurrent_executions": -1,
            "role": "arn:aws:iam::033737710410:role/serverless_lambda",
            "runtime": "go1.x",
            "s3_bucket": null,
            "s3_key": null,
            "s3_object_version": null,
            "signing_job_arn": "",
            "signing_profile_version_arn": "",
            "skip_destroy": false,
            "snap_start": [],
            "source_code_hash": "ROFX2LJ9WYY6W2ua9nA++quOYM6hN0CDChBRdkISja4=",
            "source_code_size": 9475285,
            "tags": {},
            "tags_all": {
              "deployment_environment_name": "prod",
              "deployment_environment_purpose": "Enviroment accessed and used by end user",
              "module_name": "app-be-serverless",
              "project_name": "diskon-hunter-price-monitoring"
            },
            "timeout": 15,
            "timeouts": null,
            "tracing_config": [
              {
                "mode": "PassThrough"
              }
            ],
            "version": "4",
            "vpc_config": []
          },
          "sensitive_attributes": [],
          "private": "eyJlMmJmYjczMC1lY2FhLTExZTYtOGY4OC0zNDM2M2JjN2M0YzAiOnsiY3JlYXRlIjo2MDAwMDAwMDAwMDAsImRlbGV0ZSI6NjAwMDAwMDAwMDAwLCJ1cGRhdGUiOjYwMDAwMDAwMDAwMH19",
          "dependencies": [
            "aws_iam_role.lambda_exec",
            "data.archive_file.lambda_monitored_link_list",
            "null_resource.go_build_functions_output_monitored_link_list"
          ]
        }
      ]
    },
    {
      "mode": "managed",
      "type": "aws_lambda_function",
      "name": "user_reset_password",
      "provider": "provider[\"registry.terraform.io/hashicorp/aws\"]",
      "instances": [
        {
          "schema_version": 0,
          "attributes": {
            "architectures": [
              "x86_64"
            ],
            "arn": "arn:aws:lambda:ap-southeast-1:033737710410:function:UserResetPassword",
            "code_signing_config_arn": "",
            "dead_letter_config": [],
            "description": "",
            "environment": [
              {
                "variables": {
                  "aws_deployment_account_id": "033737710410",
                  "aws_deployment_region_short": "apse1",
                  "deployment_environment_name": "prod",
                  "deployment_environment_purpose": "Enviroment accessed and used by end user",
                  "module_name": "app-be-serverless",
                  "project_name": "diskon-hunter-price-monitoring",
                  "project_name_short": "dhpm"
                }
              }
            ],
            "ephemeral_storage": [
              {
                "size": 512
              }
            ],
            "file_system_config": [],
            "filename": "./dist/functions/user-reset-password.zip",
            "function_name": "UserResetPassword",
            "handler": "user-reset-password",
            "id": "UserResetPassword",
            "image_config": [],
            "image_uri": "",
            "invoke_arn": "arn:aws:apigateway:ap-southeast-1:lambda:path/2015-03-31/functions/arn:aws:lambda:ap-southeast-1:033737710410:function:UserResetPassword/invocations",
            "kms_key_arn": "",
            "last_modified": "2023-12-16T09:24:26.000+0000",
            "layers": [],
            "memory_size": 2048,
            "package_type": "Zip",
            "publish": true,
            "qualified_arn": "arn:aws:lambda:ap-southeast-1:033737710410:function:UserResetPassword:2",
            "qualified_invoke_arn": "arn:aws:apigateway:ap-southeast-1:lambda:path/2015-03-31/functions/arn:aws:lambda:ap-southeast-1:033737710410:function:UserResetPassword:2/invocations",
            "replace_security_groups_on_destroy": null,
            "replacement_security_group_ids": null,
            "reserved_concurrent_executions": -1,
            "role": "arn:aws:iam::033737710410:role/serverless_lambda",
            "runtime": "go1.x",
            "s3_bucket": null,
            "s3_key": null,
            "s3_object_version": null,
            "signing_job_arn": "",
            "signing_profile_version_arn": "",
            "skip_destroy": false,
            "snap_start": [],
            "source_code_hash": "GMUaabU0ivZHVA5Eo+eFU099U9i2rxt6ui8x7PqLagY=",
            "source_code_size": 9062390,
            "tags": {},
            "tags_all": {
              "deployment_environment_name": "prod",
              "deployment_environment_purpose": "Enviroment accessed and used by end user",
              "module_name": "app-be-serverless",
              "project_name": "diskon-hunter-price-monitoring"
            },
            "timeout": 15,
            "timeouts": null,
            "tracing_config": [
              {
                "mode": "PassThrough"
              }
            ],
            "version": "2",
            "vpc_config": []
          },
          "sensitive_attributes": [],
          "private": "eyJlMmJmYjczMC1lY2FhLTExZTYtOGY4OC0zNDM2M2JjN2M0YzAiOnsiY3JlYXRlIjo2MDAwMDAwMDAwMDAsImRlbGV0ZSI6NjAwMDAwMDAwMDAwLCJ1cGRhdGUiOjYwMDAwMDAwMDAwMH19",
          "dependencies": [
            "aws_iam_role.lambda_exec",
            "data.archive_file.lambda_user_reset_password",
            "null_resource.go_build_functions_output_user_reset_password"
          ]
        }
      ]
    },
    {
      "mode": "managed",
      "type": "aws_lambda_function",
      "name": "user_sign_in",
      "provider": "provider[\"registry.terraform.io/hashicorp/aws\"]",
      "instances": [
        {
          "schema_version": 0,
          "attributes": {
            "architectures": [
              "x86_64"
            ],
            "arn": "arn:aws:lambda:ap-southeast-1:033737710410:function:UserSignIn",
            "code_signing_config_arn": "",
            "dead_letter_config": [],
            "description": "",
            "environment": [
              {
                "variables": {
                  "deployment_environment_name": "prod",
                  "deployment_environment_purpose": "Enviroment accessed and used by end user",
                  "module_name": "app-be-serverless",
                  "project_name": "diskon-hunter-price-monitoring",
                  "project_name_short": "dhpm",
                  "route_key": "POST /v1/user.signin"
                }
              }
            ],
            "ephemeral_storage": [
              {
                "size": 512
              }
            ],
            "file_system_config": [],
            "filename": "./dist/functions/user-signin.zip",
            "function_name": "UserSignIn",
            "handler": "user-signin",
            "id": "UserSignIn",
            "image_config": [],
            "image_uri": "",
            "invoke_arn": "arn:aws:apigateway:ap-southeast-1:lambda:path/2015-03-31/functions/arn:aws:lambda:ap-southeast-1:033737710410:function:UserSignIn/invocations",
            "kms_key_arn": "",
            "last_modified": "2023-12-16T09:16:52.000+0000",
            "layers": [],
            "memory_size": 2048,
            "package_type": "Zip",
            "publish": true,
            "qualified_arn": "arn:aws:lambda:ap-southeast-1:033737710410:function:UserSignIn:8",
            "qualified_invoke_arn": "arn:aws:apigateway:ap-southeast-1:lambda:path/2015-03-31/functions/arn:aws:lambda:ap-southeast-1:033737710410:function:UserSignIn:8/invocations",
            "replace_security_groups_on_destroy": null,
            "replacement_security_group_ids": null,
            "reserved_concurrent_executions": -1,
            "role": "arn:aws:iam::033737710410:role/serverless_lambda",
            "runtime": "go1.x",
            "s3_bucket": null,
            "s3_key": null,
            "s3_object_version": null,
            "signing_job_arn": "",
            "signing_profile_version_arn": "",
            "skip_destroy": false,
            "snap_start": [],
            "source_code_hash": "PQxMBaCCZ1+t+YOgFph5xlm72h9Oj0PAD5yWwHVrGBo=",
            "source_code_size": 9472291,
            "tags": {},
            "tags_all": {
              "deployment_environment_name": "prod",
              "deployment_environment_purpose": "Enviroment accessed and used by end user",
              "module_name": "app-be-serverless",
              "project_name": "diskon-hunter-price-monitoring"
            },
            "timeout": 15,
            "timeouts": null,
            "tracing_config": [
              {
                "mode": "PassThrough"
              }
            ],
            "version": "8",
            "vpc_config": []
          },
          "sensitive_attributes": [],
          "private": "eyJlMmJmYjczMC1lY2FhLTExZTYtOGY4OC0zNDM2M2JjN2M0YzAiOnsiY3JlYXRlIjo2MDAwMDAwMDAwMDAsImRlbGV0ZSI6NjAwMDAwMDAwMDAwLCJ1cGRhdGUiOjYwMDAwMDAwMDAwMH19",
          "dependencies": [
            "aws_iam_role.lambda_exec",
            "data.archive_file.lambda_user_sign_in",
            "null_resource.go_build_functions_output_user_sign_in"
          ]
        }
      ]
    },
    {
      "mode": "managed",
      "type": "aws_lambda_function",
      "name": "user_sign_up",
      "provider": "provider[\"registry.terraform.io/hashicorp/aws\"]",
      "instances": [
        {
          "schema_version": 0,
          "attributes": {
            "architectures": [
              "x86_64"
            ],
            "arn": "arn:aws:lambda:ap-southeast-1:033737710410:function:UserSignUp",
            "code_signing_config_arn": "",
            "dead_letter_config": [],
            "description": "",
            "environment": [
              {
                "variables": {
                  "aws_deployment_account_id": "033737710410",
                  "aws_deployment_region_short": "apse1",
                  "deployment_environment_name": "prod",
                  "deployment_environment_purpose": "Enviroment accessed and used by end user",
                  "module_name": "app-be-serverless",
                  "project_name": "diskon-hunter-price-monitoring",
                  "project_name_short": "dhpm"
                }
              }
            ],
            "ephemeral_storage": [
              {
                "size": 512
              }
            ],
            "file_system_config": [],
            "filename": "./dist/functions/user-signup.zip",
            "function_name": "UserSignUp",
            "handler": "user-signup",
            "id": "UserSignUp",
            "image_config": [],
            "image_uri": "",
            "invoke_arn": "arn:aws:apigateway:ap-southeast-1:lambda:path/2015-03-31/functions/arn:aws:lambda:ap-southeast-1:033737710410:function:UserSignUp/invocations",
            "kms_key_arn": "",
            "last_modified": "2023-12-16T09:15:37.000+0000",
            "layers": [],
            "memory_size": 2048,
            "package_type": "Zip",
            "publish": true,
            "qualified_arn": "arn:aws:lambda:ap-southeast-1:033737710410:function:UserSignUp:6",
            "qualified_invoke_arn": "arn:aws:apigateway:ap-southeast-1:lambda:path/2015-03-31/functions/arn:aws:lambda:ap-southeast-1:033737710410:function:UserSignUp:6/invocations",
            "replace_security_groups_on_destroy": null,
            "replacement_security_group_ids": null,
            "reserved_concurrent_executions": -1,
            "role": "arn:aws:iam::033737710410:role/serverless_lambda",
            "runtime": "go1.x",
            "s3_bucket": null,
            "s3_key": null,
            "s3_object_version": null,
            "signing_job_arn": "",
            "signing_profile_version_arn": "",
            "skip_destroy": false,
            "snap_start": [],
            "source_code_hash": "STP9AjEQm0/BgT6j2BH7nujiThYcIZLh6Q1CQXnlIJE=",
            "source_code_size": 9060501,
            "tags": {},
            "tags_all": {
              "deployment_environment_name": "prod",
              "deployment_environment_purpose": "Enviroment accessed and used by end user",
              "module_name": "app-be-serverless",
              "project_name": "diskon-hunter-price-monitoring"
            },
            "timeout": 15,
            "timeouts": null,
            "tracing_config": [
              {
                "mode": "PassThrough"
              }
            ],
            "version": "6",
            "vpc_config": []
          },
          "sensitive_attributes": [],
          "private": "eyJlMmJmYjczMC1lY2FhLTExZTYtOGY4OC0zNDM2M2JjN2M0YzAiOnsiY3JlYXRlIjo2MDAwMDAwMDAwMDAsImRlbGV0ZSI6NjAwMDAwMDAwMDAwLCJ1cGRhdGUiOjYwMDAwMDAwMDAwMH19",
          "dependencies": [
            "aws_iam_role.lambda_exec",
            "data.archive_file.lambda_user_sign_up",
            "null_resource.go_build_functions_output_user_sign_up"
          ]
        }
      ]
    },
    {
      "mode": "managed",
      "type": "aws_lambda_function",
      "name": "user_validate_otp",
      "provider": "provider[\"registry.terraform.io/hashicorp/aws\"]",
      "instances": [
        {
          "schema_version": 0,
          "attributes": {
            "architectures": [
              "x86_64"
            ],
            "arn": "arn:aws:lambda:ap-southeast-1:033737710410:function:UserValidateOtp",
            "code_signing_config_arn": "",
            "dead_letter_config": [],
            "description": "",
            "environment": [
              {
                "variables": {
                  "aws_deployment_account_id": "033737710410",
                  "aws_deployment_region_short": "apse1",
                  "deployment_environment_name": "prod",
                  "deployment_environment_purpose": "Enviroment accessed and used by end user",
                  "module_name": "app-be-serverless",
                  "project_name": "diskon-hunter-price-monitoring",
                  "project_name_short": "dhpm"
                }
              }
            ],
            "ephemeral_storage": [
              {
                "size": 512
              }
            ],
            "file_system_config": [],
            "filename": "./dist/functions/user-validate-otp.zip",
            "function_name": "UserValidateOtp",
            "handler": "user-validate-otp",
            "id": "UserValidateOtp",
            "image_config": [],
            "image_uri": "",
            "invoke_arn": "arn:aws:apigateway:ap-southeast-1:lambda:path/2015-03-31/functions/arn:aws:lambda:ap-southeast-1:033737710410:function:UserValidateOtp/invocations",
            "kms_key_arn": "",
            "last_modified": "2023-12-16T09:15:16.000+0000",
            "layers": [],
            "memory_size": 2048,
            "package_type": "Zip",
            "publish": true,
            "qualified_arn": "arn:aws:lambda:ap-southeast-1:033737710410:function:UserValidateOtp:2",
            "qualified_invoke_arn": "arn:aws:apigateway:ap-southeast-1:lambda:path/2015-03-31/functions/arn:aws:lambda:ap-southeast-1:033737710410:function:UserValidateOtp:2/invocations",
            "replace_security_groups_on_destroy": null,
            "replacement_security_group_ids": null,
            "reserved_concurrent_executions": -1,
            "role": "arn:aws:iam::033737710410:role/serverless_lambda",
            "runtime": "go1.x",
            "s3_bucket": null,
            "s3_key": null,
            "s3_object_version": null,
            "signing_job_arn": "",
            "signing_profile_version_arn": "",
            "skip_destroy": false,
            "snap_start": [],
            "source_code_hash": "lbtPsQG4G9+e4RX7hBSUS7tkva0fiEAh/CEdWzXkwx4=",
            "source_code_size": 9037673,
            "tags": {},
            "tags_all": {
              "deployment_environment_name": "prod",
              "deployment_environment_purpose": "Enviroment accessed and used by end user",
              "module_name": "app-be-serverless",
              "project_name": "diskon-hunter-price-monitoring"
            },
            "timeout": 15,
            "timeouts": null,
            "tracing_config": [
              {
                "mode": "PassThrough"
              }
            ],
            "version": "2",
            "vpc_config": []
          },
          "sensitive_attributes": [],
          "private": "eyJlMmJmYjczMC1lY2FhLTExZTYtOGY4OC0zNDM2M2JjN2M0YzAiOnsiY3JlYXRlIjo2MDAwMDAwMDAwMDAsImRlbGV0ZSI6NjAwMDAwMDAwMDAwLCJ1cGRhdGUiOjYwMDAwMDAwMDAwMH19",
          "dependencies": [
            "aws_iam_role.lambda_exec",
            "data.archive_file.lambda_user_validate_otp",
            "null_resource.go_build_functions_output_user_validate_otp"
          ]
        }
      ]
    },
    {
      "mode": "managed",
      "type": "aws_lambda_permission",
      "name": "api_gw_hello_world",
      "provider": "provider[\"registry.terraform.io/hashicorp/aws\"]",
      "instances": [
        {
          "schema_version": 0,
          "attributes": {
            "action": "lambda:InvokeFunction",
            "event_source_token": null,
            "function_name": "HelloWorld",
            "function_url_auth_type": null,
            "id": "AllowExecutionFromAPIGateway",
            "principal": "apigateway.amazonaws.com",
            "principal_org_id": null,
            "qualifier": "",
            "source_account": null,
            "source_arn": "arn:aws:execute-api:ap-southeast-1:033737710410:ueb8gkzdtj/*/*",
            "statement_id": "AllowExecutionFromAPIGateway",
            "statement_id_prefix": ""
          },
          "sensitive_attributes": [],
          "private": "bnVsbA==",
          "dependencies": [
            "aws_apigatewayv2_api.lambda",
            "aws_iam_role.lambda_exec",
            "aws_lambda_function.hello_world",
            "data.archive_file.lambda_hello_world",
            "null_resource.go_build_functions_output_hello_world"
          ]
        }
      ]
    },
    {
      "mode": "managed",
      "type": "aws_lambda_permission",
      "name": "monitored_link_add_multiple",
      "provider": "provider[\"registry.terraform.io/hashicorp/aws\"]",
      "instances": [
        {
          "schema_version": 0,
          "attributes": {
            "action": "lambda:InvokeFunction",
            "event_source_token": null,
            "function_name": "MonitoredLinkAddMultiple",
            "function_url_auth_type": null,
            "id": "AllowExecutionFromAPIGateway",
            "principal": "apigateway.amazonaws.com",
            "principal_org_id": null,
            "qualifier": "",
            "source_account": null,
            "source_arn": "arn:aws:execute-api:ap-southeast-1:033737710410:ueb8gkzdtj/*/*",
            "statement_id": "AllowExecutionFromAPIGateway",
            "statement_id_prefix": ""
          },
          "sensitive_attributes": [],
          "private": "bnVsbA==",
          "dependencies": [
            "aws_apigatewayv2_api.lambda",
            "aws_iam_role.lambda_exec",
            "aws_lambda_function.monitored_link_add_multiple",
            "data.archive_file.lambda_monitored_link_add_multiple",
            "null_resource.go_build_functions_output_monitored_link_add_multiple"
          ]
        }
      ]
    },
    {
      "mode": "managed",
      "type": "aws_lambda_permission",
      "name": "monitored_link_edit_multiple",
      "provider": "provider[\"registry.terraform.io/hashicorp/aws\"]",
      "instances": [
        {
          "schema_version": 0,
          "attributes": {
            "action": "lambda:InvokeFunction",
            "event_source_token": null,
            "function_name": "MonitoredLinkEditMultiple",
            "function_url_auth_type": null,
            "id": "AllowExecutionFromAPIGateway",
            "principal": "apigateway.amazonaws.com",
            "principal_org_id": null,
            "qualifier": "",
            "source_account": null,
            "source_arn": "arn:aws:execute-api:ap-southeast-1:033737710410:ueb8gkzdtj/*/*",
            "statement_id": "AllowExecutionFromAPIGateway",
            "statement_id_prefix": ""
          },
          "sensitive_attributes": [],
          "private": "bnVsbA==",
          "dependencies": [
            "aws_apigatewayv2_api.lambda",
            "aws_iam_role.lambda_exec",
            "aws_lambda_function.monitored_link_edit_multiple",
            "data.archive_file.lambda_monitored_link_edit_multiple",
            "null_resource.go_build_functions_output_monitored_link_edit_multiple"
          ]
        }
      ]
    },
    {
      "mode": "managed",
      "type": "aws_lambda_permission",
      "name": "monitored_link_list",
      "provider": "provider[\"registry.terraform.io/hashicorp/aws\"]",
      "instances": [
        {
          "schema_version": 0,
          "attributes": {
            "action": "lambda:InvokeFunction",
            "event_source_token": null,
            "function_name": "MonitoredLinkList",
            "function_url_auth_type": null,
            "id": "AllowExecutionFromAPIGateway",
            "principal": "apigateway.amazonaws.com",
            "principal_org_id": null,
            "qualifier": "",
            "source_account": null,
            "source_arn": "arn:aws:execute-api:ap-southeast-1:033737710410:ueb8gkzdtj/*/*",
            "statement_id": "AllowExecutionFromAPIGateway",
            "statement_id_prefix": ""
          },
          "sensitive_attributes": [],
          "private": "bnVsbA==",
          "dependencies": [
            "aws_apigatewayv2_api.lambda",
            "aws_iam_role.lambda_exec",
            "aws_lambda_function.monitored_link_list",
            "data.archive_file.lambda_monitored_link_list",
            "null_resource.go_build_functions_output_monitored_link_list"
          ]
        }
      ]
    },
    {
      "mode": "managed",
      "type": "aws_lambda_permission",
      "name": "user_reset_password",
      "provider": "provider[\"registry.terraform.io/hashicorp/aws\"]",
      "instances": [
        {
          "schema_version": 0,
          "attributes": {
            "action": "lambda:InvokeFunction",
            "event_source_token": null,
            "function_name": "UserResetPassword",
            "function_url_auth_type": null,
            "id": "AllowExecutionFromAPIGateway",
            "principal": "apigateway.amazonaws.com",
            "principal_org_id": null,
            "qualifier": "",
            "source_account": null,
            "source_arn": "arn:aws:execute-api:ap-southeast-1:033737710410:ueb8gkzdtj/*/*",
            "statement_id": "AllowExecutionFromAPIGateway",
            "statement_id_prefix": ""
          },
          "sensitive_attributes": [],
          "private": "bnVsbA==",
          "dependencies": [
            "aws_apigatewayv2_api.lambda",
            "aws_iam_role.lambda_exec",
            "aws_lambda_function.user_reset_password",
            "data.archive_file.lambda_user_reset_password",
            "null_resource.go_build_functions_output_user_reset_password"
          ]
        }
      ]
    },
    {
      "mode": "managed",
      "type": "aws_lambda_permission",
      "name": "user_sign_in",
      "provider": "provider[\"registry.terraform.io/hashicorp/aws\"]",
      "instances": [
        {
          "schema_version": 0,
          "attributes": {
            "action": "lambda:InvokeFunction",
            "event_source_token": null,
            "function_name": "UserSignIn",
            "function_url_auth_type": null,
            "id": "AllowExecutionFromAPIGateway",
            "principal": "apigateway.amazonaws.com",
            "principal_org_id": null,
            "qualifier": "",
            "source_account": null,
            "source_arn": "arn:aws:execute-api:ap-southeast-1:033737710410:ueb8gkzdtj/*/*",
            "statement_id": "AllowExecutionFromAPIGateway",
            "statement_id_prefix": ""
          },
          "sensitive_attributes": [],
          "private": "bnVsbA==",
          "dependencies": [
            "aws_apigatewayv2_api.lambda",
            "aws_iam_role.lambda_exec",
            "aws_lambda_function.user_sign_in",
            "data.archive_file.lambda_user_sign_in",
            "null_resource.go_build_functions_output_user_sign_in"
          ]
        }
      ]
    },
    {
      "mode": "managed",
      "type": "aws_lambda_permission",
      "name": "user_sign_up",
      "provider": "provider[\"registry.terraform.io/hashicorp/aws\"]",
      "instances": [
        {
          "schema_version": 0,
          "attributes": {
            "action": "lambda:InvokeFunction",
            "event_source_token": null,
            "function_name": "UserSignUp",
            "function_url_auth_type": null,
            "id": "AllowExecutionFromAPIGateway",
            "principal": "apigateway.amazonaws.com",
            "principal_org_id": null,
            "qualifier": "",
            "source_account": null,
            "source_arn": "arn:aws:execute-api:ap-southeast-1:033737710410:ueb8gkzdtj/*/*",
            "statement_id": "AllowExecutionFromAPIGateway",
            "statement_id_prefix": ""
          },
          "sensitive_attributes": [],
          "private": "bnVsbA==",
          "dependencies": [
            "aws_apigatewayv2_api.lambda",
            "aws_iam_role.lambda_exec",
            "aws_lambda_function.user_sign_up",
            "data.archive_file.lambda_user_sign_up",
            "null_resource.go_build_functions_output_user_sign_up"
          ]
        }
      ]
    },
    {
      "mode": "managed",
      "type": "aws_lambda_permission",
      "name": "user_validate_otp",
      "provider": "provider[\"registry.terraform.io/hashicorp/aws\"]",
      "instances": [
        {
          "schema_version": 0,
          "attributes": {
            "action": "lambda:InvokeFunction",
            "event_source_token": null,
            "function_name": "UserValidateOtp",
            "function_url_auth_type": null,
            "id": "AllowExecutionFromAPIGateway",
            "principal": "apigateway.amazonaws.com",
            "principal_org_id": null,
            "qualifier": "",
            "source_account": null,
            "source_arn": "arn:aws:execute-api:ap-southeast-1:033737710410:ueb8gkzdtj/*/*",
            "statement_id": "AllowExecutionFromAPIGateway",
            "statement_id_prefix": ""
          },
          "sensitive_attributes": [],
          "private": "bnVsbA==",
          "dependencies": [
            "aws_apigatewayv2_api.lambda",
            "aws_iam_role.lambda_exec",
            "aws_lambda_function.user_validate_otp",
            "data.archive_file.lambda_user_validate_otp",
            "null_resource.go_build_functions_output_user_validate_otp"
          ]
        }
      ]
    },
    {
      "mode": "managed",
      "type": "null_resource",
      "name": "go_build_functions_output_hello_world",
      "provider": "provider[\"registry.terraform.io/hashicorp/null\"]",
      "instances": [
        {
          "schema_version": 0,
          "attributes": {
            "id": "2887550034566711508",
            "triggers": {
              "always_run": "2023-12-16T09:13:30Z"
            }
          },
          "sensitive_attributes": []
        }
      ]
    },
    {
      "mode": "managed",
      "type": "null_resource",
      "name": "go_build_functions_output_monitored_link_add_multiple",
      "provider": "provider[\"registry.terraform.io/hashicorp/null\"]",
      "instances": [
        {
          "schema_version": 0,
          "attributes": {
            "id": "5484528273374560402",
            "triggers": {
              "always_run": "2023-12-16T09:13:30Z"
            }
          },
          "sensitive_attributes": []
        }
      ]
    },
    {
      "mode": "managed",
      "type": "null_resource",
      "name": "go_build_functions_output_monitored_link_edit_multiple",
      "provider": "provider[\"registry.terraform.io/hashicorp/null\"]",
      "instances": [
        {
          "schema_version": 0,
          "attributes": {
            "id": "8388458200657462975",
            "triggers": {
              "always_run": "2023-12-16T09:13:30Z"
            }
          },
          "sensitive_attributes": []
        }
      ]
    },
    {
      "mode": "managed",
      "type": "null_resource",
      "name": "go_build_functions_output_monitored_link_list",
      "provider": "provider[\"registry.terraform.io/hashicorp/null\"]",
      "instances": [
        {
          "schema_version": 0,
          "attributes": {
            "id": "3260469831141619154",
            "triggers": {
              "always_run": "2023-12-16T09:13:30Z"
            }
          },
          "sensitive_attributes": []
        }
      ]
    },
    {
      "mode": "managed",
      "type": "null_resource",
      "name": "go_build_functions_output_user_reset_password",
      "provider": "provider[\"registry.terraform.io/hashicorp/null\"]",
      "instances": [
        {
          "schema_version": 0,
          "attributes": {
            "id": "4990034585662377640",
            "triggers": {
              "always_run": "2023-12-16T09:24:03Z"
            }
          },
          "sensitive_attributes": []
        }
      ]
    },
    {
      "mode": "managed",
      "type": "null_resource",
      "name": "go_build_functions_output_user_sign_in",
      "provider": "provider[\"registry.terraform.io/hashicorp/null\"]",
      "instances": [
        {
          "schema_version": 0,
          "attributes": {
            "id": "4163473067186860406",
            "triggers": {
              "always_run": "2023-12-16T09:13:30Z"
            }
          },
          "sensitive_attributes": []
        }
      ]
    },
    {
      "mode": "managed",
      "type": "null_resource",
      "name": "go_build_functions_output_user_sign_up",
      "provider": "provider[\"registry.terraform.io/hashicorp/null\"]",
      "instances": [
        {
          "schema_version": 0,
          "attributes": {
            "id": "6334530293413835015",
            "triggers": {
              "always_run": "2023-12-16T09:13:30Z"
            }
          },
          "sensitive_attributes": []
        }
      ]
    },
    {
      "mode": "managed",
      "type": "null_resource",
      "name": "go_build_functions_output_user_validate_otp",
      "provider": "provider[\"registry.terraform.io/hashicorp/null\"]",
      "instances": [
        {
          "schema_version": 0,
          "attributes": {
            "id": "5761510518640144811",
            "triggers": {
              "always_run": "2023-12-16T09:13:30Z"
            }
          },
          "sensitive_attributes": []
        }
      ]
    }
  ],
  "check_results": []
}
