{
  "version": 4,
  "terraform_version": "1.6.4",
  "serial": 171,
  "lineage": "2739370a-6560-63df-bd1e-8bdb542f6cb3",
  "outputs": {
    "base_url": {
      "value": "https://ueb8gkzdtj.execute-api.ap-southeast-1.amazonaws.com/prod",
      "type": "string"
    }
  },
  "resources": [
    {
      "mode": "data",
      "type": "archive_file",
      "name": "lambda_hello_world",
      "provider": "provider[\"registry.terraform.io/hashicorp/archive\"]",
      "instances": [
        {
          "schema_version": 0,
          "attributes": {
            "exclude_symlink_directories": null,
            "excludes": null,
            "id": "458c849388a68451db1cbc36c18c761d33d512cf",
            "output_base64sha256": "9A1pTC79cRqNX9NBfGHLCLH4k3ttAkBr+YSoUPc3psM=",
            "output_base64sha512": "Hxjp1+C4fbbH8AL2kb1wQkT1Siq9332uojmipA7mRKSMy8uOY7nk/pUC9h4Q/LLnpM7dds+nQX/s+mMx/lavZA==",
            "output_file_mode": null,
            "output_md5": "73c8eef9e314a6337df6e74b8826fa8e",
            "output_path": "./dist/functions/hello-world.zip",
            "output_sha": "458c849388a68451db1cbc36c18c761d33d512cf",
            "output_sha256": "f40d694c2efd711a8d5fd3417c61cb08b1f8937b6d02406bf984a850f737a6c3",
            "output_sha512": "1f18e9d7e0b87db6c7f002f691bd704244f54a2abddf7daea239a2a40ee644a48ccbcb8e63b9e4fe9502f61e10fcb2e7a4cedd76cfa7417fecfa6331fe56af64",
            "output_size": 5258915,
            "source": [],
            "source_content": null,
            "source_content_filename": null,
            "source_dir": null,
            "source_file": "./dist/functions/hello-world",
            "type": "zip"
          },
          "sensitive_attributes": []
        }
      ]
    },
    {
      "mode": "data",
      "type": "archive_file",
      "name": "lambda_monitored_link_add_multiple",
      "provider": "provider[\"registry.terraform.io/hashicorp/archive\"]",
      "instances": [
        {
          "schema_version": 0,
          "attributes": {
            "exclude_symlink_directories": null,
            "excludes": null,
            "id": "ae98547628c1160e105bf0bda25cc2cad79ca774",
            "output_base64sha256": "dM8VZZ7YAjv8s7FuOjqUHEEeEBpF6J3gscvIFTCLMTQ=",
            "output_base64sha512": "0mZ92Vpfri8U0xBLHRg3H6iO2Xp7cXVt6Tb1NGrUEuCGL0ET4GqEQWKG3SGfIvsGq3ZgFXa9Xbs5kzWvFiJArA==",
            "output_file_mode": null,
            "output_md5": "8e56e65c754441c5a322a9bf2bdbe698",
            "output_path": "./dist/functions/monitored-link-add-multiple.zip",
            "output_sha": "ae98547628c1160e105bf0bda25cc2cad79ca774",
            "output_sha256": "74cf15659ed8023bfcb3b16e3a3a941c411e101a45e89de0b1cbc815308b3134",
            "output_sha512": "d2667dd95a5fae2f14d3104b1d18371fa88ed97a7b71756de936f5346ad412e0862f4113e06a84416286dd219f22fb06ab76601576bd5dbb399335af162240ac",
            "output_size": 9505500,
            "source": [],
            "source_content": null,
            "source_content_filename": null,
            "source_dir": null,
            "source_file": "./dist/functions/monitored-link-add-multiple",
            "type": "zip"
          },
          "sensitive_attributes": []
        }
      ]
    },
    {
      "mode": "data",
      "type": "archive_file",
      "name": "lambda_monitored_link_edit_multiple",
      "provider": "provider[\"registry.terraform.io/hashicorp/archive\"]",
      "instances": [
        {
          "schema_version": 0,
          "attributes": {
            "exclude_symlink_directories": null,
            "excludes": null,
            "id": "6d10ae6be6ffe2dfdc63c9685fc756bd09edb44a",
            "output_base64sha256": "K2FG73QeXG9UzojgZDvyX8I1xDLXr04ixRBHen7ZofM=",
            "output_base64sha512": "OmFBQQ/ufRP6nUeb0/QcbeRX0qD2GDiHnuU+x4hi9lXm0K9hJ8Eitq3RKU6vXuGpcqsGpd9CqNr3gOQ9Pj9SXg==",
            "output_file_mode": null,
            "output_md5": "8d990c8e2ac6a2139252b978fe5b6c20",
            "output_path": "./dist/functions/monitored-link-edit-multiple.zip",
            "output_sha": "6d10ae6be6ffe2dfdc63c9685fc756bd09edb44a",
            "output_sha256": "2b6146ef741e5c6f54ce88e0643bf25fc235c432d7af4e22c510477a7ed9a1f3",
            "output_sha512": "3a6141410fee7d13fa9d479bd3f41c6de457d2a0f61838879ee53ec78862f655e6d0af6127c122b6add1294eaf5ee1a972ab06a5df42a8daf780e43d3e3f525e",
            "output_size": 9505257,
            "source": [],
            "source_content": null,
            "source_content_filename": null,
            "source_dir": null,
            "source_file": "./dist/functions/monitored-link-edit-multiple",
            "type": "zip"
          },
          "sensitive_attributes": []
        }
      ]
    },
    {
      "mode": "data",
      "type": "archive_file",
      "name": "lambda_monitored_link_list",
      "provider": "provider[\"registry.terraform.io/hashicorp/archive\"]",
      "instances": [
        {
          "schema_version": 0,
          "attributes": {
            "exclude_symlink_directories": null,
            "excludes": null,
            "id": "823e70b6ca95d5df22f59140b7565e494ca71a37",
            "output_base64sha256": "aEOx+zGbLr3Pibv2l8VUzLEwyCzDrZhdNrV8unErUys=",
            "output_base64sha512": "7Jai3HY8wYVEHqtRQjomk4tOANtxAsZT7fkXGH/UOu8HUK+EWRu5+Fal0j0YZzkFS4Ojwjy1kkpA9d8Ii6H/xA==",
            "output_file_mode": null,
            "output_md5": "d51d12370984cdd79d8368ecf42da856",
            "output_path": "./dist/functions/monitored-link-list.zip",
            "output_sha": "823e70b6ca95d5df22f59140b7565e494ca71a37",
            "output_sha256": "6843b1fb319b2ebdcf89bbf697c554ccb130c82cc3ad985d36b57cba712b532b",
            "output_sha512": "ec96a2dc763cc185441eab51423a26938b4e00db7102c653edf917187fd43aef0750af84591bb9f856a5d23d186739054b83a3c23cb5924a40f5df088ba1ffc4",
            "output_size": 9478505,
            "source": [],
            "source_content": null,
            "source_content_filename": null,
            "source_dir": null,
            "source_file": "./dist/functions/monitored-link-list",
            "type": "zip"
          },
          "sensitive_attributes": []
        }
      ]
    },
    {
      "mode": "data",
      "type": "archive_file",
      "name": "lambda_user_sign_in",
      "provider": "provider[\"registry.terraform.io/hashicorp/archive\"]",
      "instances": [
        {
          "schema_version": 0,
          "attributes": {
            "exclude_symlink_directories": null,
            "excludes": null,
            "id": "78179088456b03c553553469f4d4afc0b25a8990",
            "output_base64sha256": "eO3mpSa7l3ProONJ0PPZXEvZhHKchnrEPUt0ZZbY5DA=",
            "output_base64sha512": "X3+zKDgp7q1DykF/dftY0STvCv18lqyo362Tj/5Dq7kXtyRw+j8nOgmIogzJXy5gUcQCvNidE8EpO3duH3LCvA==",
            "output_file_mode": null,
            "output_md5": "9ba6ff092f1c34aeee0f854dfb4f8680",
            "output_path": "./dist/functions/user-signin.zip",
            "output_sha": "78179088456b03c553553469f4d4afc0b25a8990",
            "output_sha256": "78ede6a526bb9773eba0e349d0f3d95c4bd984729c867ac43d4b746596d8e430",
            "output_sha512": "5f7fb3283829eead43ca417f75fb58d124ef0afd7c96aca8dfad938ffe43abb917b72470fa3f273a0988a20cc95f2e6051c402bcd89d13c1293b776e1f72c2bc",
            "output_size": 9474866,
            "source": [],
            "source_content": null,
            "source_content_filename": null,
            "source_dir": null,
            "source_file": "./dist/functions/user-signin",
            "type": "zip"
          },
          "sensitive_attributes": []
        }
      ]
    },
    {
      "mode": "data",
      "type": "archive_file",
      "name": "lambda_user_sign_up",
      "provider": "provider[\"registry.terraform.io/hashicorp/archive\"]",
      "instances": [
        {
          "schema_version": 0,
          "attributes": {
            "exclude_symlink_directories": null,
            "excludes": null,
            "id": "7cf8104d6214621d9bf1d3d6344789c82a1028f8",
            "output_base64sha256": "b+6TKlG0tSqk0vqCZaxO0vJdt08AfkvT0YKcryQSO68=",
            "output_base64sha512": "qGHHP3Z8K5B1YxHhZUD2/D157UxIRiUMljTZlwaoNofxFDEZLuDbU9nkMzGMwriiAHoUAuFwHF674VRRNg1IMw==",
            "output_file_mode": null,
            "output_md5": "0f336923c5f540718952b55ecd82da67",
            "output_path": "./dist/functions/user-signup.zip",
            "output_sha": "7cf8104d6214621d9bf1d3d6344789c82a1028f8",
            "output_sha256": "6fee932a51b4b52aa4d2fa8265ac4ed2f25db74f007e4bd3d1829caf24123baf",
            "output_sha512": "a861c73f767c2b90756311e16540f6fc3d79ed4c4846250c9634d99706a83687f11431192ee0db53d9e433318cc2b8a2007a1402e1701c5ebbe15451360d4833",
            "output_size": 9031435,
            "source": [],
            "source_content": null,
            "source_content_filename": null,
            "source_dir": null,
            "source_file": "./dist/functions/user-signup",
            "type": "zip"
          },
          "sensitive_attributes": []
        }
      ]
    },
    {
      "mode": "data",
      "type": "aws_vpcs",
      "name": "list",
      "provider": "provider[\"registry.terraform.io/hashicorp/aws\"]",
      "instances": [
        {
          "schema_version": 0,
          "attributes": {
            "filter": null,
            "id": "ap-southeast-1",
            "ids": [],
            "tags": {
              "deployment_environment_name": "prod",
              "project_name": "diskon-hunter-price-monitoring"
            },
            "timeouts": null
          },
          "sensitive_attributes": []
        }
      ]
    },
    {
      "mode": "managed",
      "type": "aws_apigatewayv2_api",
      "name": "lambda",
      "provider": "provider[\"registry.terraform.io/hashicorp/aws\"]",
      "instances": [
        {
          "schema_version": 0,
          "attributes": {
            "api_endpoint": "https://ueb8gkzdtj.execute-api.ap-southeast-1.amazonaws.com",
            "api_key_selection_expression": "$request.header.x-api-key",
            "arn": "arn:aws:apigateway:ap-southeast-1::/apis/ueb8gkzdtj",
            "body": null,
            "cors_configuration": [
              {
                "allow_credentials": false,
                "allow_headers": [
                  "accept",
                  "accept-encoding",
                  "authorization",
                  "content-length",
                  "content-type"
                ],
                "allow_methods": [
                  "GET",
                  "OPTIONS",
                  "POST"
                ],
                "allow_origins": [
                  "*"
                ],
                "expose_headers": [
                  "*"
                ],
                "max_age": 300
              }
            ],
            "credentials_arn": null,
            "description": "",
            "disable_execute_api_endpoint": false,
            "execution_arn": "arn:aws:execute-api:ap-southeast-1:033737710410:ueb8gkzdtj",
            "fail_on_warnings": null,
            "id": "ueb8gkzdtj",
            "name": "serverless_lambda_gw",
            "protocol_type": "HTTP",
            "route_key": null,
            "route_selection_expression": "$request.method $request.path",
            "tags": {},
            "tags_all": {
              "deployment_environment_name": "prod",
              "deployment_environment_purpose": "Enviroment accessed and used by end user",
              "module_name": "app-be-serverless",
              "project_name": "diskon-hunter-price-monitoring"
            },
            "target": null,
            "version": ""
          },
          "sensitive_attributes": [],
          "private": "bnVsbA=="
        }
      ]
    },
    {
      "mode": "managed",
      "type": "aws_apigatewayv2_integration",
      "name": "hello_world",
      "provider": "provider[\"registry.terraform.io/hashicorp/aws\"]",
      "instances": [
        {
          "schema_version": 0,
          "attributes": {
            "api_id": "ueb8gkzdtj",
            "connection_id": "",
            "connection_type": "INTERNET",
            "content_handling_strategy": "",
            "credentials_arn": "",
            "description": "",
            "id": "emgs3zu",
            "integration_method": "POST",
            "integration_response_selection_expression": "",
            "integration_subtype": "",
            "integration_type": "AWS_PROXY",
            "integration_uri": "arn:aws:apigateway:ap-southeast-1:lambda:path/2015-03-31/functions/arn:aws:lambda:ap-southeast-1:033737710410:function:HelloWorld/invocations",
            "passthrough_behavior": "",
            "payload_format_version": "1.0",
            "request_parameters": {},
            "request_templates": {},
            "response_parameters": [],
            "template_selection_expression": "",
            "timeout_milliseconds": 30000,
            "tls_config": []
          },
          "sensitive_attributes": [],
          "private": "bnVsbA==",
          "dependencies": [
            "aws_apigatewayv2_api.lambda",
            "aws_iam_role.lambda_exec",
            "aws_lambda_function.hello_world",
            "data.archive_file.lambda_hello_world",
            "null_resource.go_build_functions_output_hello_world"
          ]
        }
      ]
    },
    {
      "mode": "managed",
      "type": "aws_apigatewayv2_integration",
      "name": "monitored_link_add_multiple",
      "provider": "provider[\"registry.terraform.io/hashicorp/aws\"]",
      "instances": [
        {
          "schema_version": 0,
          "attributes": {
            "api_id": "ueb8gkzdtj",
            "connection_id": "",
            "connection_type": "INTERNET",
            "content_handling_strategy": "",
            "credentials_arn": "",
            "description": "",
            "id": "mkup30q",
            "integration_method": "POST",
            "integration_response_selection_expression": "",
            "integration_subtype": "",
            "integration_type": "AWS_PROXY",
            "integration_uri": "arn:aws:apigateway:ap-southeast-1:lambda:path/2015-03-31/functions/arn:aws:lambda:ap-southeast-1:033737710410:function:MonitoredLinkAddMultiple/invocations",
            "passthrough_behavior": "",
            "payload_format_version": "1.0",
            "request_parameters": {},
            "request_templates": {},
            "response_parameters": [],
            "template_selection_expression": "",
            "timeout_milliseconds": 30000,
            "tls_config": []
          },
          "sensitive_attributes": [],
          "private": "bnVsbA==",
          "dependencies": [
            "aws_apigatewayv2_api.lambda",
            "aws_iam_role.lambda_exec",
            "aws_lambda_function.monitored_link_add_multiple",
            "data.archive_file.lambda_monitored_link_add_multiple",
            "null_resource.go_build_functions_output_monitored_link_add_multiple"
          ]
        }
      ]
    },
    {
      "mode": "managed",
      "type": "aws_apigatewayv2_integration",
      "name": "monitored_link_edit_multiple",
      "provider": "provider[\"registry.terraform.io/hashicorp/aws\"]",
      "instances": [
        {
          "schema_version": 0,
          "attributes": {
            "api_id": "ueb8gkzdtj",
            "connection_id": "",
            "connection_type": "INTERNET",
            "content_handling_strategy": "",
            "credentials_arn": "",
            "description": "",
            "id": "70q48pp",
            "integration_method": "POST",
            "integration_response_selection_expression": "",
            "integration_subtype": "",
            "integration_type": "AWS_PROXY",
            "integration_uri": "arn:aws:apigateway:ap-southeast-1:lambda:path/2015-03-31/functions/arn:aws:lambda:ap-southeast-1:033737710410:function:MonitoredLinkEditMultiple/invocations",
            "passthrough_behavior": "",
            "payload_format_version": "1.0",
            "request_parameters": {},
            "request_templates": {},
            "response_parameters": [],
            "template_selection_expression": "",
            "timeout_milliseconds": 30000,
            "tls_config": []
          },
          "sensitive_attributes": [],
          "private": "bnVsbA==",
          "dependencies": [
            "aws_apigatewayv2_api.lambda",
            "aws_iam_role.lambda_exec",
            "aws_lambda_function.monitored_link_edit_multiple",
            "data.archive_file.lambda_monitored_link_edit_multiple",
            "null_resource.go_build_functions_output_monitored_link_edit_multiple"
          ]
        }
      ]
    },
    {
      "mode": "managed",
      "type": "aws_apigatewayv2_integration",
      "name": "monitored_link_list",
      "provider": "provider[\"registry.terraform.io/hashicorp/aws\"]",
      "instances": [
        {
          "schema_version": 0,
          "attributes": {
            "api_id": "ueb8gkzdtj",
            "connection_id": "",
            "connection_type": "INTERNET",
            "content_handling_strategy": "",
            "credentials_arn": "",
            "description": "",
            "id": "7rmfyqe",
            "integration_method": "POST",
            "integration_response_selection_expression": "",
            "integration_subtype": "",
            "integration_type": "AWS_PROXY",
            "integration_uri": "arn:aws:apigateway:ap-southeast-1:lambda:path/2015-03-31/functions/arn:aws:lambda:ap-southeast-1:033737710410:function:MonitoredLinkList/invocations",
            "passthrough_behavior": "",
            "payload_format_version": "1.0",
            "request_parameters": {},
            "request_templates": {},
            "response_parameters": [],
            "template_selection_expression": "",
            "timeout_milliseconds": 30000,
            "tls_config": []
          },
          "sensitive_attributes": [],
          "private": "bnVsbA==",
          "dependencies": [
            "aws_apigatewayv2_api.lambda",
            "aws_iam_role.lambda_exec",
            "aws_lambda_function.monitored_link_list",
            "data.archive_file.lambda_monitored_link_list",
            "null_resource.go_build_functions_output_monitored_link_list"
          ]
        }
      ]
    },
    {
      "mode": "managed",
      "type": "aws_apigatewayv2_integration",
      "name": "user_sign_in",
      "provider": "provider[\"registry.terraform.io/hashicorp/aws\"]",
      "instances": [
        {
          "schema_version": 0,
          "attributes": {
            "api_id": "ueb8gkzdtj",
            "connection_id": "",
            "connection_type": "INTERNET",
            "content_handling_strategy": "",
            "credentials_arn": "",
            "description": "",
            "id": "7fjul68",
            "integration_method": "POST",
            "integration_response_selection_expression": "",
            "integration_subtype": "",
            "integration_type": "AWS_PROXY",
            "integration_uri": "arn:aws:apigateway:ap-southeast-1:lambda:path/2015-03-31/functions/arn:aws:lambda:ap-southeast-1:033737710410:function:UserSignIn/invocations",
            "passthrough_behavior": "",
            "payload_format_version": "1.0",
            "request_parameters": {},
            "request_templates": {},
            "response_parameters": [],
            "template_selection_expression": "",
            "timeout_milliseconds": 30000,
            "tls_config": []
          },
          "sensitive_attributes": [],
          "private": "bnVsbA==",
          "dependencies": [
            "aws_apigatewayv2_api.lambda",
            "aws_iam_role.lambda_exec",
            "aws_lambda_function.user_sign_in",
            "data.archive_file.lambda_user_sign_in",
            "null_resource.go_build_functions_output_user_sign_in"
          ]
        }
      ]
    },
    {
      "mode": "managed",
      "type": "aws_apigatewayv2_integration",
      "name": "user_sign_up",
      "provider": "provider[\"registry.terraform.io/hashicorp/aws\"]",
      "instances": [
        {
          "schema_version": 0,
          "attributes": {
            "api_id": "ueb8gkzdtj",
            "connection_id": "",
            "connection_type": "INTERNET",
            "content_handling_strategy": "",
            "credentials_arn": "",
            "description": "",
            "id": "omcqcdj",
            "integration_method": "POST",
            "integration_response_selection_expression": "",
            "integration_subtype": "",
            "integration_type": "AWS_PROXY",
            "integration_uri": "arn:aws:apigateway:ap-southeast-1:lambda:path/2015-03-31/functions/arn:aws:lambda:ap-southeast-1:033737710410:function:UserSignUp/invocations",
            "passthrough_behavior": "",
            "payload_format_version": "1.0",
            "request_parameters": {},
            "request_templates": {},
            "response_parameters": [],
            "template_selection_expression": "",
            "timeout_milliseconds": 30000,
            "tls_config": []
          },
          "sensitive_attributes": [],
          "private": "bnVsbA==",
          "dependencies": [
            "aws_apigatewayv2_api.lambda",
            "aws_iam_role.lambda_exec",
            "aws_lambda_function.user_sign_up",
            "data.archive_file.lambda_user_sign_up",
            "null_resource.go_build_functions_output_user_sign_up"
          ]
        }
      ]
    },
    {
      "mode": "managed",
      "type": "aws_apigatewayv2_route",
      "name": "hello_world",
      "provider": "provider[\"registry.terraform.io/hashicorp/aws\"]",
      "instances": [
        {
          "schema_version": 0,
          "attributes": {
            "api_id": "ueb8gkzdtj",
            "api_key_required": false,
            "authorization_scopes": [],
            "authorization_type": "NONE",
            "authorizer_id": "",
            "id": "1yi4gph",
            "model_selection_expression": "",
            "operation_name": "",
            "request_models": {},
            "request_parameter": [],
            "route_key": "GET /hello",
            "route_response_selection_expression": "",
            "target": "integrations/emgs3zu"
          },
          "sensitive_attributes": [],
          "private": "bnVsbA==",
          "dependencies": [
            "aws_apigatewayv2_api.lambda",
            "aws_apigatewayv2_integration.hello_world",
            "aws_iam_role.lambda_exec",
            "aws_lambda_function.hello_world",
            "data.archive_file.lambda_hello_world",
            "null_resource.go_build_functions_output_hello_world"
          ]
        }
      ]
    },
    {
      "mode": "managed",
      "type": "aws_apigatewayv2_route",
      "name": "monitored_link_add_multiple",
      "provider": "provider[\"registry.terraform.io/hashicorp/aws\"]",
      "instances": [
        {
          "schema_version": 0,
          "attributes": {
            "api_id": "ueb8gkzdtj",
            "api_key_required": false,
            "authorization_scopes": [],
            "authorization_type": "NONE",
            "authorizer_id": "",
            "id": "0hnl4af",
            "model_selection_expression": "",
            "operation_name": "",
            "request_models": {},
            "request_parameter": [],
            "route_key": "POST /v1/monitoredLink.addMultiple",
            "route_response_selection_expression": "",
            "target": "integrations/mkup30q"
          },
          "sensitive_attributes": [],
          "private": "bnVsbA==",
          "dependencies": [
            "aws_apigatewayv2_api.lambda",
            "aws_apigatewayv2_integration.monitored_link_add_multiple",
            "aws_iam_role.lambda_exec",
            "aws_lambda_function.monitored_link_add_multiple",
            "data.archive_file.lambda_monitored_link_add_multiple",
            "null_resource.go_build_functions_output_monitored_link_add_multiple"
          ]
        }
      ]
    },
    {
      "mode": "managed",
      "type": "aws_apigatewayv2_route",
      "name": "monitored_link_edit_multiple",
      "provider": "provider[\"registry.terraform.io/hashicorp/aws\"]",
      "instances": [
        {
          "schema_version": 0,
          "attributes": {
            "api_id": "ueb8gkzdtj",
            "api_key_required": false,
            "authorization_scopes": [],
            "authorization_type": "NONE",
            "authorizer_id": "",
            "id": "x50ro1l",
            "model_selection_expression": "",
            "operation_name": "",
            "request_models": {},
            "request_parameter": [],
            "route_key": "POST /v1/monitoredLink.editMultiple",
            "route_response_selection_expression": "",
            "target": "integrations/70q48pp"
          },
          "sensitive_attributes": [],
          "private": "bnVsbA==",
          "dependencies": [
            "aws_apigatewayv2_api.lambda",
            "aws_apigatewayv2_integration.monitored_link_edit_multiple",
            "aws_iam_role.lambda_exec",
            "aws_lambda_function.monitored_link_edit_multiple",
            "data.archive_file.lambda_monitored_link_edit_multiple",
            "null_resource.go_build_functions_output_monitored_link_edit_multiple"
          ]
        }
      ]
    },
    {
      "mode": "managed",
      "type": "aws_apigatewayv2_route",
      "name": "monitored_link_list",
      "provider": "provider[\"registry.terraform.io/hashicorp/aws\"]",
      "instances": [
        {
          "schema_version": 0,
          "attributes": {
            "api_id": "ueb8gkzdtj",
            "api_key_required": false,
            "authorization_scopes": [],
            "authorization_type": "NONE",
            "authorizer_id": "",
            "id": "le60zul",
            "model_selection_expression": "",
            "operation_name": "",
            "request_models": {},
            "request_parameter": [],
            "route_key": "POST /v1/monitoredLink.list",
            "route_response_selection_expression": "",
            "target": "integrations/7rmfyqe"
          },
          "sensitive_attributes": [],
          "private": "bnVsbA==",
          "dependencies": [
            "aws_apigatewayv2_api.lambda",
            "aws_apigatewayv2_integration.monitored_link_list",
            "aws_iam_role.lambda_exec",
            "aws_lambda_function.monitored_link_list",
            "data.archive_file.lambda_monitored_link_list",
            "null_resource.go_build_functions_output_monitored_link_list"
          ]
        }
      ]
    },
    {
      "mode": "managed",
      "type": "aws_apigatewayv2_route",
      "name": "user_sign_in",
      "provider": "provider[\"registry.terraform.io/hashicorp/aws\"]",
      "instances": [
        {
          "schema_version": 0,
          "attributes": {
            "api_id": "ueb8gkzdtj",
            "api_key_required": false,
            "authorization_scopes": [],
            "authorization_type": "NONE",
            "authorizer_id": "",
            "id": "j7ht9lm",
            "model_selection_expression": "",
            "operation_name": "",
            "request_models": {},
            "request_parameter": [],
            "route_key": "POST /v1/user.signin",
            "route_response_selection_expression": "",
            "target": "integrations/7fjul68"
          },
          "sensitive_attributes": [],
          "private": "bnVsbA==",
          "dependencies": [
            "aws_apigatewayv2_api.lambda",
            "aws_apigatewayv2_integration.user_sign_in",
            "aws_iam_role.lambda_exec",
            "aws_lambda_function.user_sign_in",
            "data.archive_file.lambda_user_sign_in",
            "null_resource.go_build_functions_output_user_sign_in"
          ]
        }
      ]
    },
    {
      "mode": "managed",
      "type": "aws_apigatewayv2_route",
      "name": "user_sign_up",
      "provider": "provider[\"registry.terraform.io/hashicorp/aws\"]",
      "instances": [
        {
          "schema_version": 0,
          "attributes": {
            "api_id": "ueb8gkzdtj",
            "api_key_required": false,
            "authorization_scopes": [],
            "authorization_type": "NONE",
            "authorizer_id": "",
            "id": "hxod5ps",
            "model_selection_expression": "",
            "operation_name": "",
            "request_models": {},
            "request_parameter": [],
            "route_key": "POST /v1/user.signup.hidden.kodok",
            "route_response_selection_expression": "",
            "target": "integrations/omcqcdj"
          },
          "sensitive_attributes": [],
          "private": "bnVsbA==",
          "dependencies": [
            "aws_apigatewayv2_api.lambda",
            "aws_apigatewayv2_integration.user_sign_up",
            "aws_iam_role.lambda_exec",
            "aws_lambda_function.user_sign_up",
            "data.archive_file.lambda_user_sign_up",
            "null_resource.go_build_functions_output_user_sign_up"
          ]
        }
      ]
    },
    {
      "mode": "managed",
      "type": "aws_apigatewayv2_stage",
      "name": "lambda",
      "provider": "provider[\"registry.terraform.io/hashicorp/aws\"]",
      "instances": [
        {
          "schema_version": 0,
          "attributes": {
            "access_log_settings": [
              {
                "destination_arn": "arn:aws:logs:ap-southeast-1:033737710410:log-group:/aws/api_gw/serverless_lambda_gw",
                "format": "{\"httpMethod\":\"$context.httpMethod\",\"integrationErrorMessage\":\"$context.integrationErrorMessage\",\"protocol\":\"$context.protocol\",\"requestId\":\"$context.requestId\",\"requestTime\":\"$context.requestTime\",\"resourcePath\":\"$context.resourcePath\",\"responseLength\":\"$context.responseLength\",\"routeKey\":\"$context.routeKey\",\"sourceIp\":\"$context.identity.sourceIp\",\"status\":\"$context.status\"}"
              }
            ],
            "api_id": "ueb8gkzdtj",
            "arn": "arn:aws:apigateway:ap-southeast-1::/apis/ueb8gkzdtj/stages/prod",
            "auto_deploy": true,
            "client_certificate_id": "",
            "default_route_settings": [
              {
                "data_trace_enabled": false,
                "detailed_metrics_enabled": true,
                "logging_level": "",
                "throttling_burst_limit": 500,
                "throttling_rate_limit": 1000
              }
            ],
            "deployment_id": "sk7g6u",
            "description": "",
            "execution_arn": "arn:aws:execute-api:ap-southeast-1:033737710410:ueb8gkzdtj/prod",
            "id": "prod",
            "invoke_url": "https://ueb8gkzdtj.execute-api.ap-southeast-1.amazonaws.com/prod",
            "name": "prod",
            "route_settings": [],
            "stage_variables": {},
            "tags": {},
            "tags_all": {
              "deployment_environment_name": "prod",
              "deployment_environment_purpose": "Enviroment accessed and used by end user",
              "module_name": "app-be-serverless",
              "project_name": "diskon-hunter-price-monitoring"
            }
          },
          "sensitive_attributes": [],
          "private": "bnVsbA==",
          "dependencies": [
            "aws_apigatewayv2_api.lambda",
            "aws_cloudwatch_log_group.api_gw"
          ]
        }
      ]
    },
    {
      "mode": "managed",
      "type": "aws_cloudwatch_log_group",
      "name": "api_gw",
      "provider": "provider[\"registry.terraform.io/hashicorp/aws\"]",
      "instances": [
        {
          "schema_version": 0,
          "attributes": {
            "arn": "arn:aws:logs:ap-southeast-1:033737710410:log-group:/aws/api_gw/serverless_lambda_gw",
            "id": "/aws/api_gw/serverless_lambda_gw",
            "kms_key_id": "",
            "name": "/aws/api_gw/serverless_lambda_gw",
            "name_prefix": "",
            "retention_in_days": 30,
            "skip_destroy": false,
            "tags": {},
            "tags_all": {
              "deployment_environment_name": "prod",
              "deployment_environment_purpose": "Enviroment accessed and used by end user",
              "module_name": "app-be-serverless",
              "project_name": "diskon-hunter-price-monitoring"
            }
          },
          "sensitive_attributes": [],
          "private": "bnVsbA==",
          "dependencies": [
            "aws_apigatewayv2_api.lambda"
          ]
        }
      ]
    },
    {
      "mode": "managed",
      "type": "aws_cloudwatch_log_group",
      "name": "hello_world",
      "provider": "provider[\"registry.terraform.io/hashicorp/aws\"]",
      "instances": [
        {
          "schema_version": 0,
          "attributes": {
            "arn": "arn:aws:logs:ap-southeast-1:033737710410:log-group:/aws/lambda/HelloWorld",
            "id": "/aws/lambda/HelloWorld",
            "kms_key_id": "",
            "name": "/aws/lambda/HelloWorld",
            "name_prefix": "",
            "retention_in_days": 30,
            "skip_destroy": false,
            "tags": {},
            "tags_all": {
              "deployment_environment_name": "prod",
              "deployment_environment_purpose": "Enviroment accessed and used by end user",
              "module_name": "app-be-serverless",
              "project_name": "diskon-hunter-price-monitoring"
            }
          },
          "sensitive_attributes": [],
          "private": "bnVsbA==",
          "dependencies": [
            "aws_iam_role.lambda_exec",
            "aws_lambda_function.hello_world",
            "data.archive_file.lambda_hello_world",
            "null_resource.go_build_functions_output_hello_world"
          ]
        }
      ]
    },
    {
      "mode": "managed",
      "type": "aws_cloudwatch_log_group",
      "name": "monitored_link_add_multiple",
      "provider": "provider[\"registry.terraform.io/hashicorp/aws\"]",
      "instances": [
        {
          "schema_version": 0,
          "attributes": {
            "arn": "arn:aws:logs:ap-southeast-1:033737710410:log-group:/aws/lambda/MonitoredLinkAddMultiple",
            "id": "/aws/lambda/MonitoredLinkAddMultiple",
            "kms_key_id": "",
            "name": "/aws/lambda/MonitoredLinkAddMultiple",
            "name_prefix": "",
            "retention_in_days": 30,
            "skip_destroy": false,
            "tags": {},
            "tags_all": {
              "deployment_environment_name": "prod",
              "deployment_environment_purpose": "Enviroment accessed and used by end user",
              "module_name": "app-be-serverless",
              "project_name": "diskon-hunter-price-monitoring"
            }
          },
          "sensitive_attributes": [],
          "private": "bnVsbA==",
          "dependencies": [
            "aws_iam_role.lambda_exec",
            "aws_lambda_function.monitored_link_add_multiple",
            "data.archive_file.lambda_monitored_link_add_multiple",
            "null_resource.go_build_functions_output_monitored_link_add_multiple"
          ]
        }
      ]
    },
    {
      "mode": "managed",
      "type": "aws_cloudwatch_log_group",
      "name": "monitored_link_edit_multiple",
      "provider": "provider[\"registry.terraform.io/hashicorp/aws\"]",
      "instances": [
        {
          "schema_version": 0,
          "attributes": {
            "arn": "arn:aws:logs:ap-southeast-1:033737710410:log-group:/aws/lambda/MonitoredLinkEditMultiple",
            "id": "/aws/lambda/MonitoredLinkEditMultiple",
            "kms_key_id": "",
            "name": "/aws/lambda/MonitoredLinkEditMultiple",
            "name_prefix": "",
            "retention_in_days": 30,
            "skip_destroy": false,
            "tags": {},
            "tags_all": {
              "deployment_environment_name": "prod",
              "deployment_environment_purpose": "Enviroment accessed and used by end user",
              "module_name": "app-be-serverless",
              "project_name": "diskon-hunter-price-monitoring"
            }
          },
          "sensitive_attributes": [],
          "private": "bnVsbA==",
          "dependencies": [
            "aws_iam_role.lambda_exec",
            "aws_lambda_function.monitored_link_edit_multiple",
            "data.archive_file.lambda_monitored_link_edit_multiple",
            "null_resource.go_build_functions_output_monitored_link_edit_multiple"
          ]
        }
      ]
    },
    {
      "mode": "managed",
      "type": "aws_cloudwatch_log_group",
      "name": "monitored_link_list",
      "provider": "provider[\"registry.terraform.io/hashicorp/aws\"]",
      "instances": [
        {
          "schema_version": 0,
          "attributes": {
            "arn": "arn:aws:logs:ap-southeast-1:033737710410:log-group:/aws/lambda/MonitoredLinkList",
            "id": "/aws/lambda/MonitoredLinkList",
            "kms_key_id": "",
            "name": "/aws/lambda/MonitoredLinkList",
            "name_prefix": "",
            "retention_in_days": 30,
            "skip_destroy": false,
            "tags": {},
            "tags_all": {
              "deployment_environment_name": "prod",
              "deployment_environment_purpose": "Enviroment accessed and used by end user",
              "module_name": "app-be-serverless",
              "project_name": "diskon-hunter-price-monitoring"
            }
          },
          "sensitive_attributes": [],
          "private": "bnVsbA==",
          "dependencies": [
            "aws_iam_role.lambda_exec",
            "aws_lambda_function.monitored_link_list",
            "data.archive_file.lambda_monitored_link_list",
            "null_resource.go_build_functions_output_monitored_link_list"
          ]
        }
      ]
    },
    {
      "mode": "managed",
      "type": "aws_cloudwatch_log_group",
      "name": "user_sign_in",
      "provider": "provider[\"registry.terraform.io/hashicorp/aws\"]",
      "instances": [
        {
          "schema_version": 0,
          "attributes": {
            "arn": "arn:aws:logs:ap-southeast-1:033737710410:log-group:/aws/lambda/UserSignIn",
            "id": "/aws/lambda/UserSignIn",
            "kms_key_id": "",
            "name": "/aws/lambda/UserSignIn",
            "name_prefix": "",
            "retention_in_days": 30,
            "skip_destroy": false,
            "tags": {},
            "tags_all": {
              "deployment_environment_name": "prod",
              "deployment_environment_purpose": "Enviroment accessed and used by end user",
              "module_name": "app-be-serverless",
              "project_name": "diskon-hunter-price-monitoring"
            }
          },
          "sensitive_attributes": [],
          "private": "bnVsbA==",
          "dependencies": [
            "aws_iam_role.lambda_exec",
            "aws_lambda_function.user_sign_in",
            "data.archive_file.lambda_user_sign_in",
            "null_resource.go_build_functions_output_user_sign_in"
          ]
        }
      ]
    },
    {
      "mode": "managed",
      "type": "aws_cloudwatch_log_group",
      "name": "user_sign_up",
      "provider": "provider[\"registry.terraform.io/hashicorp/aws\"]",
      "instances": [
        {
          "schema_version": 0,
          "attributes": {
            "arn": "arn:aws:logs:ap-southeast-1:033737710410:log-group:/aws/lambda/UserSignUp",
            "id": "/aws/lambda/UserSignUp",
            "kms_key_id": "",
            "name": "/aws/lambda/UserSignUp",
            "name_prefix": "",
            "retention_in_days": 30,
            "skip_destroy": false,
            "tags": {},
            "tags_all": {
              "deployment_environment_name": "prod",
              "deployment_environment_purpose": "Enviroment accessed and used by end user",
              "module_name": "app-be-serverless",
              "project_name": "diskon-hunter-price-monitoring"
            }
          },
          "sensitive_attributes": [],
          "private": "bnVsbA==",
          "dependencies": [
            "aws_iam_role.lambda_exec",
            "aws_lambda_function.user_sign_up",
            "data.archive_file.lambda_user_sign_up",
            "null_resource.go_build_functions_output_user_sign_up"
          ]
        }
      ]
    },
    {
      "mode": "managed",
      "type": "aws_iam_role",
      "name": "lambda_exec",
      "provider": "provider[\"registry.terraform.io/hashicorp/aws\"]",
      "instances": [
        {
          "schema_version": 0,
          "attributes": {
            "arn": "arn:aws:iam::033737710410:role/serverless_lambda",
            "assume_role_policy": "{\"Statement\":[{\"Action\":\"sts:AssumeRole\",\"Effect\":\"Allow\",\"Principal\":{\"Service\":\"lambda.amazonaws.com\"},\"Sid\":\"\"}],\"Version\":\"2012-10-17\"}",
            "create_date": "2023-11-21T17:03:14Z",
            "description": "",
            "force_detach_policies": false,
            "id": "serverless_lambda",
            "inline_policy": [],
            "managed_policy_arns": [
              "arn:aws:iam::aws:policy/AmazonDynamoDBFullAccess",
              "arn:aws:iam::aws:policy/AmazonS3FullAccess",
              "arn:aws:iam::aws:policy/service-role/AWSLambdaBasicExecutionRole"
            ],
            "max_session_duration": 3600,
            "name": "serverless_lambda",
            "name_prefix": "",
            "path": "/",
            "permissions_boundary": "",
            "tags": {},
            "tags_all": {
              "deployment_environment_name": "prod",
              "deployment_environment_purpose": "Enviroment accessed and used by end user",
              "module_name": "app-be-serverless",
              "project_name": "diskon-hunter-price-monitoring"
            },
            "unique_id": "AROAQPWXMTNFOWGFSVC5L"
          },
          "sensitive_attributes": [],
          "private": "bnVsbA=="
        }
      ]
    },
    {
      "mode": "managed",
      "type": "aws_iam_role_policy_attachment",
      "name": "lambda_basic_policy",
      "provider": "provider[\"registry.terraform.io/hashicorp/aws\"]",
      "instances": [
        {
          "schema_version": 0,
          "attributes": {
            "id": "serverless_lambda-20231121170314994000000001",
            "policy_arn": "arn:aws:iam::aws:policy/service-role/AWSLambdaBasicExecutionRole",
            "role": "serverless_lambda"
          },
          "sensitive_attributes": [],
          "private": "bnVsbA==",
          "dependencies": [
            "aws_iam_role.lambda_exec"
          ]
        }
      ]
    },
    {
      "mode": "managed",
      "type": "aws_iam_role_policy_attachment",
      "name": "lambda_dynamodb_policy",
      "provider": "provider[\"registry.terraform.io/hashicorp/aws\"]",
      "instances": [
        {
          "schema_version": 0,
          "attributes": {
            "id": "serverless_lambda-20231121170315941400000003",
            "policy_arn": "arn:aws:iam::aws:policy/AmazonDynamoDBFullAccess",
            "role": "serverless_lambda"
          },
          "sensitive_attributes": [],
          "private": "bnVsbA==",
          "dependencies": [
            "aws_iam_role.lambda_exec"
          ]
        }
      ]
    },
    {
      "mode": "managed",
      "type": "aws_iam_role_policy_attachment",
      "name": "lambda_s3_policy",
      "provider": "provider[\"registry.terraform.io/hashicorp/aws\"]",
      "instances": [
        {
          "schema_version": 0,
          "attributes": {
            "id": "serverless_lambda-20231121170315376800000002",
            "policy_arn": "arn:aws:iam::aws:policy/AmazonS3FullAccess",
            "role": "serverless_lambda"
          },
          "sensitive_attributes": [],
          "private": "bnVsbA==",
          "dependencies": [
            "aws_iam_role.lambda_exec"
          ]
        }
      ]
    },
    {
      "mode": "managed",
      "type": "aws_lambda_function",
      "name": "hello_world",
      "provider": "provider[\"registry.terraform.io/hashicorp/aws\"]",
      "instances": [
        {
          "schema_version": 0,
          "attributes": {
            "architectures": [
              "x86_64"
            ],
            "arn": "arn:aws:lambda:ap-southeast-1:033737710410:function:HelloWorld",
            "code_signing_config_arn": "",
            "dead_letter_config": [],
            "description": "",
            "environment": [],
            "ephemeral_storage": [
              {
                "size": 512
              }
            ],
            "file_system_config": [],
            "filename": "./dist/functions/hello-world.zip",
            "function_name": "HelloWorld",
            "handler": "hello-world",
            "id": "HelloWorld",
            "image_config": [],
            "image_uri": "",
            "invoke_arn": "arn:aws:apigateway:ap-southeast-1:lambda:path/2015-03-31/functions/arn:aws:lambda:ap-southeast-1:033737710410:function:HelloWorld/invocations",
            "kms_key_arn": "",
            "last_modified": "2023-11-21T17:03:44.281+0000",
            "layers": [],
            "memory_size": 128,
            "package_type": "Zip",
            "publish": true,
            "qualified_arn": "arn:aws:lambda:ap-southeast-1:033737710410:function:HelloWorld:1",
            "qualified_invoke_arn": "arn:aws:apigateway:ap-southeast-1:lambda:path/2015-03-31/functions/arn:aws:lambda:ap-southeast-1:033737710410:function:HelloWorld:1/invocations",
            "replace_security_groups_on_destroy": null,
            "replacement_security_group_ids": null,
            "reserved_concurrent_executions": -1,
            "role": "arn:aws:iam::033737710410:role/serverless_lambda",
            "runtime": "go1.x",
            "s3_bucket": null,
            "s3_key": null,
            "s3_object_version": null,
            "signing_job_arn": "",
            "signing_profile_version_arn": "",
            "skip_destroy": false,
            "snap_start": [],
            "source_code_hash": "9A1pTC79cRqNX9NBfGHLCLH4k3ttAkBr+YSoUPc3psM=",
            "source_code_size": 5258915,
            "tags": {},
            "tags_all": {
              "deployment_environment_name": "prod",
              "deployment_environment_purpose": "Enviroment accessed and used by end user",
              "module_name": "app-be-serverless",
              "project_name": "diskon-hunter-price-monitoring"
            },
            "timeout": 15,
            "timeouts": null,
            "tracing_config": [
              {
                "mode": "PassThrough"
              }
            ],
            "version": "1",
            "vpc_config": []
          },
          "sensitive_attributes": [],
          "private": "eyJlMmJmYjczMC1lY2FhLTExZTYtOGY4OC0zNDM2M2JjN2M0YzAiOnsiY3JlYXRlIjo2MDAwMDAwMDAwMDAsImRlbGV0ZSI6NjAwMDAwMDAwMDAwLCJ1cGRhdGUiOjYwMDAwMDAwMDAwMH19",
          "dependencies": [
            "aws_iam_role.lambda_exec",
            "data.archive_file.lambda_hello_world",
            "null_resource.go_build_functions_output_hello_world"
          ]
        }
      ]
    },
    {
      "mode": "managed",
      "type": "aws_lambda_function",
      "name": "monitored_link_add_multiple",
      "provider": "provider[\"registry.terraform.io/hashicorp/aws\"]",
      "instances": [
        {
          "schema_version": 0,
          "attributes": {
            "architectures": [
              "x86_64"
            ],
            "arn": "arn:aws:lambda:ap-southeast-1:033737710410:function:MonitoredLinkAddMultiple",
            "code_signing_config_arn": "",
            "dead_letter_config": [],
            "description": "",
            "environment": [
              {
                "variables": {
                  "aws_deployment_account_id": "033737710410",
                  "aws_deployment_region_short": "apse1",
                  "deployment_environment_name": "prod",
                  "deployment_environment_purpose": "Enviroment accessed and used by end user",
                  "module_name": "app-be-serverless",
                  "project_name": "diskon-hunter-price-monitoring",
                  "project_name_short": "dhpm"
                }
              }
            ],
            "ephemeral_storage": [
              {
                "size": 512
              }
            ],
            "file_system_config": [],
            "filename": "./dist/functions/monitored-link-add-multiple.zip",
            "function_name": "MonitoredLinkAddMultiple",
            "handler": "monitored-link-add-multiple",
            "id": "MonitoredLinkAddMultiple",
            "image_config": [],
            "image_uri": "",
            "invoke_arn": "arn:aws:apigateway:ap-southeast-1:lambda:path/2015-03-31/functions/arn:aws:lambda:ap-southeast-1:033737710410:function:MonitoredLinkAddMultiple/invocations",
            "kms_key_arn": "",
            "last_modified": "2023-12-10T09:18:32.000+0000",
            "layers": [],
            "memory_size": 2048,
            "package_type": "Zip",
            "publish": true,
            "qualified_arn": "arn:aws:lambda:ap-southeast-1:033737710410:function:MonitoredLinkAddMultiple:6",
            "qualified_invoke_arn": "arn:aws:apigateway:ap-southeast-1:lambda:path/2015-03-31/functions/arn:aws:lambda:ap-southeast-1:033737710410:function:MonitoredLinkAddMultiple:6/invocations",
            "replace_security_groups_on_destroy": null,
            "replacement_security_group_ids": null,
            "reserved_concurrent_executions": -1,
            "role": "arn:aws:iam::033737710410:role/serverless_lambda",
            "runtime": "go1.x",
            "s3_bucket": null,
            "s3_key": null,
            "s3_object_version": null,
            "signing_job_arn": "",
            "signing_profile_version_arn": "",
            "skip_destroy": false,
            "snap_start": [],
            "source_code_hash": "dM8VZZ7YAjv8s7FuOjqUHEEeEBpF6J3gscvIFTCLMTQ=",
            "source_code_size": 9505500,
            "tags": {},
            "tags_all": {
              "deployment_environment_name": "prod",
              "deployment_environment_purpose": "Enviroment accessed and used by end user",
              "module_name": "app-be-serverless",
              "project_name": "diskon-hunter-price-monitoring"
            },
            "timeout": 15,
            "timeouts": null,
            "tracing_config": [
              {
                "mode": "PassThrough"
              }
            ],
            "version": "6",
            "vpc_config": []
          },
          "sensitive_attributes": [],
          "private": "eyJlMmJmYjczMC1lY2FhLTExZTYtOGY4OC0zNDM2M2JjN2M0YzAiOnsiY3JlYXRlIjo2MDAwMDAwMDAwMDAsImRlbGV0ZSI6NjAwMDAwMDAwMDAwLCJ1cGRhdGUiOjYwMDAwMDAwMDAwMH19",
          "dependencies": [
            "aws_iam_role.lambda_exec",
            "data.archive_file.lambda_monitored_link_add_multiple",
            "null_resource.go_build_functions_output_monitored_link_add_multiple"
          ]
        }
      ]
    },
    {
      "mode": "managed",
      "type": "aws_lambda_function",
      "name": "monitored_link_edit_multiple",
      "provider": "provider[\"registry.terraform.io/hashicorp/aws\"]",
      "instances": [
        {
          "schema_version": 0,
          "attributes": {
            "architectures": [
              "x86_64"
            ],
            "arn": "arn:aws:lambda:ap-southeast-1:033737710410:function:MonitoredLinkEditMultiple",
            "code_signing_config_arn": "",
            "dead_letter_config": [],
            "description": "",
            "environment": [
              {
                "variables": {
                  "deployment_environment_name": "prod",
                  "deployment_environment_purpose": "Enviroment accessed and used by end user",
                  "module_name": "app-be-serverless",
                  "project_name": "diskon-hunter-price-monitoring",
                  "project_name_short": "dhpm"
                }
              }
            ],
            "ephemeral_storage": [
              {
                "size": 512
              }
            ],
            "file_system_config": [],
            "filename": "./dist/functions/monitored-link-edit-multiple.zip",
            "function_name": "MonitoredLinkEditMultiple",
            "handler": "monitored-link-edit-multiple",
            "id": "MonitoredLinkEditMultiple",
            "image_config": [],
            "image_uri": "",
            "invoke_arn": "arn:aws:apigateway:ap-southeast-1:lambda:path/2015-03-31/functions/arn:aws:lambda:ap-southeast-1:033737710410:function:MonitoredLinkEditMultiple/invocations",
            "kms_key_arn": "",
            "last_modified": "2023-12-10T09:17:55.644+0000",
            "layers": [],
            "memory_size": 2048,
            "package_type": "Zip",
            "publish": true,
            "qualified_arn": "arn:aws:lambda:ap-southeast-1:033737710410:function:MonitoredLinkEditMultiple:1",
            "qualified_invoke_arn": "arn:aws:apigateway:ap-southeast-1:lambda:path/2015-03-31/functions/arn:aws:lambda:ap-southeast-1:033737710410:function:MonitoredLinkEditMultiple:1/invocations",
            "replace_security_groups_on_destroy": null,
            "replacement_security_group_ids": null,
            "reserved_concurrent_executions": -1,
            "role": "arn:aws:iam::033737710410:role/serverless_lambda",
            "runtime": "go1.x",
            "s3_bucket": null,
            "s3_key": null,
            "s3_object_version": null,
            "signing_job_arn": "",
            "signing_profile_version_arn": "",
            "skip_destroy": false,
            "snap_start": [],
            "source_code_hash": "K2FG73QeXG9UzojgZDvyX8I1xDLXr04ixRBHen7ZofM=",
            "source_code_size": 9505257,
            "tags": {},
            "tags_all": {
              "deployment_environment_name": "prod",
              "deployment_environment_purpose": "Enviroment accessed and used by end user",
              "module_name": "app-be-serverless",
              "project_name": "diskon-hunter-price-monitoring"
            },
            "timeout": 15,
            "timeouts": null,
            "tracing_config": [
              {
                "mode": "PassThrough"
              }
            ],
            "version": "1",
            "vpc_config": []
          },
          "sensitive_attributes": [],
          "private": "eyJlMmJmYjczMC1lY2FhLTExZTYtOGY4OC0zNDM2M2JjN2M0YzAiOnsiY3JlYXRlIjo2MDAwMDAwMDAwMDAsImRlbGV0ZSI6NjAwMDAwMDAwMDAwLCJ1cGRhdGUiOjYwMDAwMDAwMDAwMH19",
          "dependencies": [
            "aws_iam_role.lambda_exec",
            "data.archive_file.lambda_monitored_link_edit_multiple",
            "null_resource.go_build_functions_output_monitored_link_edit_multiple"
          ]
        }
      ]
    },
    {
      "mode": "managed",
      "type": "aws_lambda_function",
      "name": "monitored_link_list",
      "provider": "provider[\"registry.terraform.io/hashicorp/aws\"]",
      "instances": [
        {
          "schema_version": 0,
          "attributes": {
            "architectures": [
              "x86_64"
            ],
            "arn": "arn:aws:lambda:ap-southeast-1:033737710410:function:MonitoredLinkList",
            "code_signing_config_arn": "",
            "dead_letter_config": [],
            "description": "",
            "environment": [
              {
                "variables": {
                  "aws_deployment_account_id": "033737710410",
                  "aws_deployment_region_short": "apse1",
                  "deployment_environment_name": "prod",
                  "deployment_environment_purpose": "Enviroment accessed and used by end user",
                  "module_name": "app-be-serverless",
                  "project_name": "diskon-hunter-price-monitoring",
                  "project_name_short": "dhpm"
                }
              }
            ],
            "ephemeral_storage": [
              {
                "size": 512
              }
            ],
            "file_system_config": [],
            "filename": "./dist/functions/monitored-link-list.zip",
            "function_name": "MonitoredLinkList",
            "handler": "monitored-link-list",
            "id": "MonitoredLinkList",
            "image_config": [],
            "image_uri": "",
            "invoke_arn": "arn:aws:apigateway:ap-southeast-1:lambda:path/2015-03-31/functions/arn:aws:lambda:ap-southeast-1:033737710410:function:MonitoredLinkList/invocations",
            "kms_key_arn": "",
            "last_modified": "2023-12-10T09:18:53.000+0000",
            "layers": [],
            "memory_size": 2048,
            "package_type": "Zip",
            "publish": true,
            "qualified_arn": "arn:aws:lambda:ap-southeast-1:033737710410:function:MonitoredLinkList:2",
            "qualified_invoke_arn": "arn:aws:apigateway:ap-southeast-1:lambda:path/2015-03-31/functions/arn:aws:lambda:ap-southeast-1:033737710410:function:MonitoredLinkList:2/invocations",
            "replace_security_groups_on_destroy": null,
            "replacement_security_group_ids": null,
            "reserved_concurrent_executions": -1,
            "role": "arn:aws:iam::033737710410:role/serverless_lambda",
            "runtime": "go1.x",
            "s3_bucket": null,
            "s3_key": null,
            "s3_object_version": null,
            "signing_job_arn": "",
            "signing_profile_version_arn": "",
            "skip_destroy": false,
            "snap_start": [],
            "source_code_hash": "aEOx+zGbLr3Pibv2l8VUzLEwyCzDrZhdNrV8unErUys=",
            "source_code_size": 9478505,
            "tags": {},
            "tags_all": {
              "deployment_environment_name": "prod",
              "deployment_environment_purpose": "Enviroment accessed and used by end user",
              "module_name": "app-be-serverless",
              "project_name": "diskon-hunter-price-monitoring"
            },
            "timeout": 15,
            "timeouts": null,
            "tracing_config": [
              {
                "mode": "PassThrough"
              }
            ],
            "version": "2",
            "vpc_config": []
          },
          "sensitive_attributes": [],
          "private": "eyJlMmJmYjczMC1lY2FhLTExZTYtOGY4OC0zNDM2M2JjN2M0YzAiOnsiY3JlYXRlIjo2MDAwMDAwMDAwMDAsImRlbGV0ZSI6NjAwMDAwMDAwMDAwLCJ1cGRhdGUiOjYwMDAwMDAwMDAwMH19",
          "dependencies": [
            "aws_iam_role.lambda_exec",
            "data.archive_file.lambda_monitored_link_list",
            "null_resource.go_build_functions_output_monitored_link_list"
          ]
        }
      ]
    },
    {
      "mode": "managed",
      "type": "aws_lambda_function",
      "name": "user_sign_in",
      "provider": "provider[\"registry.terraform.io/hashicorp/aws\"]",
      "instances": [
        {
          "schema_version": 0,
          "attributes": {
            "architectures": [
              "x86_64"
            ],
            "arn": "arn:aws:lambda:ap-southeast-1:033737710410:function:UserSignIn",
            "code_signing_config_arn": "",
            "dead_letter_config": [],
            "description": "",
            "environment": [
              {
                "variables": {
                  "deployment_environment_name": "prod",
                  "deployment_environment_purpose": "Enviroment accessed and used by end user",
                  "module_name": "app-be-serverless",
                  "project_name": "diskon-hunter-price-monitoring",
                  "project_name_short": "dhpm",
                  "route_key": "POST /v1/user.signin"
                }
              }
            ],
            "ephemeral_storage": [
              {
                "size": 512
              }
            ],
            "file_system_config": [],
            "filename": "./dist/functions/user-signin.zip",
            "function_name": "UserSignIn",
            "handler": "user-signin",
            "id": "UserSignIn",
            "image_config": [],
            "image_uri": "",
            "invoke_arn": "arn:aws:apigateway:ap-southeast-1:lambda:path/2015-03-31/functions/arn:aws:lambda:ap-southeast-1:033737710410:function:UserSignIn/invocations",
            "kms_key_arn": "",
            "last_modified": "2023-12-10T09:19:15.000+0000",
            "layers": [],
            "memory_size": 2048,
            "package_type": "Zip",
            "publish": true,
            "qualified_arn": "arn:aws:lambda:ap-southeast-1:033737710410:function:UserSignIn:6",
            "qualified_invoke_arn": "arn:aws:apigateway:ap-southeast-1:lambda:path/2015-03-31/functions/arn:aws:lambda:ap-southeast-1:033737710410:function:UserSignIn:6/invocations",
            "replace_security_groups_on_destroy": null,
            "replacement_security_group_ids": null,
            "reserved_concurrent_executions": -1,
            "role": "arn:aws:iam::033737710410:role/serverless_lambda",
            "runtime": "go1.x",
            "s3_bucket": null,
            "s3_key": null,
            "s3_object_version": null,
            "signing_job_arn": "",
            "signing_profile_version_arn": "",
            "skip_destroy": false,
            "snap_start": [],
            "source_code_hash": "eO3mpSa7l3ProONJ0PPZXEvZhHKchnrEPUt0ZZbY5DA=",
            "source_code_size": 9474866,
            "tags": {},
            "tags_all": {
              "deployment_environment_name": "prod",
              "deployment_environment_purpose": "Enviroment accessed and used by end user",
              "module_name": "app-be-serverless",
              "project_name": "diskon-hunter-price-monitoring"
            },
            "timeout": 15,
            "timeouts": null,
            "tracing_config": [
              {
                "mode": "PassThrough"
              }
            ],
            "version": "6",
            "vpc_config": []
          },
          "sensitive_attributes": [],
          "private": "eyJlMmJmYjczMC1lY2FhLTExZTYtOGY4OC0zNDM2M2JjN2M0YzAiOnsiY3JlYXRlIjo2MDAwMDAwMDAwMDAsImRlbGV0ZSI6NjAwMDAwMDAwMDAwLCJ1cGRhdGUiOjYwMDAwMDAwMDAwMH19",
          "dependencies": [
            "aws_iam_role.lambda_exec",
            "data.archive_file.lambda_user_sign_in",
            "null_resource.go_build_functions_output_user_sign_in"
          ]
        }
      ]
    },
    {
      "mode": "managed",
      "type": "aws_lambda_function",
      "name": "user_sign_up",
      "provider": "provider[\"registry.terraform.io/hashicorp/aws\"]",
      "instances": [
        {
          "schema_version": 0,
          "attributes": {
            "architectures": [
              "x86_64"
            ],
            "arn": "arn:aws:lambda:ap-southeast-1:033737710410:function:UserSignUp",
            "code_signing_config_arn": "",
            "dead_letter_config": [],
            "description": "",
            "environment": [
              {
                "variables": {
                  "aws_deployment_account_id": "033737710410",
                  "aws_deployment_region_short": "apse1",
                  "deployment_environment_name": "prod",
                  "deployment_environment_purpose": "Enviroment accessed and used by end user",
                  "module_name": "app-be-serverless",
                  "project_name": "diskon-hunter-price-monitoring",
                  "project_name_short": "dhpm"
                }
              }
            ],
            "ephemeral_storage": [
              {
                "size": 512
              }
            ],
            "file_system_config": [],
            "filename": "./dist/functions/user-signup.zip",
            "function_name": "UserSignUp",
            "handler": "user-signup",
            "id": "UserSignUp",
            "image_config": [],
            "image_uri": "",
            "invoke_arn": "arn:aws:apigateway:ap-southeast-1:lambda:path/2015-03-31/functions/arn:aws:lambda:ap-southeast-1:033737710410:function:UserSignUp/invocations",
            "kms_key_arn": "",
            "last_modified": "2023-12-10T09:18:10.000+0000",
            "layers": [],
            "memory_size": 2048,
            "package_type": "Zip",
            "publish": true,
            "qualified_arn": "arn:aws:lambda:ap-southeast-1:033737710410:function:UserSignUp:4",
            "qualified_invoke_arn": "arn:aws:apigateway:ap-southeast-1:lambda:path/2015-03-31/functions/arn:aws:lambda:ap-southeast-1:033737710410:function:UserSignUp:4/invocations",
            "replace_security_groups_on_destroy": null,
            "replacement_security_group_ids": null,
            "reserved_concurrent_executions": -1,
            "role": "arn:aws:iam::033737710410:role/serverless_lambda",
            "runtime": "go1.x",
            "s3_bucket": null,
            "s3_key": null,
            "s3_object_version": null,
            "signing_job_arn": "",
            "signing_profile_version_arn": "",
            "skip_destroy": false,
            "snap_start": [],
            "source_code_hash": "b+6TKlG0tSqk0vqCZaxO0vJdt08AfkvT0YKcryQSO68=",
            "source_code_size": 9031435,
            "tags": {},
            "tags_all": {
              "deployment_environment_name": "prod",
              "deployment_environment_purpose": "Enviroment accessed and used by end user",
              "module_name": "app-be-serverless",
              "project_name": "diskon-hunter-price-monitoring"
            },
            "timeout": 15,
            "timeouts": null,
            "tracing_config": [
              {
                "mode": "PassThrough"
              }
            ],
            "version": "4",
            "vpc_config": []
          },
          "sensitive_attributes": [],
          "private": "eyJlMmJmYjczMC1lY2FhLTExZTYtOGY4OC0zNDM2M2JjN2M0YzAiOnsiY3JlYXRlIjo2MDAwMDAwMDAwMDAsImRlbGV0ZSI6NjAwMDAwMDAwMDAwLCJ1cGRhdGUiOjYwMDAwMDAwMDAwMH19",
          "dependencies": [
            "aws_iam_role.lambda_exec",
            "data.archive_file.lambda_user_sign_up",
            "null_resource.go_build_functions_output_user_sign_up"
          ]
        }
      ]
    },
    {
      "mode": "managed",
      "type": "aws_lambda_permission",
      "name": "api_gw_hello_world",
      "provider": "provider[\"registry.terraform.io/hashicorp/aws\"]",
      "instances": [
        {
          "schema_version": 0,
          "attributes": {
            "action": "lambda:InvokeFunction",
            "event_source_token": null,
            "function_name": "HelloWorld",
            "function_url_auth_type": null,
            "id": "AllowExecutionFromAPIGateway",
            "principal": "apigateway.amazonaws.com",
            "principal_org_id": null,
            "qualifier": "",
            "source_account": null,
            "source_arn": "arn:aws:execute-api:ap-southeast-1:033737710410:ueb8gkzdtj/*/*",
            "statement_id": "AllowExecutionFromAPIGateway",
            "statement_id_prefix": ""
          },
          "sensitive_attributes": [],
          "private": "bnVsbA==",
          "dependencies": [
            "aws_apigatewayv2_api.lambda",
            "aws_iam_role.lambda_exec",
            "aws_lambda_function.hello_world",
            "data.archive_file.lambda_hello_world",
            "null_resource.go_build_functions_output_hello_world"
          ]
        }
      ]
    },
    {
      "mode": "managed",
      "type": "aws_lambda_permission",
      "name": "monitored_link_add_multiple",
      "provider": "provider[\"registry.terraform.io/hashicorp/aws\"]",
      "instances": [
        {
          "schema_version": 0,
          "attributes": {
            "action": "lambda:InvokeFunction",
            "event_source_token": null,
            "function_name": "MonitoredLinkAddMultiple",
            "function_url_auth_type": null,
            "id": "AllowExecutionFromAPIGateway",
            "principal": "apigateway.amazonaws.com",
            "principal_org_id": null,
            "qualifier": "",
            "source_account": null,
            "source_arn": "arn:aws:execute-api:ap-southeast-1:033737710410:ueb8gkzdtj/*/*",
            "statement_id": "AllowExecutionFromAPIGateway",
            "statement_id_prefix": ""
          },
          "sensitive_attributes": [],
          "private": "bnVsbA==",
          "dependencies": [
            "aws_apigatewayv2_api.lambda",
            "aws_iam_role.lambda_exec",
            "aws_lambda_function.monitored_link_add_multiple",
            "data.archive_file.lambda_monitored_link_add_multiple",
            "null_resource.go_build_functions_output_monitored_link_add_multiple"
          ]
        }
      ]
    },
    {
      "mode": "managed",
      "type": "aws_lambda_permission",
      "name": "monitored_link_edit_multiple",
      "provider": "provider[\"registry.terraform.io/hashicorp/aws\"]",
      "instances": [
        {
          "schema_version": 0,
          "attributes": {
            "action": "lambda:InvokeFunction",
            "event_source_token": null,
            "function_name": "MonitoredLinkEditMultiple",
            "function_url_auth_type": null,
            "id": "AllowExecutionFromAPIGateway",
            "principal": "apigateway.amazonaws.com",
            "principal_org_id": null,
            "qualifier": "",
            "source_account": null,
            "source_arn": "arn:aws:execute-api:ap-southeast-1:033737710410:ueb8gkzdtj/*/*",
            "statement_id": "AllowExecutionFromAPIGateway",
            "statement_id_prefix": ""
          },
          "sensitive_attributes": [],
          "private": "bnVsbA==",
          "dependencies": [
            "aws_apigatewayv2_api.lambda",
            "aws_iam_role.lambda_exec",
            "aws_lambda_function.monitored_link_edit_multiple",
            "data.archive_file.lambda_monitored_link_edit_multiple",
            "null_resource.go_build_functions_output_monitored_link_edit_multiple"
          ]
        }
      ]
    },
    {
      "mode": "managed",
      "type": "aws_lambda_permission",
      "name": "monitored_link_list",
      "provider": "provider[\"registry.terraform.io/hashicorp/aws\"]",
      "instances": [
        {
          "schema_version": 0,
          "attributes": {
            "action": "lambda:InvokeFunction",
            "event_source_token": null,
            "function_name": "MonitoredLinkList",
            "function_url_auth_type": null,
            "id": "AllowExecutionFromAPIGateway",
            "principal": "apigateway.amazonaws.com",
            "principal_org_id": null,
            "qualifier": "",
            "source_account": null,
            "source_arn": "arn:aws:execute-api:ap-southeast-1:033737710410:ueb8gkzdtj/*/*",
            "statement_id": "AllowExecutionFromAPIGateway",
            "statement_id_prefix": ""
          },
          "sensitive_attributes": [],
          "private": "bnVsbA==",
          "dependencies": [
            "aws_apigatewayv2_api.lambda",
            "aws_iam_role.lambda_exec",
            "aws_lambda_function.monitored_link_list",
            "data.archive_file.lambda_monitored_link_list",
            "null_resource.go_build_functions_output_monitored_link_list"
          ]
        }
      ]
    },
    {
      "mode": "managed",
      "type": "aws_lambda_permission",
      "name": "user_sign_in",
      "provider": "provider[\"registry.terraform.io/hashicorp/aws\"]",
      "instances": [
        {
          "schema_version": 0,
          "attributes": {
            "action": "lambda:InvokeFunction",
            "event_source_token": null,
            "function_name": "UserSignIn",
            "function_url_auth_type": null,
            "id": "AllowExecutionFromAPIGateway",
            "principal": "apigateway.amazonaws.com",
            "principal_org_id": null,
            "qualifier": "",
            "source_account": null,
            "source_arn": "arn:aws:execute-api:ap-southeast-1:033737710410:ueb8gkzdtj/*/*",
            "statement_id": "AllowExecutionFromAPIGateway",
            "statement_id_prefix": ""
          },
          "sensitive_attributes": [],
          "private": "bnVsbA==",
          "dependencies": [
            "aws_apigatewayv2_api.lambda",
            "aws_iam_role.lambda_exec",
            "aws_lambda_function.user_sign_in",
            "data.archive_file.lambda_user_sign_in",
            "null_resource.go_build_functions_output_user_sign_in"
          ]
        }
      ]
    },
    {
      "mode": "managed",
      "type": "aws_lambda_permission",
      "name": "user_sign_up",
      "provider": "provider[\"registry.terraform.io/hashicorp/aws\"]",
      "instances": [
        {
          "schema_version": 0,
          "attributes": {
            "action": "lambda:InvokeFunction",
            "event_source_token": null,
            "function_name": "UserSignUp",
            "function_url_auth_type": null,
            "id": "AllowExecutionFromAPIGateway",
            "principal": "apigateway.amazonaws.com",
            "principal_org_id": null,
            "qualifier": "",
            "source_account": null,
            "source_arn": "arn:aws:execute-api:ap-southeast-1:033737710410:ueb8gkzdtj/*/*",
            "statement_id": "AllowExecutionFromAPIGateway",
            "statement_id_prefix": ""
          },
          "sensitive_attributes": [],
          "private": "bnVsbA==",
          "dependencies": [
            "aws_apigatewayv2_api.lambda",
            "aws_iam_role.lambda_exec",
            "aws_lambda_function.user_sign_up",
            "data.archive_file.lambda_user_sign_up",
            "null_resource.go_build_functions_output_user_sign_up"
          ]
        }
      ]
    },
    {
      "mode": "managed",
      "type": "null_resource",
      "name": "go_build_functions_output_hello_world",
      "provider": "provider[\"registry.terraform.io/hashicorp/null\"]",
      "instances": [
        {
          "schema_version": 0,
          "attributes": {
            "id": "2594094702401522706",
            "triggers": {
              "always_run": "2023-12-10T09:23:55Z"
            }
          },
          "sensitive_attributes": []
        }
      ]
    },
    {
      "mode": "managed",
      "type": "null_resource",
      "name": "go_build_functions_output_monitored_link_add_multiple",
      "provider": "provider[\"registry.terraform.io/hashicorp/null\"]",
      "instances": [
        {
          "schema_version": 0,
          "attributes": {
            "id": "3406220281110656161",
            "triggers": {
              "always_run": "2023-12-10T09:23:55Z"
            }
          },
          "sensitive_attributes": []
        }
      ]
    },
    {
      "mode": "managed",
      "type": "null_resource",
      "name": "go_build_functions_output_monitored_link_edit_multiple",
      "provider": "provider[\"registry.terraform.io/hashicorp/null\"]",
      "instances": [
        {
          "schema_version": 0,
          "attributes": {
            "id": "8169653067790022366",
            "triggers": {
              "always_run": "2023-12-10T09:23:55Z"
            }
          },
          "sensitive_attributes": []
        }
      ]
    },
    {
      "mode": "managed",
      "type": "null_resource",
      "name": "go_build_functions_output_monitored_link_list",
      "provider": "provider[\"registry.terraform.io/hashicorp/null\"]",
      "instances": [
        {
          "schema_version": 0,
          "attributes": {
            "id": "4694236391699472944",
            "triggers": {
              "always_run": "2023-12-10T09:23:55Z"
            }
          },
          "sensitive_attributes": []
        }
      ]
    },
    {
      "mode": "managed",
      "type": "null_resource",
      "name": "go_build_functions_output_user_sign_in",
      "provider": "provider[\"registry.terraform.io/hashicorp/null\"]",
      "instances": [
        {
          "schema_version": 0,
          "attributes": {
            "id": "8796582525698516308",
            "triggers": {
              "always_run": "2023-12-10T09:23:55Z"
            }
          },
          "sensitive_attributes": []
        }
      ]
    },
    {
      "mode": "managed",
      "type": "null_resource",
      "name": "go_build_functions_output_user_sign_up",
      "provider": "provider[\"registry.terraform.io/hashicorp/null\"]",
      "instances": [
        {
          "schema_version": 0,
          "attributes": {
            "id": "6262455731474059362",
            "triggers": {
              "always_run": "2023-12-10T09:23:55Z"
            }
          },
          "sensitive_attributes": []
        }
      ]
    }
  ],
  "check_results": []
}
