{
  "version": 4,
  "terraform_version": "1.6.4",
  "serial": 1034,
  "lineage": "2739370a-6560-63df-bd1e-8bdb542f6cb3",
  "outputs": {
    "base_url": {
      "value": "https://ueb8gkzdtj.execute-api.ap-southeast-1.amazonaws.com/prod",
      "type": "string"
    }
  },
  "resources": [
    {
      "mode": "data",
      "type": "archive_file",
      "name": "lambda_app_version",
      "provider": "provider[\"registry.terraform.io/hashicorp/archive\"]",
      "instances": [
        {
          "schema_version": 0,
          "attributes": {
            "exclude_symlink_directories": null,
            "excludes": null,
            "id": "8634731e017e48773af19aaf3bc5154acfe0ef52",
            "output_base64sha256": "CnCLHRdjEWqpUFmpd4dC9mgzstpOgaeEwGkj/lDxKWU=",
            "output_base64sha512": "5IpCgUMoRPdzAkx40PavC4mx/4fNA97n0CG1wgQT6OUxVgQnqC8oUHap/QS9MIBpmZose+nHHR2mC9Isv/GLRQ==",
            "output_file_mode": null,
            "output_md5": "3d43fbd3ae139ecf0340b65af46f002c",
            "output_path": "./dist/functions/app-version.zip",
            "output_sha": "8634731e017e48773af19aaf3bc5154acfe0ef52",
            "output_sha256": "0a708b1d1763116aa95059a9778742f66833b2da4e81a784c06923fe50f12965",
            "output_sha512": "e48a4281432844f773024c78d0f6af0b89b1ff87cd03dee7d021b5c20413e8e531560427a82f285076a9fd04bd308069999a2c7be9c71d1da60bd22cbff18b45",
            "output_size": 5258817,
            "source": [],
            "source_content": null,
            "source_content_filename": null,
            "source_dir": null,
            "source_file": "./dist/functions/app-version",
            "type": "zip"
          },
          "sensitive_attributes": []
        }
      ]
    },
    {
      "mode": "data",
      "type": "archive_file",
      "name": "lambda_cron_populate_monitored_link_latest_price",
      "provider": "provider[\"registry.terraform.io/hashicorp/archive\"]",
      "instances": [
        {
          "schema_version": 0,
          "attributes": {
            "exclude_symlink_directories": null,
            "excludes": null,
            "id": "a8585dc0426b8b0779f854dea3ad74d4f5cc5f8e",
            "output_base64sha256": "9uCcNNTFqHKXBkSMLWjQdnYLSs6NgWPGkIbomxaA9ww=",
            "output_base64sha512": "52nJXoEu1meLTJzWycus9tNDergMU3WQCs/n6sWXQWZHp1oa36k+KYXs79ma/5TVPuFGLATpARsRdcfYZ73JUQ==",
            "output_file_mode": null,
            "output_md5": "27792aafcc64afd3a415270c4d09a5e9",
            "output_path": "./dist/functions/cron-populate-monitored-link-latest-price.zip",
            "output_sha": "a8585dc0426b8b0779f854dea3ad74d4f5cc5f8e",
            "output_sha256": "f6e09c34d4c5a8729706448c2d68d076760b4ace8d8163c69086e89b1680f70c",
            "output_sha512": "e769c95e812ed6678b4c9cd6c9cbacf6d3437ab80c5375900acfe7eac597416647a75a1adfa93e2985ecefd99aff94d53ee1462c04e9011b1175c7d867bdc951",
            "output_size": 8392156,
            "source": [],
            "source_content": null,
            "source_content_filename": null,
            "source_dir": null,
            "source_file": "./dist/functions/cron-populate-monitored-link-latest-price",
            "type": "zip"
          },
          "sensitive_attributes": []
        }
      ]
    },
    {
      "mode": "data",
      "type": "archive_file",
      "name": "lambda_cron_send_monitored_link_alert",
      "provider": "provider[\"registry.terraform.io/hashicorp/archive\"]",
      "instances": [
        {
          "schema_version": 0,
          "attributes": {
            "exclude_symlink_directories": null,
            "excludes": null,
            "id": "194d6dc71fd66317d282a6c85f73946df5d8e99d",
            "output_base64sha256": "2xWnNMdh/1W3VJnVQ6kR0l9Q+ohZMCUIjNwSKCKPnFo=",
            "output_base64sha512": "JsJkC796+9zpsvbfQbgSFKQcBN28jWLt5ccb0VTkZInNkLxXpVoSTmX3pCXahmzv1swPcojotvvvEiIJPuALRQ==",
            "output_file_mode": null,
            "output_md5": "6801bbaa9356cfee9f437714f1529b39",
            "output_path": "./dist/functions/cron-send-monitored-link-alert.zip",
            "output_sha": "194d6dc71fd66317d282a6c85f73946df5d8e99d",
            "output_sha256": "db15a734c761ff55b75499d543a911d25f50fa88593025088cdc1228228f9c5a",
            "output_sha512": "26c2640bbf7afbdce9b2f6df41b81214a41c04ddbc8d62ede5c71bd154e46489cd90bc57a55a124e65f7a425da866cefd6cc0f7288e8b6fbef1222093ee00b45",
            "output_size": 9235200,
            "source": [],
            "source_content": null,
            "source_content_filename": null,
            "source_dir": null,
            "source_file": "./dist/functions/cron-send-monitored-link-alert",
            "type": "zip"
          },
          "sensitive_attributes": []
        }
      ]
    },
    {
      "mode": "data",
      "type": "archive_file",
      "name": "lambda_hello_world",
      "provider": "provider[\"registry.terraform.io/hashicorp/archive\"]",
      "instances": [
        {
          "schema_version": 0,
          "attributes": {
            "exclude_symlink_directories": null,
            "excludes": null,
            "id": "458c849388a68451db1cbc36c18c761d33d512cf",
            "output_base64sha256": "9A1pTC79cRqNX9NBfGHLCLH4k3ttAkBr+YSoUPc3psM=",
            "output_base64sha512": "Hxjp1+C4fbbH8AL2kb1wQkT1Siq9332uojmipA7mRKSMy8uOY7nk/pUC9h4Q/LLnpM7dds+nQX/s+mMx/lavZA==",
            "output_file_mode": null,
            "output_md5": "73c8eef9e314a6337df6e74b8826fa8e",
            "output_path": "./dist/functions/hello-world.zip",
            "output_sha": "458c849388a68451db1cbc36c18c761d33d512cf",
            "output_sha256": "f40d694c2efd711a8d5fd3417c61cb08b1f8937b6d02406bf984a850f737a6c3",
            "output_sha512": "1f18e9d7e0b87db6c7f002f691bd704244f54a2abddf7daea239a2a40ee644a48ccbcb8e63b9e4fe9502f61e10fcb2e7a4cedd76cfa7417fecfa6331fe56af64",
            "output_size": 5258915,
            "source": [],
            "source_content": null,
            "source_content_filename": null,
            "source_dir": null,
            "source_file": "./dist/functions/hello-world",
            "type": "zip"
          },
          "sensitive_attributes": []
        }
      ]
    },
    {
      "mode": "data",
      "type": "archive_file",
      "name": "lambda_monitored_link_add_multiple",
      "provider": "provider[\"registry.terraform.io/hashicorp/archive\"]",
      "instances": [
        {
          "schema_version": 0,
          "attributes": {
            "exclude_symlink_directories": null,
            "excludes": null,
            "id": "c7a65b570f8e8e1aca041954e32c1334688c3b6e",
            "output_base64sha256": "ymbcMCYYPuQB3dVzxBH3BUyLOYm1ljrstpZBAWS/h7g=",
            "output_base64sha512": "0CsZ6SgHLrhMWfqJ2FhtnMJrCQDQvVNqOtOnLoxenbK1KENjABiBT3j4BuNAY4Zi42f6/4Rl7VBOKTGGHT15Cw==",
            "output_file_mode": null,
            "output_md5": "551b19faa7b86319f437a30a6e166ec9",
            "output_path": "./dist/functions/monitored-link-add-multiple.zip",
            "output_sha": "c7a65b570f8e8e1aca041954e32c1334688c3b6e",
            "output_sha256": "ca66dc3026183ee401ddd573c411f7054c8b3989b5963aecb696410164bf87b8",
            "output_sha512": "d02b19e928072eb84c59fa89d8586d9cc26b0900d0bd536a3ad3a72e8c5e9db2b52843630018814f78f806e340638662e367faff8465ed504e2931861d3d790b",
            "output_size": 9515859,
            "source": [],
            "source_content": null,
            "source_content_filename": null,
            "source_dir": null,
            "source_file": "./dist/functions/monitored-link-add-multiple",
            "type": "zip"
          },
          "sensitive_attributes": []
        }
      ]
    },
    {
      "mode": "data",
      "type": "archive_file",
      "name": "lambda_monitored_link_edit_multiple",
      "provider": "provider[\"registry.terraform.io/hashicorp/archive\"]",
      "instances": [
        {
          "schema_version": 0,
          "attributes": {
            "exclude_symlink_directories": null,
            "excludes": null,
            "id": "673a83205f1b6f150d3da15624575523d84a6546",
            "output_base64sha256": "NvLuyIcQ/csfP8RVnF3PSLyFspDonIFv5LaReLXxJ0k=",
            "output_base64sha512": "MWV/IXO2Omw0oSIBGU5CVAr5hJKlsZGtlwlBIepc9YDWYyGsYMC/WhxwowWXw+JvpL7u5lRONYlbwzRgeSO6hg==",
            "output_file_mode": null,
            "output_md5": "502b5953cc9dea78761e7147abe9209e",
            "output_path": "./dist/functions/monitored-link-edit-multiple.zip",
            "output_sha": "673a83205f1b6f150d3da15624575523d84a6546",
            "output_sha256": "36f2eec88710fdcb1f3fc4559c5dcf48bc85b290e89c816fe4b69178b5f12749",
            "output_sha512": "31657f2173b63a6c34a12201194e42540af98492a5b191ad97094121ea5cf580d66321ac60c0bf5a1c70a30597c3e26fa4beeee6544e35895bc334607923ba86",
            "output_size": 9514750,
            "source": [],
            "source_content": null,
            "source_content_filename": null,
            "source_dir": null,
            "source_file": "./dist/functions/monitored-link-edit-multiple",
            "type": "zip"
          },
          "sensitive_attributes": []
        }
      ]
    },
    {
      "mode": "data",
      "type": "archive_file",
      "name": "lambda_monitored_link_list",
      "provider": "provider[\"registry.terraform.io/hashicorp/archive\"]",
      "instances": [
        {
          "schema_version": 0,
          "attributes": {
            "exclude_symlink_directories": null,
            "excludes": null,
            "id": "e37404549da8e519a102568ca54de08cbff5f862",
            "output_base64sha256": "Ij/f5j4fRXwkihAX9nJqm+//rwVHx1L/CO6K2xg018w=",
            "output_base64sha512": "8RxWeXQ/Mrd5IFgGw4we7PSHkkG36yyjHOVOxR+M/zZjMIBBtjqCcieiyi5Nn9NHOkvtRB6WpfgD1SVybIeQsA==",
            "output_file_mode": null,
            "output_md5": "922a65c1a7a1e474f242f33ea94ed8c9",
            "output_path": "./dist/functions/monitored-link-list.zip",
            "output_sha": "e37404549da8e519a102568ca54de08cbff5f862",
            "output_sha256": "223fdfe63e1f457c248a1017f6726a9befffaf0547c752ff08ee8adb1834d7cc",
            "output_sha512": "f11c5679743f32b779205806c38c1eecf4879241b7eb2ca31ce54ec51f8cff3663308041b63a827227a2ca2e4d9fd3473a4bed441e96a5f803d525726c8790b0",
            "output_size": 9490840,
            "source": [],
            "source_content": null,
            "source_content_filename": null,
            "source_dir": null,
            "source_file": "./dist/functions/monitored-link-list",
            "type": "zip"
          },
          "sensitive_attributes": []
        }
      ]
    },
    {
      "mode": "data",
      "type": "archive_file",
      "name": "lambda_searched_item_add_multiple",
      "provider": "provider[\"registry.terraform.io/hashicorp/archive\"]",
      "instances": [
        {
          "schema_version": 0,
          "attributes": {
            "exclude_symlink_directories": null,
            "excludes": null,
            "id": "9905489b7ccf92ec6540534a6a9d177c3d34fa71",
            "output_base64sha256": "PQ06eTtzrQUynt7/2mFcg3reKpY/vSKuHq34eMDQPDo=",
            "output_base64sha512": "pP2mfZl0Vb3Gz0LcHTDABrKXG13IiY/QboMPBIxCYUhYBvvOkMlFGeK5hzP/XFV+QmolytW8BY3w4270kax20w==",
            "output_file_mode": null,
            "output_md5": "07dd286bbd48494ed0feda0cc841fca1",
            "output_path": "./dist/functions/searched-item-add-multiple.zip",
            "output_sha": "9905489b7ccf92ec6540534a6a9d177c3d34fa71",
            "output_sha256": "3d0d3a793b73ad05329edeffda615c837ade2a963fbd22ae1eadf878c0d03c3a",
            "output_sha512": "a4fda67d997455bdc6cf42dc1d30c006b2971b5dc8898fd06e830f048c4261485806fbce90c94519e2b98733ff5c557e426a25cad5bc058df0e36ef491ac76d3",
            "output_size": 9480297,
            "source": [],
            "source_content": null,
            "source_content_filename": null,
            "source_dir": null,
            "source_file": "./dist/functions/searched-item-add-multiple",
            "type": "zip"
          },
          "sensitive_attributes": []
        }
      ]
    },
    {
      "mode": "data",
      "type": "archive_file",
      "name": "lambda_searched_item_edit_multiple",
      "provider": "provider[\"registry.terraform.io/hashicorp/archive\"]",
      "instances": [
        {
          "schema_version": 0,
          "attributes": {
            "exclude_symlink_directories": null,
            "excludes": null,
            "id": "0ccf39b32101914038b48c66e019b3786903743d",
            "output_base64sha256": "+t/X2EmJz5IiwfI2o3+N6tusXDVbTwOUw9TkCdHDm+g=",
            "output_base64sha512": "Gzie+COBXL5mk5RUobeNEMQfuSkGClqsA2v3ao3bKsVixczbHJr+3J+cRDhQ/Vcgt+kyL9OoW+uLY3sTuCqjeQ==",
            "output_file_mode": null,
            "output_md5": "7af3e874c3a8547a0267a3a7e1e62b4d",
            "output_path": "./dist/functions/searched-item-edit-multiple.zip",
            "output_sha": "0ccf39b32101914038b48c66e019b3786903743d",
            "output_sha256": "fadfd7d84989cf9222c1f236a37f8deadbac5c355b4f0394c3d4e409d1c39be8",
            "output_sha512": "1b389ef823815cbe66939454a1b78d10c41fb929060a5aac036bf76a8ddb2ac562c5ccdb1c9afedc9f9c443850fd5720b7e9322fd3a85beb8b637b13b82aa379",
            "output_size": 9511235,
            "source": [],
            "source_content": null,
            "source_content_filename": null,
            "source_dir": null,
            "source_file": "./dist/functions/searched-item-edit-multiple",
            "type": "zip"
          },
          "sensitive_attributes": []
        }
      ]
    },
    {
      "mode": "data",
      "type": "archive_file",
      "name": "lambda_searched_item_list",
      "provider": "provider[\"registry.terraform.io/hashicorp/archive\"]",
      "instances": [
        {
          "schema_version": 0,
          "attributes": {
            "exclude_symlink_directories": null,
            "excludes": null,
            "id": "8a3d784e9bf4c7ac8158e0a25c03784727260f4a",
            "output_base64sha256": "SjI40UHxRylkzDSGLZEcCdmJKTajFq/lHA/4xOi6+xA=",
            "output_base64sha512": "mEl40Woco7tcne8LKAxIw79ACzkDIkx7F8hJ6HNmQak0C/9qI7S3lxjkl7kPVpThQSP0OyXZbCF3iZpZ3qMlsg==",
            "output_file_mode": null,
            "output_md5": "294211206c975646260e4732578b2301",
            "output_path": "./dist/functions/searched-item-list.zip",
            "output_sha": "8a3d784e9bf4c7ac8158e0a25c03784727260f4a",
            "output_sha256": "4a3238d141f1472964cc34862d911c09d9892936a316afe51c0ff8c4e8bafb10",
            "output_sha512": "984978d16a1ca3bb5c9def0b280c48c3bf400b3903224c7b17c849e8736641a9340bff6a23b4b79718e497b90f5694e14123f43b25d96c2177899a59dea325b2",
            "output_size": 9481142,
            "source": [],
            "source_content": null,
            "source_content_filename": null,
            "source_dir": null,
            "source_file": "./dist/functions/searched-item-list",
            "type": "zip"
          },
          "sensitive_attributes": []
        }
      ]
    },
    {
      "mode": "data",
      "type": "archive_file",
      "name": "lambda_user_edit",
      "provider": "provider[\"registry.terraform.io/hashicorp/archive\"]",
      "instances": [
        {
          "schema_version": 0,
          "attributes": {
            "exclude_symlink_directories": null,
            "excludes": null,
            "id": "d2ff986f943c28d5774ca36c5e8b01f0dc8288a7",
            "output_base64sha256": "UaECSQkEYmK66ArstZxMxSxRq8KqiyiRO+nWoO0WV3A=",
            "output_base64sha512": "20k4+nNqoTVctCd17HK6eHwgbf1pdGTmmDvhzrNi1SAIMtt1pHA6RkMh42Qg0YLy24zUaBqDQKAldacvNG35Bg==",
            "output_file_mode": null,
            "output_md5": "a3765681f9ed6fbafacdc033c0a8e295",
            "output_path": "./dist/functions/user-edit.zip",
            "output_sha": "d2ff986f943c28d5774ca36c5e8b01f0dc8288a7",
            "output_sha256": "51a1024909046262bae80aecb59c4cc52c51abc2aa8b28913be9d6a0ed165770",
            "output_sha512": "db4938fa736aa1355cb42775ec72ba787c206dfd697464e6983be1ceb362d5200832db75a4703a464321e36420d182f2db8cd4681a8340a02575a72f346df906",
            "output_size": 9522401,
            "source": [],
            "source_content": null,
            "source_content_filename": null,
            "source_dir": null,
            "source_file": "./dist/functions/user-edit",
            "type": "zip"
          },
          "sensitive_attributes": []
        }
      ]
    },
    {
      "mode": "data",
      "type": "archive_file",
      "name": "lambda_user_me",
      "provider": "provider[\"registry.terraform.io/hashicorp/archive\"]",
      "instances": [
        {
          "schema_version": 0,
          "attributes": {
            "exclude_symlink_directories": null,
            "excludes": null,
            "id": "a1c46fd344156ca4d6046208bd3a6fae23666ab1",
            "output_base64sha256": "1kcAPQr6lQS+8Wsz7k6IHnhyposwsLZ1NwPyjDiVos8=",
            "output_base64sha512": "Dx1iN4+OYQ97ejIZSFFAHk882HdoLqAX5Dn9lT/hsDCRcYsaU0Cldpuy9690oim2/toqcyvqH2HXTr6Bp3mqQQ==",
            "output_file_mode": null,
            "output_md5": "b0bb714f4ca32d9ac7f6dd3f037309b6",
            "output_path": "./dist/functions/user-me.zip",
            "output_sha": "a1c46fd344156ca4d6046208bd3a6fae23666ab1",
            "output_sha256": "d647003d0afa9504bef16b33ee4e881e7872a68b30b0b6753703f28c3895a2cf",
            "output_sha512": "0f1d62378f8e610f7b7a32194851401e4f3cd877682ea017e439fd953fe1b03091718b1a5340a5769bb2f7af74a229b6feda2a732bea1f61d74ebe81a779aa41",
            "output_size": 9474200,
            "source": [],
            "source_content": null,
            "source_content_filename": null,
            "source_dir": null,
            "source_file": "./dist/functions/user-me",
            "type": "zip"
          },
          "sensitive_attributes": []
        }
      ]
    },
    {
      "mode": "data",
      "type": "archive_file",
      "name": "lambda_user_reset_password",
      "provider": "provider[\"registry.terraform.io/hashicorp/archive\"]",
      "instances": [
        {
          "schema_version": 0,
          "attributes": {
            "exclude_symlink_directories": null,
            "excludes": null,
            "id": "26017ea426f04d7c78fc127b2a6204b5a03cd6d5",
            "output_base64sha256": "1Jm3qiWhytNO20JzXHE6hBJLuwcfRcqaH9fMdnwl1Ro=",
            "output_base64sha512": "Yk/lUVnJNXi/ZEJ879BlmBjYHLkL3Sdoh1fT9RexcewPKA68f4hknnr5La4i5h2RApHobYxtjDH+2PJ99gFuYA==",
            "output_file_mode": null,
            "output_md5": "7b2503f159ef332242503fb956f60921",
            "output_path": "./dist/functions/user-reset-password.zip",
            "output_sha": "26017ea426f04d7c78fc127b2a6204b5a03cd6d5",
            "output_sha256": "d499b7aa25a1cad34edb42735c713a84124bbb071f45ca9a1fd7cc767c25d51a",
            "output_sha512": "624fe55159c93578bf64427cefd0659818d81cb90bdd27688757d3f517b171ec0f280ebc7f88649e7af92dae22e61d910291e86d8c6d8c31fed8f27df6016e60",
            "output_size": 9089689,
            "source": [],
            "source_content": null,
            "source_content_filename": null,
            "source_dir": null,
            "source_file": "./dist/functions/user-reset-password",
            "type": "zip"
          },
          "sensitive_attributes": []
        }
      ]
    },
    {
      "mode": "data",
      "type": "archive_file",
      "name": "lambda_user_sign_in",
      "provider": "provider[\"registry.terraform.io/hashicorp/archive\"]",
      "instances": [
        {
          "schema_version": 0,
          "attributes": {
            "exclude_symlink_directories": null,
            "excludes": null,
            "id": "d3c8ceb6bcf524a12eb3ed4af2533dc09f86565a",
            "output_base64sha256": "vA5e2+AkhmlonlxnDjzOfApX76doaP3RKOLYU7eRU/A=",
            "output_base64sha512": "muR5cScIck7l5WWBNdFxRU5Nb8cezZQjSiHwAeE0P0tILp/0ZFanffb1toBcBnxR0XGJs9ZFYlo2pnmu2Z+1VQ==",
            "output_file_mode": null,
            "output_md5": "4382e0b8fb41a27b4d6b68ec35215d6a",
            "output_path": "./dist/functions/user-signin.zip",
            "output_sha": "d3c8ceb6bcf524a12eb3ed4af2533dc09f86565a",
            "output_sha256": "bc0e5edbe0248669689e5c670e3cce7c0a57efa76868fdd128e2d853b79153f0",
            "output_sha512": "9ae479712708724ee5e5658135d171454e4d6fc71ecd94234a21f001e1343f4b482e9ff46456a77df6f5b6805c067c51d17189b3d645625a36a679aed99fb555",
            "output_size": 9471612,
            "source": [],
            "source_content": null,
            "source_content_filename": null,
            "source_dir": null,
            "source_file": "./dist/functions/user-signin",
            "type": "zip"
          },
          "sensitive_attributes": []
        }
      ]
    },
    {
      "mode": "data",
      "type": "archive_file",
      "name": "lambda_user_sign_up",
      "provider": "provider[\"registry.terraform.io/hashicorp/archive\"]",
      "instances": [
        {
          "schema_version": 0,
          "attributes": {
            "exclude_symlink_directories": null,
            "excludes": null,
            "id": "be7a22679a4c923f092b6ea5ed59b0419da85ce7",
            "output_base64sha256": "QzZ4HxRmwlJnc8Yy4m/4+HVBknG9+pMmVRqBoaeM1VQ=",
            "output_base64sha512": "PiUg3VIvFTSnNFjL6351i1B6RzfirYRYxswSCAzpWnHrSvTm7d9HEqN9jb52izZNPBtqW/RnELtowVlHnzyh5Q==",
            "output_file_mode": null,
            "output_md5": "71982b07a834f333b7b20f158f10719d",
            "output_path": "./dist/functions/user-signup.zip",
            "output_sha": "be7a22679a4c923f092b6ea5ed59b0419da85ce7",
            "output_sha256": "4336781f1466c2526773c632e26ff8f875419271bdfa9326551a81a1a78cd554",
            "output_sha512": "3e2520dd522f1534a73458cbeb7e758b507a4737e2ad8458c6cc12080ce95a71eb4af4e6eddf4712a37d8dbe768b364d3c1b6a5bf46710bb68c159479f3ca1e5",
            "output_size": 9056879,
            "source": [],
            "source_content": null,
            "source_content_filename": null,
            "source_dir": null,
            "source_file": "./dist/functions/user-signup",
            "type": "zip"
          },
          "sensitive_attributes": []
        }
      ]
    },
    {
      "mode": "data",
      "type": "archive_file",
      "name": "lambda_user_validate_otp",
      "provider": "provider[\"registry.terraform.io/hashicorp/archive\"]",
      "instances": [
        {
          "schema_version": 0,
          "attributes": {
            "exclude_symlink_directories": null,
            "excludes": null,
            "id": "4672fa1a5c8fc1aeed8259f45cfe1553e349cd41",
            "output_base64sha256": "odO5afdt8ezIqCPyG/H9EObl+XK4t/juhMdvsUb7n5M=",
            "output_base64sha512": "jVHNWHFRimZDfsVRgF2CzAF8wyTPdxPvw2P+GTXLBKQa69HV/EUhBLiS2zo78KHbHV9BAlADMHMGIZute2I+8g==",
            "output_file_mode": null,
            "output_md5": "0d123c9f0555cd79a0c5044e6a88dd08",
            "output_path": "./dist/functions/user-validate-otp.zip",
            "output_sha": "4672fa1a5c8fc1aeed8259f45cfe1553e349cd41",
            "output_sha256": "a1d3b969f76df1ecc8a823f21bf1fd10e6e5f972b8b7f8ee84c76fb146fb9f93",
            "output_sha512": "8d51cd5871518a66437ec551805d82cc017cc324cf7713efc363fe1935cb04a41aebd1d5fc452104b892db3a3bf0a1db1d5f41025003307306219bad7b623ef2",
            "output_size": 9043608,
            "source": [],
            "source_content": null,
            "source_content_filename": null,
            "source_dir": null,
            "source_file": "./dist/functions/user-validate-otp",
            "type": "zip"
          },
          "sensitive_attributes": []
        }
      ]
    },
    {
      "mode": "data",
      "type": "aws_vpcs",
      "name": "list",
      "provider": "provider[\"registry.terraform.io/hashicorp/aws\"]",
      "instances": [
        {
          "schema_version": 0,
          "attributes": {
            "filter": null,
            "id": "ap-southeast-1",
            "ids": [],
            "tags": {
              "deployment_environment_name": "prod",
              "project_name": "diskon-hunter-price-monitoring"
            },
            "timeouts": null
          },
          "sensitive_attributes": []
        }
      ]
    },
    {
      "mode": "managed",
      "type": "aws_apigatewayv2_api",
      "name": "lambda",
      "provider": "provider[\"registry.terraform.io/hashicorp/aws\"]",
      "instances": [
        {
          "schema_version": 0,
          "attributes": {
            "api_endpoint": "https://ueb8gkzdtj.execute-api.ap-southeast-1.amazonaws.com",
            "api_key_selection_expression": "$request.header.x-api-key",
            "arn": "arn:aws:apigateway:ap-southeast-1::/apis/ueb8gkzdtj",
            "body": null,
            "cors_configuration": [
              {
                "allow_credentials": false,
                "allow_headers": [
                  "accept",
                  "accept-encoding",
                  "authorization",
                  "content-length",
                  "content-type"
                ],
                "allow_methods": [
                  "GET",
                  "OPTIONS",
                  "POST"
                ],
                "allow_origins": [
                  "*"
                ],
                "expose_headers": [
                  "*"
                ],
                "max_age": 300
              }
            ],
            "credentials_arn": null,
            "description": "",
            "disable_execute_api_endpoint": false,
            "execution_arn": "arn:aws:execute-api:ap-southeast-1:033737710410:ueb8gkzdtj",
            "fail_on_warnings": null,
            "id": "ueb8gkzdtj",
            "name": "serverless_lambda_gw",
            "protocol_type": "HTTP",
            "route_key": null,
            "route_selection_expression": "$request.method $request.path",
            "tags": {},
            "tags_all": {
              "deployment_environment_name": "prod",
              "deployment_environment_purpose": "Enviroment accessed and used by end user",
              "module_name": "app-be-serverless",
              "project_name": "diskon-hunter-price-monitoring"
            },
            "target": null,
            "version": ""
          },
          "sensitive_attributes": [],
          "private": "bnVsbA=="
        }
      ]
    },
    {
      "mode": "managed",
      "type": "aws_apigatewayv2_integration",
      "name": "app_version",
      "provider": "provider[\"registry.terraform.io/hashicorp/aws\"]",
      "instances": [
        {
          "schema_version": 0,
          "attributes": {
            "api_id": "ueb8gkzdtj",
            "connection_id": "",
            "connection_type": "INTERNET",
            "content_handling_strategy": "",
            "credentials_arn": "",
            "description": "",
            "id": "d5fd1t0",
            "integration_method": "POST",
            "integration_response_selection_expression": "",
            "integration_subtype": "",
            "integration_type": "AWS_PROXY",
            "integration_uri": "arn:aws:apigateway:ap-southeast-1:lambda:path/2015-03-31/functions/arn:aws:lambda:ap-southeast-1:033737710410:function:AppVersion/invocations",
            "passthrough_behavior": "",
            "payload_format_version": "1.0",
            "request_parameters": {},
            "request_templates": {},
            "response_parameters": [],
            "template_selection_expression": "",
            "timeout_milliseconds": 30000,
            "tls_config": []
          },
          "sensitive_attributes": [],
          "private": "bnVsbA==",
          "dependencies": [
            "aws_apigatewayv2_api.lambda",
            "aws_iam_role.lambda_exec",
            "aws_lambda_function.app_version",
            "data.archive_file.lambda_app_version",
            "null_resource.go_build_functions_output_app_version"
          ]
        }
      ]
    },
    {
      "mode": "managed",
      "type": "aws_apigatewayv2_integration",
      "name": "hello_world",
      "provider": "provider[\"registry.terraform.io/hashicorp/aws\"]",
      "instances": [
        {
          "schema_version": 0,
          "attributes": {
            "api_id": "ueb8gkzdtj",
            "connection_id": "",
            "connection_type": "INTERNET",
            "content_handling_strategy": "",
            "credentials_arn": "",
            "description": "",
            "id": "emgs3zu",
            "integration_method": "POST",
            "integration_response_selection_expression": "",
            "integration_subtype": "",
            "integration_type": "AWS_PROXY",
            "integration_uri": "arn:aws:apigateway:ap-southeast-1:lambda:path/2015-03-31/functions/arn:aws:lambda:ap-southeast-1:033737710410:function:HelloWorld/invocations",
            "passthrough_behavior": "",
            "payload_format_version": "1.0",
            "request_parameters": {},
            "request_templates": {},
            "response_parameters": [],
            "template_selection_expression": "",
            "timeout_milliseconds": 30000,
            "tls_config": []
          },
          "sensitive_attributes": [],
          "private": "bnVsbA==",
          "dependencies": [
            "aws_apigatewayv2_api.lambda",
            "aws_iam_role.lambda_exec",
            "aws_lambda_function.hello_world",
            "data.archive_file.lambda_hello_world",
            "null_resource.go_build_functions_output_hello_world"
          ]
        }
      ]
    },
    {
      "mode": "managed",
      "type": "aws_apigatewayv2_integration",
      "name": "monitored_link_add_multiple",
      "provider": "provider[\"registry.terraform.io/hashicorp/aws\"]",
      "instances": [
        {
          "schema_version": 0,
          "attributes": {
            "api_id": "ueb8gkzdtj",
            "connection_id": "",
            "connection_type": "INTERNET",
            "content_handling_strategy": "",
            "credentials_arn": "",
            "description": "",
            "id": "mkup30q",
            "integration_method": "POST",
            "integration_response_selection_expression": "",
            "integration_subtype": "",
            "integration_type": "AWS_PROXY",
            "integration_uri": "arn:aws:apigateway:ap-southeast-1:lambda:path/2015-03-31/functions/arn:aws:lambda:ap-southeast-1:033737710410:function:MonitoredLinkAddMultiple/invocations",
            "passthrough_behavior": "",
            "payload_format_version": "1.0",
            "request_parameters": {},
            "request_templates": {},
            "response_parameters": [],
            "template_selection_expression": "",
            "timeout_milliseconds": 30000,
            "tls_config": []
          },
          "sensitive_attributes": [],
          "private": "bnVsbA==",
          "dependencies": [
            "aws_apigatewayv2_api.lambda",
            "aws_iam_role.lambda_exec",
            "aws_lambda_function.monitored_link_add_multiple",
            "data.archive_file.lambda_monitored_link_add_multiple",
            "null_resource.go_build_functions_output_monitored_link_add_multiple"
          ]
        }
      ]
    },
    {
      "mode": "managed",
      "type": "aws_apigatewayv2_integration",
      "name": "monitored_link_edit_multiple",
      "provider": "provider[\"registry.terraform.io/hashicorp/aws\"]",
      "instances": [
        {
          "schema_version": 0,
          "attributes": {
            "api_id": "ueb8gkzdtj",
            "connection_id": "",
            "connection_type": "INTERNET",
            "content_handling_strategy": "",
            "credentials_arn": "",
            "description": "",
            "id": "70q48pp",
            "integration_method": "POST",
            "integration_response_selection_expression": "",
            "integration_subtype": "",
            "integration_type": "AWS_PROXY",
            "integration_uri": "arn:aws:apigateway:ap-southeast-1:lambda:path/2015-03-31/functions/arn:aws:lambda:ap-southeast-1:033737710410:function:MonitoredLinkEditMultiple/invocations",
            "passthrough_behavior": "",
            "payload_format_version": "1.0",
            "request_parameters": {},
            "request_templates": {},
            "response_parameters": [],
            "template_selection_expression": "",
            "timeout_milliseconds": 30000,
            "tls_config": []
          },
          "sensitive_attributes": [],
          "private": "bnVsbA==",
          "dependencies": [
            "aws_apigatewayv2_api.lambda",
            "aws_iam_role.lambda_exec",
            "aws_lambda_function.monitored_link_edit_multiple",
            "data.archive_file.lambda_monitored_link_edit_multiple",
            "null_resource.go_build_functions_output_monitored_link_edit_multiple"
          ]
        }
      ]
    },
    {
      "mode": "managed",
      "type": "aws_apigatewayv2_integration",
      "name": "monitored_link_list",
      "provider": "provider[\"registry.terraform.io/hashicorp/aws\"]",
      "instances": [
        {
          "schema_version": 0,
          "attributes": {
            "api_id": "ueb8gkzdtj",
            "connection_id": "",
            "connection_type": "INTERNET",
            "content_handling_strategy": "",
            "credentials_arn": "",
            "description": "",
            "id": "7rmfyqe",
            "integration_method": "POST",
            "integration_response_selection_expression": "",
            "integration_subtype": "",
            "integration_type": "AWS_PROXY",
            "integration_uri": "arn:aws:apigateway:ap-southeast-1:lambda:path/2015-03-31/functions/arn:aws:lambda:ap-southeast-1:033737710410:function:MonitoredLinkList/invocations",
            "passthrough_behavior": "",
            "payload_format_version": "1.0",
            "request_parameters": {},
            "request_templates": {},
            "response_parameters": [],
            "template_selection_expression": "",
            "timeout_milliseconds": 30000,
            "tls_config": []
          },
          "sensitive_attributes": [],
          "private": "bnVsbA==",
          "dependencies": [
            "aws_apigatewayv2_api.lambda",
            "aws_iam_role.lambda_exec",
            "aws_lambda_function.monitored_link_list",
            "data.archive_file.lambda_monitored_link_list",
            "null_resource.go_build_functions_output_monitored_link_list"
          ]
        }
      ]
    },
    {
      "mode": "managed",
      "type": "aws_apigatewayv2_integration",
      "name": "searched_item_add_multiple",
      "provider": "provider[\"registry.terraform.io/hashicorp/aws\"]",
      "instances": [
        {
          "schema_version": 0,
          "attributes": {
            "api_id": "ueb8gkzdtj",
            "connection_id": "",
            "connection_type": "INTERNET",
            "content_handling_strategy": "",
            "credentials_arn": "",
            "description": "",
            "id": "4kjr2w3",
            "integration_method": "POST",
            "integration_response_selection_expression": "",
            "integration_subtype": "",
            "integration_type": "AWS_PROXY",
            "integration_uri": "arn:aws:apigateway:ap-southeast-1:lambda:path/2015-03-31/functions/arn:aws:lambda:ap-southeast-1:033737710410:function:SearchedItemAddMultiple/invocations",
            "passthrough_behavior": "",
            "payload_format_version": "1.0",
            "request_parameters": {},
            "request_templates": {},
            "response_parameters": [],
            "template_selection_expression": "",
            "timeout_milliseconds": 30000,
            "tls_config": []
          },
          "sensitive_attributes": [],
          "private": "bnVsbA==",
          "dependencies": [
            "aws_apigatewayv2_api.lambda",
            "aws_iam_role.lambda_exec",
            "aws_lambda_function.searched_item_add_multiple",
            "data.archive_file.lambda_searched_item_add_multiple",
            "null_resource.go_build_functions_output_searched_item_add_multiple"
          ]
        }
      ]
    },
    {
      "mode": "managed",
      "type": "aws_apigatewayv2_integration",
      "name": "searched_item_edit_multiple",
      "provider": "provider[\"registry.terraform.io/hashicorp/aws\"]",
      "instances": [
        {
          "schema_version": 0,
          "attributes": {
            "api_id": "ueb8gkzdtj",
            "connection_id": "",
            "connection_type": "INTERNET",
            "content_handling_strategy": "",
            "credentials_arn": "",
            "description": "",
            "id": "qvgale4",
            "integration_method": "POST",
            "integration_response_selection_expression": "",
            "integration_subtype": "",
            "integration_type": "AWS_PROXY",
            "integration_uri": "arn:aws:apigateway:ap-southeast-1:lambda:path/2015-03-31/functions/arn:aws:lambda:ap-southeast-1:033737710410:function:SearchedItemEditMultiple/invocations",
            "passthrough_behavior": "",
            "payload_format_version": "1.0",
            "request_parameters": {},
            "request_templates": {},
            "response_parameters": [],
            "template_selection_expression": "",
            "timeout_milliseconds": 30000,
            "tls_config": []
          },
          "sensitive_attributes": [],
          "private": "bnVsbA==",
          "dependencies": [
            "aws_apigatewayv2_api.lambda",
            "aws_iam_role.lambda_exec",
            "aws_lambda_function.searched_item_edit_multiple",
            "data.archive_file.lambda_searched_item_edit_multiple",
            "null_resource.go_build_functions_output_searched_item_edit_multiple"
          ]
        }
      ]
    },
    {
      "mode": "managed",
      "type": "aws_apigatewayv2_integration",
      "name": "searched_item_list",
      "provider": "provider[\"registry.terraform.io/hashicorp/aws\"]",
      "instances": [
        {
          "schema_version": 0,
          "attributes": {
            "api_id": "ueb8gkzdtj",
            "connection_id": "",
            "connection_type": "INTERNET",
            "content_handling_strategy": "",
            "credentials_arn": "",
            "description": "",
            "id": "zac01ti",
            "integration_method": "POST",
            "integration_response_selection_expression": "",
            "integration_subtype": "",
            "integration_type": "AWS_PROXY",
            "integration_uri": "arn:aws:apigateway:ap-southeast-1:lambda:path/2015-03-31/functions/arn:aws:lambda:ap-southeast-1:033737710410:function:SearchedItemList/invocations",
            "passthrough_behavior": "",
            "payload_format_version": "1.0",
            "request_parameters": {},
            "request_templates": {},
            "response_parameters": [],
            "template_selection_expression": "",
            "timeout_milliseconds": 30000,
            "tls_config": []
          },
          "sensitive_attributes": [],
          "private": "bnVsbA==",
          "dependencies": [
            "aws_apigatewayv2_api.lambda",
            "aws_iam_role.lambda_exec",
            "aws_lambda_function.searched_item_list",
            "data.archive_file.lambda_searched_item_list",
            "null_resource.go_build_functions_output_searched_item_list"
          ]
        }
      ]
    },
    {
      "mode": "managed",
      "type": "aws_apigatewayv2_integration",
      "name": "user_edit",
      "provider": "provider[\"registry.terraform.io/hashicorp/aws\"]",
      "instances": [
        {
          "schema_version": 0,
          "attributes": {
            "api_id": "ueb8gkzdtj",
            "connection_id": "",
            "connection_type": "INTERNET",
            "content_handling_strategy": "",
            "credentials_arn": "",
            "description": "",
            "id": "k42n5wd",
            "integration_method": "POST",
            "integration_response_selection_expression": "",
            "integration_subtype": "",
            "integration_type": "AWS_PROXY",
            "integration_uri": "arn:aws:apigateway:ap-southeast-1:lambda:path/2015-03-31/functions/arn:aws:lambda:ap-southeast-1:033737710410:function:UserEdit/invocations",
            "passthrough_behavior": "",
            "payload_format_version": "1.0",
            "request_parameters": {},
            "request_templates": {},
            "response_parameters": [],
            "template_selection_expression": "",
            "timeout_milliseconds": 30000,
            "tls_config": []
          },
          "sensitive_attributes": [],
          "private": "bnVsbA==",
          "dependencies": [
            "aws_apigatewayv2_api.lambda",
            "aws_iam_role.lambda_exec",
            "aws_lambda_function.user_edit",
            "data.archive_file.lambda_user_edit",
            "null_resource.go_build_functions_output_user_edit"
          ]
        }
      ]
    },
    {
      "mode": "managed",
      "type": "aws_apigatewayv2_integration",
      "name": "user_me",
      "provider": "provider[\"registry.terraform.io/hashicorp/aws\"]",
      "instances": [
        {
          "schema_version": 0,
          "attributes": {
            "api_id": "ueb8gkzdtj",
            "connection_id": "",
            "connection_type": "INTERNET",
            "content_handling_strategy": "",
            "credentials_arn": "",
            "description": "",
            "id": "7jeysfu",
            "integration_method": "POST",
            "integration_response_selection_expression": "",
            "integration_subtype": "",
            "integration_type": "AWS_PROXY",
            "integration_uri": "arn:aws:apigateway:ap-southeast-1:lambda:path/2015-03-31/functions/arn:aws:lambda:ap-southeast-1:033737710410:function:UserMe/invocations",
            "passthrough_behavior": "",
            "payload_format_version": "1.0",
            "request_parameters": {},
            "request_templates": {},
            "response_parameters": [],
            "template_selection_expression": "",
            "timeout_milliseconds": 30000,
            "tls_config": []
          },
          "sensitive_attributes": [],
          "private": "bnVsbA==",
          "dependencies": [
            "aws_apigatewayv2_api.lambda",
            "aws_iam_role.lambda_exec",
            "aws_lambda_function.user_me",
            "data.archive_file.lambda_user_me",
            "null_resource.go_build_functions_output_user_me"
          ]
        }
      ]
    },
    {
      "mode": "managed",
      "type": "aws_apigatewayv2_integration",
      "name": "user_reset_password",
      "provider": "provider[\"registry.terraform.io/hashicorp/aws\"]",
      "instances": [
        {
          "schema_version": 0,
          "attributes": {
            "api_id": "ueb8gkzdtj",
            "connection_id": "",
            "connection_type": "INTERNET",
            "content_handling_strategy": "",
            "credentials_arn": "",
            "description": "",
            "id": "q4ev9ua",
            "integration_method": "POST",
            "integration_response_selection_expression": "",
            "integration_subtype": "",
            "integration_type": "AWS_PROXY",
            "integration_uri": "arn:aws:apigateway:ap-southeast-1:lambda:path/2015-03-31/functions/arn:aws:lambda:ap-southeast-1:033737710410:function:UserResetPassword/invocations",
            "passthrough_behavior": "",
            "payload_format_version": "1.0",
            "request_parameters": {},
            "request_templates": {},
            "response_parameters": [],
            "template_selection_expression": "",
            "timeout_milliseconds": 30000,
            "tls_config": []
          },
          "sensitive_attributes": [],
          "private": "bnVsbA==",
          "dependencies": [
            "aws_apigatewayv2_api.lambda",
            "aws_iam_role.lambda_exec",
            "aws_lambda_function.user_reset_password",
            "data.archive_file.lambda_user_reset_password",
            "null_resource.go_build_functions_output_user_reset_password"
          ]
        }
      ]
    },
    {
      "mode": "managed",
      "type": "aws_apigatewayv2_integration",
      "name": "user_sign_in",
      "provider": "provider[\"registry.terraform.io/hashicorp/aws\"]",
      "instances": [
        {
          "schema_version": 0,
          "attributes": {
            "api_id": "ueb8gkzdtj",
            "connection_id": "",
            "connection_type": "INTERNET",
            "content_handling_strategy": "",
            "credentials_arn": "",
            "description": "",
            "id": "7fjul68",
            "integration_method": "POST",
            "integration_response_selection_expression": "",
            "integration_subtype": "",
            "integration_type": "AWS_PROXY",
            "integration_uri": "arn:aws:apigateway:ap-southeast-1:lambda:path/2015-03-31/functions/arn:aws:lambda:ap-southeast-1:033737710410:function:UserSignIn/invocations",
            "passthrough_behavior": "",
            "payload_format_version": "1.0",
            "request_parameters": {},
            "request_templates": {},
            "response_parameters": [],
            "template_selection_expression": "",
            "timeout_milliseconds": 30000,
            "tls_config": []
          },
          "sensitive_attributes": [],
          "private": "bnVsbA==",
          "dependencies": [
            "aws_apigatewayv2_api.lambda",
            "aws_iam_role.lambda_exec",
            "aws_lambda_function.user_sign_in",
            "data.archive_file.lambda_user_sign_in",
            "null_resource.go_build_functions_output_user_sign_in"
          ]
        }
      ]
    },
    {
      "mode": "managed",
      "type": "aws_apigatewayv2_integration",
      "name": "user_sign_up",
      "provider": "provider[\"registry.terraform.io/hashicorp/aws\"]",
      "instances": [
        {
          "schema_version": 0,
          "attributes": {
            "api_id": "ueb8gkzdtj",
            "connection_id": "",
            "connection_type": "INTERNET",
            "content_handling_strategy": "",
            "credentials_arn": "",
            "description": "",
            "id": "omcqcdj",
            "integration_method": "POST",
            "integration_response_selection_expression": "",
            "integration_subtype": "",
            "integration_type": "AWS_PROXY",
            "integration_uri": "arn:aws:apigateway:ap-southeast-1:lambda:path/2015-03-31/functions/arn:aws:lambda:ap-southeast-1:033737710410:function:UserSignUp/invocations",
            "passthrough_behavior": "",
            "payload_format_version": "1.0",
            "request_parameters": {},
            "request_templates": {},
            "response_parameters": [],
            "template_selection_expression": "",
            "timeout_milliseconds": 30000,
            "tls_config": []
          },
          "sensitive_attributes": [],
          "private": "bnVsbA==",
          "dependencies": [
            "aws_apigatewayv2_api.lambda",
            "aws_iam_role.lambda_exec",
            "aws_lambda_function.user_sign_up",
            "data.archive_file.lambda_user_sign_up",
            "null_resource.go_build_functions_output_user_sign_up"
          ]
        }
      ]
    },
    {
      "mode": "managed",
      "type": "aws_apigatewayv2_integration",
      "name": "user_validate_otp",
      "provider": "provider[\"registry.terraform.io/hashicorp/aws\"]",
      "instances": [
        {
          "schema_version": 0,
          "attributes": {
            "api_id": "ueb8gkzdtj",
            "connection_id": "",
            "connection_type": "INTERNET",
            "content_handling_strategy": "",
            "credentials_arn": "",
            "description": "",
            "id": "l9slgbd",
            "integration_method": "POST",
            "integration_response_selection_expression": "",
            "integration_subtype": "",
            "integration_type": "AWS_PROXY",
            "integration_uri": "arn:aws:apigateway:ap-southeast-1:lambda:path/2015-03-31/functions/arn:aws:lambda:ap-southeast-1:033737710410:function:UserValidateOtp/invocations",
            "passthrough_behavior": "",
            "payload_format_version": "1.0",
            "request_parameters": {},
            "request_templates": {},
            "response_parameters": [],
            "template_selection_expression": "",
            "timeout_milliseconds": 30000,
            "tls_config": []
          },
          "sensitive_attributes": [],
          "private": "bnVsbA==",
          "dependencies": [
            "aws_apigatewayv2_api.lambda",
            "aws_iam_role.lambda_exec",
            "aws_lambda_function.user_validate_otp",
            "data.archive_file.lambda_user_validate_otp",
            "null_resource.go_build_functions_output_user_validate_otp"
          ]
        }
      ]
    },
    {
      "mode": "managed",
      "type": "aws_apigatewayv2_route",
      "name": "app_version",
      "provider": "provider[\"registry.terraform.io/hashicorp/aws\"]",
      "instances": [
        {
          "schema_version": 0,
          "attributes": {
            "api_id": "ueb8gkzdtj",
            "api_key_required": false,
            "authorization_scopes": [],
            "authorization_type": "NONE",
            "authorizer_id": "",
            "id": "8l7olzn",
            "model_selection_expression": "",
            "operation_name": "",
            "request_models": {},
            "request_parameter": [],
            "route_key": "GET /appVersion",
            "route_response_selection_expression": "",
            "target": "integrations/d5fd1t0"
          },
          "sensitive_attributes": [],
          "private": "bnVsbA==",
          "dependencies": [
            "aws_apigatewayv2_api.lambda",
            "aws_apigatewayv2_integration.app_version",
            "aws_iam_role.lambda_exec",
            "aws_lambda_function.app_version",
            "data.archive_file.lambda_app_version",
            "null_resource.go_build_functions_output_app_version"
          ]
        }
      ]
    },
    {
      "mode": "managed",
      "type": "aws_apigatewayv2_route",
      "name": "hello_world",
      "provider": "provider[\"registry.terraform.io/hashicorp/aws\"]",
      "instances": [
        {
          "schema_version": 0,
          "attributes": {
            "api_id": "ueb8gkzdtj",
            "api_key_required": false,
            "authorization_scopes": [],
            "authorization_type": "NONE",
            "authorizer_id": "",
            "id": "1yi4gph",
            "model_selection_expression": "",
            "operation_name": "",
            "request_models": {},
            "request_parameter": [],
            "route_key": "GET /hello",
            "route_response_selection_expression": "",
            "target": "integrations/emgs3zu"
          },
          "sensitive_attributes": [],
          "private": "bnVsbA==",
          "dependencies": [
            "aws_apigatewayv2_api.lambda",
            "aws_apigatewayv2_integration.hello_world",
            "aws_iam_role.lambda_exec",
            "aws_lambda_function.hello_world",
            "data.archive_file.lambda_hello_world",
            "null_resource.go_build_functions_output_hello_world"
          ]
        }
      ]
    },
    {
      "mode": "managed",
      "type": "aws_apigatewayv2_route",
      "name": "monitored_link_add_multiple",
      "provider": "provider[\"registry.terraform.io/hashicorp/aws\"]",
      "instances": [
        {
          "schema_version": 0,
          "attributes": {
            "api_id": "ueb8gkzdtj",
            "api_key_required": false,
            "authorization_scopes": [],
            "authorization_type": "NONE",
            "authorizer_id": "",
            "id": "0hnl4af",
            "model_selection_expression": "",
            "operation_name": "",
            "request_models": {},
            "request_parameter": [],
            "route_key": "POST /v1/monitoredLink.addMultiple",
            "route_response_selection_expression": "",
            "target": "integrations/mkup30q"
          },
          "sensitive_attributes": [],
          "private": "bnVsbA==",
          "dependencies": [
            "aws_apigatewayv2_api.lambda",
            "aws_apigatewayv2_integration.monitored_link_add_multiple",
            "aws_iam_role.lambda_exec",
            "aws_lambda_function.monitored_link_add_multiple",
            "data.archive_file.lambda_monitored_link_add_multiple",
            "null_resource.go_build_functions_output_monitored_link_add_multiple"
          ]
        }
      ]
    },
    {
      "mode": "managed",
      "type": "aws_apigatewayv2_route",
      "name": "monitored_link_edit_multiple",
      "provider": "provider[\"registry.terraform.io/hashicorp/aws\"]",
      "instances": [
        {
          "schema_version": 0,
          "attributes": {
            "api_id": "ueb8gkzdtj",
            "api_key_required": false,
            "authorization_scopes": [],
            "authorization_type": "NONE",
            "authorizer_id": "",
            "id": "x50ro1l",
            "model_selection_expression": "",
            "operation_name": "",
            "request_models": {},
            "request_parameter": [],
            "route_key": "POST /v1/monitoredLink.editMultiple",
            "route_response_selection_expression": "",
            "target": "integrations/70q48pp"
          },
          "sensitive_attributes": [],
          "private": "bnVsbA==",
          "dependencies": [
            "aws_apigatewayv2_api.lambda",
            "aws_apigatewayv2_integration.monitored_link_edit_multiple",
            "aws_iam_role.lambda_exec",
            "aws_lambda_function.monitored_link_edit_multiple",
            "data.archive_file.lambda_monitored_link_edit_multiple",
            "null_resource.go_build_functions_output_monitored_link_edit_multiple"
          ]
        }
      ]
    },
    {
      "mode": "managed",
      "type": "aws_apigatewayv2_route",
      "name": "monitored_link_list",
      "provider": "provider[\"registry.terraform.io/hashicorp/aws\"]",
      "instances": [
        {
          "schema_version": 0,
          "attributes": {
            "api_id": "ueb8gkzdtj",
            "api_key_required": false,
            "authorization_scopes": [],
            "authorization_type": "NONE",
            "authorizer_id": "",
            "id": "le60zul",
            "model_selection_expression": "",
            "operation_name": "",
            "request_models": {},
            "request_parameter": [],
            "route_key": "POST /v1/monitoredLink.list",
            "route_response_selection_expression": "",
            "target": "integrations/7rmfyqe"
          },
          "sensitive_attributes": [],
          "private": "bnVsbA==",
          "dependencies": [
            "aws_apigatewayv2_api.lambda",
            "aws_apigatewayv2_integration.monitored_link_list",
            "aws_iam_role.lambda_exec",
            "aws_lambda_function.monitored_link_list",
            "data.archive_file.lambda_monitored_link_list",
            "null_resource.go_build_functions_output_monitored_link_list"
          ]
        }
      ]
    },
    {
      "mode": "managed",
      "type": "aws_apigatewayv2_route",
      "name": "searched_item_add_multiple",
      "provider": "provider[\"registry.terraform.io/hashicorp/aws\"]",
      "instances": [
        {
          "schema_version": 0,
          "attributes": {
            "api_id": "ueb8gkzdtj",
            "api_key_required": false,
            "authorization_scopes": [],
            "authorization_type": "NONE",
            "authorizer_id": "",
            "id": "8urpdj8",
            "model_selection_expression": "",
            "operation_name": "",
            "request_models": {},
            "request_parameter": [],
            "route_key": "POST /v1/searchedItem.addMultiple",
            "route_response_selection_expression": "",
            "target": "integrations/4kjr2w3"
          },
          "sensitive_attributes": [],
          "private": "bnVsbA==",
          "dependencies": [
            "aws_apigatewayv2_api.lambda",
            "aws_apigatewayv2_integration.searched_item_add_multiple",
            "aws_iam_role.lambda_exec",
            "aws_lambda_function.searched_item_add_multiple",
            "data.archive_file.lambda_searched_item_add_multiple",
            "null_resource.go_build_functions_output_searched_item_add_multiple"
          ]
        }
      ]
    },
    {
      "mode": "managed",
      "type": "aws_apigatewayv2_route",
      "name": "searched_item_edit_multiple",
      "provider": "provider[\"registry.terraform.io/hashicorp/aws\"]",
      "instances": [
        {
          "schema_version": 0,
          "attributes": {
            "api_id": "ueb8gkzdtj",
            "api_key_required": false,
            "authorization_scopes": [],
            "authorization_type": "NONE",
            "authorizer_id": "",
            "id": "hovua8t",
            "model_selection_expression": "",
            "operation_name": "",
            "request_models": {},
            "request_parameter": [],
            "route_key": "POST /v1/searchedItem.editMultiple",
            "route_response_selection_expression": "",
            "target": "integrations/qvgale4"
          },
          "sensitive_attributes": [],
          "private": "bnVsbA==",
          "dependencies": [
            "aws_apigatewayv2_api.lambda",
            "aws_apigatewayv2_integration.searched_item_edit_multiple",
            "aws_iam_role.lambda_exec",
            "aws_lambda_function.searched_item_edit_multiple",
            "data.archive_file.lambda_searched_item_edit_multiple",
            "null_resource.go_build_functions_output_searched_item_edit_multiple"
          ]
        }
      ]
    },
    {
      "mode": "managed",
      "type": "aws_apigatewayv2_route",
      "name": "searched_item_list",
      "provider": "provider[\"registry.terraform.io/hashicorp/aws\"]",
      "instances": [
        {
          "schema_version": 0,
          "attributes": {
            "api_id": "ueb8gkzdtj",
            "api_key_required": false,
            "authorization_scopes": [],
            "authorization_type": "NONE",
            "authorizer_id": "",
            "id": "0nkgdfk",
            "model_selection_expression": "",
            "operation_name": "",
            "request_models": {},
            "request_parameter": [],
            "route_key": "POST /v1/searchedItem.list",
            "route_response_selection_expression": "",
            "target": "integrations/zac01ti"
          },
          "sensitive_attributes": [],
          "private": "bnVsbA==",
          "dependencies": [
            "aws_apigatewayv2_api.lambda",
            "aws_apigatewayv2_integration.searched_item_list",
            "aws_iam_role.lambda_exec",
            "aws_lambda_function.searched_item_list",
            "data.archive_file.lambda_searched_item_list",
            "null_resource.go_build_functions_output_searched_item_list"
          ]
        }
      ]
    },
    {
      "mode": "managed",
      "type": "aws_apigatewayv2_route",
      "name": "user_edit",
      "provider": "provider[\"registry.terraform.io/hashicorp/aws\"]",
      "instances": [
        {
          "schema_version": 0,
          "attributes": {
            "api_id": "ueb8gkzdtj",
            "api_key_required": false,
            "authorization_scopes": [],
            "authorization_type": "NONE",
            "authorizer_id": "",
            "id": "1qhlhno",
            "model_selection_expression": "",
            "operation_name": "",
            "request_models": {},
            "request_parameter": [],
            "route_key": "POST /v1/user.edit",
            "route_response_selection_expression": "",
            "target": "integrations/k42n5wd"
          },
          "sensitive_attributes": [],
          "private": "bnVsbA==",
          "dependencies": [
            "aws_apigatewayv2_api.lambda",
            "aws_apigatewayv2_integration.user_edit",
            "aws_iam_role.lambda_exec",
            "aws_lambda_function.user_edit",
            "data.archive_file.lambda_user_edit",
            "null_resource.go_build_functions_output_user_edit"
          ]
        }
      ]
    },
    {
      "mode": "managed",
      "type": "aws_apigatewayv2_route",
      "name": "user_me",
      "provider": "provider[\"registry.terraform.io/hashicorp/aws\"]",
      "instances": [
        {
          "schema_version": 0,
          "attributes": {
            "api_id": "ueb8gkzdtj",
            "api_key_required": false,
            "authorization_scopes": [],
            "authorization_type": "NONE",
            "authorizer_id": "",
            "id": "49qjuof",
            "model_selection_expression": "",
            "operation_name": "",
            "request_models": {},
            "request_parameter": [],
            "route_key": "POST /v1/user.me",
            "route_response_selection_expression": "",
            "target": "integrations/7jeysfu"
          },
          "sensitive_attributes": [],
          "private": "bnVsbA==",
          "dependencies": [
            "aws_apigatewayv2_api.lambda",
            "aws_apigatewayv2_integration.user_me",
            "aws_iam_role.lambda_exec",
            "aws_lambda_function.user_me",
            "data.archive_file.lambda_user_me",
            "null_resource.go_build_functions_output_user_me"
          ]
        }
      ]
    },
    {
      "mode": "managed",
      "type": "aws_apigatewayv2_route",
      "name": "user_reset_password",
      "provider": "provider[\"registry.terraform.io/hashicorp/aws\"]",
      "instances": [
        {
          "schema_version": 0,
          "attributes": {
            "api_id": "ueb8gkzdtj",
            "api_key_required": false,
            "authorization_scopes": [],
            "authorization_type": "NONE",
            "authorizer_id": "",
            "id": "hdxpgb9",
            "model_selection_expression": "",
            "operation_name": "",
            "request_models": {},
            "request_parameter": [],
            "route_key": "POST /v1/user.resetPassword",
            "route_response_selection_expression": "",
            "target": "integrations/q4ev9ua"
          },
          "sensitive_attributes": [],
          "private": "bnVsbA==",
          "dependencies": [
            "aws_apigatewayv2_api.lambda",
            "aws_apigatewayv2_integration.user_reset_password",
            "aws_iam_role.lambda_exec",
            "aws_lambda_function.user_reset_password",
            "data.archive_file.lambda_user_reset_password",
            "null_resource.go_build_functions_output_user_reset_password"
          ]
        }
      ]
    },
    {
      "mode": "managed",
      "type": "aws_apigatewayv2_route",
      "name": "user_sign_in",
      "provider": "provider[\"registry.terraform.io/hashicorp/aws\"]",
      "instances": [
        {
          "schema_version": 0,
          "attributes": {
            "api_id": "ueb8gkzdtj",
            "api_key_required": false,
            "authorization_scopes": [],
            "authorization_type": "NONE",
            "authorizer_id": "",
            "id": "j7ht9lm",
            "model_selection_expression": "",
            "operation_name": "",
            "request_models": {},
            "request_parameter": [],
            "route_key": "POST /v1/user.signin",
            "route_response_selection_expression": "",
            "target": "integrations/7fjul68"
          },
          "sensitive_attributes": [],
          "private": "bnVsbA==",
          "dependencies": [
            "aws_apigatewayv2_api.lambda",
            "aws_apigatewayv2_integration.user_sign_in",
            "aws_iam_role.lambda_exec",
            "aws_lambda_function.user_sign_in",
            "data.archive_file.lambda_user_sign_in",
            "null_resource.go_build_functions_output_user_sign_in"
          ]
        }
      ]
    },
    {
      "mode": "managed",
      "type": "aws_apigatewayv2_route",
      "name": "user_sign_up",
      "provider": "provider[\"registry.terraform.io/hashicorp/aws\"]",
      "instances": [
        {
          "schema_version": 0,
          "attributes": {
            "api_id": "ueb8gkzdtj",
            "api_key_required": false,
            "authorization_scopes": [],
            "authorization_type": "NONE",
            "authorizer_id": "",
            "id": "hxod5ps",
            "model_selection_expression": "",
            "operation_name": "",
            "request_models": {},
            "request_parameter": [],
            "route_key": "POST /v1/user.signup",
            "route_response_selection_expression": "",
            "target": "integrations/omcqcdj"
          },
          "sensitive_attributes": [],
          "private": "bnVsbA==",
          "dependencies": [
            "aws_apigatewayv2_api.lambda",
            "aws_apigatewayv2_integration.user_sign_up",
            "aws_iam_role.lambda_exec",
            "aws_lambda_function.user_sign_up",
            "data.archive_file.lambda_user_sign_up",
            "null_resource.go_build_functions_output_user_sign_up"
          ]
        }
      ]
    },
    {
      "mode": "managed",
      "type": "aws_apigatewayv2_route",
      "name": "user_validate_otp",
      "provider": "provider[\"registry.terraform.io/hashicorp/aws\"]",
      "instances": [
        {
          "schema_version": 0,
          "attributes": {
            "api_id": "ueb8gkzdtj",
            "api_key_required": false,
            "authorization_scopes": [],
            "authorization_type": "NONE",
            "authorizer_id": "",
            "id": "h7yfu1e",
            "model_selection_expression": "",
            "operation_name": "",
            "request_models": {},
            "request_parameter": [],
            "route_key": "POST /v1/user.validateOtp",
            "route_response_selection_expression": "",
            "target": "integrations/l9slgbd"
          },
          "sensitive_attributes": [],
          "private": "bnVsbA==",
          "dependencies": [
            "aws_apigatewayv2_api.lambda",
            "aws_apigatewayv2_integration.user_validate_otp",
            "aws_iam_role.lambda_exec",
            "aws_lambda_function.user_validate_otp",
            "data.archive_file.lambda_user_validate_otp",
            "null_resource.go_build_functions_output_user_validate_otp"
          ]
        }
      ]
    },
    {
      "mode": "managed",
      "type": "aws_apigatewayv2_stage",
      "name": "lambda",
      "provider": "provider[\"registry.terraform.io/hashicorp/aws\"]",
      "instances": [
        {
          "schema_version": 0,
          "attributes": {
            "access_log_settings": [
              {
                "destination_arn": "arn:aws:logs:ap-southeast-1:033737710410:log-group:/aws/api_gw/serverless_lambda_gw",
                "format": "{\"httpMethod\":\"$context.httpMethod\",\"integrationErrorMessage\":\"$context.integrationErrorMessage\",\"protocol\":\"$context.protocol\",\"requestId\":\"$context.requestId\",\"requestTime\":\"$context.requestTime\",\"resourcePath\":\"$context.resourcePath\",\"responseLength\":\"$context.responseLength\",\"routeKey\":\"$context.routeKey\",\"sourceIp\":\"$context.identity.sourceIp\",\"status\":\"$context.status\"}"
              }
            ],
            "api_id": "ueb8gkzdtj",
            "arn": "arn:aws:apigateway:ap-southeast-1::/apis/ueb8gkzdtj/stages/prod",
            "auto_deploy": true,
            "client_certificate_id": "",
            "default_route_settings": [
              {
                "data_trace_enabled": false,
                "detailed_metrics_enabled": true,
                "logging_level": "",
                "throttling_burst_limit": 500,
                "throttling_rate_limit": 1000
              }
            ],
            "deployment_id": "yqmqv3",
            "description": "",
            "execution_arn": "arn:aws:execute-api:ap-southeast-1:033737710410:ueb8gkzdtj/prod",
            "id": "prod",
            "invoke_url": "https://ueb8gkzdtj.execute-api.ap-southeast-1.amazonaws.com/prod",
            "name": "prod",
            "route_settings": [],
            "stage_variables": {},
            "tags": {},
            "tags_all": {
              "deployment_environment_name": "prod",
              "deployment_environment_purpose": "Enviroment accessed and used by end user",
              "module_name": "app-be-serverless",
              "project_name": "diskon-hunter-price-monitoring"
            }
          },
          "sensitive_attributes": [],
          "private": "bnVsbA==",
          "dependencies": [
            "aws_apigatewayv2_api.lambda",
            "aws_cloudwatch_log_group.api_gw"
          ]
        }
      ]
    },
    {
      "mode": "managed",
      "type": "aws_cloudwatch_event_rule",
      "name": "cron_populate_monitored_link_latest_price",
      "provider": "provider[\"registry.terraform.io/hashicorp/aws\"]",
      "instances": [
        {
          "schema_version": 0,
          "attributes": {
            "arn": "arn:aws:events:ap-southeast-1:033737710410:rule/schedule_for_cron_populate_monitored_link_latest_price",
            "description": "Schedule for Lambda Function",
            "event_bus_name": "default",
            "event_pattern": null,
            "id": "schedule_for_cron_populate_monitored_link_latest_price",
            "is_enabled": false,
            "name": "schedule_for_cron_populate_monitored_link_latest_price",
            "name_prefix": "",
            "role_arn": "",
            "schedule_expression": "cron(0 8 * * ? *)",
            "tags": {},
            "tags_all": {
              "deployment_environment_name": "prod",
              "deployment_environment_purpose": "Enviroment accessed and used by end user",
              "module_name": "app-be-serverless",
              "project_name": "diskon-hunter-price-monitoring"
            }
          },
          "sensitive_attributes": [],
          "private": "bnVsbA=="
        }
      ]
    },
    {
      "mode": "managed",
      "type": "aws_cloudwatch_event_rule",
      "name": "cron_send_monitored_link_alert",
      "provider": "provider[\"registry.terraform.io/hashicorp/aws\"]",
      "instances": [
        {
          "schema_version": 0,
          "attributes": {
            "arn": "arn:aws:events:ap-southeast-1:033737710410:rule/schedule_for_cron_send_monitored_link_alert",
            "description": "Schedule for Lambda Function",
            "event_bus_name": "default",
            "event_pattern": null,
            "id": "schedule_for_cron_send_monitored_link_alert",
            "is_enabled": false,
            "name": "schedule_for_cron_send_monitored_link_alert",
            "name_prefix": "",
            "role_arn": "",
            "schedule_expression": "cron(0 9 * * ? *)",
            "tags": null,
            "tags_all": {
              "deployment_environment_name": "prod",
              "deployment_environment_purpose": "Enviroment accessed and used by end user",
              "module_name": "app-be-serverless",
              "project_name": "diskon-hunter-price-monitoring"
            }
          },
          "sensitive_attributes": [],
          "private": "bnVsbA=="
        }
      ]
    },
    {
      "mode": "managed",
      "type": "aws_cloudwatch_event_target",
      "name": "cron_populate_monitored_link_latest_price",
      "provider": "provider[\"registry.terraform.io/hashicorp/aws\"]",
      "instances": [
        {
          "schema_version": 1,
          "attributes": {
            "arn": "arn:aws:lambda:ap-southeast-1:033737710410:function:CronPopulateMonitoredLinkLatestPrice",
            "batch_target": [],
            "dead_letter_config": [],
            "ecs_target": [],
            "event_bus_name": "default",
            "http_target": [],
            "id": "schedule_for_cron_populate_monitored_link_latest_price-cron_populate_monitored_link_latest_price",
            "input": "",
            "input_path": "",
            "input_transformer": [],
            "kinesis_target": [],
            "redshift_target": [],
            "retry_policy": [],
            "role_arn": "",
            "rule": "schedule_for_cron_populate_monitored_link_latest_price",
            "run_command_targets": [],
            "sagemaker_pipeline_target": [],
            "sqs_target": [],
            "target_id": "cron_populate_monitored_link_latest_price"
          },
          "sensitive_attributes": [],
          "private": "eyJzY2hlbWFfdmVyc2lvbiI6IjEifQ==",
          "dependencies": [
            "aws_cloudwatch_event_rule.cron_populate_monitored_link_latest_price",
            "aws_iam_role.lambda_exec",
            "aws_lambda_function.cron_populate_monitored_link_latest_price",
            "data.archive_file.lambda_cron_populate_monitored_link_latest_price",
            "null_resource.go_build_functions_output_cron_populate_monitored_link_latest_price"
          ]
        }
      ]
    },
    {
      "mode": "managed",
      "type": "aws_cloudwatch_log_group",
      "name": "api_gw",
      "provider": "provider[\"registry.terraform.io/hashicorp/aws\"]",
      "instances": [
        {
          "schema_version": 0,
          "attributes": {
            "arn": "arn:aws:logs:ap-southeast-1:033737710410:log-group:/aws/api_gw/serverless_lambda_gw",
            "id": "/aws/api_gw/serverless_lambda_gw",
            "kms_key_id": "",
            "name": "/aws/api_gw/serverless_lambda_gw",
            "name_prefix": "",
            "retention_in_days": 30,
            "skip_destroy": false,
            "tags": {},
            "tags_all": {
              "deployment_environment_name": "prod",
              "deployment_environment_purpose": "Enviroment accessed and used by end user",
              "module_name": "app-be-serverless",
              "project_name": "diskon-hunter-price-monitoring"
            }
          },
          "sensitive_attributes": [],
          "private": "bnVsbA==",
          "dependencies": [
            "aws_apigatewayv2_api.lambda"
          ]
        }
      ]
    },
    {
      "mode": "managed",
      "type": "aws_cloudwatch_log_group",
      "name": "app_version",
      "provider": "provider[\"registry.terraform.io/hashicorp/aws\"]",
      "instances": [
        {
          "schema_version": 0,
          "attributes": {
            "arn": "arn:aws:logs:ap-southeast-1:033737710410:log-group:/aws/lambda/AppVersion",
            "id": "/aws/lambda/AppVersion",
            "kms_key_id": "",
            "name": "/aws/lambda/AppVersion",
            "name_prefix": "",
            "retention_in_days": 30,
            "skip_destroy": false,
            "tags": {},
            "tags_all": {
              "deployment_environment_name": "prod",
              "deployment_environment_purpose": "Enviroment accessed and used by end user",
              "module_name": "app-be-serverless",
              "project_name": "diskon-hunter-price-monitoring"
            }
          },
          "sensitive_attributes": [],
          "private": "bnVsbA==",
          "dependencies": [
            "aws_iam_role.lambda_exec",
            "aws_lambda_function.app_version",
            "data.archive_file.lambda_app_version",
            "null_resource.go_build_functions_output_app_version"
          ]
        }
      ]
    },
    {
      "mode": "managed",
      "type": "aws_cloudwatch_log_group",
      "name": "cron_populate_monitored_link_latest_price",
      "provider": "provider[\"registry.terraform.io/hashicorp/aws\"]",
      "instances": [
        {
          "schema_version": 0,
          "attributes": {
            "arn": "arn:aws:logs:ap-southeast-1:033737710410:log-group:/aws/lambda/CronPopulateMonitoredLinkLatestPrice",
            "id": "/aws/lambda/CronPopulateMonitoredLinkLatestPrice",
            "kms_key_id": "",
            "name": "/aws/lambda/CronPopulateMonitoredLinkLatestPrice",
            "name_prefix": "",
            "retention_in_days": 30,
            "skip_destroy": false,
            "tags": {},
            "tags_all": {
              "deployment_environment_name": "prod",
              "deployment_environment_purpose": "Enviroment accessed and used by end user",
              "module_name": "app-be-serverless",
              "project_name": "diskon-hunter-price-monitoring"
            }
          },
          "sensitive_attributes": [],
          "private": "bnVsbA==",
          "dependencies": [
            "aws_iam_role.lambda_exec",
            "aws_lambda_function.cron_populate_monitored_link_latest_price",
            "data.archive_file.lambda_cron_populate_monitored_link_latest_price",
            "null_resource.go_build_functions_output_cron_populate_monitored_link_latest_price"
          ]
        }
      ]
    },
    {
      "mode": "managed",
      "type": "aws_cloudwatch_log_group",
      "name": "hello_world",
      "provider": "provider[\"registry.terraform.io/hashicorp/aws\"]",
      "instances": [
        {
          "schema_version": 0,
          "attributes": {
            "arn": "arn:aws:logs:ap-southeast-1:033737710410:log-group:/aws/lambda/HelloWorld",
            "id": "/aws/lambda/HelloWorld",
            "kms_key_id": "",
            "name": "/aws/lambda/HelloWorld",
            "name_prefix": "",
            "retention_in_days": 30,
            "skip_destroy": false,
            "tags": {},
            "tags_all": {
              "deployment_environment_name": "prod",
              "deployment_environment_purpose": "Enviroment accessed and used by end user",
              "module_name": "app-be-serverless",
              "project_name": "diskon-hunter-price-monitoring"
            }
          },
          "sensitive_attributes": [],
          "private": "bnVsbA==",
          "dependencies": [
            "aws_iam_role.lambda_exec",
            "aws_lambda_function.hello_world",
            "data.archive_file.lambda_hello_world",
            "null_resource.go_build_functions_output_hello_world"
          ]
        }
      ]
    },
    {
      "mode": "managed",
      "type": "aws_cloudwatch_log_group",
      "name": "monitored_link_add_multiple",
      "provider": "provider[\"registry.terraform.io/hashicorp/aws\"]",
      "instances": [
        {
          "schema_version": 0,
          "attributes": {
            "arn": "arn:aws:logs:ap-southeast-1:033737710410:log-group:/aws/lambda/MonitoredLinkAddMultiple",
            "id": "/aws/lambda/MonitoredLinkAddMultiple",
            "kms_key_id": "",
            "name": "/aws/lambda/MonitoredLinkAddMultiple",
            "name_prefix": "",
            "retention_in_days": 30,
            "skip_destroy": false,
            "tags": {},
            "tags_all": {
              "deployment_environment_name": "prod",
              "deployment_environment_purpose": "Enviroment accessed and used by end user",
              "module_name": "app-be-serverless",
              "project_name": "diskon-hunter-price-monitoring"
            }
          },
          "sensitive_attributes": [],
          "private": "bnVsbA==",
          "dependencies": [
            "aws_iam_role.lambda_exec",
            "aws_lambda_function.monitored_link_add_multiple",
            "data.archive_file.lambda_monitored_link_add_multiple",
            "null_resource.go_build_functions_output_monitored_link_add_multiple"
          ]
        }
      ]
    },
    {
      "mode": "managed",
      "type": "aws_cloudwatch_log_group",
      "name": "monitored_link_edit_multiple",
      "provider": "provider[\"registry.terraform.io/hashicorp/aws\"]",
      "instances": [
        {
          "schema_version": 0,
          "attributes": {
            "arn": "arn:aws:logs:ap-southeast-1:033737710410:log-group:/aws/lambda/MonitoredLinkEditMultiple",
            "id": "/aws/lambda/MonitoredLinkEditMultiple",
            "kms_key_id": "",
            "name": "/aws/lambda/MonitoredLinkEditMultiple",
            "name_prefix": "",
            "retention_in_days": 30,
            "skip_destroy": false,
            "tags": {},
            "tags_all": {
              "deployment_environment_name": "prod",
              "deployment_environment_purpose": "Enviroment accessed and used by end user",
              "module_name": "app-be-serverless",
              "project_name": "diskon-hunter-price-monitoring"
            }
          },
          "sensitive_attributes": [],
          "private": "bnVsbA==",
          "dependencies": [
            "aws_iam_role.lambda_exec",
            "aws_lambda_function.monitored_link_edit_multiple",
            "data.archive_file.lambda_monitored_link_edit_multiple",
            "null_resource.go_build_functions_output_monitored_link_edit_multiple"
          ]
        }
      ]
    },
    {
      "mode": "managed",
      "type": "aws_cloudwatch_log_group",
      "name": "monitored_link_list",
      "provider": "provider[\"registry.terraform.io/hashicorp/aws\"]",
      "instances": [
        {
          "schema_version": 0,
          "attributes": {
            "arn": "arn:aws:logs:ap-southeast-1:033737710410:log-group:/aws/lambda/MonitoredLinkList",
            "id": "/aws/lambda/MonitoredLinkList",
            "kms_key_id": "",
            "name": "/aws/lambda/MonitoredLinkList",
            "name_prefix": "",
            "retention_in_days": 30,
            "skip_destroy": false,
            "tags": {},
            "tags_all": {
              "deployment_environment_name": "prod",
              "deployment_environment_purpose": "Enviroment accessed and used by end user",
              "module_name": "app-be-serverless",
              "project_name": "diskon-hunter-price-monitoring"
            }
          },
          "sensitive_attributes": [],
          "private": "bnVsbA==",
          "dependencies": [
            "aws_iam_role.lambda_exec",
            "aws_lambda_function.monitored_link_list",
            "data.archive_file.lambda_monitored_link_list",
            "null_resource.go_build_functions_output_monitored_link_list"
          ]
        }
      ]
    },
    {
      "mode": "managed",
      "type": "aws_cloudwatch_log_group",
      "name": "searched_item_add_multiple",
      "provider": "provider[\"registry.terraform.io/hashicorp/aws\"]",
      "instances": [
        {
          "schema_version": 0,
          "attributes": {
            "arn": "arn:aws:logs:ap-southeast-1:033737710410:log-group:/aws/lambda/SearchedItemAddMultiple",
            "id": "/aws/lambda/SearchedItemAddMultiple",
            "kms_key_id": "",
            "name": "/aws/lambda/SearchedItemAddMultiple",
            "name_prefix": "",
            "retention_in_days": 30,
            "skip_destroy": false,
            "tags": {},
            "tags_all": {
              "deployment_environment_name": "prod",
              "deployment_environment_purpose": "Enviroment accessed and used by end user",
              "module_name": "app-be-serverless",
              "project_name": "diskon-hunter-price-monitoring"
            }
          },
          "sensitive_attributes": [],
          "private": "bnVsbA==",
          "dependencies": [
            "aws_iam_role.lambda_exec",
            "aws_lambda_function.searched_item_add_multiple",
            "data.archive_file.lambda_searched_item_add_multiple",
            "null_resource.go_build_functions_output_searched_item_add_multiple"
          ]
        }
      ]
    },
    {
      "mode": "managed",
      "type": "aws_cloudwatch_log_group",
      "name": "searched_item_edit_multiple",
      "provider": "provider[\"registry.terraform.io/hashicorp/aws\"]",
      "instances": [
        {
          "schema_version": 0,
          "attributes": {
            "arn": "arn:aws:logs:ap-southeast-1:033737710410:log-group:/aws/lambda/SearchedItemEditMultiple",
            "id": "/aws/lambda/SearchedItemEditMultiple",
            "kms_key_id": "",
            "name": "/aws/lambda/SearchedItemEditMultiple",
            "name_prefix": "",
            "retention_in_days": 30,
            "skip_destroy": false,
            "tags": {},
            "tags_all": {
              "deployment_environment_name": "prod",
              "deployment_environment_purpose": "Enviroment accessed and used by end user",
              "module_name": "app-be-serverless",
              "project_name": "diskon-hunter-price-monitoring"
            }
          },
          "sensitive_attributes": [],
          "private": "bnVsbA==",
          "dependencies": [
            "aws_iam_role.lambda_exec",
            "aws_lambda_function.searched_item_edit_multiple",
            "data.archive_file.lambda_searched_item_edit_multiple",
            "null_resource.go_build_functions_output_searched_item_edit_multiple"
          ]
        }
      ]
    },
    {
      "mode": "managed",
      "type": "aws_cloudwatch_log_group",
      "name": "searched_item_list",
      "provider": "provider[\"registry.terraform.io/hashicorp/aws\"]",
      "instances": [
        {
          "schema_version": 0,
          "attributes": {
            "arn": "arn:aws:logs:ap-southeast-1:033737710410:log-group:/aws/lambda/SearchedItemList",
            "id": "/aws/lambda/SearchedItemList",
            "kms_key_id": "",
            "name": "/aws/lambda/SearchedItemList",
            "name_prefix": "",
            "retention_in_days": 30,
            "skip_destroy": false,
            "tags": {},
            "tags_all": {
              "deployment_environment_name": "prod",
              "deployment_environment_purpose": "Enviroment accessed and used by end user",
              "module_name": "app-be-serverless",
              "project_name": "diskon-hunter-price-monitoring"
            }
          },
          "sensitive_attributes": [],
          "private": "bnVsbA==",
          "dependencies": [
            "aws_iam_role.lambda_exec",
            "aws_lambda_function.searched_item_list",
            "data.archive_file.lambda_searched_item_list",
            "null_resource.go_build_functions_output_searched_item_list"
          ]
        }
      ]
    },
    {
      "mode": "managed",
      "type": "aws_cloudwatch_log_group",
      "name": "user_edit",
      "provider": "provider[\"registry.terraform.io/hashicorp/aws\"]",
      "instances": [
        {
          "schema_version": 0,
          "attributes": {
            "arn": "arn:aws:logs:ap-southeast-1:033737710410:log-group:/aws/lambda/UserEdit",
            "id": "/aws/lambda/UserEdit",
            "kms_key_id": "",
            "name": "/aws/lambda/UserEdit",
            "name_prefix": "",
            "retention_in_days": 30,
            "skip_destroy": false,
            "tags": {},
            "tags_all": {
              "deployment_environment_name": "prod",
              "deployment_environment_purpose": "Enviroment accessed and used by end user",
              "module_name": "app-be-serverless",
              "project_name": "diskon-hunter-price-monitoring"
            }
          },
          "sensitive_attributes": [],
          "private": "bnVsbA==",
          "dependencies": [
            "aws_iam_role.lambda_exec",
            "aws_lambda_function.user_edit",
            "data.archive_file.lambda_user_edit",
            "null_resource.go_build_functions_output_user_edit"
          ]
        }
      ]
    },
    {
      "mode": "managed",
      "type": "aws_cloudwatch_log_group",
      "name": "user_me",
      "provider": "provider[\"registry.terraform.io/hashicorp/aws\"]",
      "instances": [
        {
          "schema_version": 0,
          "attributes": {
            "arn": "arn:aws:logs:ap-southeast-1:033737710410:log-group:/aws/lambda/UserMe",
            "id": "/aws/lambda/UserMe",
            "kms_key_id": "",
            "name": "/aws/lambda/UserMe",
            "name_prefix": "",
            "retention_in_days": 30,
            "skip_destroy": false,
            "tags": {},
            "tags_all": {
              "deployment_environment_name": "prod",
              "deployment_environment_purpose": "Enviroment accessed and used by end user",
              "module_name": "app-be-serverless",
              "project_name": "diskon-hunter-price-monitoring"
            }
          },
          "sensitive_attributes": [],
          "private": "bnVsbA==",
          "dependencies": [
            "aws_iam_role.lambda_exec",
            "aws_lambda_function.user_me",
            "data.archive_file.lambda_user_me",
            "null_resource.go_build_functions_output_user_me"
          ]
        }
      ]
    },
    {
      "mode": "managed",
      "type": "aws_cloudwatch_log_group",
      "name": "user_reset_password",
      "provider": "provider[\"registry.terraform.io/hashicorp/aws\"]",
      "instances": [
        {
          "schema_version": 0,
          "attributes": {
            "arn": "arn:aws:logs:ap-southeast-1:033737710410:log-group:/aws/lambda/UserResetPassword",
            "id": "/aws/lambda/UserResetPassword",
            "kms_key_id": "",
            "name": "/aws/lambda/UserResetPassword",
            "name_prefix": "",
            "retention_in_days": 30,
            "skip_destroy": false,
            "tags": {},
            "tags_all": {
              "deployment_environment_name": "prod",
              "deployment_environment_purpose": "Enviroment accessed and used by end user",
              "module_name": "app-be-serverless",
              "project_name": "diskon-hunter-price-monitoring"
            }
          },
          "sensitive_attributes": [],
          "private": "bnVsbA==",
          "dependencies": [
            "aws_iam_role.lambda_exec",
            "aws_lambda_function.user_reset_password",
            "data.archive_file.lambda_user_reset_password",
            "null_resource.go_build_functions_output_user_reset_password"
          ]
        }
      ]
    },
    {
      "mode": "managed",
      "type": "aws_cloudwatch_log_group",
      "name": "user_sign_in",
      "provider": "provider[\"registry.terraform.io/hashicorp/aws\"]",
      "instances": [
        {
          "schema_version": 0,
          "attributes": {
            "arn": "arn:aws:logs:ap-southeast-1:033737710410:log-group:/aws/lambda/UserSignIn",
            "id": "/aws/lambda/UserSignIn",
            "kms_key_id": "",
            "name": "/aws/lambda/UserSignIn",
            "name_prefix": "",
            "retention_in_days": 30,
            "skip_destroy": false,
            "tags": {},
            "tags_all": {
              "deployment_environment_name": "prod",
              "deployment_environment_purpose": "Enviroment accessed and used by end user",
              "module_name": "app-be-serverless",
              "project_name": "diskon-hunter-price-monitoring"
            }
          },
          "sensitive_attributes": [],
          "private": "bnVsbA==",
          "dependencies": [
            "aws_iam_role.lambda_exec",
            "aws_lambda_function.user_sign_in",
            "data.archive_file.lambda_user_sign_in",
            "null_resource.go_build_functions_output_user_sign_in"
          ]
        }
      ]
    },
    {
      "mode": "managed",
      "type": "aws_cloudwatch_log_group",
      "name": "user_sign_up",
      "provider": "provider[\"registry.terraform.io/hashicorp/aws\"]",
      "instances": [
        {
          "schema_version": 0,
          "attributes": {
            "arn": "arn:aws:logs:ap-southeast-1:033737710410:log-group:/aws/lambda/UserSignUp",
            "id": "/aws/lambda/UserSignUp",
            "kms_key_id": "",
            "name": "/aws/lambda/UserSignUp",
            "name_prefix": "",
            "retention_in_days": 30,
            "skip_destroy": false,
            "tags": {},
            "tags_all": {
              "deployment_environment_name": "prod",
              "deployment_environment_purpose": "Enviroment accessed and used by end user",
              "module_name": "app-be-serverless",
              "project_name": "diskon-hunter-price-monitoring"
            }
          },
          "sensitive_attributes": [],
          "private": "bnVsbA==",
          "dependencies": [
            "aws_iam_role.lambda_exec",
            "aws_lambda_function.user_sign_up",
            "data.archive_file.lambda_user_sign_up",
            "null_resource.go_build_functions_output_user_sign_up"
          ]
        }
      ]
    },
    {
      "mode": "managed",
      "type": "aws_cloudwatch_log_group",
      "name": "user_validate_otp",
      "provider": "provider[\"registry.terraform.io/hashicorp/aws\"]",
      "instances": [
        {
          "schema_version": 0,
          "attributes": {
            "arn": "arn:aws:logs:ap-southeast-1:033737710410:log-group:/aws/lambda/UserValidateOtp",
            "id": "/aws/lambda/UserValidateOtp",
            "kms_key_id": "",
            "name": "/aws/lambda/UserValidateOtp",
            "name_prefix": "",
            "retention_in_days": 30,
            "skip_destroy": false,
            "tags": {},
            "tags_all": {
              "deployment_environment_name": "prod",
              "deployment_environment_purpose": "Enviroment accessed and used by end user",
              "module_name": "app-be-serverless",
              "project_name": "diskon-hunter-price-monitoring"
            }
          },
          "sensitive_attributes": [],
          "private": "bnVsbA==",
          "dependencies": [
            "aws_iam_role.lambda_exec",
            "aws_lambda_function.user_validate_otp",
            "data.archive_file.lambda_user_validate_otp",
            "null_resource.go_build_functions_output_user_validate_otp"
          ]
        }
      ]
    },
    {
      "mode": "managed",
      "type": "aws_iam_role",
      "name": "lambda_exec",
      "provider": "provider[\"registry.terraform.io/hashicorp/aws\"]",
      "instances": [
        {
          "schema_version": 0,
          "attributes": {
            "arn": "arn:aws:iam::033737710410:role/serverless_lambda",
            "assume_role_policy": "{\"Statement\":[{\"Action\":\"sts:AssumeRole\",\"Effect\":\"Allow\",\"Principal\":{\"Service\":\"lambda.amazonaws.com\"},\"Sid\":\"\"}],\"Version\":\"2012-10-17\"}",
            "create_date": "2023-11-21T17:03:14Z",
            "description": "",
            "force_detach_policies": false,
            "id": "serverless_lambda",
            "inline_policy": [],
            "managed_policy_arns": [
              "arn:aws:iam::aws:policy/AmazonDynamoDBFullAccess",
              "arn:aws:iam::aws:policy/AmazonS3FullAccess",
              "arn:aws:iam::aws:policy/AmazonSESFullAccess",
              "arn:aws:iam::aws:policy/service-role/AWSLambdaBasicExecutionRole"
            ],
            "max_session_duration": 3600,
            "name": "serverless_lambda",
            "name_prefix": "",
            "path": "/",
            "permissions_boundary": "",
            "tags": {},
            "tags_all": {
              "deployment_environment_name": "prod",
              "deployment_environment_purpose": "Enviroment accessed and used by end user",
              "module_name": "app-be-serverless",
              "project_name": "diskon-hunter-price-monitoring"
            },
            "unique_id": "AROAQPWXMTNFOWGFSVC5L"
          },
          "sensitive_attributes": [],
          "private": "bnVsbA=="
        }
      ]
    },
    {
      "mode": "managed",
      "type": "aws_iam_role_policy_attachment",
      "name": "lambda_basic_policy",
      "provider": "provider[\"registry.terraform.io/hashicorp/aws\"]",
      "instances": [
        {
          "schema_version": 0,
          "attributes": {
            "id": "serverless_lambda-20231121170314994000000001",
            "policy_arn": "arn:aws:iam::aws:policy/service-role/AWSLambdaBasicExecutionRole",
            "role": "serverless_lambda"
          },
          "sensitive_attributes": [],
          "private": "bnVsbA==",
          "dependencies": [
            "aws_iam_role.lambda_exec"
          ]
        }
      ]
    },
    {
      "mode": "managed",
      "type": "aws_iam_role_policy_attachment",
      "name": "lambda_dynamodb_policy",
      "provider": "provider[\"registry.terraform.io/hashicorp/aws\"]",
      "instances": [
        {
          "schema_version": 0,
          "attributes": {
            "id": "serverless_lambda-20231121170315941400000003",
            "policy_arn": "arn:aws:iam::aws:policy/AmazonDynamoDBFullAccess",
            "role": "serverless_lambda"
          },
          "sensitive_attributes": [],
          "private": "bnVsbA==",
          "dependencies": [
            "aws_iam_role.lambda_exec"
          ]
        }
      ]
    },
    {
      "mode": "managed",
      "type": "aws_iam_role_policy_attachment",
      "name": "lambda_s3_policy",
      "provider": "provider[\"registry.terraform.io/hashicorp/aws\"]",
      "instances": [
        {
          "schema_version": 0,
          "attributes": {
            "id": "serverless_lambda-20231121170315376800000002",
            "policy_arn": "arn:aws:iam::aws:policy/AmazonS3FullAccess",
            "role": "serverless_lambda"
          },
          "sensitive_attributes": [],
          "private": "bnVsbA==",
          "dependencies": [
            "aws_iam_role.lambda_exec"
          ]
        }
      ]
    },
    {
      "mode": "managed",
      "type": "aws_iam_role_policy_attachment",
      "name": "lambda_ses_policy",
      "provider": "provider[\"registry.terraform.io/hashicorp/aws\"]",
      "instances": [
        {
          "schema_version": 0,
          "attributes": {
            "id": "serverless_lambda-20231216083747595600000001",
            "policy_arn": "arn:aws:iam::aws:policy/AmazonSESFullAccess",
            "role": "serverless_lambda"
          },
          "sensitive_attributes": [],
          "private": "bnVsbA==",
          "dependencies": [
            "aws_iam_role.lambda_exec"
          ]
        }
      ]
    },
    {
      "mode": "managed",
      "type": "aws_lambda_function",
      "name": "app_version",
      "provider": "provider[\"registry.terraform.io/hashicorp/aws\"]",
      "instances": [
        {
          "schema_version": 0,
          "attributes": {
            "architectures": [
              "x86_64"
            ],
            "arn": "arn:aws:lambda:ap-southeast-1:033737710410:function:AppVersion",
            "code_signing_config_arn": "",
            "dead_letter_config": [],
            "description": "",
            "environment": [],
            "ephemeral_storage": [
              {
                "size": 512
              }
            ],
            "file_system_config": [],
            "filename": "./dist/functions/app-version.zip",
            "function_name": "AppVersion",
            "handler": "app-version",
            "id": "AppVersion",
            "image_config": [],
            "image_uri": "",
            "invoke_arn": "arn:aws:apigateway:ap-southeast-1:lambda:path/2015-03-31/functions/arn:aws:lambda:ap-southeast-1:033737710410:function:AppVersion/invocations",
            "kms_key_arn": "",
            "last_modified": "2023-12-31T07:28:09.000+0000",
            "layers": [],
            "memory_size": 128,
            "package_type": "Zip",
            "publish": true,
            "qualified_arn": "arn:aws:lambda:ap-southeast-1:033737710410:function:AppVersion:2",
            "qualified_invoke_arn": "arn:aws:apigateway:ap-southeast-1:lambda:path/2015-03-31/functions/arn:aws:lambda:ap-southeast-1:033737710410:function:AppVersion:2/invocations",
            "replace_security_groups_on_destroy": null,
            "replacement_security_group_ids": null,
            "reserved_concurrent_executions": -1,
            "role": "arn:aws:iam::033737710410:role/serverless_lambda",
            "runtime": "go1.x",
            "s3_bucket": null,
            "s3_key": null,
            "s3_object_version": null,
            "signing_job_arn": "",
            "signing_profile_version_arn": "",
            "skip_destroy": false,
            "snap_start": [],
            "source_code_hash": "CnCLHRdjEWqpUFmpd4dC9mgzstpOgaeEwGkj/lDxKWU=",
            "source_code_size": 5258817,
            "tags": {},
            "tags_all": {
              "deployment_environment_name": "prod",
              "deployment_environment_purpose": "Enviroment accessed and used by end user",
              "module_name": "app-be-serverless",
              "project_name": "diskon-hunter-price-monitoring"
            },
            "timeout": 15,
            "timeouts": null,
            "tracing_config": [
              {
                "mode": "PassThrough"
              }
            ],
            "version": "2",
            "vpc_config": []
          },
          "sensitive_attributes": [],
          "private": "eyJlMmJmYjczMC1lY2FhLTExZTYtOGY4OC0zNDM2M2JjN2M0YzAiOnsiY3JlYXRlIjo2MDAwMDAwMDAwMDAsImRlbGV0ZSI6NjAwMDAwMDAwMDAwLCJ1cGRhdGUiOjYwMDAwMDAwMDAwMH19",
          "dependencies": [
            "aws_iam_role.lambda_exec",
            "data.archive_file.lambda_app_version",
            "null_resource.go_build_functions_output_app_version"
          ]
        }
      ]
    },
    {
      "mode": "managed",
      "type": "aws_lambda_function",
      "name": "cron_populate_monitored_link_latest_price",
      "provider": "provider[\"registry.terraform.io/hashicorp/aws\"]",
      "instances": [
        {
          "schema_version": 0,
          "attributes": {
            "architectures": [
              "x86_64"
            ],
            "arn": "arn:aws:lambda:ap-southeast-1:033737710410:function:CronPopulateMonitoredLinkLatestPrice",
            "code_signing_config_arn": "",
            "dead_letter_config": [],
            "description": "",
            "environment": [
              {
                "variables": {
                  "aws_deployment_account_id": "033737710410",
                  "aws_deployment_region_short": "apse1",
                  "deployment_environment_name": "prod",
                  "deployment_environment_purpose": "Enviroment accessed and used by end user",
                  "module_name": "app-be-serverless",
                  "project_name": "diskon-hunter-price-monitoring",
                  "project_name_short": "dhpm"
                }
              }
            ],
            "ephemeral_storage": [
              {
                "size": 512
              }
            ],
            "file_system_config": [],
            "filename": "./dist/functions/cron-populate-monitored-link-latest-price.zip",
            "function_name": "CronPopulateMonitoredLinkLatestPrice",
            "handler": "cron-populate-monitored-link-latest-price",
            "id": "CronPopulateMonitoredLinkLatestPrice",
            "image_config": [],
            "image_uri": "",
            "invoke_arn": "arn:aws:apigateway:ap-southeast-1:lambda:path/2015-03-31/functions/arn:aws:lambda:ap-southeast-1:033737710410:function:CronPopulateMonitoredLinkLatestPrice/invocations",
            "kms_key_arn": "",
            "last_modified": "2024-01-21T07:26:38.937+0000",
            "layers": [],
            "memory_size": 2048,
            "package_type": "Zip",
            "publish": true,
            "qualified_arn": "arn:aws:lambda:ap-southeast-1:033737710410:function:CronPopulateMonitoredLinkLatestPrice:1",
            "qualified_invoke_arn": "arn:aws:apigateway:ap-southeast-1:lambda:path/2015-03-31/functions/arn:aws:lambda:ap-southeast-1:033737710410:function:CronPopulateMonitoredLinkLatestPrice:1/invocations",
            "replace_security_groups_on_destroy": null,
            "replacement_security_group_ids": null,
            "reserved_concurrent_executions": -1,
            "role": "arn:aws:iam::033737710410:role/serverless_lambda",
            "runtime": "go1.x",
            "s3_bucket": null,
            "s3_key": null,
            "s3_object_version": null,
            "signing_job_arn": "",
            "signing_profile_version_arn": "",
            "skip_destroy": false,
            "snap_start": [],
            "source_code_hash": "hCT8ZbRicXxz+kmiyLCK5D3L8+uJ2EyVMrYBnAM9z/E=",
            "source_code_size": 8392158,
            "tags": {},
            "tags_all": {
              "deployment_environment_name": "prod",
              "deployment_environment_purpose": "Enviroment accessed and used by end user",
              "module_name": "app-be-serverless",
              "project_name": "diskon-hunter-price-monitoring"
            },
            "timeout": 15,
            "timeouts": null,
            "tracing_config": [
              {
                "mode": "PassThrough"
              }
            ],
            "version": "1",
            "vpc_config": []
          },
          "sensitive_attributes": [],
          "private": "eyJlMmJmYjczMC1lY2FhLTExZTYtOGY4OC0zNDM2M2JjN2M0YzAiOnsiY3JlYXRlIjo2MDAwMDAwMDAwMDAsImRlbGV0ZSI6NjAwMDAwMDAwMDAwLCJ1cGRhdGUiOjYwMDAwMDAwMDAwMH19",
          "dependencies": [
            "aws_iam_role.lambda_exec",
            "data.archive_file.lambda_cron_populate_monitored_link_latest_price",
            "null_resource.go_build_functions_output_cron_populate_monitored_link_latest_price"
          ]
        }
      ]
    },
    {
      "mode": "managed",
      "type": "aws_lambda_function",
      "name": "cron_send_monitored_link_alert",
      "provider": "provider[\"registry.terraform.io/hashicorp/aws\"]",
      "instances": [
        {
          "schema_version": 0,
          "attributes": {
            "architectures": [
              "x86_64"
            ],
            "arn": "arn:aws:lambda:ap-southeast-1:033737710410:function:CronSendMonitoredLinkAlert",
            "code_signing_config_arn": "",
            "dead_letter_config": [],
            "description": "",
            "environment": [
              {
                "variables": {
                  "aws_deployment_account_id": "033737710410",
                  "aws_deployment_region_short": "apse1",
                  "deployment_environment_name": "prod",
                  "deployment_environment_purpose": "Enviroment accessed and used by end user",
                  "module_name": "app-be-serverless",
                  "project_name": "diskon-hunter-price-monitoring",
                  "project_name_short": "dhpm"
                }
              }
            ],
            "ephemeral_storage": [
              {
                "size": 512
              }
            ],
            "file_system_config": [],
            "filename": "./dist/functions/cron-send-monitored-link-alert.zip",
            "function_name": "CronSendMonitoredLinkAlert",
            "handler": "cron-send-monitored-link-alert",
            "id": "CronSendMonitoredLinkAlert",
            "image_config": [],
            "image_uri": "",
            "invoke_arn": "arn:aws:apigateway:ap-southeast-1:lambda:path/2015-03-31/functions/arn:aws:lambda:ap-southeast-1:033737710410:function:CronSendMonitoredLinkAlert/invocations",
            "kms_key_arn": "",
            "last_modified": "2024-01-21T09:47:46.599+0000",
            "layers": null,
            "memory_size": 2048,
            "package_type": "Zip",
            "publish": true,
            "qualified_arn": "arn:aws:lambda:ap-southeast-1:033737710410:function:CronSendMonitoredLinkAlert:1",
            "qualified_invoke_arn": "arn:aws:apigateway:ap-southeast-1:lambda:path/2015-03-31/functions/arn:aws:lambda:ap-southeast-1:033737710410:function:CronSendMonitoredLinkAlert:1/invocations",
            "replace_security_groups_on_destroy": null,
            "replacement_security_group_ids": null,
            "reserved_concurrent_executions": -1,
            "role": "arn:aws:iam::033737710410:role/serverless_lambda",
            "runtime": "go1.x",
            "s3_bucket": null,
            "s3_key": null,
            "s3_object_version": null,
            "signing_job_arn": "",
            "signing_profile_version_arn": "",
            "skip_destroy": false,
            "snap_start": [],
            "source_code_hash": "2xWnNMdh/1W3VJnVQ6kR0l9Q+ohZMCUIjNwSKCKPnFo=",
            "source_code_size": 9235200,
            "tags": null,
            "tags_all": {
              "deployment_environment_name": "prod",
              "deployment_environment_purpose": "Enviroment accessed and used by end user",
              "module_name": "app-be-serverless",
              "project_name": "diskon-hunter-price-monitoring"
            },
            "timeout": 15,
            "timeouts": null,
            "tracing_config": [
              {
                "mode": "PassThrough"
              }
            ],
            "version": "1",
            "vpc_config": []
          },
          "sensitive_attributes": [],
          "private": "eyJlMmJmYjczMC1lY2FhLTExZTYtOGY4OC0zNDM2M2JjN2M0YzAiOnsiY3JlYXRlIjo2MDAwMDAwMDAwMDAsImRlbGV0ZSI6NjAwMDAwMDAwMDAwLCJ1cGRhdGUiOjYwMDAwMDAwMDAwMH19",
          "dependencies": [
            "aws_iam_role.lambda_exec",
            "data.archive_file.lambda_cron_send_monitored_link_alert",
            "null_resource.go_build_functions_output_cron_send_monitored_link_alert"
          ]
        }
      ]
    },
    {
      "mode": "managed",
      "type": "aws_lambda_function",
      "name": "hello_world",
      "provider": "provider[\"registry.terraform.io/hashicorp/aws\"]",
      "instances": [
        {
          "schema_version": 0,
          "attributes": {
            "architectures": [
              "x86_64"
            ],
            "arn": "arn:aws:lambda:ap-southeast-1:033737710410:function:HelloWorld",
            "code_signing_config_arn": "",
            "dead_letter_config": [],
            "description": "",
            "environment": [],
            "ephemeral_storage": [
              {
                "size": 512
              }
            ],
            "file_system_config": [],
            "filename": "./dist/functions/hello-world.zip",
            "function_name": "HelloWorld",
            "handler": "hello-world",
            "id": "HelloWorld",
            "image_config": [],
            "image_uri": "",
            "invoke_arn": "arn:aws:apigateway:ap-southeast-1:lambda:path/2015-03-31/functions/arn:aws:lambda:ap-southeast-1:033737710410:function:HelloWorld/invocations",
            "kms_key_arn": "",
            "last_modified": "2023-11-21T17:03:44.281+0000",
            "layers": [],
            "memory_size": 128,
            "package_type": "Zip",
            "publish": true,
            "qualified_arn": "arn:aws:lambda:ap-southeast-1:033737710410:function:HelloWorld:1",
            "qualified_invoke_arn": "arn:aws:apigateway:ap-southeast-1:lambda:path/2015-03-31/functions/arn:aws:lambda:ap-southeast-1:033737710410:function:HelloWorld:1/invocations",
            "replace_security_groups_on_destroy": null,
            "replacement_security_group_ids": null,
            "reserved_concurrent_executions": -1,
            "role": "arn:aws:iam::033737710410:role/serverless_lambda",
            "runtime": "go1.x",
            "s3_bucket": null,
            "s3_key": null,
            "s3_object_version": null,
            "signing_job_arn": "",
            "signing_profile_version_arn": "",
            "skip_destroy": false,
            "snap_start": [],
            "source_code_hash": "9A1pTC79cRqNX9NBfGHLCLH4k3ttAkBr+YSoUPc3psM=",
            "source_code_size": 5258915,
            "tags": {},
            "tags_all": {
              "deployment_environment_name": "prod",
              "deployment_environment_purpose": "Enviroment accessed and used by end user",
              "module_name": "app-be-serverless",
              "project_name": "diskon-hunter-price-monitoring"
            },
            "timeout": 15,
            "timeouts": null,
            "tracing_config": [
              {
                "mode": "PassThrough"
              }
            ],
            "version": "1",
            "vpc_config": []
          },
          "sensitive_attributes": [],
          "private": "eyJlMmJmYjczMC1lY2FhLTExZTYtOGY4OC0zNDM2M2JjN2M0YzAiOnsiY3JlYXRlIjo2MDAwMDAwMDAwMDAsImRlbGV0ZSI6NjAwMDAwMDAwMDAwLCJ1cGRhdGUiOjYwMDAwMDAwMDAwMH19",
          "dependencies": [
            "aws_iam_role.lambda_exec",
            "data.archive_file.lambda_hello_world",
            "null_resource.go_build_functions_output_hello_world"
          ]
        }
      ]
    },
    {
      "mode": "managed",
      "type": "aws_lambda_function",
      "name": "monitored_link_add_multiple",
      "provider": "provider[\"registry.terraform.io/hashicorp/aws\"]",
      "instances": [
        {
          "schema_version": 0,
          "attributes": {
            "architectures": [
              "x86_64"
            ],
            "arn": "arn:aws:lambda:ap-southeast-1:033737710410:function:MonitoredLinkAddMultiple",
            "code_signing_config_arn": "",
            "dead_letter_config": [],
            "description": "",
            "environment": [
              {
                "variables": {
                  "aws_deployment_account_id": "033737710410",
                  "aws_deployment_region_short": "apse1",
                  "deployment_environment_name": "prod",
                  "deployment_environment_purpose": "Enviroment accessed and used by end user",
                  "module_name": "app-be-serverless",
                  "project_name": "diskon-hunter-price-monitoring",
                  "project_name_short": "dhpm"
                }
              }
            ],
            "ephemeral_storage": [
              {
                "size": 512
              }
            ],
            "file_system_config": [],
            "filename": "./dist/functions/monitored-link-add-multiple.zip",
            "function_name": "MonitoredLinkAddMultiple",
            "handler": "monitored-link-add-multiple",
            "id": "MonitoredLinkAddMultiple",
            "image_config": [],
            "image_uri": "",
            "invoke_arn": "arn:aws:apigateway:ap-southeast-1:lambda:path/2015-03-31/functions/arn:aws:lambda:ap-southeast-1:033737710410:function:MonitoredLinkAddMultiple/invocations",
            "kms_key_arn": "",
            "last_modified": "2024-01-14T08:40:43.000+0000",
            "layers": [],
            "memory_size": 2048,
            "package_type": "Zip",
            "publish": true,
            "qualified_arn": "arn:aws:lambda:ap-southeast-1:033737710410:function:MonitoredLinkAddMultiple:16",
            "qualified_invoke_arn": "arn:aws:apigateway:ap-southeast-1:lambda:path/2015-03-31/functions/arn:aws:lambda:ap-southeast-1:033737710410:function:MonitoredLinkAddMultiple:16/invocations",
            "replace_security_groups_on_destroy": null,
            "replacement_security_group_ids": null,
            "reserved_concurrent_executions": -1,
            "role": "arn:aws:iam::033737710410:role/serverless_lambda",
            "runtime": "go1.x",
            "s3_bucket": null,
            "s3_key": null,
            "s3_object_version": null,
            "signing_job_arn": "",
            "signing_profile_version_arn": "",
            "skip_destroy": false,
            "snap_start": [],
            "source_code_hash": "6ShG5HpaGdNTxv3eEYqlKDq6b/bHMP8/bBPXhor9fOE=",
            "source_code_size": 9515049,
            "tags": {},
            "tags_all": {
              "deployment_environment_name": "prod",
              "deployment_environment_purpose": "Enviroment accessed and used by end user",
              "module_name": "app-be-serverless",
              "project_name": "diskon-hunter-price-monitoring"
            },
            "timeout": 15,
            "timeouts": null,
            "tracing_config": [
              {
                "mode": "PassThrough"
              }
            ],
            "version": "16",
            "vpc_config": []
          },
          "sensitive_attributes": [],
          "private": "eyJlMmJmYjczMC1lY2FhLTExZTYtOGY4OC0zNDM2M2JjN2M0YzAiOnsiY3JlYXRlIjo2MDAwMDAwMDAwMDAsImRlbGV0ZSI6NjAwMDAwMDAwMDAwLCJ1cGRhdGUiOjYwMDAwMDAwMDAwMH19",
          "dependencies": [
            "aws_iam_role.lambda_exec",
            "data.archive_file.lambda_monitored_link_add_multiple",
            "null_resource.go_build_functions_output_monitored_link_add_multiple"
          ]
        }
      ]
    },
    {
      "mode": "managed",
      "type": "aws_lambda_function",
      "name": "monitored_link_edit_multiple",
      "provider": "provider[\"registry.terraform.io/hashicorp/aws\"]",
      "instances": [
        {
          "schema_version": 0,
          "attributes": {
            "architectures": [
              "x86_64"
            ],
            "arn": "arn:aws:lambda:ap-southeast-1:033737710410:function:MonitoredLinkEditMultiple",
            "code_signing_config_arn": "",
            "dead_letter_config": [],
            "description": "",
            "environment": [
              {
                "variables": {
                  "deployment_environment_name": "prod",
                  "deployment_environment_purpose": "Enviroment accessed and used by end user",
                  "module_name": "app-be-serverless",
                  "project_name": "diskon-hunter-price-monitoring",
                  "project_name_short": "dhpm"
                }
              }
            ],
            "ephemeral_storage": [
              {
                "size": 512
              }
            ],
            "file_system_config": [],
            "filename": "./dist/functions/monitored-link-edit-multiple.zip",
            "function_name": "MonitoredLinkEditMultiple",
            "handler": "monitored-link-edit-multiple",
            "id": "MonitoredLinkEditMultiple",
            "image_config": [],
            "image_uri": "",
            "invoke_arn": "arn:aws:apigateway:ap-southeast-1:lambda:path/2015-03-31/functions/arn:aws:lambda:ap-southeast-1:033737710410:function:MonitoredLinkEditMultiple/invocations",
            "kms_key_arn": "",
            "last_modified": "2024-01-14T08:43:38.000+0000",
            "layers": [],
            "memory_size": 2048,
            "package_type": "Zip",
            "publish": true,
            "qualified_arn": "arn:aws:lambda:ap-southeast-1:033737710410:function:MonitoredLinkEditMultiple:11",
            "qualified_invoke_arn": "arn:aws:apigateway:ap-southeast-1:lambda:path/2015-03-31/functions/arn:aws:lambda:ap-southeast-1:033737710410:function:MonitoredLinkEditMultiple:11/invocations",
            "replace_security_groups_on_destroy": null,
            "replacement_security_group_ids": null,
            "reserved_concurrent_executions": -1,
            "role": "arn:aws:iam::033737710410:role/serverless_lambda",
            "runtime": "go1.x",
            "s3_bucket": null,
            "s3_key": null,
            "s3_object_version": null,
            "signing_job_arn": "",
            "signing_profile_version_arn": "",
            "skip_destroy": false,
            "snap_start": [],
            "source_code_hash": "poBNlJybcrLSfgCD6DxhzGCMGRA/+FUM9wvIEsScHZk=",
            "source_code_size": 9512889,
            "tags": {},
            "tags_all": {
              "deployment_environment_name": "prod",
              "deployment_environment_purpose": "Enviroment accessed and used by end user",
              "module_name": "app-be-serverless",
              "project_name": "diskon-hunter-price-monitoring"
            },
            "timeout": 15,
            "timeouts": null,
            "tracing_config": [
              {
                "mode": "PassThrough"
              }
            ],
            "version": "11",
            "vpc_config": []
          },
          "sensitive_attributes": [],
          "private": "eyJlMmJmYjczMC1lY2FhLTExZTYtOGY4OC0zNDM2M2JjN2M0YzAiOnsiY3JlYXRlIjo2MDAwMDAwMDAwMDAsImRlbGV0ZSI6NjAwMDAwMDAwMDAwLCJ1cGRhdGUiOjYwMDAwMDAwMDAwMH19",
          "dependencies": [
            "aws_iam_role.lambda_exec",
            "data.archive_file.lambda_monitored_link_edit_multiple",
            "null_resource.go_build_functions_output_monitored_link_edit_multiple"
          ]
        }
      ]
    },
    {
      "mode": "managed",
      "type": "aws_lambda_function",
      "name": "monitored_link_list",
      "provider": "provider[\"registry.terraform.io/hashicorp/aws\"]",
      "instances": [
        {
          "schema_version": 0,
          "attributes": {
            "architectures": [
              "x86_64"
            ],
            "arn": "arn:aws:lambda:ap-southeast-1:033737710410:function:MonitoredLinkList",
            "code_signing_config_arn": "",
            "dead_letter_config": [],
            "description": "",
            "environment": [
              {
                "variables": {
                  "aws_deployment_account_id": "033737710410",
                  "aws_deployment_region_short": "apse1",
                  "deployment_environment_name": "prod",
                  "deployment_environment_purpose": "Enviroment accessed and used by end user",
                  "module_name": "app-be-serverless",
                  "project_name": "diskon-hunter-price-monitoring",
                  "project_name_short": "dhpm"
                }
              }
            ],
            "ephemeral_storage": [
              {
                "size": 512
              }
            ],
            "file_system_config": [],
            "filename": "./dist/functions/monitored-link-list.zip",
            "function_name": "MonitoredLinkList",
            "handler": "monitored-link-list",
            "id": "MonitoredLinkList",
            "image_config": [],
            "image_uri": "",
            "invoke_arn": "arn:aws:apigateway:ap-southeast-1:lambda:path/2015-03-31/functions/arn:aws:lambda:ap-southeast-1:033737710410:function:MonitoredLinkList/invocations",
            "kms_key_arn": "",
            "last_modified": "2024-01-14T08:34:54.000+0000",
            "layers": [],
            "memory_size": 2048,
            "package_type": "Zip",
            "publish": true,
            "qualified_arn": "arn:aws:lambda:ap-southeast-1:033737710410:function:MonitoredLinkList:11",
            "qualified_invoke_arn": "arn:aws:apigateway:ap-southeast-1:lambda:path/2015-03-31/functions/arn:aws:lambda:ap-southeast-1:033737710410:function:MonitoredLinkList:11/invocations",
            "replace_security_groups_on_destroy": null,
            "replacement_security_group_ids": null,
            "reserved_concurrent_executions": -1,
            "role": "arn:aws:iam::033737710410:role/serverless_lambda",
            "runtime": "go1.x",
            "s3_bucket": null,
            "s3_key": null,
            "s3_object_version": null,
            "signing_job_arn": "",
            "signing_profile_version_arn": "",
            "skip_destroy": false,
            "snap_start": [],
            "source_code_hash": "gclL6YcrlueA14qnG++68jq/re24R8xG1GeApHIBlsg=",
            "source_code_size": 9487431,
            "tags": {},
            "tags_all": {
              "deployment_environment_name": "prod",
              "deployment_environment_purpose": "Enviroment accessed and used by end user",
              "module_name": "app-be-serverless",
              "project_name": "diskon-hunter-price-monitoring"
            },
            "timeout": 15,
            "timeouts": null,
            "tracing_config": [
              {
                "mode": "PassThrough"
              }
            ],
            "version": "11",
            "vpc_config": []
          },
          "sensitive_attributes": [],
          "private": "eyJlMmJmYjczMC1lY2FhLTExZTYtOGY4OC0zNDM2M2JjN2M0YzAiOnsiY3JlYXRlIjo2MDAwMDAwMDAwMDAsImRlbGV0ZSI6NjAwMDAwMDAwMDAwLCJ1cGRhdGUiOjYwMDAwMDAwMDAwMH19",
          "dependencies": [
            "aws_iam_role.lambda_exec",
            "data.archive_file.lambda_monitored_link_list",
            "null_resource.go_build_functions_output_monitored_link_list"
          ]
        }
      ]
    },
    {
      "mode": "managed",
      "type": "aws_lambda_function",
      "name": "searched_item_add_multiple",
      "provider": "provider[\"registry.terraform.io/hashicorp/aws\"]",
      "instances": [
        {
          "schema_version": 0,
          "attributes": {
            "architectures": [
              "x86_64"
            ],
            "arn": "arn:aws:lambda:ap-southeast-1:033737710410:function:SearchedItemAddMultiple",
            "code_signing_config_arn": "",
            "dead_letter_config": [],
            "description": "",
            "environment": [
              {
                "variables": {
                  "aws_deployment_account_id": "033737710410",
                  "aws_deployment_region_short": "apse1",
                  "deployment_environment_name": "prod",
                  "deployment_environment_purpose": "Enviroment accessed and used by end user",
                  "module_name": "app-be-serverless",
                  "project_name": "diskon-hunter-price-monitoring",
                  "project_name_short": "dhpm"
                }
              }
            ],
            "ephemeral_storage": [
              {
                "size": 512
              }
            ],
            "file_system_config": [],
            "filename": "./dist/functions/searched-item-add-multiple.zip",
            "function_name": "SearchedItemAddMultiple",
            "handler": "searched-item-add-multiple",
            "id": "SearchedItemAddMultiple",
            "image_config": [],
            "image_uri": "",
            "invoke_arn": "arn:aws:apigateway:ap-southeast-1:lambda:path/2015-03-31/functions/arn:aws:lambda:ap-southeast-1:033737710410:function:SearchedItemAddMultiple/invocations",
            "kms_key_arn": "",
            "last_modified": "2024-01-14T08:45:13.000+0000",
            "layers": [],
            "memory_size": 2048,
            "package_type": "Zip",
            "publish": true,
            "qualified_arn": "arn:aws:lambda:ap-southeast-1:033737710410:function:SearchedItemAddMultiple:2",
            "qualified_invoke_arn": "arn:aws:apigateway:ap-southeast-1:lambda:path/2015-03-31/functions/arn:aws:lambda:ap-southeast-1:033737710410:function:SearchedItemAddMultiple:2/invocations",
            "replace_security_groups_on_destroy": null,
            "replacement_security_group_ids": null,
            "reserved_concurrent_executions": -1,
            "role": "arn:aws:iam::033737710410:role/serverless_lambda",
            "runtime": "go1.x",
            "s3_bucket": null,
            "s3_key": null,
            "s3_object_version": null,
            "signing_job_arn": "",
            "signing_profile_version_arn": "",
            "skip_destroy": false,
            "snap_start": [],
            "source_code_hash": "kMeKuF8OzRKdZDkJWJmfOrXsLlLTfDaCq/e1d81Bvds=",
            "source_code_size": 9480238,
            "tags": {},
            "tags_all": {
              "deployment_environment_name": "prod",
              "deployment_environment_purpose": "Enviroment accessed and used by end user",
              "module_name": "app-be-serverless",
              "project_name": "diskon-hunter-price-monitoring"
            },
            "timeout": 15,
            "timeouts": null,
            "tracing_config": [
              {
                "mode": "PassThrough"
              }
            ],
            "version": "2",
            "vpc_config": []
          },
          "sensitive_attributes": [],
          "private": "eyJlMmJmYjczMC1lY2FhLTExZTYtOGY4OC0zNDM2M2JjN2M0YzAiOnsiY3JlYXRlIjo2MDAwMDAwMDAwMDAsImRlbGV0ZSI6NjAwMDAwMDAwMDAwLCJ1cGRhdGUiOjYwMDAwMDAwMDAwMH19",
          "dependencies": [
            "aws_iam_role.lambda_exec",
            "data.archive_file.lambda_searched_item_add_multiple",
            "null_resource.go_build_functions_output_searched_item_add_multiple"
          ]
        }
      ]
    },
    {
      "mode": "managed",
      "type": "aws_lambda_function",
      "name": "searched_item_edit_multiple",
      "provider": "provider[\"registry.terraform.io/hashicorp/aws\"]",
      "instances": [
        {
          "schema_version": 0,
          "attributes": {
            "architectures": [
              "x86_64"
            ],
            "arn": "arn:aws:lambda:ap-southeast-1:033737710410:function:SearchedItemEditMultiple",
            "code_signing_config_arn": "",
            "dead_letter_config": [],
            "description": "",
            "environment": [
              {
                "variables": {
                  "deployment_environment_name": "prod",
                  "deployment_environment_purpose": "Enviroment accessed and used by end user",
                  "module_name": "app-be-serverless",
                  "project_name": "diskon-hunter-price-monitoring",
                  "project_name_short": "dhpm"
                }
              }
            ],
            "ephemeral_storage": [
              {
                "size": 512
              }
            ],
            "file_system_config": [],
            "filename": "./dist/functions/searched-item-edit-multiple.zip",
            "function_name": "SearchedItemEditMultiple",
            "handler": "searched-item-edit-multiple",
            "id": "SearchedItemEditMultiple",
            "image_config": [],
            "image_uri": "",
            "invoke_arn": "arn:aws:apigateway:ap-southeast-1:lambda:path/2015-03-31/functions/arn:aws:lambda:ap-southeast-1:033737710410:function:SearchedItemEditMultiple/invocations",
            "kms_key_arn": "",
            "last_modified": "2024-01-14T08:36:26.000+0000",
            "layers": [],
            "memory_size": 2048,
            "package_type": "Zip",
            "publish": true,
            "qualified_arn": "arn:aws:lambda:ap-southeast-1:033737710410:function:SearchedItemEditMultiple:2",
            "qualified_invoke_arn": "arn:aws:apigateway:ap-southeast-1:lambda:path/2015-03-31/functions/arn:aws:lambda:ap-southeast-1:033737710410:function:SearchedItemEditMultiple:2/invocations",
            "replace_security_groups_on_destroy": null,
            "replacement_security_group_ids": null,
            "reserved_concurrent_executions": -1,
            "role": "arn:aws:iam::033737710410:role/serverless_lambda",
            "runtime": "go1.x",
            "s3_bucket": null,
            "s3_key": null,
            "s3_object_version": null,
            "signing_job_arn": "",
            "signing_profile_version_arn": "",
            "skip_destroy": false,
            "snap_start": [],
            "source_code_hash": "nZwxxjwQsdnOSWg1JTLWsDBxwRAM4Q8ZkzAFns2WiyI=",
            "source_code_size": 9511064,
            "tags": {},
            "tags_all": {
              "deployment_environment_name": "prod",
              "deployment_environment_purpose": "Enviroment accessed and used by end user",
              "module_name": "app-be-serverless",
              "project_name": "diskon-hunter-price-monitoring"
            },
            "timeout": 15,
            "timeouts": null,
            "tracing_config": [
              {
                "mode": "PassThrough"
              }
            ],
            "version": "2",
            "vpc_config": []
          },
          "sensitive_attributes": [],
          "private": "eyJlMmJmYjczMC1lY2FhLTExZTYtOGY4OC0zNDM2M2JjN2M0YzAiOnsiY3JlYXRlIjo2MDAwMDAwMDAwMDAsImRlbGV0ZSI6NjAwMDAwMDAwMDAwLCJ1cGRhdGUiOjYwMDAwMDAwMDAwMH19",
          "dependencies": [
            "aws_iam_role.lambda_exec",
            "data.archive_file.lambda_searched_item_edit_multiple",
            "null_resource.go_build_functions_output_searched_item_edit_multiple"
          ]
        }
      ]
    },
    {
      "mode": "managed",
      "type": "aws_lambda_function",
      "name": "searched_item_list",
      "provider": "provider[\"registry.terraform.io/hashicorp/aws\"]",
      "instances": [
        {
          "schema_version": 0,
          "attributes": {
            "architectures": [
              "x86_64"
            ],
            "arn": "arn:aws:lambda:ap-southeast-1:033737710410:function:SearchedItemList",
            "code_signing_config_arn": "",
            "dead_letter_config": [],
            "description": "",
            "environment": [
              {
                "variables": {
                  "aws_deployment_account_id": "033737710410",
                  "aws_deployment_region_short": "apse1",
                  "deployment_environment_name": "prod",
                  "deployment_environment_purpose": "Enviroment accessed and used by end user",
                  "module_name": "app-be-serverless",
                  "project_name": "diskon-hunter-price-monitoring",
                  "project_name_short": "dhpm"
                }
              }
            ],
            "ephemeral_storage": [
              {
                "size": 512
              }
            ],
            "file_system_config": [],
            "filename": "./dist/functions/searched-item-list.zip",
            "function_name": "SearchedItemList",
            "handler": "searched-item-list",
            "id": "SearchedItemList",
            "image_config": [],
            "image_uri": "",
            "invoke_arn": "arn:aws:apigateway:ap-southeast-1:lambda:path/2015-03-31/functions/arn:aws:lambda:ap-southeast-1:033737710410:function:SearchedItemList/invocations",
            "kms_key_arn": "",
            "last_modified": "2024-01-14T08:29:29.000+0000",
            "layers": [],
            "memory_size": 2048,
            "package_type": "Zip",
            "publish": true,
            "qualified_arn": "arn:aws:lambda:ap-southeast-1:033737710410:function:SearchedItemList:3",
            "qualified_invoke_arn": "arn:aws:apigateway:ap-southeast-1:lambda:path/2015-03-31/functions/arn:aws:lambda:ap-southeast-1:033737710410:function:SearchedItemList:3/invocations",
            "replace_security_groups_on_destroy": null,
            "replacement_security_group_ids": null,
            "reserved_concurrent_executions": -1,
            "role": "arn:aws:iam::033737710410:role/serverless_lambda",
            "runtime": "go1.x",
            "s3_bucket": null,
            "s3_key": null,
            "s3_object_version": null,
            "signing_job_arn": "",
            "signing_profile_version_arn": "",
            "skip_destroy": false,
            "snap_start": [],
            "source_code_hash": "IE0vbjJDkuEWXYIZGpDpfxmO15/x9yoJQ8EJPT1s5m8=",
            "source_code_size": 9480773,
            "tags": {},
            "tags_all": {
              "deployment_environment_name": "prod",
              "deployment_environment_purpose": "Enviroment accessed and used by end user",
              "module_name": "app-be-serverless",
              "project_name": "diskon-hunter-price-monitoring"
            },
            "timeout": 15,
            "timeouts": null,
            "tracing_config": [
              {
                "mode": "PassThrough"
              }
            ],
            "version": "3",
            "vpc_config": []
          },
          "sensitive_attributes": [],
          "private": "eyJlMmJmYjczMC1lY2FhLTExZTYtOGY4OC0zNDM2M2JjN2M0YzAiOnsiY3JlYXRlIjo2MDAwMDAwMDAwMDAsImRlbGV0ZSI6NjAwMDAwMDAwMDAwLCJ1cGRhdGUiOjYwMDAwMDAwMDAwMH19",
          "dependencies": [
            "aws_iam_role.lambda_exec",
            "data.archive_file.lambda_searched_item_list",
            "null_resource.go_build_functions_output_searched_item_list"
          ]
        }
      ]
    },
    {
      "mode": "managed",
      "type": "aws_lambda_function",
      "name": "user_edit",
      "provider": "provider[\"registry.terraform.io/hashicorp/aws\"]",
      "instances": [
        {
          "schema_version": 0,
          "attributes": {
            "architectures": [
              "x86_64"
            ],
            "arn": "arn:aws:lambda:ap-southeast-1:033737710410:function:UserEdit",
            "code_signing_config_arn": "",
            "dead_letter_config": [],
            "description": "",
            "environment": [
              {
                "variables": {
                  "aws_deployment_account_id": "033737710410",
                  "aws_deployment_region_short": "apse1",
                  "deployment_environment_name": "prod",
                  "deployment_environment_purpose": "Enviroment accessed and used by end user",
                  "module_name": "app-be-serverless",
                  "project_name": "diskon-hunter-price-monitoring",
                  "project_name_short": "dhpm"
                }
              }
            ],
            "ephemeral_storage": [
              {
                "size": 512
              }
            ],
            "file_system_config": [],
            "filename": "./dist/functions/user-edit.zip",
            "function_name": "UserEdit",
            "handler": "user-edit",
            "id": "UserEdit",
            "image_config": [],
            "image_uri": "",
            "invoke_arn": "arn:aws:apigateway:ap-southeast-1:lambda:path/2015-03-31/functions/arn:aws:lambda:ap-southeast-1:033737710410:function:UserEdit/invocations",
            "kms_key_arn": "",
            "last_modified": "2024-01-14T08:31:18.000+0000",
            "layers": [],
            "memory_size": 2048,
            "package_type": "Zip",
            "publish": true,
            "qualified_arn": "arn:aws:lambda:ap-southeast-1:033737710410:function:UserEdit:8",
            "qualified_invoke_arn": "arn:aws:apigateway:ap-southeast-1:lambda:path/2015-03-31/functions/arn:aws:lambda:ap-southeast-1:033737710410:function:UserEdit:8/invocations",
            "replace_security_groups_on_destroy": null,
            "replacement_security_group_ids": null,
            "reserved_concurrent_executions": -1,
            "role": "arn:aws:iam::033737710410:role/serverless_lambda",
            "runtime": "go1.x",
            "s3_bucket": null,
            "s3_key": null,
            "s3_object_version": null,
            "signing_job_arn": "",
            "signing_profile_version_arn": "",
            "skip_destroy": false,
            "snap_start": [],
            "source_code_hash": "hSGM4SR4eFNtHz+YJSzVW2NeCBXoCY3y5VBA71Unrf8=",
            "source_code_size": 9522400,
            "tags": {},
            "tags_all": {
              "deployment_environment_name": "prod",
              "deployment_environment_purpose": "Enviroment accessed and used by end user",
              "module_name": "app-be-serverless",
              "project_name": "diskon-hunter-price-monitoring"
            },
            "timeout": 15,
            "timeouts": null,
            "tracing_config": [
              {
                "mode": "PassThrough"
              }
            ],
            "version": "8",
            "vpc_config": []
          },
          "sensitive_attributes": [],
          "private": "eyJlMmJmYjczMC1lY2FhLTExZTYtOGY4OC0zNDM2M2JjN2M0YzAiOnsiY3JlYXRlIjo2MDAwMDAwMDAwMDAsImRlbGV0ZSI6NjAwMDAwMDAwMDAwLCJ1cGRhdGUiOjYwMDAwMDAwMDAwMH19",
          "dependencies": [
            "aws_iam_role.lambda_exec",
            "data.archive_file.lambda_user_edit",
            "null_resource.go_build_functions_output_user_edit"
          ]
        }
      ]
    },
    {
      "mode": "managed",
      "type": "aws_lambda_function",
      "name": "user_me",
      "provider": "provider[\"registry.terraform.io/hashicorp/aws\"]",
      "instances": [
        {
          "schema_version": 0,
          "attributes": {
            "architectures": [
              "x86_64"
            ],
            "arn": "arn:aws:lambda:ap-southeast-1:033737710410:function:UserMe",
            "code_signing_config_arn": "",
            "dead_letter_config": [],
            "description": "",
            "environment": [
              {
                "variables": {
                  "deployment_environment_name": "prod",
                  "deployment_environment_purpose": "Enviroment accessed and used by end user",
                  "module_name": "app-be-serverless",
                  "project_name": "diskon-hunter-price-monitoring",
                  "project_name_short": "dhpm",
                  "route_key": "POST /v1/user.me"
                }
              }
            ],
            "ephemeral_storage": [
              {
                "size": 512
              }
            ],
            "file_system_config": [],
            "filename": "./dist/functions/user-me.zip",
            "function_name": "UserMe",
            "handler": "user-me",
            "id": "UserMe",
            "image_config": [],
            "image_uri": "",
            "invoke_arn": "arn:aws:apigateway:ap-southeast-1:lambda:path/2015-03-31/functions/arn:aws:lambda:ap-southeast-1:033737710410:function:UserMe/invocations",
            "kms_key_arn": "",
            "last_modified": "2024-01-14T08:32:40.000+0000",
            "layers": [],
            "memory_size": 2048,
            "package_type": "Zip",
            "publish": true,
            "qualified_arn": "arn:aws:lambda:ap-southeast-1:033737710410:function:UserMe:7",
            "qualified_invoke_arn": "arn:aws:apigateway:ap-southeast-1:lambda:path/2015-03-31/functions/arn:aws:lambda:ap-southeast-1:033737710410:function:UserMe:7/invocations",
            "replace_security_groups_on_destroy": null,
            "replacement_security_group_ids": null,
            "reserved_concurrent_executions": -1,
            "role": "arn:aws:iam::033737710410:role/serverless_lambda",
            "runtime": "go1.x",
            "s3_bucket": null,
            "s3_key": null,
            "s3_object_version": null,
            "signing_job_arn": "",
            "signing_profile_version_arn": "",
            "skip_destroy": false,
            "snap_start": [],
            "source_code_hash": "w9S2aZG6muXOfmrhSY4PO52+nDo24CaLKka65grOrDU=",
            "source_code_size": 9474200,
            "tags": {},
            "tags_all": {
              "deployment_environment_name": "prod",
              "deployment_environment_purpose": "Enviroment accessed and used by end user",
              "module_name": "app-be-serverless",
              "project_name": "diskon-hunter-price-monitoring"
            },
            "timeout": 15,
            "timeouts": null,
            "tracing_config": [
              {
                "mode": "PassThrough"
              }
            ],
            "version": "7",
            "vpc_config": []
          },
          "sensitive_attributes": [],
          "private": "eyJlMmJmYjczMC1lY2FhLTExZTYtOGY4OC0zNDM2M2JjN2M0YzAiOnsiY3JlYXRlIjo2MDAwMDAwMDAwMDAsImRlbGV0ZSI6NjAwMDAwMDAwMDAwLCJ1cGRhdGUiOjYwMDAwMDAwMDAwMH19",
          "dependencies": [
            "aws_iam_role.lambda_exec",
            "data.archive_file.lambda_user_me",
            "null_resource.go_build_functions_output_user_me"
          ]
        }
      ]
    },
    {
      "mode": "managed",
      "type": "aws_lambda_function",
      "name": "user_reset_password",
      "provider": "provider[\"registry.terraform.io/hashicorp/aws\"]",
      "instances": [
        {
          "schema_version": 0,
          "attributes": {
            "architectures": [
              "x86_64"
            ],
            "arn": "arn:aws:lambda:ap-southeast-1:033737710410:function:UserResetPassword",
            "code_signing_config_arn": "",
            "dead_letter_config": [],
            "description": "",
            "environment": [
              {
                "variables": {
                  "aws_deployment_account_id": "033737710410",
                  "aws_deployment_region_short": "apse1",
                  "deployment_environment_name": "prod",
                  "deployment_environment_purpose": "Enviroment accessed and used by end user",
                  "module_name": "app-be-serverless",
                  "project_name": "diskon-hunter-price-monitoring",
                  "project_name_short": "dhpm"
                }
              }
            ],
            "ephemeral_storage": [
              {
                "size": 512
              }
            ],
            "file_system_config": [],
            "filename": "./dist/functions/user-reset-password.zip",
            "function_name": "UserResetPassword",
            "handler": "user-reset-password",
            "id": "UserResetPassword",
            "image_config": [],
            "image_uri": "",
            "invoke_arn": "arn:aws:apigateway:ap-southeast-1:lambda:path/2015-03-31/functions/arn:aws:lambda:ap-southeast-1:033737710410:function:UserResetPassword/invocations",
            "kms_key_arn": "",
            "last_modified": "2024-01-14T08:41:59.000+0000",
            "layers": [],
            "memory_size": 2048,
            "package_type": "Zip",
            "publish": true,
            "qualified_arn": "arn:aws:lambda:ap-southeast-1:033737710410:function:UserResetPassword:9",
            "qualified_invoke_arn": "arn:aws:apigateway:ap-southeast-1:lambda:path/2015-03-31/functions/arn:aws:lambda:ap-southeast-1:033737710410:function:UserResetPassword:9/invocations",
            "replace_security_groups_on_destroy": null,
            "replacement_security_group_ids": null,
            "reserved_concurrent_executions": -1,
            "role": "arn:aws:iam::033737710410:role/serverless_lambda",
            "runtime": "go1.x",
            "s3_bucket": null,
            "s3_key": null,
            "s3_object_version": null,
            "signing_job_arn": "",
            "signing_profile_version_arn": "",
            "skip_destroy": false,
            "snap_start": [],
            "source_code_hash": "Tzb4+NtMvScQQxxI8yqfEQfYG5xI7uSN0PdkEH0gWy4=",
            "source_code_size": 9089687,
            "tags": {},
            "tags_all": {
              "deployment_environment_name": "prod",
              "deployment_environment_purpose": "Enviroment accessed and used by end user",
              "module_name": "app-be-serverless",
              "project_name": "diskon-hunter-price-monitoring"
            },
            "timeout": 15,
            "timeouts": null,
            "tracing_config": [
              {
                "mode": "PassThrough"
              }
            ],
            "version": "9",
            "vpc_config": []
          },
          "sensitive_attributes": [],
          "private": "eyJlMmJmYjczMC1lY2FhLTExZTYtOGY4OC0zNDM2M2JjN2M0YzAiOnsiY3JlYXRlIjo2MDAwMDAwMDAwMDAsImRlbGV0ZSI6NjAwMDAwMDAwMDAwLCJ1cGRhdGUiOjYwMDAwMDAwMDAwMH19",
          "dependencies": [
            "aws_iam_role.lambda_exec",
            "data.archive_file.lambda_user_reset_password",
            "null_resource.go_build_functions_output_user_reset_password"
          ]
        }
      ]
    },
    {
      "mode": "managed",
      "type": "aws_lambda_function",
      "name": "user_sign_in",
      "provider": "provider[\"registry.terraform.io/hashicorp/aws\"]",
      "instances": [
        {
          "schema_version": 0,
          "attributes": {
            "architectures": [
              "x86_64"
            ],
            "arn": "arn:aws:lambda:ap-southeast-1:033737710410:function:UserSignIn",
            "code_signing_config_arn": "",
            "dead_letter_config": [],
            "description": "",
            "environment": [
              {
                "variables": {
                  "deployment_environment_name": "prod",
                  "deployment_environment_purpose": "Enviroment accessed and used by end user",
                  "module_name": "app-be-serverless",
                  "project_name": "diskon-hunter-price-monitoring",
                  "project_name_short": "dhpm",
                  "route_key": "POST /v1/user.signin"
                }
              }
            ],
            "ephemeral_storage": [
              {
                "size": 512
              }
            ],
            "file_system_config": [],
            "filename": "./dist/functions/user-signin.zip",
            "function_name": "UserSignIn",
            "handler": "user-signin",
            "id": "UserSignIn",
            "image_config": [],
            "image_uri": "",
            "invoke_arn": "arn:aws:apigateway:ap-southeast-1:lambda:path/2015-03-31/functions/arn:aws:lambda:ap-southeast-1:033737710410:function:UserSignIn/invocations",
            "kms_key_arn": "",
            "last_modified": "2024-01-14T08:37:31.000+0000",
            "layers": [],
            "memory_size": 2048,
            "package_type": "Zip",
            "publish": true,
            "qualified_arn": "arn:aws:lambda:ap-southeast-1:033737710410:function:UserSignIn:15",
            "qualified_invoke_arn": "arn:aws:apigateway:ap-southeast-1:lambda:path/2015-03-31/functions/arn:aws:lambda:ap-southeast-1:033737710410:function:UserSignIn:15/invocations",
            "replace_security_groups_on_destroy": null,
            "replacement_security_group_ids": null,
            "reserved_concurrent_executions": -1,
            "role": "arn:aws:iam::033737710410:role/serverless_lambda",
            "runtime": "go1.x",
            "s3_bucket": null,
            "s3_key": null,
            "s3_object_version": null,
            "signing_job_arn": "",
            "signing_profile_version_arn": "",
            "skip_destroy": false,
            "snap_start": [],
            "source_code_hash": "EWq0flXltftH/W+wPT7oKetmQ6OK4yBq+N/Kecco/rw=",
            "source_code_size": 9471613,
            "tags": {},
            "tags_all": {
              "deployment_environment_name": "prod",
              "deployment_environment_purpose": "Enviroment accessed and used by end user",
              "module_name": "app-be-serverless",
              "project_name": "diskon-hunter-price-monitoring"
            },
            "timeout": 15,
            "timeouts": null,
            "tracing_config": [
              {
                "mode": "PassThrough"
              }
            ],
            "version": "15",
            "vpc_config": []
          },
          "sensitive_attributes": [],
          "private": "eyJlMmJmYjczMC1lY2FhLTExZTYtOGY4OC0zNDM2M2JjN2M0YzAiOnsiY3JlYXRlIjo2MDAwMDAwMDAwMDAsImRlbGV0ZSI6NjAwMDAwMDAwMDAwLCJ1cGRhdGUiOjYwMDAwMDAwMDAwMH19",
          "dependencies": [
            "aws_iam_role.lambda_exec",
            "data.archive_file.lambda_user_sign_in",
            "null_resource.go_build_functions_output_user_sign_in"
          ]
        }
      ]
    },
    {
      "mode": "managed",
      "type": "aws_lambda_function",
      "name": "user_sign_up",
      "provider": "provider[\"registry.terraform.io/hashicorp/aws\"]",
      "instances": [
        {
          "schema_version": 0,
          "attributes": {
            "architectures": [
              "x86_64"
            ],
            "arn": "arn:aws:lambda:ap-southeast-1:033737710410:function:UserSignUp",
            "code_signing_config_arn": "",
            "dead_letter_config": [],
            "description": "",
            "environment": [
              {
                "variables": {
                  "aws_deployment_account_id": "033737710410",
                  "aws_deployment_region_short": "apse1",
                  "deployment_environment_name": "prod",
                  "deployment_environment_purpose": "Enviroment accessed and used by end user",
                  "module_name": "app-be-serverless",
                  "project_name": "diskon-hunter-price-monitoring",
                  "project_name_short": "dhpm"
                }
              }
            ],
            "ephemeral_storage": [
              {
                "size": 512
              }
            ],
            "file_system_config": [],
            "filename": "./dist/functions/user-signup.zip",
            "function_name": "UserSignUp",
            "handler": "user-signup",
            "id": "UserSignUp",
            "image_config": [],
            "image_uri": "",
            "invoke_arn": "arn:aws:apigateway:ap-southeast-1:lambda:path/2015-03-31/functions/arn:aws:lambda:ap-southeast-1:033737710410:function:UserSignUp/invocations",
            "kms_key_arn": "",
            "last_modified": "2024-01-21T09:46:56.000+0000",
            "layers": [],
            "memory_size": 2048,
            "package_type": "Zip",
            "publish": true,
            "qualified_arn": "arn:aws:lambda:ap-southeast-1:033737710410:function:UserSignUp:15",
            "qualified_invoke_arn": "arn:aws:apigateway:ap-southeast-1:lambda:path/2015-03-31/functions/arn:aws:lambda:ap-southeast-1:033737710410:function:UserSignUp:15/invocations",
            "replace_security_groups_on_destroy": null,
            "replacement_security_group_ids": null,
            "reserved_concurrent_executions": -1,
            "role": "arn:aws:iam::033737710410:role/serverless_lambda",
            "runtime": "go1.x",
            "s3_bucket": null,
            "s3_key": null,
            "s3_object_version": null,
            "signing_job_arn": "",
            "signing_profile_version_arn": "",
            "skip_destroy": false,
            "snap_start": [],
            "source_code_hash": "QzZ4HxRmwlJnc8Yy4m/4+HVBknG9+pMmVRqBoaeM1VQ=",
            "source_code_size": 9056879,
            "tags": {},
            "tags_all": {
              "deployment_environment_name": "prod",
              "deployment_environment_purpose": "Enviroment accessed and used by end user",
              "module_name": "app-be-serverless",
              "project_name": "diskon-hunter-price-monitoring"
            },
            "timeout": 15,
            "timeouts": null,
            "tracing_config": [
              {
                "mode": "PassThrough"
              }
            ],
            "version": "15",
            "vpc_config": []
          },
          "sensitive_attributes": [],
          "private": "eyJlMmJmYjczMC1lY2FhLTExZTYtOGY4OC0zNDM2M2JjN2M0YzAiOnsiY3JlYXRlIjo2MDAwMDAwMDAwMDAsImRlbGV0ZSI6NjAwMDAwMDAwMDAwLCJ1cGRhdGUiOjYwMDAwMDAwMDAwMH19",
          "dependencies": [
            "aws_iam_role.lambda_exec",
            "data.archive_file.lambda_user_sign_up",
            "null_resource.go_build_functions_output_user_sign_up"
          ]
        }
      ]
    },
    {
      "mode": "managed",
      "type": "aws_lambda_function",
      "name": "user_validate_otp",
      "provider": "provider[\"registry.terraform.io/hashicorp/aws\"]",
      "instances": [
        {
          "schema_version": 0,
          "attributes": {
            "architectures": [
              "x86_64"
            ],
            "arn": "arn:aws:lambda:ap-southeast-1:033737710410:function:UserValidateOtp",
            "code_signing_config_arn": "",
            "dead_letter_config": [],
            "description": "",
            "environment": [
              {
                "variables": {
                  "aws_deployment_account_id": "033737710410",
                  "aws_deployment_region_short": "apse1",
                  "deployment_environment_name": "prod",
                  "deployment_environment_purpose": "Enviroment accessed and used by end user",
                  "module_name": "app-be-serverless",
                  "project_name": "diskon-hunter-price-monitoring",
                  "project_name_short": "dhpm"
                }
              }
            ],
            "ephemeral_storage": [
              {
                "size": 512
              }
            ],
            "file_system_config": [],
            "filename": "./dist/functions/user-validate-otp.zip",
            "function_name": "UserValidateOtp",
            "handler": "user-validate-otp",
            "id": "UserValidateOtp",
            "image_config": [],
            "image_uri": "",
            "invoke_arn": "arn:aws:apigateway:ap-southeast-1:lambda:path/2015-03-31/functions/arn:aws:lambda:ap-southeast-1:033737710410:function:UserValidateOtp/invocations",
            "kms_key_arn": "",
            "last_modified": "2024-01-14T08:39:25.000+0000",
            "layers": [],
            "memory_size": 2048,
            "package_type": "Zip",
            "publish": true,
            "qualified_arn": "arn:aws:lambda:ap-southeast-1:033737710410:function:UserValidateOtp:9",
            "qualified_invoke_arn": "arn:aws:apigateway:ap-southeast-1:lambda:path/2015-03-31/functions/arn:aws:lambda:ap-southeast-1:033737710410:function:UserValidateOtp:9/invocations",
            "replace_security_groups_on_destroy": null,
            "replacement_security_group_ids": null,
            "reserved_concurrent_executions": -1,
            "role": "arn:aws:iam::033737710410:role/serverless_lambda",
            "runtime": "go1.x",
            "s3_bucket": null,
            "s3_key": null,
            "s3_object_version": null,
            "signing_job_arn": "",
            "signing_profile_version_arn": "",
            "skip_destroy": false,
            "snap_start": [],
            "source_code_hash": "HtERObPWFskk+RbQohVoHTz1srxK6Th5cgOn/SjESFQ=",
            "source_code_size": 9043611,
            "tags": {},
            "tags_all": {
              "deployment_environment_name": "prod",
              "deployment_environment_purpose": "Enviroment accessed and used by end user",
              "module_name": "app-be-serverless",
              "project_name": "diskon-hunter-price-monitoring"
            },
            "timeout": 15,
            "timeouts": null,
            "tracing_config": [
              {
                "mode": "PassThrough"
              }
            ],
            "version": "9",
            "vpc_config": []
          },
          "sensitive_attributes": [],
          "private": "eyJlMmJmYjczMC1lY2FhLTExZTYtOGY4OC0zNDM2M2JjN2M0YzAiOnsiY3JlYXRlIjo2MDAwMDAwMDAwMDAsImRlbGV0ZSI6NjAwMDAwMDAwMDAwLCJ1cGRhdGUiOjYwMDAwMDAwMDAwMH19",
          "dependencies": [
            "aws_iam_role.lambda_exec",
            "data.archive_file.lambda_user_validate_otp",
            "null_resource.go_build_functions_output_user_validate_otp"
          ]
        }
      ]
    },
    {
      "mode": "managed",
      "type": "aws_lambda_permission",
      "name": "api_gw_app_version",
      "provider": "provider[\"registry.terraform.io/hashicorp/aws\"]",
      "instances": [
        {
          "schema_version": 0,
          "attributes": {
            "action": "lambda:InvokeFunction",
            "event_source_token": null,
            "function_name": "AppVersion",
            "function_url_auth_type": null,
            "id": "AllowExecutionFromAPIGateway",
            "principal": "apigateway.amazonaws.com",
            "principal_org_id": null,
            "qualifier": "",
            "source_account": null,
            "source_arn": "arn:aws:execute-api:ap-southeast-1:033737710410:ueb8gkzdtj/*/*",
            "statement_id": "AllowExecutionFromAPIGateway",
            "statement_id_prefix": ""
          },
          "sensitive_attributes": [],
          "private": "bnVsbA==",
          "dependencies": [
            "aws_apigatewayv2_api.lambda",
            "aws_iam_role.lambda_exec",
            "aws_lambda_function.app_version",
            "data.archive_file.lambda_app_version",
            "null_resource.go_build_functions_output_app_version"
          ]
        }
      ]
    },
    {
      "mode": "managed",
      "type": "aws_lambda_permission",
      "name": "api_gw_hello_world",
      "provider": "provider[\"registry.terraform.io/hashicorp/aws\"]",
      "instances": [
        {
          "schema_version": 0,
          "attributes": {
            "action": "lambda:InvokeFunction",
            "event_source_token": null,
            "function_name": "HelloWorld",
            "function_url_auth_type": null,
            "id": "AllowExecutionFromAPIGateway",
            "principal": "apigateway.amazonaws.com",
            "principal_org_id": null,
            "qualifier": "",
            "source_account": null,
            "source_arn": "arn:aws:execute-api:ap-southeast-1:033737710410:ueb8gkzdtj/*/*",
            "statement_id": "AllowExecutionFromAPIGateway",
            "statement_id_prefix": ""
          },
          "sensitive_attributes": [],
          "private": "bnVsbA==",
          "dependencies": [
            "aws_apigatewayv2_api.lambda",
            "aws_iam_role.lambda_exec",
            "aws_lambda_function.hello_world",
            "data.archive_file.lambda_hello_world",
            "null_resource.go_build_functions_output_hello_world"
          ]
        }
      ]
    },
    {
      "mode": "managed",
      "type": "aws_lambda_permission",
      "name": "cron_populate_monitored_link_latest_price",
      "provider": "provider[\"registry.terraform.io/hashicorp/aws\"]",
      "instances": [
        {
          "schema_version": 0,
          "attributes": {
            "action": "lambda:InvokeFunction",
            "event_source_token": null,
            "function_name": "CronPopulateMonitoredLinkLatestPrice",
            "function_url_auth_type": null,
            "id": "AllowExecutionFromCloudWatch",
            "principal": "events.amazonaws.com",
            "principal_org_id": null,
            "qualifier": "",
            "source_account": null,
            "source_arn": "arn:aws:events:ap-southeast-1:033737710410:rule/schedule_for_cron_populate_monitored_link_latest_price",
            "statement_id": "AllowExecutionFromCloudWatch",
            "statement_id_prefix": ""
          },
          "sensitive_attributes": [],
          "private": "bnVsbA==",
          "dependencies": [
            "aws_cloudwatch_event_rule.cron_populate_monitored_link_latest_price",
            "aws_iam_role.lambda_exec",
            "aws_lambda_function.cron_populate_monitored_link_latest_price",
            "data.archive_file.lambda_cron_populate_monitored_link_latest_price",
            "null_resource.go_build_functions_output_cron_populate_monitored_link_latest_price"
          ]
        }
      ]
    },
    {
      "mode": "managed",
      "type": "aws_lambda_permission",
      "name": "monitored_link_add_multiple",
      "provider": "provider[\"registry.terraform.io/hashicorp/aws\"]",
      "instances": [
        {
          "schema_version": 0,
          "attributes": {
            "action": "lambda:InvokeFunction",
            "event_source_token": null,
            "function_name": "MonitoredLinkAddMultiple",
            "function_url_auth_type": null,
            "id": "AllowExecutionFromAPIGateway",
            "principal": "apigateway.amazonaws.com",
            "principal_org_id": null,
            "qualifier": "",
            "source_account": null,
            "source_arn": "arn:aws:execute-api:ap-southeast-1:033737710410:ueb8gkzdtj/*/*",
            "statement_id": "AllowExecutionFromAPIGateway",
            "statement_id_prefix": ""
          },
          "sensitive_attributes": [],
          "private": "bnVsbA==",
          "dependencies": [
            "aws_apigatewayv2_api.lambda",
            "aws_iam_role.lambda_exec",
            "aws_lambda_function.monitored_link_add_multiple",
            "data.archive_file.lambda_monitored_link_add_multiple",
            "null_resource.go_build_functions_output_monitored_link_add_multiple"
          ]
        }
      ]
    },
    {
      "mode": "managed",
      "type": "aws_lambda_permission",
      "name": "monitored_link_edit_multiple",
      "provider": "provider[\"registry.terraform.io/hashicorp/aws\"]",
      "instances": [
        {
          "schema_version": 0,
          "attributes": {
            "action": "lambda:InvokeFunction",
            "event_source_token": null,
            "function_name": "MonitoredLinkEditMultiple",
            "function_url_auth_type": null,
            "id": "AllowExecutionFromAPIGateway",
            "principal": "apigateway.amazonaws.com",
            "principal_org_id": null,
            "qualifier": "",
            "source_account": null,
            "source_arn": "arn:aws:execute-api:ap-southeast-1:033737710410:ueb8gkzdtj/*/*",
            "statement_id": "AllowExecutionFromAPIGateway",
            "statement_id_prefix": ""
          },
          "sensitive_attributes": [],
          "private": "bnVsbA==",
          "dependencies": [
            "aws_apigatewayv2_api.lambda",
            "aws_iam_role.lambda_exec",
            "aws_lambda_function.monitored_link_edit_multiple",
            "data.archive_file.lambda_monitored_link_edit_multiple",
            "null_resource.go_build_functions_output_monitored_link_edit_multiple"
          ]
        }
      ]
    },
    {
      "mode": "managed",
      "type": "aws_lambda_permission",
      "name": "monitored_link_list",
      "provider": "provider[\"registry.terraform.io/hashicorp/aws\"]",
      "instances": [
        {
          "schema_version": 0,
          "attributes": {
            "action": "lambda:InvokeFunction",
            "event_source_token": null,
            "function_name": "MonitoredLinkList",
            "function_url_auth_type": null,
            "id": "AllowExecutionFromAPIGateway",
            "principal": "apigateway.amazonaws.com",
            "principal_org_id": null,
            "qualifier": "",
            "source_account": null,
            "source_arn": "arn:aws:execute-api:ap-southeast-1:033737710410:ueb8gkzdtj/*/*",
            "statement_id": "AllowExecutionFromAPIGateway",
            "statement_id_prefix": ""
          },
          "sensitive_attributes": [],
          "private": "bnVsbA==",
          "dependencies": [
            "aws_apigatewayv2_api.lambda",
            "aws_iam_role.lambda_exec",
            "aws_lambda_function.monitored_link_list",
            "data.archive_file.lambda_monitored_link_list",
            "null_resource.go_build_functions_output_monitored_link_list"
          ]
        }
      ]
    },
    {
      "mode": "managed",
      "type": "aws_lambda_permission",
      "name": "searched_item_add_multiple",
      "provider": "provider[\"registry.terraform.io/hashicorp/aws\"]",
      "instances": [
        {
          "schema_version": 0,
          "attributes": {
            "action": "lambda:InvokeFunction",
            "event_source_token": null,
            "function_name": "SearchedItemAddMultiple",
            "function_url_auth_type": null,
            "id": "AllowExecutionFromAPIGateway",
            "principal": "apigateway.amazonaws.com",
            "principal_org_id": null,
            "qualifier": "",
            "source_account": null,
            "source_arn": "arn:aws:execute-api:ap-southeast-1:033737710410:ueb8gkzdtj/*/*",
            "statement_id": "AllowExecutionFromAPIGateway",
            "statement_id_prefix": ""
          },
          "sensitive_attributes": [],
          "private": "bnVsbA==",
          "dependencies": [
            "aws_apigatewayv2_api.lambda",
            "aws_iam_role.lambda_exec",
            "aws_lambda_function.searched_item_add_multiple",
            "data.archive_file.lambda_searched_item_add_multiple",
            "null_resource.go_build_functions_output_searched_item_add_multiple"
          ]
        }
      ]
    },
    {
      "mode": "managed",
      "type": "aws_lambda_permission",
      "name": "searched_item_edit_multiple",
      "provider": "provider[\"registry.terraform.io/hashicorp/aws\"]",
      "instances": [
        {
          "schema_version": 0,
          "attributes": {
            "action": "lambda:InvokeFunction",
            "event_source_token": null,
            "function_name": "SearchedItemEditMultiple",
            "function_url_auth_type": null,
            "id": "AllowExecutionFromAPIGateway",
            "principal": "apigateway.amazonaws.com",
            "principal_org_id": null,
            "qualifier": "",
            "source_account": null,
            "source_arn": "arn:aws:execute-api:ap-southeast-1:033737710410:ueb8gkzdtj/*/*",
            "statement_id": "AllowExecutionFromAPIGateway",
            "statement_id_prefix": ""
          },
          "sensitive_attributes": [],
          "private": "bnVsbA==",
          "dependencies": [
            "aws_apigatewayv2_api.lambda",
            "aws_iam_role.lambda_exec",
            "aws_lambda_function.searched_item_edit_multiple",
            "data.archive_file.lambda_searched_item_edit_multiple",
            "null_resource.go_build_functions_output_searched_item_edit_multiple"
          ]
        }
      ]
    },
    {
      "mode": "managed",
      "type": "aws_lambda_permission",
      "name": "searched_item_list",
      "provider": "provider[\"registry.terraform.io/hashicorp/aws\"]",
      "instances": [
        {
          "schema_version": 0,
          "attributes": {
            "action": "lambda:InvokeFunction",
            "event_source_token": null,
            "function_name": "SearchedItemList",
            "function_url_auth_type": null,
            "id": "AllowExecutionFromAPIGateway",
            "principal": "apigateway.amazonaws.com",
            "principal_org_id": null,
            "qualifier": "",
            "source_account": null,
            "source_arn": "arn:aws:execute-api:ap-southeast-1:033737710410:ueb8gkzdtj/*/*",
            "statement_id": "AllowExecutionFromAPIGateway",
            "statement_id_prefix": ""
          },
          "sensitive_attributes": [],
          "private": "bnVsbA==",
          "dependencies": [
            "aws_apigatewayv2_api.lambda",
            "aws_iam_role.lambda_exec",
            "aws_lambda_function.searched_item_list",
            "data.archive_file.lambda_searched_item_list",
            "null_resource.go_build_functions_output_searched_item_list"
          ]
        }
      ]
    },
    {
      "mode": "managed",
      "type": "aws_lambda_permission",
      "name": "user_edit",
      "provider": "provider[\"registry.terraform.io/hashicorp/aws\"]",
      "instances": [
        {
          "schema_version": 0,
          "attributes": {
            "action": "lambda:InvokeFunction",
            "event_source_token": null,
            "function_name": "UserEdit",
            "function_url_auth_type": null,
            "id": "AllowExecutionFromAPIGateway",
            "principal": "apigateway.amazonaws.com",
            "principal_org_id": null,
            "qualifier": "",
            "source_account": null,
            "source_arn": "arn:aws:execute-api:ap-southeast-1:033737710410:ueb8gkzdtj/*/*",
            "statement_id": "AllowExecutionFromAPIGateway",
            "statement_id_prefix": ""
          },
          "sensitive_attributes": [],
          "private": "bnVsbA==",
          "dependencies": [
            "aws_apigatewayv2_api.lambda",
            "aws_iam_role.lambda_exec",
            "aws_lambda_function.user_edit",
            "data.archive_file.lambda_user_edit",
            "null_resource.go_build_functions_output_user_edit"
          ]
        }
      ]
    },
    {
      "mode": "managed",
      "type": "aws_lambda_permission",
      "name": "user_me",
      "provider": "provider[\"registry.terraform.io/hashicorp/aws\"]",
      "instances": [
        {
          "schema_version": 0,
          "attributes": {
            "action": "lambda:InvokeFunction",
            "event_source_token": null,
            "function_name": "UserMe",
            "function_url_auth_type": null,
            "id": "AllowExecutionFromAPIGateway",
            "principal": "apigateway.amazonaws.com",
            "principal_org_id": null,
            "qualifier": "",
            "source_account": null,
            "source_arn": "arn:aws:execute-api:ap-southeast-1:033737710410:ueb8gkzdtj/*/*",
            "statement_id": "AllowExecutionFromAPIGateway",
            "statement_id_prefix": ""
          },
          "sensitive_attributes": [],
          "private": "bnVsbA==",
          "dependencies": [
            "aws_apigatewayv2_api.lambda",
            "aws_iam_role.lambda_exec",
            "aws_lambda_function.user_me",
            "data.archive_file.lambda_user_me",
            "null_resource.go_build_functions_output_user_me"
          ]
        }
      ]
    },
    {
      "mode": "managed",
      "type": "aws_lambda_permission",
      "name": "user_reset_password",
      "provider": "provider[\"registry.terraform.io/hashicorp/aws\"]",
      "instances": [
        {
          "schema_version": 0,
          "attributes": {
            "action": "lambda:InvokeFunction",
            "event_source_token": null,
            "function_name": "UserResetPassword",
            "function_url_auth_type": null,
            "id": "AllowExecutionFromAPIGateway",
            "principal": "apigateway.amazonaws.com",
            "principal_org_id": null,
            "qualifier": "",
            "source_account": null,
            "source_arn": "arn:aws:execute-api:ap-southeast-1:033737710410:ueb8gkzdtj/*/*",
            "statement_id": "AllowExecutionFromAPIGateway",
            "statement_id_prefix": ""
          },
          "sensitive_attributes": [],
          "private": "bnVsbA==",
          "dependencies": [
            "aws_apigatewayv2_api.lambda",
            "aws_iam_role.lambda_exec",
            "aws_lambda_function.user_reset_password",
            "data.archive_file.lambda_user_reset_password",
            "null_resource.go_build_functions_output_user_reset_password"
          ]
        }
      ]
    },
    {
      "mode": "managed",
      "type": "aws_lambda_permission",
      "name": "user_sign_in",
      "provider": "provider[\"registry.terraform.io/hashicorp/aws\"]",
      "instances": [
        {
          "schema_version": 0,
          "attributes": {
            "action": "lambda:InvokeFunction",
            "event_source_token": null,
            "function_name": "UserSignIn",
            "function_url_auth_type": null,
            "id": "AllowExecutionFromAPIGateway",
            "principal": "apigateway.amazonaws.com",
            "principal_org_id": null,
            "qualifier": "",
            "source_account": null,
            "source_arn": "arn:aws:execute-api:ap-southeast-1:033737710410:ueb8gkzdtj/*/*",
            "statement_id": "AllowExecutionFromAPIGateway",
            "statement_id_prefix": ""
          },
          "sensitive_attributes": [],
          "private": "bnVsbA==",
          "dependencies": [
            "aws_apigatewayv2_api.lambda",
            "aws_iam_role.lambda_exec",
            "aws_lambda_function.user_sign_in",
            "data.archive_file.lambda_user_sign_in",
            "null_resource.go_build_functions_output_user_sign_in"
          ]
        }
      ]
    },
    {
      "mode": "managed",
      "type": "aws_lambda_permission",
      "name": "user_sign_up",
      "provider": "provider[\"registry.terraform.io/hashicorp/aws\"]",
      "instances": [
        {
          "schema_version": 0,
          "attributes": {
            "action": "lambda:InvokeFunction",
            "event_source_token": null,
            "function_name": "UserSignUp",
            "function_url_auth_type": null,
            "id": "AllowExecutionFromAPIGateway",
            "principal": "apigateway.amazonaws.com",
            "principal_org_id": null,
            "qualifier": "",
            "source_account": null,
            "source_arn": "arn:aws:execute-api:ap-southeast-1:033737710410:ueb8gkzdtj/*/*",
            "statement_id": "AllowExecutionFromAPIGateway",
            "statement_id_prefix": ""
          },
          "sensitive_attributes": [],
          "private": "bnVsbA==",
          "dependencies": [
            "aws_apigatewayv2_api.lambda",
            "aws_iam_role.lambda_exec",
            "aws_lambda_function.user_sign_up",
            "data.archive_file.lambda_user_sign_up",
            "null_resource.go_build_functions_output_user_sign_up"
          ]
        }
      ]
    },
    {
      "mode": "managed",
      "type": "aws_lambda_permission",
      "name": "user_validate_otp",
      "provider": "provider[\"registry.terraform.io/hashicorp/aws\"]",
      "instances": [
        {
          "schema_version": 0,
          "attributes": {
            "action": "lambda:InvokeFunction",
            "event_source_token": null,
            "function_name": "UserValidateOtp",
            "function_url_auth_type": null,
            "id": "AllowExecutionFromAPIGateway",
            "principal": "apigateway.amazonaws.com",
            "principal_org_id": null,
            "qualifier": "",
            "source_account": null,
            "source_arn": "arn:aws:execute-api:ap-southeast-1:033737710410:ueb8gkzdtj/*/*",
            "statement_id": "AllowExecutionFromAPIGateway",
            "statement_id_prefix": ""
          },
          "sensitive_attributes": [],
          "private": "bnVsbA==",
          "dependencies": [
            "aws_apigatewayv2_api.lambda",
            "aws_iam_role.lambda_exec",
            "aws_lambda_function.user_validate_otp",
            "data.archive_file.lambda_user_validate_otp",
            "null_resource.go_build_functions_output_user_validate_otp"
          ]
        }
      ]
    },
    {
      "mode": "managed",
      "type": "null_resource",
      "name": "go_build_functions_output_app_version",
      "provider": "provider[\"registry.terraform.io/hashicorp/null\"]",
      "instances": [
        {
          "schema_version": 0,
          "attributes": {
            "id": "1737210567978431701",
            "triggers": {
              "always_run": "2024-01-21T09:46:02Z"
            }
          },
          "sensitive_attributes": []
        }
      ]
    },
    {
      "mode": "managed",
      "type": "null_resource",
      "name": "go_build_functions_output_cron_populate_monitored_link_latest_price",
      "provider": "provider[\"registry.terraform.io/hashicorp/null\"]",
      "instances": [
        {
          "schema_version": 0,
          "attributes": {
            "id": "870389062756180331",
            "triggers": {
              "always_run": "2024-01-21T09:46:00Z"
            }
          },
          "sensitive_attributes": []
        }
      ]
    },
    {
      "mode": "managed",
      "type": "null_resource",
      "name": "go_build_functions_output_cron_send_monitored_link_alert",
      "provider": "provider[\"registry.terraform.io/hashicorp/null\"]",
      "instances": [
        {
          "schema_version": 0,
          "attributes": {
            "id": "9133137337647301211",
            "triggers": {
              "always_run": "2024-01-21T09:45:39Z"
            }
          },
          "sensitive_attributes": []
        }
      ]
    },
    {
      "mode": "managed",
      "type": "null_resource",
      "name": "go_build_functions_output_hello_world",
      "provider": "provider[\"registry.terraform.io/hashicorp/null\"]",
      "instances": [
        {
          "schema_version": 0,
          "attributes": {
            "id": "9129340313428307218",
            "triggers": {
              "always_run": "2024-01-21T09:45:39Z"
            }
          },
          "sensitive_attributes": []
        }
      ]
    },
    {
      "mode": "managed",
      "type": "null_resource",
      "name": "go_build_functions_output_monitored_link_add_multiple",
      "provider": "provider[\"registry.terraform.io/hashicorp/null\"]",
      "instances": [
        {
          "schema_version": 0,
          "attributes": {
            "id": "6474391533310011509",
            "triggers": {
              "always_run": "2024-01-21T09:45:39Z"
            }
          },
          "sensitive_attributes": []
        }
      ]
    },
    {
      "mode": "managed",
      "type": "null_resource",
      "name": "go_build_functions_output_monitored_link_edit_multiple",
      "provider": "provider[\"registry.terraform.io/hashicorp/null\"]",
      "instances": [
        {
          "schema_version": 0,
          "attributes": {
            "id": "4098899433090584187",
            "triggers": {
              "always_run": "2024-01-21T09:46:03Z"
            }
          },
          "sensitive_attributes": []
        }
      ]
    },
    {
      "mode": "managed",
      "type": "null_resource",
      "name": "go_build_functions_output_monitored_link_list",
      "provider": "provider[\"registry.terraform.io/hashicorp/null\"]",
      "instances": [
        {
          "schema_version": 0,
          "attributes": {
            "id": "6056221917809854987",
            "triggers": {
              "always_run": "2024-01-21T09:46:00Z"
            }
          },
          "sensitive_attributes": []
        }
      ]
    },
    {
      "mode": "managed",
      "type": "null_resource",
      "name": "go_build_functions_output_searched_item_add_multiple",
      "provider": "provider[\"registry.terraform.io/hashicorp/null\"]",
      "instances": [
        {
          "schema_version": 0,
          "attributes": {
            "id": "3790615472330656780",
            "triggers": {
              "always_run": "2024-01-21T09:45:39Z"
            }
          },
          "sensitive_attributes": []
        }
      ]
    },
    {
      "mode": "managed",
      "type": "null_resource",
      "name": "go_build_functions_output_searched_item_edit_multiple",
      "provider": "provider[\"registry.terraform.io/hashicorp/null\"]",
      "instances": [
        {
          "schema_version": 0,
          "attributes": {
            "id": "7706532009682877806",
            "triggers": {
              "always_run": "2024-01-21T09:45:39Z"
            }
          },
          "sensitive_attributes": []
        }
      ]
    },
    {
      "mode": "managed",
      "type": "null_resource",
      "name": "go_build_functions_output_searched_item_list",
      "provider": "provider[\"registry.terraform.io/hashicorp/null\"]",
      "instances": [
        {
          "schema_version": 0,
          "attributes": {
            "id": "4340426155657908920",
            "triggers": {
              "always_run": "2024-01-21T09:45:39Z"
            }
          },
          "sensitive_attributes": []
        }
      ]
    },
    {
      "mode": "managed",
      "type": "null_resource",
      "name": "go_build_functions_output_user_edit",
      "provider": "provider[\"registry.terraform.io/hashicorp/null\"]",
      "instances": [
        {
          "schema_version": 0,
          "attributes": {
            "id": "1327524931366927797",
            "triggers": {
              "always_run": "2024-01-21T09:45:39Z"
            }
          },
          "sensitive_attributes": []
        }
      ]
    },
    {
      "mode": "managed",
      "type": "null_resource",
      "name": "go_build_functions_output_user_me",
      "provider": "provider[\"registry.terraform.io/hashicorp/null\"]",
      "instances": [
        {
          "schema_version": 0,
          "attributes": {
            "id": "494834440427757876",
            "triggers": {
              "always_run": "2024-01-21T09:45:51Z"
            }
          },
          "sensitive_attributes": []
        }
      ]
    },
    {
      "mode": "managed",
      "type": "null_resource",
      "name": "go_build_functions_output_user_reset_password",
      "provider": "provider[\"registry.terraform.io/hashicorp/null\"]",
      "instances": [
        {
          "schema_version": 0,
          "attributes": {
            "id": "2883883112895268759",
            "triggers": {
              "always_run": "2024-01-21T09:45:39Z"
            }
          },
          "sensitive_attributes": []
        }
      ]
    },
    {
      "mode": "managed",
      "type": "null_resource",
      "name": "go_build_functions_output_user_sign_in",
      "provider": "provider[\"registry.terraform.io/hashicorp/null\"]",
      "instances": [
        {
          "schema_version": 0,
          "attributes": {
            "id": "6730788685935020294",
            "triggers": {
              "always_run": "2024-01-21T09:46:05Z"
            }
          },
          "sensitive_attributes": []
        }
      ]
    },
    {
      "mode": "managed",
      "type": "null_resource",
      "name": "go_build_functions_output_user_sign_up",
      "provider": "provider[\"registry.terraform.io/hashicorp/null\"]",
      "instances": [
        {
          "schema_version": 0,
          "attributes": {
            "id": "2448010076289391146",
            "triggers": {
              "always_run": "2024-01-21T09:45:39Z"
            }
          },
          "sensitive_attributes": []
        }
      ]
    },
    {
      "mode": "managed",
      "type": "null_resource",
      "name": "go_build_functions_output_user_validate_otp",
      "provider": "provider[\"registry.terraform.io/hashicorp/null\"]",
      "instances": [
        {
          "schema_version": 0,
          "attributes": {
            "id": "1401821824962479684",
            "triggers": {
              "always_run": "2024-01-21T09:45:39Z"
            }
          },
          "sensitive_attributes": []
        }
      ]
    }
  ],
  "check_results": null
}
