{
  "version": 4,
  "terraform_version": "1.6.4",
  "serial": 101,
  "lineage": "2739370a-6560-63df-bd1e-8bdb542f6cb3",
  "outputs": {
    "base_url": {
      "value": "https://ueb8gkzdtj.execute-api.ap-southeast-1.amazonaws.com/prod",
      "type": "string"
    }
  },
  "resources": [
    {
      "mode": "data",
      "type": "archive_file",
      "name": "lambda_hello_world",
      "provider": "provider[\"registry.terraform.io/hashicorp/archive\"]",
      "instances": [
        {
          "schema_version": 0,
          "attributes": {
            "exclude_symlink_directories": null,
            "excludes": null,
            "id": "458c849388a68451db1cbc36c18c761d33d512cf",
            "output_base64sha256": "9A1pTC79cRqNX9NBfGHLCLH4k3ttAkBr+YSoUPc3psM=",
            "output_base64sha512": "Hxjp1+C4fbbH8AL2kb1wQkT1Siq9332uojmipA7mRKSMy8uOY7nk/pUC9h4Q/LLnpM7dds+nQX/s+mMx/lavZA==",
            "output_file_mode": null,
            "output_md5": "73c8eef9e314a6337df6e74b8826fa8e",
            "output_path": "./dist/functions/hello-world.zip",
            "output_sha": "458c849388a68451db1cbc36c18c761d33d512cf",
            "output_sha256": "f40d694c2efd711a8d5fd3417c61cb08b1f8937b6d02406bf984a850f737a6c3",
            "output_sha512": "1f18e9d7e0b87db6c7f002f691bd704244f54a2abddf7daea239a2a40ee644a48ccbcb8e63b9e4fe9502f61e10fcb2e7a4cedd76cfa7417fecfa6331fe56af64",
            "output_size": 5258915,
            "source": [],
            "source_content": null,
            "source_content_filename": null,
            "source_dir": null,
            "source_file": "./dist/functions/hello-world",
            "type": "zip"
          },
          "sensitive_attributes": []
        }
      ]
    },
    {
      "mode": "data",
      "type": "archive_file",
      "name": "lambda_monitored_link_add_multiple",
      "provider": "provider[\"registry.terraform.io/hashicorp/archive\"]",
      "instances": [
        {
          "schema_version": 0,
          "attributes": {
            "exclude_symlink_directories": null,
            "excludes": null,
            "id": "da3b50f1295ba20f365cc4303ae890d3543f0ab3",
            "output_base64sha256": "mCGRjXw5UjAzR6SnhfWttKs03/g85UCKFzE0I/xPldU=",
            "output_base64sha512": "JoOAcxZ+ex4vfDoPWQcqM/RzDRhlOCPQYXC72iz2aa2hQbJWQrM798jC0fNkleTpPmpMc3ce8MkbR76Tyt1GyA==",
            "output_file_mode": null,
            "output_md5": "0ebcb58fece764d86f8dcdc71bab4982",
            "output_path": "./dist/functions/monitored-link-add-multiple.zip",
            "output_sha": "da3b50f1295ba20f365cc4303ae890d3543f0ab3",
            "output_sha256": "9821918d7c3952303347a4a785f5adb4ab34dff83ce5408a17313423fc4f95d5",
            "output_sha512": "26838073167e7b1e2f7c3a0f59072a33f4730d18653823d06170bbda2cf669ada141b25642b33bf7c8c2d1f36495e4e93e6a4c73771ef0c91b47be93cadd46c8",
            "output_size": 9505319,
            "source": [],
            "source_content": null,
            "source_content_filename": null,
            "source_dir": null,
            "source_file": "./dist/functions/monitored-link-add-multiple",
            "type": "zip"
          },
          "sensitive_attributes": []
        }
      ]
    },
    {
      "mode": "data",
      "type": "archive_file",
      "name": "lambda_user_sign_in",
      "provider": "provider[\"registry.terraform.io/hashicorp/archive\"]",
      "instances": [
        {
          "schema_version": 0,
          "attributes": {
            "exclude_symlink_directories": null,
            "excludes": null,
            "id": "ef14e08ef45b93d5c53a8b95f402105eaea83e00",
            "output_base64sha256": "18AbFTIbS6pnevu0ppqHBqzsyxxSCfyZrpKdAmlzNU0=",
            "output_base64sha512": "N6PezQKzchRbwVuoOOd9RmUU+KA69zsaTlTEYVu/Ki+qUKF3i4IX+4RZvN8BFqr0eEL7Yjc174CssFyjmhmuMw==",
            "output_file_mode": null,
            "output_md5": "8dded098f89fbb2c9b7049a23705fadb",
            "output_path": "./dist/functions/user-signin.zip",
            "output_sha": "ef14e08ef45b93d5c53a8b95f402105eaea83e00",
            "output_sha256": "d7c01b15321b4baa677afbb4a69a8706aceccb1c5209fc99ae929d026973354d",
            "output_sha512": "37a3decd02b372145bc15ba838e77d466514f8a03af73b1a4e54c4615bbf2a2faa50a1778b8217fb8459bcdf0116aaf47842fb623735ef80acb05ca39a19ae33",
            "output_size": 9474371,
            "source": [],
            "source_content": null,
            "source_content_filename": null,
            "source_dir": null,
            "source_file": "./dist/functions/user-signin",
            "type": "zip"
          },
          "sensitive_attributes": []
        }
      ]
    },
    {
      "mode": "data",
      "type": "archive_file",
      "name": "lambda_user_sign_up",
      "provider": "provider[\"registry.terraform.io/hashicorp/archive\"]",
      "instances": [
        {
          "schema_version": 0,
          "attributes": {
            "exclude_symlink_directories": null,
            "excludes": null,
            "id": "0c5fdc76e3f58486b159a81a545d85e357abd29a",
            "output_base64sha256": "Mn16BAr+sC6v0ZjfuWnUCUhZwimfMDKlwRlccd9jFGk=",
            "output_base64sha512": "oKYdD23MIepaIFhtx9En3Ddx3aKDzjeTosuz4fnmEgLhy+ey/uC66fTRATWaXHWZTyG/klAPKQ9YwfSmVlRApA==",
            "output_file_mode": null,
            "output_md5": "91624c25353904e026e085dc0f2e8741",
            "output_path": "./dist/functions/user-signup.zip",
            "output_sha": "0c5fdc76e3f58486b159a81a545d85e357abd29a",
            "output_sha256": "327d7a040afeb02eafd198dfb969d4094859c2299f3032a5c1195c71df631469",
            "output_sha512": "a0a61d0f6dcc21ea5a20586dc7d127dc3771dda283ce3793a2cbb3e1f9e61202e1cbe7b2fee0bae9f4d101359a5c75994f21bf92500f290f58c1f4a6565440a4",
            "output_size": 9032486,
            "source": [],
            "source_content": null,
            "source_content_filename": null,
            "source_dir": null,
            "source_file": "./dist/functions/user-signup",
            "type": "zip"
          },
          "sensitive_attributes": []
        }
      ]
    },
    {
      "mode": "data",
      "type": "aws_vpcs",
      "name": "list",
      "provider": "provider[\"registry.terraform.io/hashicorp/aws\"]",
      "instances": [
        {
          "schema_version": 0,
          "attributes": {
            "filter": null,
            "id": "ap-southeast-1",
            "ids": [],
            "tags": {
              "deployment_environment_name": "prod",
              "project_name": "diskon-hunter-price-monitoring"
            },
            "timeouts": null
          },
          "sensitive_attributes": []
        }
      ]
    },
    {
      "mode": "managed",
      "type": "aws_apigatewayv2_api",
      "name": "lambda",
      "provider": "provider[\"registry.terraform.io/hashicorp/aws\"]",
      "instances": [
        {
          "schema_version": 0,
          "attributes": {
            "api_endpoint": "https://ueb8gkzdtj.execute-api.ap-southeast-1.amazonaws.com",
            "api_key_selection_expression": "$request.header.x-api-key",
            "arn": "arn:aws:apigateway:ap-southeast-1::/apis/ueb8gkzdtj",
            "body": null,
            "cors_configuration": [
              {
                "allow_credentials": false,
                "allow_headers": [
                  "accept",
                  "accept-encoding",
                  "authorization",
                  "content-length",
                  "content-type"
                ],
                "allow_methods": [
                  "GET",
                  "OPTIONS",
                  "POST"
                ],
                "allow_origins": [
                  "*"
                ],
                "expose_headers": [
                  "*"
                ],
                "max_age": 300
              }
            ],
            "credentials_arn": null,
            "description": "",
            "disable_execute_api_endpoint": false,
            "execution_arn": "arn:aws:execute-api:ap-southeast-1:033737710410:ueb8gkzdtj",
            "fail_on_warnings": null,
            "id": "ueb8gkzdtj",
            "name": "serverless_lambda_gw",
            "protocol_type": "HTTP",
            "route_key": null,
            "route_selection_expression": "$request.method $request.path",
            "tags": {},
            "tags_all": {
              "deployment_environment_name": "prod",
              "deployment_environment_purpose": "Enviroment accessed and used by end user",
              "module_name": "app-be-serverless",
              "project_name": "diskon-hunter-price-monitoring"
            },
            "target": null,
            "version": ""
          },
          "sensitive_attributes": [],
          "private": "bnVsbA=="
        }
      ]
    },
    {
      "mode": "managed",
      "type": "aws_apigatewayv2_integration",
      "name": "hello_world",
      "provider": "provider[\"registry.terraform.io/hashicorp/aws\"]",
      "instances": [
        {
          "schema_version": 0,
          "attributes": {
            "api_id": "ueb8gkzdtj",
            "connection_id": "",
            "connection_type": "INTERNET",
            "content_handling_strategy": "",
            "credentials_arn": "",
            "description": "",
            "id": "emgs3zu",
            "integration_method": "POST",
            "integration_response_selection_expression": "",
            "integration_subtype": "",
            "integration_type": "AWS_PROXY",
            "integration_uri": "arn:aws:apigateway:ap-southeast-1:lambda:path/2015-03-31/functions/arn:aws:lambda:ap-southeast-1:033737710410:function:HelloWorld/invocations",
            "passthrough_behavior": "",
            "payload_format_version": "1.0",
            "request_parameters": {},
            "request_templates": {},
            "response_parameters": [],
            "template_selection_expression": "",
            "timeout_milliseconds": 30000,
            "tls_config": []
          },
          "sensitive_attributes": [],
          "private": "bnVsbA==",
          "dependencies": [
            "aws_apigatewayv2_api.lambda",
            "aws_iam_role.lambda_exec",
            "aws_lambda_function.hello_world",
            "data.archive_file.lambda_hello_world",
            "null_resource.go_build_functions_output_hello_world"
          ]
        }
      ]
    },
    {
      "mode": "managed",
      "type": "aws_apigatewayv2_integration",
      "name": "monitored_link_add_multiple",
      "provider": "provider[\"registry.terraform.io/hashicorp/aws\"]",
      "instances": [
        {
          "schema_version": 0,
          "attributes": {
            "api_id": "ueb8gkzdtj",
            "connection_id": "",
            "connection_type": "INTERNET",
            "content_handling_strategy": "",
            "credentials_arn": "",
            "description": "",
            "id": "mkup30q",
            "integration_method": "POST",
            "integration_response_selection_expression": "",
            "integration_subtype": "",
            "integration_type": "AWS_PROXY",
            "integration_uri": "arn:aws:apigateway:ap-southeast-1:lambda:path/2015-03-31/functions/arn:aws:lambda:ap-southeast-1:033737710410:function:MonitoredLinkAddMultiple/invocations",
            "passthrough_behavior": "",
            "payload_format_version": "1.0",
            "request_parameters": {},
            "request_templates": {},
            "response_parameters": [],
            "template_selection_expression": "",
            "timeout_milliseconds": 30000,
            "tls_config": []
          },
          "sensitive_attributes": [],
          "private": "bnVsbA==",
          "dependencies": [
            "aws_apigatewayv2_api.lambda",
            "aws_iam_role.lambda_exec",
            "aws_lambda_function.monitored_link_add_multiple",
            "data.archive_file.lambda_monitored_link_add_multiple",
            "null_resource.go_build_functions_output_monitored_link_add_multiple"
          ]
        }
      ]
    },
    {
      "mode": "managed",
      "type": "aws_apigatewayv2_integration",
      "name": "user_sign_in",
      "provider": "provider[\"registry.terraform.io/hashicorp/aws\"]",
      "instances": [
        {
          "schema_version": 0,
          "attributes": {
            "api_id": "ueb8gkzdtj",
            "connection_id": "",
            "connection_type": "INTERNET",
            "content_handling_strategy": "",
            "credentials_arn": "",
            "description": "",
            "id": "7fjul68",
            "integration_method": "POST",
            "integration_response_selection_expression": "",
            "integration_subtype": "",
            "integration_type": "AWS_PROXY",
            "integration_uri": "arn:aws:apigateway:ap-southeast-1:lambda:path/2015-03-31/functions/arn:aws:lambda:ap-southeast-1:033737710410:function:UserSignIn/invocations",
            "passthrough_behavior": "",
            "payload_format_version": "1.0",
            "request_parameters": {},
            "request_templates": {},
            "response_parameters": [],
            "template_selection_expression": "",
            "timeout_milliseconds": 30000,
            "tls_config": []
          },
          "sensitive_attributes": [],
          "private": "bnVsbA==",
          "dependencies": [
            "aws_apigatewayv2_api.lambda",
            "aws_iam_role.lambda_exec",
            "aws_lambda_function.user_sign_in",
            "data.archive_file.lambda_user_sign_in",
            "null_resource.go_build_functions_output_user_sign_in"
          ]
        }
      ]
    },
    {
      "mode": "managed",
      "type": "aws_apigatewayv2_integration",
      "name": "user_sign_up",
      "provider": "provider[\"registry.terraform.io/hashicorp/aws\"]",
      "instances": [
        {
          "schema_version": 0,
          "attributes": {
            "api_id": "ueb8gkzdtj",
            "connection_id": "",
            "connection_type": "INTERNET",
            "content_handling_strategy": "",
            "credentials_arn": "",
            "description": "",
            "id": "omcqcdj",
            "integration_method": "POST",
            "integration_response_selection_expression": "",
            "integration_subtype": "",
            "integration_type": "AWS_PROXY",
            "integration_uri": "arn:aws:apigateway:ap-southeast-1:lambda:path/2015-03-31/functions/arn:aws:lambda:ap-southeast-1:033737710410:function:UserSignUp/invocations",
            "passthrough_behavior": "",
            "payload_format_version": "1.0",
            "request_parameters": {},
            "request_templates": {},
            "response_parameters": [],
            "template_selection_expression": "",
            "timeout_milliseconds": 30000,
            "tls_config": []
          },
          "sensitive_attributes": [],
          "private": "bnVsbA==",
          "dependencies": [
            "aws_apigatewayv2_api.lambda",
            "aws_iam_role.lambda_exec",
            "aws_lambda_function.user_sign_up",
            "data.archive_file.lambda_user_sign_up",
            "null_resource.go_build_functions_output_user_sign_up"
          ]
        }
      ]
    },
    {
      "mode": "managed",
      "type": "aws_apigatewayv2_route",
      "name": "hello_world",
      "provider": "provider[\"registry.terraform.io/hashicorp/aws\"]",
      "instances": [
        {
          "schema_version": 0,
          "attributes": {
            "api_id": "ueb8gkzdtj",
            "api_key_required": false,
            "authorization_scopes": [],
            "authorization_type": "NONE",
            "authorizer_id": "",
            "id": "1yi4gph",
            "model_selection_expression": "",
            "operation_name": "",
            "request_models": {},
            "request_parameter": [],
            "route_key": "GET /hello",
            "route_response_selection_expression": "",
            "target": "integrations/emgs3zu"
          },
          "sensitive_attributes": [],
          "private": "bnVsbA==",
          "dependencies": [
            "aws_apigatewayv2_api.lambda",
            "aws_apigatewayv2_integration.hello_world",
            "aws_iam_role.lambda_exec",
            "aws_lambda_function.hello_world",
            "data.archive_file.lambda_hello_world",
            "null_resource.go_build_functions_output_hello_world"
          ]
        }
      ]
    },
    {
      "mode": "managed",
      "type": "aws_apigatewayv2_route",
      "name": "monitored_link_add_multiple",
      "provider": "provider[\"registry.terraform.io/hashicorp/aws\"]",
      "instances": [
        {
          "schema_version": 0,
          "attributes": {
            "api_id": "ueb8gkzdtj",
            "api_key_required": false,
            "authorization_scopes": [],
            "authorization_type": "NONE",
            "authorizer_id": "",
            "id": "0hnl4af",
            "model_selection_expression": "",
            "operation_name": "",
            "request_models": {},
            "request_parameter": [],
            "route_key": "POST /v1/monitoredLink.addMultiple",
            "route_response_selection_expression": "",
            "target": "integrations/mkup30q"
          },
          "sensitive_attributes": [],
          "private": "bnVsbA==",
          "dependencies": [
            "aws_apigatewayv2_api.lambda",
            "aws_apigatewayv2_integration.monitored_link_add_multiple",
            "aws_iam_role.lambda_exec",
            "aws_lambda_function.monitored_link_add_multiple",
            "data.archive_file.lambda_monitored_link_add_multiple",
            "null_resource.go_build_functions_output_monitored_link_add_multiple"
          ]
        }
      ]
    },
    {
      "mode": "managed",
      "type": "aws_apigatewayv2_route",
      "name": "user_sign_in",
      "provider": "provider[\"registry.terraform.io/hashicorp/aws\"]",
      "instances": [
        {
          "schema_version": 0,
          "attributes": {
            "api_id": "ueb8gkzdtj",
            "api_key_required": false,
            "authorization_scopes": [],
            "authorization_type": "NONE",
            "authorizer_id": "",
            "id": "j7ht9lm",
            "model_selection_expression": "",
            "operation_name": "",
            "request_models": {},
            "request_parameter": [],
            "route_key": "POST /v1/user.signin",
            "route_response_selection_expression": "",
            "target": "integrations/7fjul68"
          },
          "sensitive_attributes": [],
          "private": "bnVsbA==",
          "dependencies": [
            "aws_apigatewayv2_api.lambda",
            "aws_apigatewayv2_integration.user_sign_in",
            "aws_iam_role.lambda_exec",
            "aws_lambda_function.user_sign_in",
            "data.archive_file.lambda_user_sign_in",
            "null_resource.go_build_functions_output_user_sign_in"
          ]
        }
      ]
    },
    {
      "mode": "managed",
      "type": "aws_apigatewayv2_route",
      "name": "user_sign_up",
      "provider": "provider[\"registry.terraform.io/hashicorp/aws\"]",
      "instances": [
        {
          "schema_version": 0,
          "attributes": {
            "api_id": "ueb8gkzdtj",
            "api_key_required": false,
            "authorization_scopes": [],
            "authorization_type": "NONE",
            "authorizer_id": "",
            "id": "hxod5ps",
            "model_selection_expression": "",
            "operation_name": "",
            "request_models": {},
            "request_parameter": [],
            "route_key": "POST /v1/user.signup.hidden.kodok",
            "route_response_selection_expression": "",
            "target": "integrations/omcqcdj"
          },
          "sensitive_attributes": [],
          "private": "bnVsbA==",
          "dependencies": [
            "aws_apigatewayv2_api.lambda",
            "aws_apigatewayv2_integration.user_sign_up",
            "aws_iam_role.lambda_exec",
            "aws_lambda_function.user_sign_up",
            "data.archive_file.lambda_user_sign_up",
            "null_resource.go_build_functions_output_user_sign_up"
          ]
        }
      ]
    },
    {
      "mode": "managed",
      "type": "aws_apigatewayv2_stage",
      "name": "lambda",
      "provider": "provider[\"registry.terraform.io/hashicorp/aws\"]",
      "instances": [
        {
          "schema_version": 0,
          "attributes": {
            "access_log_settings": [
              {
                "destination_arn": "arn:aws:logs:ap-southeast-1:033737710410:log-group:/aws/api_gw/serverless_lambda_gw",
                "format": "{\"httpMethod\":\"$context.httpMethod\",\"integrationErrorMessage\":\"$context.integrationErrorMessage\",\"protocol\":\"$context.protocol\",\"requestId\":\"$context.requestId\",\"requestTime\":\"$context.requestTime\",\"resourcePath\":\"$context.resourcePath\",\"responseLength\":\"$context.responseLength\",\"routeKey\":\"$context.routeKey\",\"sourceIp\":\"$context.identity.sourceIp\",\"status\":\"$context.status\"}"
              }
            ],
            "api_id": "ueb8gkzdtj",
            "arn": "arn:aws:apigateway:ap-southeast-1::/apis/ueb8gkzdtj/stages/prod",
            "auto_deploy": true,
            "client_certificate_id": "",
            "default_route_settings": [
              {
                "data_trace_enabled": false,
                "detailed_metrics_enabled": true,
                "logging_level": "",
                "throttling_burst_limit": 500,
                "throttling_rate_limit": 1000
              }
            ],
            "deployment_id": "vthng3",
            "description": "",
            "execution_arn": "arn:aws:execute-api:ap-southeast-1:033737710410:ueb8gkzdtj/prod",
            "id": "prod",
            "invoke_url": "https://ueb8gkzdtj.execute-api.ap-southeast-1.amazonaws.com/prod",
            "name": "prod",
            "route_settings": [],
            "stage_variables": {},
            "tags": {},
            "tags_all": {
              "deployment_environment_name": "prod",
              "deployment_environment_purpose": "Enviroment accessed and used by end user",
              "module_name": "app-be-serverless",
              "project_name": "diskon-hunter-price-monitoring"
            }
          },
          "sensitive_attributes": [],
          "private": "bnVsbA==",
          "dependencies": [
            "aws_apigatewayv2_api.lambda",
            "aws_cloudwatch_log_group.api_gw"
          ]
        }
      ]
    },
    {
      "mode": "managed",
      "type": "aws_cloudwatch_log_group",
      "name": "api_gw",
      "provider": "provider[\"registry.terraform.io/hashicorp/aws\"]",
      "instances": [
        {
          "schema_version": 0,
          "attributes": {
            "arn": "arn:aws:logs:ap-southeast-1:033737710410:log-group:/aws/api_gw/serverless_lambda_gw",
            "id": "/aws/api_gw/serverless_lambda_gw",
            "kms_key_id": "",
            "name": "/aws/api_gw/serverless_lambda_gw",
            "name_prefix": "",
            "retention_in_days": 30,
            "skip_destroy": false,
            "tags": {},
            "tags_all": {
              "deployment_environment_name": "prod",
              "deployment_environment_purpose": "Enviroment accessed and used by end user",
              "module_name": "app-be-serverless",
              "project_name": "diskon-hunter-price-monitoring"
            }
          },
          "sensitive_attributes": [],
          "private": "bnVsbA==",
          "dependencies": [
            "aws_apigatewayv2_api.lambda"
          ]
        }
      ]
    },
    {
      "mode": "managed",
      "type": "aws_cloudwatch_log_group",
      "name": "hello_world",
      "provider": "provider[\"registry.terraform.io/hashicorp/aws\"]",
      "instances": [
        {
          "schema_version": 0,
          "attributes": {
            "arn": "arn:aws:logs:ap-southeast-1:033737710410:log-group:/aws/lambda/HelloWorld",
            "id": "/aws/lambda/HelloWorld",
            "kms_key_id": "",
            "name": "/aws/lambda/HelloWorld",
            "name_prefix": "",
            "retention_in_days": 30,
            "skip_destroy": false,
            "tags": {},
            "tags_all": {
              "deployment_environment_name": "prod",
              "deployment_environment_purpose": "Enviroment accessed and used by end user",
              "module_name": "app-be-serverless",
              "project_name": "diskon-hunter-price-monitoring"
            }
          },
          "sensitive_attributes": [],
          "private": "bnVsbA==",
          "dependencies": [
            "aws_iam_role.lambda_exec",
            "aws_lambda_function.hello_world",
            "data.archive_file.lambda_hello_world",
            "null_resource.go_build_functions_output_hello_world"
          ]
        }
      ]
    },
    {
      "mode": "managed",
      "type": "aws_cloudwatch_log_group",
      "name": "monitored_link_add_multiple",
      "provider": "provider[\"registry.terraform.io/hashicorp/aws\"]",
      "instances": [
        {
          "schema_version": 0,
          "attributes": {
            "arn": "arn:aws:logs:ap-southeast-1:033737710410:log-group:/aws/lambda/MonitoredLinkAddMultiple",
            "id": "/aws/lambda/MonitoredLinkAddMultiple",
            "kms_key_id": "",
            "name": "/aws/lambda/MonitoredLinkAddMultiple",
            "name_prefix": "",
            "retention_in_days": 30,
            "skip_destroy": false,
            "tags": {},
            "tags_all": {
              "deployment_environment_name": "prod",
              "deployment_environment_purpose": "Enviroment accessed and used by end user",
              "module_name": "app-be-serverless",
              "project_name": "diskon-hunter-price-monitoring"
            }
          },
          "sensitive_attributes": [],
          "private": "bnVsbA==",
          "dependencies": [
            "aws_iam_role.lambda_exec",
            "aws_lambda_function.monitored_link_add_multiple",
            "data.archive_file.lambda_monitored_link_add_multiple",
            "null_resource.go_build_functions_output_monitored_link_add_multiple"
          ]
        }
      ]
    },
    {
      "mode": "managed",
      "type": "aws_cloudwatch_log_group",
      "name": "user_sign_in",
      "provider": "provider[\"registry.terraform.io/hashicorp/aws\"]",
      "instances": [
        {
          "schema_version": 0,
          "attributes": {
            "arn": "arn:aws:logs:ap-southeast-1:033737710410:log-group:/aws/lambda/UserSignIn",
            "id": "/aws/lambda/UserSignIn",
            "kms_key_id": "",
            "name": "/aws/lambda/UserSignIn",
            "name_prefix": "",
            "retention_in_days": 30,
            "skip_destroy": false,
            "tags": {},
            "tags_all": {
              "deployment_environment_name": "prod",
              "deployment_environment_purpose": "Enviroment accessed and used by end user",
              "module_name": "app-be-serverless",
              "project_name": "diskon-hunter-price-monitoring"
            }
          },
          "sensitive_attributes": [],
          "private": "bnVsbA==",
          "dependencies": [
            "aws_iam_role.lambda_exec",
            "aws_lambda_function.user_sign_in",
            "data.archive_file.lambda_user_sign_in",
            "null_resource.go_build_functions_output_user_sign_in"
          ]
        }
      ]
    },
    {
      "mode": "managed",
      "type": "aws_cloudwatch_log_group",
      "name": "user_sign_up",
      "provider": "provider[\"registry.terraform.io/hashicorp/aws\"]",
      "instances": [
        {
          "schema_version": 0,
          "attributes": {
            "arn": "arn:aws:logs:ap-southeast-1:033737710410:log-group:/aws/lambda/UserSignUp",
            "id": "/aws/lambda/UserSignUp",
            "kms_key_id": "",
            "name": "/aws/lambda/UserSignUp",
            "name_prefix": "",
            "retention_in_days": 30,
            "skip_destroy": false,
            "tags": {},
            "tags_all": {
              "deployment_environment_name": "prod",
              "deployment_environment_purpose": "Enviroment accessed and used by end user",
              "module_name": "app-be-serverless",
              "project_name": "diskon-hunter-price-monitoring"
            }
          },
          "sensitive_attributes": [],
          "private": "bnVsbA==",
          "dependencies": [
            "aws_iam_role.lambda_exec",
            "aws_lambda_function.user_sign_up",
            "data.archive_file.lambda_user_sign_up",
            "null_resource.go_build_functions_output_user_sign_up"
          ]
        }
      ]
    },
    {
      "mode": "managed",
      "type": "aws_iam_role",
      "name": "lambda_exec",
      "provider": "provider[\"registry.terraform.io/hashicorp/aws\"]",
      "instances": [
        {
          "schema_version": 0,
          "attributes": {
            "arn": "arn:aws:iam::033737710410:role/serverless_lambda",
            "assume_role_policy": "{\"Statement\":[{\"Action\":\"sts:AssumeRole\",\"Effect\":\"Allow\",\"Principal\":{\"Service\":\"lambda.amazonaws.com\"},\"Sid\":\"\"}],\"Version\":\"2012-10-17\"}",
            "create_date": "2023-11-21T17:03:14Z",
            "description": "",
            "force_detach_policies": false,
            "id": "serverless_lambda",
            "inline_policy": [],
            "managed_policy_arns": [
              "arn:aws:iam::aws:policy/AmazonDynamoDBFullAccess",
              "arn:aws:iam::aws:policy/AmazonS3FullAccess",
              "arn:aws:iam::aws:policy/service-role/AWSLambdaBasicExecutionRole"
            ],
            "max_session_duration": 3600,
            "name": "serverless_lambda",
            "name_prefix": "",
            "path": "/",
            "permissions_boundary": "",
            "tags": {},
            "tags_all": {
              "deployment_environment_name": "prod",
              "deployment_environment_purpose": "Enviroment accessed and used by end user",
              "module_name": "app-be-serverless",
              "project_name": "diskon-hunter-price-monitoring"
            },
            "unique_id": "AROAQPWXMTNFOWGFSVC5L"
          },
          "sensitive_attributes": [],
          "private": "bnVsbA=="
        }
      ]
    },
    {
      "mode": "managed",
      "type": "aws_iam_role_policy_attachment",
      "name": "lambda_basic_policy",
      "provider": "provider[\"registry.terraform.io/hashicorp/aws\"]",
      "instances": [
        {
          "schema_version": 0,
          "attributes": {
            "id": "serverless_lambda-20231121170314994000000001",
            "policy_arn": "arn:aws:iam::aws:policy/service-role/AWSLambdaBasicExecutionRole",
            "role": "serverless_lambda"
          },
          "sensitive_attributes": [],
          "private": "bnVsbA==",
          "dependencies": [
            "aws_iam_role.lambda_exec"
          ]
        }
      ]
    },
    {
      "mode": "managed",
      "type": "aws_iam_role_policy_attachment",
      "name": "lambda_dynamodb_policy",
      "provider": "provider[\"registry.terraform.io/hashicorp/aws\"]",
      "instances": [
        {
          "schema_version": 0,
          "attributes": {
            "id": "serverless_lambda-20231121170315941400000003",
            "policy_arn": "arn:aws:iam::aws:policy/AmazonDynamoDBFullAccess",
            "role": "serverless_lambda"
          },
          "sensitive_attributes": [],
          "private": "bnVsbA==",
          "dependencies": [
            "aws_iam_role.lambda_exec"
          ]
        }
      ]
    },
    {
      "mode": "managed",
      "type": "aws_iam_role_policy_attachment",
      "name": "lambda_s3_policy",
      "provider": "provider[\"registry.terraform.io/hashicorp/aws\"]",
      "instances": [
        {
          "schema_version": 0,
          "attributes": {
            "id": "serverless_lambda-20231121170315376800000002",
            "policy_arn": "arn:aws:iam::aws:policy/AmazonS3FullAccess",
            "role": "serverless_lambda"
          },
          "sensitive_attributes": [],
          "private": "bnVsbA==",
          "dependencies": [
            "aws_iam_role.lambda_exec"
          ]
        }
      ]
    },
    {
      "mode": "managed",
      "type": "aws_lambda_function",
      "name": "hello_world",
      "provider": "provider[\"registry.terraform.io/hashicorp/aws\"]",
      "instances": [
        {
          "schema_version": 0,
          "attributes": {
            "architectures": [
              "x86_64"
            ],
            "arn": "arn:aws:lambda:ap-southeast-1:033737710410:function:HelloWorld",
            "code_signing_config_arn": "",
            "dead_letter_config": [],
            "description": "",
            "environment": [],
            "ephemeral_storage": [
              {
                "size": 512
              }
            ],
            "file_system_config": [],
            "filename": "./dist/functions/hello-world.zip",
            "function_name": "HelloWorld",
            "handler": "hello-world",
            "id": "HelloWorld",
            "image_config": [],
            "image_uri": "",
            "invoke_arn": "arn:aws:apigateway:ap-southeast-1:lambda:path/2015-03-31/functions/arn:aws:lambda:ap-southeast-1:033737710410:function:HelloWorld/invocations",
            "kms_key_arn": "",
            "last_modified": "2023-11-21T17:03:44.281+0000",
            "layers": [],
            "memory_size": 128,
            "package_type": "Zip",
            "publish": true,
            "qualified_arn": "arn:aws:lambda:ap-southeast-1:033737710410:function:HelloWorld:1",
            "qualified_invoke_arn": "arn:aws:apigateway:ap-southeast-1:lambda:path/2015-03-31/functions/arn:aws:lambda:ap-southeast-1:033737710410:function:HelloWorld:1/invocations",
            "replace_security_groups_on_destroy": null,
            "replacement_security_group_ids": null,
            "reserved_concurrent_executions": -1,
            "role": "arn:aws:iam::033737710410:role/serverless_lambda",
            "runtime": "go1.x",
            "s3_bucket": null,
            "s3_key": null,
            "s3_object_version": null,
            "signing_job_arn": "",
            "signing_profile_version_arn": "",
            "skip_destroy": false,
            "snap_start": [],
            "source_code_hash": "9A1pTC79cRqNX9NBfGHLCLH4k3ttAkBr+YSoUPc3psM=",
            "source_code_size": 5258915,
            "tags": {},
            "tags_all": {
              "deployment_environment_name": "prod",
              "deployment_environment_purpose": "Enviroment accessed and used by end user",
              "module_name": "app-be-serverless",
              "project_name": "diskon-hunter-price-monitoring"
            },
            "timeout": 15,
            "timeouts": null,
            "tracing_config": [
              {
                "mode": "PassThrough"
              }
            ],
            "version": "1",
            "vpc_config": []
          },
          "sensitive_attributes": [],
          "private": "eyJlMmJmYjczMC1lY2FhLTExZTYtOGY4OC0zNDM2M2JjN2M0YzAiOnsiY3JlYXRlIjo2MDAwMDAwMDAwMDAsImRlbGV0ZSI6NjAwMDAwMDAwMDAwLCJ1cGRhdGUiOjYwMDAwMDAwMDAwMH19",
          "dependencies": [
            "aws_iam_role.lambda_exec",
            "data.archive_file.lambda_hello_world",
            "null_resource.go_build_functions_output_hello_world"
          ]
        }
      ]
    },
    {
      "mode": "managed",
      "type": "aws_lambda_function",
      "name": "monitored_link_add_multiple",
      "provider": "provider[\"registry.terraform.io/hashicorp/aws\"]",
      "instances": [
        {
          "schema_version": 0,
          "attributes": {
            "architectures": [
              "x86_64"
            ],
            "arn": "arn:aws:lambda:ap-southeast-1:033737710410:function:MonitoredLinkAddMultiple",
            "code_signing_config_arn": "",
            "dead_letter_config": [],
            "description": "",
            "environment": [
              {
                "variables": {
                  "aws_deployment_account_id": "033737710410",
                  "aws_deployment_region_short": "apse1",
                  "deployment_environment_name": "prod",
                  "deployment_environment_purpose": "Enviroment accessed and used by end user",
                  "module_name": "app-be-serverless",
                  "project_name": "diskon-hunter-price-monitoring",
                  "project_name_short": "dhpm"
                }
              }
            ],
            "ephemeral_storage": [
              {
                "size": 512
              }
            ],
            "file_system_config": [],
            "filename": "./dist/functions/monitored-link-add-multiple.zip",
            "function_name": "MonitoredLinkAddMultiple",
            "handler": "monitored-link-add-multiple",
            "id": "MonitoredLinkAddMultiple",
            "image_config": [],
            "image_uri": "",
            "invoke_arn": "arn:aws:apigateway:ap-southeast-1:lambda:path/2015-03-31/functions/arn:aws:lambda:ap-southeast-1:033737710410:function:MonitoredLinkAddMultiple/invocations",
            "kms_key_arn": "",
            "last_modified": "2023-12-03T15:42:56.000+0000",
            "layers": [],
            "memory_size": 2048,
            "package_type": "Zip",
            "publish": true,
            "qualified_arn": "arn:aws:lambda:ap-southeast-1:033737710410:function:MonitoredLinkAddMultiple:4",
            "qualified_invoke_arn": "arn:aws:apigateway:ap-southeast-1:lambda:path/2015-03-31/functions/arn:aws:lambda:ap-southeast-1:033737710410:function:MonitoredLinkAddMultiple:4/invocations",
            "replace_security_groups_on_destroy": null,
            "replacement_security_group_ids": null,
            "reserved_concurrent_executions": -1,
            "role": "arn:aws:iam::033737710410:role/serverless_lambda",
            "runtime": "go1.x",
            "s3_bucket": null,
            "s3_key": null,
            "s3_object_version": null,
            "signing_job_arn": "",
            "signing_profile_version_arn": "",
            "skip_destroy": false,
            "snap_start": [],
            "source_code_hash": "mCGRjXw5UjAzR6SnhfWttKs03/g85UCKFzE0I/xPldU=",
            "source_code_size": 9505319,
            "tags": {},
            "tags_all": {
              "deployment_environment_name": "prod",
              "deployment_environment_purpose": "Enviroment accessed and used by end user",
              "module_name": "app-be-serverless",
              "project_name": "diskon-hunter-price-monitoring"
            },
            "timeout": 15,
            "timeouts": null,
            "tracing_config": [
              {
                "mode": "PassThrough"
              }
            ],
            "version": "4",
            "vpc_config": []
          },
          "sensitive_attributes": [],
          "private": "eyJlMmJmYjczMC1lY2FhLTExZTYtOGY4OC0zNDM2M2JjN2M0YzAiOnsiY3JlYXRlIjo2MDAwMDAwMDAwMDAsImRlbGV0ZSI6NjAwMDAwMDAwMDAwLCJ1cGRhdGUiOjYwMDAwMDAwMDAwMH19",
          "dependencies": [
            "aws_iam_role.lambda_exec",
            "data.archive_file.lambda_monitored_link_add_multiple",
            "null_resource.go_build_functions_output_monitored_link_add_multiple"
          ]
        }
      ]
    },
    {
      "mode": "managed",
      "type": "aws_lambda_function",
      "name": "user_sign_in",
      "provider": "provider[\"registry.terraform.io/hashicorp/aws\"]",
      "instances": [
        {
          "schema_version": 0,
          "attributes": {
            "architectures": [
              "x86_64"
            ],
            "arn": "arn:aws:lambda:ap-southeast-1:033737710410:function:UserSignIn",
            "code_signing_config_arn": "",
            "dead_letter_config": [],
            "description": "",
            "environment": [
              {
                "variables": {
                  "deployment_environment_name": "prod",
                  "deployment_environment_purpose": "Enviroment accessed and used by end user",
                  "module_name": "app-be-serverless",
                  "project_name": "diskon-hunter-price-monitoring",
                  "project_name_short": "dhpm",
                  "route_key": "POST /v1/user.signin"
                }
              }
            ],
            "ephemeral_storage": [
              {
                "size": 512
              }
            ],
            "file_system_config": [],
            "filename": "./dist/functions/user-signin.zip",
            "function_name": "UserSignIn",
            "handler": "user-signin",
            "id": "UserSignIn",
            "image_config": [],
            "image_uri": "",
            "invoke_arn": "arn:aws:apigateway:ap-southeast-1:lambda:path/2015-03-31/functions/arn:aws:lambda:ap-southeast-1:033737710410:function:UserSignIn/invocations",
            "kms_key_arn": "",
            "last_modified": "2023-12-03T15:34:50.000+0000",
            "layers": [],
            "memory_size": 2048,
            "package_type": "Zip",
            "publish": true,
            "qualified_arn": "arn:aws:lambda:ap-southeast-1:033737710410:function:UserSignIn:4",
            "qualified_invoke_arn": "arn:aws:apigateway:ap-southeast-1:lambda:path/2015-03-31/functions/arn:aws:lambda:ap-southeast-1:033737710410:function:UserSignIn:4/invocations",
            "replace_security_groups_on_destroy": null,
            "replacement_security_group_ids": null,
            "reserved_concurrent_executions": -1,
            "role": "arn:aws:iam::033737710410:role/serverless_lambda",
            "runtime": "go1.x",
            "s3_bucket": null,
            "s3_key": null,
            "s3_object_version": null,
            "signing_job_arn": "",
            "signing_profile_version_arn": "",
            "skip_destroy": false,
            "snap_start": [],
            "source_code_hash": "18AbFTIbS6pnevu0ppqHBqzsyxxSCfyZrpKdAmlzNU0=",
            "source_code_size": 9474371,
            "tags": {},
            "tags_all": {
              "deployment_environment_name": "prod",
              "deployment_environment_purpose": "Enviroment accessed and used by end user",
              "module_name": "app-be-serverless",
              "project_name": "diskon-hunter-price-monitoring"
            },
            "timeout": 15,
            "timeouts": null,
            "tracing_config": [
              {
                "mode": "PassThrough"
              }
            ],
            "version": "4",
            "vpc_config": []
          },
          "sensitive_attributes": [],
          "private": "eyJlMmJmYjczMC1lY2FhLTExZTYtOGY4OC0zNDM2M2JjN2M0YzAiOnsiY3JlYXRlIjo2MDAwMDAwMDAwMDAsImRlbGV0ZSI6NjAwMDAwMDAwMDAwLCJ1cGRhdGUiOjYwMDAwMDAwMDAwMH19",
          "dependencies": [
            "aws_iam_role.lambda_exec",
            "data.archive_file.lambda_user_sign_in",
            "null_resource.go_build_functions_output_user_sign_in"
          ]
        }
      ]
    },
    {
      "mode": "managed",
      "type": "aws_lambda_function",
      "name": "user_sign_up",
      "provider": "provider[\"registry.terraform.io/hashicorp/aws\"]",
      "instances": [
        {
          "schema_version": 0,
          "attributes": {
            "architectures": [
              "x86_64"
            ],
            "arn": "arn:aws:lambda:ap-southeast-1:033737710410:function:UserSignUp",
            "code_signing_config_arn": "",
            "dead_letter_config": [],
            "description": "",
            "environment": [
              {
                "variables": {
                  "aws_deployment_account_id": "033737710410",
                  "aws_deployment_region_short": "apse1",
                  "deployment_environment_name": "prod",
                  "deployment_environment_purpose": "Enviroment accessed and used by end user",
                  "module_name": "app-be-serverless",
                  "project_name": "diskon-hunter-price-monitoring",
                  "project_name_short": "dhpm"
                }
              }
            ],
            "ephemeral_storage": [
              {
                "size": 512
              }
            ],
            "file_system_config": [],
            "filename": "./dist/functions/user-signup.zip",
            "function_name": "UserSignUp",
            "handler": "user-signup",
            "id": "UserSignUp",
            "image_config": [],
            "image_uri": "",
            "invoke_arn": "arn:aws:apigateway:ap-southeast-1:lambda:path/2015-03-31/functions/arn:aws:lambda:ap-southeast-1:033737710410:function:UserSignUp/invocations",
            "kms_key_arn": "",
            "last_modified": "2023-12-03T14:36:53.000+0000",
            "layers": [],
            "memory_size": 2048,
            "package_type": "Zip",
            "publish": true,
            "qualified_arn": "arn:aws:lambda:ap-southeast-1:033737710410:function:UserSignUp:2",
            "qualified_invoke_arn": "arn:aws:apigateway:ap-southeast-1:lambda:path/2015-03-31/functions/arn:aws:lambda:ap-southeast-1:033737710410:function:UserSignUp:2/invocations",
            "replace_security_groups_on_destroy": null,
            "replacement_security_group_ids": null,
            "reserved_concurrent_executions": -1,
            "role": "arn:aws:iam::033737710410:role/serverless_lambda",
            "runtime": "go1.x",
            "s3_bucket": null,
            "s3_key": null,
            "s3_object_version": null,
            "signing_job_arn": "",
            "signing_profile_version_arn": "",
            "skip_destroy": false,
            "snap_start": [],
            "source_code_hash": "Mn16BAr+sC6v0ZjfuWnUCUhZwimfMDKlwRlccd9jFGk=",
            "source_code_size": 9032486,
            "tags": {},
            "tags_all": {
              "deployment_environment_name": "prod",
              "deployment_environment_purpose": "Enviroment accessed and used by end user",
              "module_name": "app-be-serverless",
              "project_name": "diskon-hunter-price-monitoring"
            },
            "timeout": 15,
            "timeouts": null,
            "tracing_config": [
              {
                "mode": "PassThrough"
              }
            ],
            "version": "2",
            "vpc_config": []
          },
          "sensitive_attributes": [],
          "private": "eyJlMmJmYjczMC1lY2FhLTExZTYtOGY4OC0zNDM2M2JjN2M0YzAiOnsiY3JlYXRlIjo2MDAwMDAwMDAwMDAsImRlbGV0ZSI6NjAwMDAwMDAwMDAwLCJ1cGRhdGUiOjYwMDAwMDAwMDAwMH19",
          "dependencies": [
            "aws_iam_role.lambda_exec",
            "data.archive_file.lambda_user_sign_up",
            "null_resource.go_build_functions_output_user_sign_up"
          ]
        }
      ]
    },
    {
      "mode": "managed",
      "type": "aws_lambda_permission",
      "name": "api_gw_hello_world",
      "provider": "provider[\"registry.terraform.io/hashicorp/aws\"]",
      "instances": [
        {
          "schema_version": 0,
          "attributes": {
            "action": "lambda:InvokeFunction",
            "event_source_token": null,
            "function_name": "HelloWorld",
            "function_url_auth_type": null,
            "id": "AllowExecutionFromAPIGateway",
            "principal": "apigateway.amazonaws.com",
            "principal_org_id": null,
            "qualifier": "",
            "source_account": null,
            "source_arn": "arn:aws:execute-api:ap-southeast-1:033737710410:ueb8gkzdtj/*/*",
            "statement_id": "AllowExecutionFromAPIGateway",
            "statement_id_prefix": ""
          },
          "sensitive_attributes": [],
          "private": "bnVsbA==",
          "dependencies": [
            "aws_apigatewayv2_api.lambda",
            "aws_iam_role.lambda_exec",
            "aws_lambda_function.hello_world",
            "data.archive_file.lambda_hello_world",
            "null_resource.go_build_functions_output_hello_world"
          ]
        }
      ]
    },
    {
      "mode": "managed",
      "type": "aws_lambda_permission",
      "name": "monitored_link_add_multiple",
      "provider": "provider[\"registry.terraform.io/hashicorp/aws\"]",
      "instances": [
        {
          "schema_version": 0,
          "attributes": {
            "action": "lambda:InvokeFunction",
            "event_source_token": null,
            "function_name": "MonitoredLinkAddMultiple",
            "function_url_auth_type": null,
            "id": "AllowExecutionFromAPIGateway",
            "principal": "apigateway.amazonaws.com",
            "principal_org_id": null,
            "qualifier": "",
            "source_account": null,
            "source_arn": "arn:aws:execute-api:ap-southeast-1:033737710410:ueb8gkzdtj/*/*",
            "statement_id": "AllowExecutionFromAPIGateway",
            "statement_id_prefix": ""
          },
          "sensitive_attributes": [],
          "private": "bnVsbA==",
          "dependencies": [
            "aws_apigatewayv2_api.lambda",
            "aws_iam_role.lambda_exec",
            "aws_lambda_function.monitored_link_add_multiple",
            "data.archive_file.lambda_monitored_link_add_multiple",
            "null_resource.go_build_functions_output_monitored_link_add_multiple"
          ]
        }
      ]
    },
    {
      "mode": "managed",
      "type": "aws_lambda_permission",
      "name": "user_sign_in",
      "provider": "provider[\"registry.terraform.io/hashicorp/aws\"]",
      "instances": [
        {
          "schema_version": 0,
          "attributes": {
            "action": "lambda:InvokeFunction",
            "event_source_token": null,
            "function_name": "UserSignIn",
            "function_url_auth_type": null,
            "id": "AllowExecutionFromAPIGateway",
            "principal": "apigateway.amazonaws.com",
            "principal_org_id": null,
            "qualifier": "",
            "source_account": null,
            "source_arn": "arn:aws:execute-api:ap-southeast-1:033737710410:ueb8gkzdtj/*/*",
            "statement_id": "AllowExecutionFromAPIGateway",
            "statement_id_prefix": ""
          },
          "sensitive_attributes": [],
          "private": "bnVsbA==",
          "dependencies": [
            "aws_apigatewayv2_api.lambda",
            "aws_iam_role.lambda_exec",
            "aws_lambda_function.user_sign_in",
            "data.archive_file.lambda_user_sign_in",
            "null_resource.go_build_functions_output_user_sign_in"
          ]
        }
      ]
    },
    {
      "mode": "managed",
      "type": "aws_lambda_permission",
      "name": "user_sign_up",
      "provider": "provider[\"registry.terraform.io/hashicorp/aws\"]",
      "instances": [
        {
          "schema_version": 0,
          "attributes": {
            "action": "lambda:InvokeFunction",
            "event_source_token": null,
            "function_name": "UserSignUp",
            "function_url_auth_type": null,
            "id": "AllowExecutionFromAPIGateway",
            "principal": "apigateway.amazonaws.com",
            "principal_org_id": null,
            "qualifier": "",
            "source_account": null,
            "source_arn": "arn:aws:execute-api:ap-southeast-1:033737710410:ueb8gkzdtj/*/*",
            "statement_id": "AllowExecutionFromAPIGateway",
            "statement_id_prefix": ""
          },
          "sensitive_attributes": [],
          "private": "bnVsbA==",
          "dependencies": [
            "aws_apigatewayv2_api.lambda",
            "aws_iam_role.lambda_exec",
            "aws_lambda_function.user_sign_up",
            "data.archive_file.lambda_user_sign_up",
            "null_resource.go_build_functions_output_user_sign_up"
          ]
        }
      ]
    },
    {
      "mode": "managed",
      "type": "null_resource",
      "name": "go_build_functions_output_hello_world",
      "provider": "provider[\"registry.terraform.io/hashicorp/null\"]",
      "instances": [
        {
          "schema_version": 0,
          "attributes": {
            "id": "1102745267763098566",
            "triggers": {
              "always_run": "2023-12-03T14:36:11Z"
            }
          },
          "sensitive_attributes": []
        }
      ]
    },
    {
      "mode": "managed",
      "type": "null_resource",
      "name": "go_build_functions_output_monitored_link_add_multiple",
      "provider": "provider[\"registry.terraform.io/hashicorp/null\"]",
      "instances": [
        {
          "schema_version": 0,
          "attributes": {
            "id": "7089199045968801660",
            "triggers": {
              "always_run": "2023-12-03T15:42:41Z"
            }
          },
          "sensitive_attributes": []
        }
      ]
    },
    {
      "mode": "managed",
      "type": "null_resource",
      "name": "go_build_functions_output_user_sign_in",
      "provider": "provider[\"registry.terraform.io/hashicorp/null\"]",
      "instances": [
        {
          "schema_version": 0,
          "attributes": {
            "id": "6304443665333136340",
            "triggers": {
              "always_run": "2023-12-03T15:34:40Z"
            }
          },
          "sensitive_attributes": []
        }
      ]
    },
    {
      "mode": "managed",
      "type": "null_resource",
      "name": "go_build_functions_output_user_sign_up",
      "provider": "provider[\"registry.terraform.io/hashicorp/null\"]",
      "instances": [
        {
          "schema_version": 0,
          "attributes": {
            "id": "2061469065720330496",
            "triggers": {
              "always_run": "2023-12-03T14:36:11Z"
            }
          },
          "sensitive_attributes": []
        }
      ]
    }
  ],
  "check_results": []
}
