{
  "version": 4,
  "terraform_version": "1.6.4",
  "serial": 838,
  "lineage": "2739370a-6560-63df-bd1e-8bdb542f6cb3",
  "outputs": {
    "base_url": {
      "value": "https://ueb8gkzdtj.execute-api.ap-southeast-1.amazonaws.com/prod",
      "type": "string"
    }
  },
  "resources": [
    {
      "mode": "data",
      "type": "archive_file",
      "name": "lambda_app_version",
      "provider": "provider[\"registry.terraform.io/hashicorp/archive\"]",
      "instances": [
        {
          "schema_version": 0,
          "attributes": {
            "exclude_symlink_directories": null,
            "excludes": null,
            "id": "8634731e017e48773af19aaf3bc5154acfe0ef52",
            "output_base64sha256": "CnCLHRdjEWqpUFmpd4dC9mgzstpOgaeEwGkj/lDxKWU=",
            "output_base64sha512": "5IpCgUMoRPdzAkx40PavC4mx/4fNA97n0CG1wgQT6OUxVgQnqC8oUHap/QS9MIBpmZose+nHHR2mC9Isv/GLRQ==",
            "output_file_mode": null,
            "output_md5": "3d43fbd3ae139ecf0340b65af46f002c",
            "output_path": "./dist/functions/app-version.zip",
            "output_sha": "8634731e017e48773af19aaf3bc5154acfe0ef52",
            "output_sha256": "0a708b1d1763116aa95059a9778742f66833b2da4e81a784c06923fe50f12965",
            "output_sha512": "e48a4281432844f773024c78d0f6af0b89b1ff87cd03dee7d021b5c20413e8e531560427a82f285076a9fd04bd308069999a2c7be9c71d1da60bd22cbff18b45",
            "output_size": 5258817,
            "source": [],
            "source_content": null,
            "source_content_filename": null,
            "source_dir": null,
            "source_file": "./dist/functions/app-version",
            "type": "zip"
          },
          "sensitive_attributes": []
        }
      ]
    },
    {
      "mode": "data",
      "type": "archive_file",
      "name": "lambda_hello_world",
      "provider": "provider[\"registry.terraform.io/hashicorp/archive\"]",
      "instances": [
        {
          "schema_version": 0,
          "attributes": {
            "exclude_symlink_directories": null,
            "excludes": null,
            "id": "458c849388a68451db1cbc36c18c761d33d512cf",
            "output_base64sha256": "9A1pTC79cRqNX9NBfGHLCLH4k3ttAkBr+YSoUPc3psM=",
            "output_base64sha512": "Hxjp1+C4fbbH8AL2kb1wQkT1Siq9332uojmipA7mRKSMy8uOY7nk/pUC9h4Q/LLnpM7dds+nQX/s+mMx/lavZA==",
            "output_file_mode": null,
            "output_md5": "73c8eef9e314a6337df6e74b8826fa8e",
            "output_path": "./dist/functions/hello-world.zip",
            "output_sha": "458c849388a68451db1cbc36c18c761d33d512cf",
            "output_sha256": "f40d694c2efd711a8d5fd3417c61cb08b1f8937b6d02406bf984a850f737a6c3",
            "output_sha512": "1f18e9d7e0b87db6c7f002f691bd704244f54a2abddf7daea239a2a40ee644a48ccbcb8e63b9e4fe9502f61e10fcb2e7a4cedd76cfa7417fecfa6331fe56af64",
            "output_size": 5258915,
            "source": [],
            "source_content": null,
            "source_content_filename": null,
            "source_dir": null,
            "source_file": "./dist/functions/hello-world",
            "type": "zip"
          },
          "sensitive_attributes": []
        }
      ]
    },
    {
      "mode": "data",
      "type": "archive_file",
      "name": "lambda_monitored_link_add_multiple",
      "provider": "provider[\"registry.terraform.io/hashicorp/archive\"]",
      "instances": [
        {
          "schema_version": 0,
          "attributes": {
            "exclude_symlink_directories": null,
            "excludes": null,
            "id": "0aafdb439347888df264d0ee9181f6a092bfd5b1",
            "output_base64sha256": "6ShG5HpaGdNTxv3eEYqlKDq6b/bHMP8/bBPXhor9fOE=",
            "output_base64sha512": "s+E8OkFncKUyvoEySuEbFFkBIO+UkWpJzd+xUMpVEsHu5RRrEi3fyOruCvYtWnJtlYD2Lq/vaiAyvR0/cr1Ccw==",
            "output_file_mode": null,
            "output_md5": "7215192feddfec494bc79ad45482b91a",
            "output_path": "./dist/functions/monitored-link-add-multiple.zip",
            "output_sha": "0aafdb439347888df264d0ee9181f6a092bfd5b1",
            "output_sha256": "e92846e47a5a19d353c6fdde118aa5283aba6ff6c730ff3f6c13d7868afd7ce1",
            "output_sha512": "b3e13c3a416770a532be81324ae11b14590120ef94916a49cddfb150ca5512c1eee5146b122ddfc8eaee0af62d5a726d9580f62eafef6a2032bd1d3f72bd4273",
            "output_size": 9515049,
            "source": [],
            "source_content": null,
            "source_content_filename": null,
            "source_dir": null,
            "source_file": "./dist/functions/monitored-link-add-multiple",
            "type": "zip"
          },
          "sensitive_attributes": []
        }
      ]
    },
    {
      "mode": "data",
      "type": "archive_file",
      "name": "lambda_monitored_link_edit_multiple",
      "provider": "provider[\"registry.terraform.io/hashicorp/archive\"]",
      "instances": [
        {
          "schema_version": 0,
          "attributes": {
            "exclude_symlink_directories": null,
            "excludes": null,
            "id": "15958c03b108d8028bce7a3deb1762ab407cc157",
            "output_base64sha256": "poBNlJybcrLSfgCD6DxhzGCMGRA/+FUM9wvIEsScHZk=",
            "output_base64sha512": "ox2R4PKP3sKZ9QlgSuatbLj0LRULl14ZQ/7dHxZZwVUaghuthq0l8FOWlbsEW5iUeYoSPhSFDsE8/vp0fuR4aQ==",
            "output_file_mode": null,
            "output_md5": "aeebef8d250f4488c7e1ea0f8344b78f",
            "output_path": "./dist/functions/monitored-link-edit-multiple.zip",
            "output_sha": "15958c03b108d8028bce7a3deb1762ab407cc157",
            "output_sha256": "a6804d949c9b72b2d27e0083e83c61cc608c19103ff8550cf70bc812c49c1d99",
            "output_sha512": "a31d91e0f28fdec299f509604ae6ad6cb8f42d150b975e1943fedd1f1659c1551a821bad86ad25f0539695bb045b9894798a123e14850ec13cfefa747ee47869",
            "output_size": 9512889,
            "source": [],
            "source_content": null,
            "source_content_filename": null,
            "source_dir": null,
            "source_file": "./dist/functions/monitored-link-edit-multiple",
            "type": "zip"
          },
          "sensitive_attributes": []
        }
      ]
    },
    {
      "mode": "data",
      "type": "archive_file",
      "name": "lambda_monitored_link_list",
      "provider": "provider[\"registry.terraform.io/hashicorp/archive\"]",
      "instances": [
        {
          "schema_version": 0,
          "attributes": {
            "exclude_symlink_directories": null,
            "excludes": null,
            "id": "bbc13e3d1c333b179e64e23ff4c65e51094fc4c1",
            "output_base64sha256": "gclL6YcrlueA14qnG++68jq/re24R8xG1GeApHIBlsg=",
            "output_base64sha512": "pRAblvirmCuMe9LlYfr8batw/OVn2/LNP2MDUqmIs1yIsWGIq61b95reTug08NufANDM1raw4IUoEZqt8T6E3A==",
            "output_file_mode": null,
            "output_md5": "40ee700751a8098a56ebfcd64fc26b62",
            "output_path": "./dist/functions/monitored-link-list.zip",
            "output_sha": "bbc13e3d1c333b179e64e23ff4c65e51094fc4c1",
            "output_sha256": "81c94be9872b96e780d78aa71befbaf23abfadedb847cc46d46780a4720196c8",
            "output_sha512": "a5101b96f8ab982b8c7bd2e561fafc6dab70fce567dbf2cd3f630352a988b35c88b16188abad5bf79ade4ee834f0db9f00d0ccd6b6b0e08528119aadf13e84dc",
            "output_size": 9487431,
            "source": [],
            "source_content": null,
            "source_content_filename": null,
            "source_dir": null,
            "source_file": "./dist/functions/monitored-link-list",
            "type": "zip"
          },
          "sensitive_attributes": []
        }
      ]
    },
    {
      "mode": "data",
      "type": "archive_file",
      "name": "lambda_searched_item_add_multiple",
      "provider": "provider[\"registry.terraform.io/hashicorp/archive\"]",
      "instances": [
        {
          "schema_version": 0,
          "attributes": {
            "exclude_symlink_directories": null,
            "excludes": null,
            "id": "d191c30e7d84dd83b2e01f40100e4d5bf6756765",
            "output_base64sha256": "kMeKuF8OzRKdZDkJWJmfOrXsLlLTfDaCq/e1d81Bvds=",
            "output_base64sha512": "foSrNTFexPD2a4Z34yC7u32gxleo0gdZ80V+D407LlWMnINoWNPaClK0QvEPcXJE/PvqAGUkBZsqBuFVbKeFkw==",
            "output_file_mode": null,
            "output_md5": "05ae16c0f1c8b05b6e85a3e0eb6de7b3",
            "output_path": "./dist/functions/searched-item-add-multiple.zip",
            "output_sha": "d191c30e7d84dd83b2e01f40100e4d5bf6756765",
            "output_sha256": "90c78ab85f0ecd129d64390958999f3ab5ec2e52d37c3682abf7b577cd41bddb",
            "output_sha512": "7e84ab35315ec4f0f66b8677e320bbbb7da0c657a8d20759f3457e0f8d3b2e558c9c836858d3da0a52b442f10f717244fcfbea006524059b2a06e1556ca78593",
            "output_size": 9480238,
            "source": [],
            "source_content": null,
            "source_content_filename": null,
            "source_dir": null,
            "source_file": "./dist/functions/searched-item-add-multiple",
            "type": "zip"
          },
          "sensitive_attributes": []
        }
      ]
    },
    {
      "mode": "data",
      "type": "archive_file",
      "name": "lambda_searched_item_edit_multiple",
      "provider": "provider[\"registry.terraform.io/hashicorp/archive\"]",
      "instances": [
        {
          "schema_version": 0,
          "attributes": {
            "exclude_symlink_directories": null,
            "excludes": null,
            "id": "50db7f7d06c27f004bec5d5b52b2f94ab2054876",
            "output_base64sha256": "nZwxxjwQsdnOSWg1JTLWsDBxwRAM4Q8ZkzAFns2WiyI=",
            "output_base64sha512": "zYQl8k2PhoAYbDPo1r7osbJrY32DkjjUOjWW1dF5ry6KNaFJVlRjT1LdnZJ5pYQR2EHHdx29w8D+qv/qv6zIkQ==",
            "output_file_mode": null,
            "output_md5": "73d53ac383658f661257671cdc87d71b",
            "output_path": "./dist/functions/searched-item-edit-multiple.zip",
            "output_sha": "50db7f7d06c27f004bec5d5b52b2f94ab2054876",
            "output_sha256": "9d9c31c63c10b1d9ce4968352532d6b03071c1100ce10f199330059ecd968b22",
            "output_sha512": "cd8425f24d8f8680186c33e8d6bee8b1b26b637d839238d43a3596d5d179af2e8a35a1495654634f52dd9d9279a58411d841c7771dbdc3c0feaaffeabfacc891",
            "output_size": 9511064,
            "source": [],
            "source_content": null,
            "source_content_filename": null,
            "source_dir": null,
            "source_file": "./dist/functions/searched-item-edit-multiple",
            "type": "zip"
          },
          "sensitive_attributes": []
        }
      ]
    },
    {
      "mode": "data",
      "type": "archive_file",
      "name": "lambda_searched_item_list",
      "provider": "provider[\"registry.terraform.io/hashicorp/archive\"]",
      "instances": [
        {
          "schema_version": 0,
          "attributes": {
            "exclude_symlink_directories": null,
            "excludes": null,
            "id": "fdcf01646e4c64fd12ac0ca079b87994d82c1eb6",
            "output_base64sha256": "IE0vbjJDkuEWXYIZGpDpfxmO15/x9yoJQ8EJPT1s5m8=",
            "output_base64sha512": "AF5UKWy5lHH1avQU0WTfgW5Rfxk1O3Vpt043bqU8Prlxjbjb9g0827Juqi5jC9xnjGUzsAMgrgb8CCjyntJiKA==",
            "output_file_mode": null,
            "output_md5": "e8af31d5ab7d8077a206623aa7e4063d",
            "output_path": "./dist/functions/searched-item-list.zip",
            "output_sha": "fdcf01646e4c64fd12ac0ca079b87994d82c1eb6",
            "output_sha256": "204d2f6e324392e1165d82191a90e97f198ed79ff1f72a0943c1093d3d6ce66f",
            "output_sha512": "005e54296cb99471f56af414d164df816e517f19353b7569b74e376ea53c3eb9718db8dbf60d3cdbb26eaa2e630bdc678c6533b00320ae06fc0828f29ed26228",
            "output_size": 9480773,
            "source": [],
            "source_content": null,
            "source_content_filename": null,
            "source_dir": null,
            "source_file": "./dist/functions/searched-item-list",
            "type": "zip"
          },
          "sensitive_attributes": []
        }
      ]
    },
    {
      "mode": "data",
      "type": "archive_file",
      "name": "lambda_user_edit",
      "provider": "provider[\"registry.terraform.io/hashicorp/archive\"]",
      "instances": [
        {
          "schema_version": 0,
          "attributes": {
            "exclude_symlink_directories": null,
            "excludes": null,
            "id": "d78ac43f961429346ae403795d288b67e2447945",
            "output_base64sha256": "hSGM4SR4eFNtHz+YJSzVW2NeCBXoCY3y5VBA71Unrf8=",
            "output_base64sha512": "FALoyHan2QMjmcyOtf38p2M0iOi+KVPGq8L7jCG0ZMz5m9hCFQJL4m8o6SNKxup4rOX3npNomRN5xs5t0bsENw==",
            "output_file_mode": null,
            "output_md5": "c51b45e81d2e3d6665075da5e59579ec",
            "output_path": "./dist/functions/user-edit.zip",
            "output_sha": "d78ac43f961429346ae403795d288b67e2447945",
            "output_sha256": "85218ce1247878536d1f3f98252cd55b635e0815e8098df2e55040ef5527adff",
            "output_sha512": "1402e8c876a7d9032399cc8eb5fdfca7633488e8be2953c6abc2fb8c21b464ccf99bd84215024be26f28e9234ac6ea78ace5f79e9368991379c6ce6dd1bb0437",
            "output_size": 9522400,
            "source": [],
            "source_content": null,
            "source_content_filename": null,
            "source_dir": null,
            "source_file": "./dist/functions/user-edit",
            "type": "zip"
          },
          "sensitive_attributes": []
        }
      ]
    },
    {
      "mode": "data",
      "type": "archive_file",
      "name": "lambda_user_me",
      "provider": "provider[\"registry.terraform.io/hashicorp/archive\"]",
      "instances": [
        {
          "schema_version": 0,
          "attributes": {
            "exclude_symlink_directories": null,
            "excludes": null,
            "id": "bb474ebd6c7530de0cfe9a833acd32cdf7a68f9f",
            "output_base64sha256": "w9S2aZG6muXOfmrhSY4PO52+nDo24CaLKka65grOrDU=",
            "output_base64sha512": "SZVdKfn9z4li4fLRp1Sw//LfkvUCaPuHLhvPWSOv3WJ5nYq+vLkNp4L3yrvB9X++AXpul34qYXK/G4x0Tc5fmQ==",
            "output_file_mode": null,
            "output_md5": "e45a1a01a7354dca6d461831bf505973",
            "output_path": "./dist/functions/user-me.zip",
            "output_sha": "bb474ebd6c7530de0cfe9a833acd32cdf7a68f9f",
            "output_sha256": "c3d4b66991ba9ae5ce7e6ae1498e0f3b9dbe9c3a36e0268b2a46bae60aceac35",
            "output_sha512": "49955d29f9fdcf8962e1f2d1a754b0fff2df92f50268fb872e1bcf5923afdd62799d8abebcb90da782f7cabbc1f57fbe017a6e977e2a6172bf1b8c744dce5f99",
            "output_size": 9474200,
            "source": [],
            "source_content": null,
            "source_content_filename": null,
            "source_dir": null,
            "source_file": "./dist/functions/user-me",
            "type": "zip"
          },
          "sensitive_attributes": []
        }
      ]
    },
    {
      "mode": "data",
      "type": "archive_file",
      "name": "lambda_user_reset_password",
      "provider": "provider[\"registry.terraform.io/hashicorp/archive\"]",
      "instances": [
        {
          "schema_version": 0,
          "attributes": {
            "exclude_symlink_directories": null,
            "excludes": null,
            "id": "cc00afd24f99d3b582ac2650da8eb8881948e187",
            "output_base64sha256": "Tzb4+NtMvScQQxxI8yqfEQfYG5xI7uSN0PdkEH0gWy4=",
            "output_base64sha512": "u78Ll8kOPU8GZV20KuEpRfJ9ODghVeYdbdI0wjNyQ7G2xoOZEe8ZsYkgG7uGm1KPVl5AxYD6q3gw7Ub9I/8DRQ==",
            "output_file_mode": null,
            "output_md5": "48d88ef6430c204002bc245a2c4cf0eb",
            "output_path": "./dist/functions/user-reset-password.zip",
            "output_sha": "cc00afd24f99d3b582ac2650da8eb8881948e187",
            "output_sha256": "4f36f8f8db4cbd2710431c48f32a9f1107d81b9c48eee48dd0f764107d205b2e",
            "output_sha512": "bbbf0b97c90e3d4f06655db42ae12945f27d38382155e61d6dd234c2337243b1b6c6839911ef19b189201bbb869b528f565e40c580faab7830ed46fd23ff0345",
            "output_size": 9089687,
            "source": [],
            "source_content": null,
            "source_content_filename": null,
            "source_dir": null,
            "source_file": "./dist/functions/user-reset-password",
            "type": "zip"
          },
          "sensitive_attributes": []
        }
      ]
    },
    {
      "mode": "data",
      "type": "archive_file",
      "name": "lambda_user_sign_in",
      "provider": "provider[\"registry.terraform.io/hashicorp/archive\"]",
      "instances": [
        {
          "schema_version": 0,
          "attributes": {
            "exclude_symlink_directories": null,
            "excludes": null,
            "id": "f528756ce8a71acfa4e6ed68f10f85bf4dc97191",
            "output_base64sha256": "EWq0flXltftH/W+wPT7oKetmQ6OK4yBq+N/Kecco/rw=",
            "output_base64sha512": "B8K+FumpTqo46TgSwfTeuQU7na4alZ9jXO8Luk9Tb/9KqySxXNWxjV0+qvZhHVbEitjPp8S2KOeXFXLSkXpn/A==",
            "output_file_mode": null,
            "output_md5": "9b13d1fc80fa0796cb8b2fd13b24a293",
            "output_path": "./dist/functions/user-signin.zip",
            "output_sha": "f528756ce8a71acfa4e6ed68f10f85bf4dc97191",
            "output_sha256": "116ab47e55e5b5fb47fd6fb03d3ee829eb6643a38ae3206af8dfca79c728febc",
            "output_sha512": "07c2be16e9a94eaa38e93812c1f4deb9053b9dae1a959f635cef0bba4f536fff4aab24b15cd5b18d5d3eaaf6611d56c48ad8cfa7c4b628e7971572d2917a67fc",
            "output_size": 9471613,
            "source": [],
            "source_content": null,
            "source_content_filename": null,
            "source_dir": null,
            "source_file": "./dist/functions/user-signin",
            "type": "zip"
          },
          "sensitive_attributes": []
        }
      ]
    },
    {
      "mode": "data",
      "type": "archive_file",
      "name": "lambda_user_sign_up",
      "provider": "provider[\"registry.terraform.io/hashicorp/archive\"]",
      "instances": [
        {
          "schema_version": 0,
          "attributes": {
            "exclude_symlink_directories": null,
            "excludes": null,
            "id": "b34f49b7791ebf8035a2bad8dc027bf1d027bbbb",
            "output_base64sha256": "uwZPqOXrQu0treVvv5kj2MTVbvtt+NV/y/81t8Zw5Y8=",
            "output_base64sha512": "7Sy4ap1CFI1N+dinHY4Z2+DF3oWkPdo2RgzG47HQN+UGiENpAkROks5i9naW9pBgl0Hvw462Vk05XbdFRDCzlw==",
            "output_file_mode": null,
            "output_md5": "bf5ea02a650fa381a4930743d5974a25",
            "output_path": "./dist/functions/user-signup.zip",
            "output_sha": "b34f49b7791ebf8035a2bad8dc027bf1d027bbbb",
            "output_sha256": "bb064fa8e5eb42ed2dade56fbf9923d8c4d56efb6df8d57fcbff35b7c670e58f",
            "output_sha512": "ed2cb86a9d42148d4df9d8a71d8e19dbe0c5de85a43dda36460cc6e3b1d037e50688436902444e92ce62f67696f690609741efc38eb6564d395db7454430b397",
            "output_size": 9056881,
            "source": [],
            "source_content": null,
            "source_content_filename": null,
            "source_dir": null,
            "source_file": "./dist/functions/user-signup",
            "type": "zip"
          },
          "sensitive_attributes": []
        }
      ]
    },
    {
      "mode": "data",
      "type": "archive_file",
      "name": "lambda_user_validate_otp",
      "provider": "provider[\"registry.terraform.io/hashicorp/archive\"]",
      "instances": [
        {
          "schema_version": 0,
          "attributes": {
            "exclude_symlink_directories": null,
            "excludes": null,
            "id": "687ced1a086f0018e0abd0efcee4e784f442c509",
            "output_base64sha256": "HtERObPWFskk+RbQohVoHTz1srxK6Th5cgOn/SjESFQ=",
            "output_base64sha512": "y5jn/1ZbgqAxBcl1/eTJkAof9uazolAaQEXEbl3Pz4ZeUtE7dteXglgDyLfDw46yYp/kheIa7mfypda5zkjr4g==",
            "output_file_mode": null,
            "output_md5": "df71acdfcb20e458808fa8d85d8e3e49",
            "output_path": "./dist/functions/user-validate-otp.zip",
            "output_sha": "687ced1a086f0018e0abd0efcee4e784f442c509",
            "output_sha256": "1ed11139b3d616c924f916d0a215681d3cf5b2bc4ae938797203a7fd28c44854",
            "output_sha512": "cb98e7ff565b82a03105c975fde4c9900a1ff6e6b3a2501a4045c46e5dcfcf865e52d13b76d797825803c8b7c3c38eb2629fe485e21aee67f2a5d6b9ce48ebe2",
            "output_size": 9043611,
            "source": [],
            "source_content": null,
            "source_content_filename": null,
            "source_dir": null,
            "source_file": "./dist/functions/user-validate-otp",
            "type": "zip"
          },
          "sensitive_attributes": []
        }
      ]
    },
    {
      "mode": "data",
      "type": "aws_vpcs",
      "name": "list",
      "provider": "provider[\"registry.terraform.io/hashicorp/aws\"]",
      "instances": [
        {
          "schema_version": 0,
          "attributes": {
            "filter": null,
            "id": "ap-southeast-1",
            "ids": [],
            "tags": {
              "deployment_environment_name": "prod",
              "project_name": "diskon-hunter-price-monitoring"
            },
            "timeouts": null
          },
          "sensitive_attributes": []
        }
      ]
    },
    {
      "mode": "managed",
      "type": "aws_apigatewayv2_api",
      "name": "lambda",
      "provider": "provider[\"registry.terraform.io/hashicorp/aws\"]",
      "instances": [
        {
          "schema_version": 0,
          "attributes": {
            "api_endpoint": "https://ueb8gkzdtj.execute-api.ap-southeast-1.amazonaws.com",
            "api_key_selection_expression": "$request.header.x-api-key",
            "arn": "arn:aws:apigateway:ap-southeast-1::/apis/ueb8gkzdtj",
            "body": null,
            "cors_configuration": [
              {
                "allow_credentials": false,
                "allow_headers": [
                  "accept",
                  "accept-encoding",
                  "authorization",
                  "content-length",
                  "content-type"
                ],
                "allow_methods": [
                  "GET",
                  "OPTIONS",
                  "POST"
                ],
                "allow_origins": [
                  "*"
                ],
                "expose_headers": [
                  "*"
                ],
                "max_age": 300
              }
            ],
            "credentials_arn": null,
            "description": "",
            "disable_execute_api_endpoint": false,
            "execution_arn": "arn:aws:execute-api:ap-southeast-1:033737710410:ueb8gkzdtj",
            "fail_on_warnings": null,
            "id": "ueb8gkzdtj",
            "name": "serverless_lambda_gw",
            "protocol_type": "HTTP",
            "route_key": null,
            "route_selection_expression": "$request.method $request.path",
            "tags": {},
            "tags_all": {
              "deployment_environment_name": "prod",
              "deployment_environment_purpose": "Enviroment accessed and used by end user",
              "module_name": "app-be-serverless",
              "project_name": "diskon-hunter-price-monitoring"
            },
            "target": null,
            "version": ""
          },
          "sensitive_attributes": [],
          "private": "bnVsbA=="
        }
      ]
    },
    {
      "mode": "managed",
      "type": "aws_apigatewayv2_integration",
      "name": "app_version",
      "provider": "provider[\"registry.terraform.io/hashicorp/aws\"]",
      "instances": [
        {
          "schema_version": 0,
          "attributes": {
            "api_id": "ueb8gkzdtj",
            "connection_id": "",
            "connection_type": "INTERNET",
            "content_handling_strategy": "",
            "credentials_arn": "",
            "description": "",
            "id": "d5fd1t0",
            "integration_method": "POST",
            "integration_response_selection_expression": "",
            "integration_subtype": "",
            "integration_type": "AWS_PROXY",
            "integration_uri": "arn:aws:apigateway:ap-southeast-1:lambda:path/2015-03-31/functions/arn:aws:lambda:ap-southeast-1:033737710410:function:AppVersion/invocations",
            "passthrough_behavior": "",
            "payload_format_version": "1.0",
            "request_parameters": {},
            "request_templates": {},
            "response_parameters": [],
            "template_selection_expression": "",
            "timeout_milliseconds": 30000,
            "tls_config": []
          },
          "sensitive_attributes": [],
          "private": "bnVsbA==",
          "dependencies": [
            "aws_apigatewayv2_api.lambda",
            "aws_iam_role.lambda_exec",
            "aws_lambda_function.app_version",
            "data.archive_file.lambda_app_version",
            "null_resource.go_build_functions_output_app_version"
          ]
        }
      ]
    },
    {
      "mode": "managed",
      "type": "aws_apigatewayv2_integration",
      "name": "hello_world",
      "provider": "provider[\"registry.terraform.io/hashicorp/aws\"]",
      "instances": [
        {
          "schema_version": 0,
          "attributes": {
            "api_id": "ueb8gkzdtj",
            "connection_id": "",
            "connection_type": "INTERNET",
            "content_handling_strategy": "",
            "credentials_arn": "",
            "description": "",
            "id": "emgs3zu",
            "integration_method": "POST",
            "integration_response_selection_expression": "",
            "integration_subtype": "",
            "integration_type": "AWS_PROXY",
            "integration_uri": "arn:aws:apigateway:ap-southeast-1:lambda:path/2015-03-31/functions/arn:aws:lambda:ap-southeast-1:033737710410:function:HelloWorld/invocations",
            "passthrough_behavior": "",
            "payload_format_version": "1.0",
            "request_parameters": {},
            "request_templates": {},
            "response_parameters": [],
            "template_selection_expression": "",
            "timeout_milliseconds": 30000,
            "tls_config": []
          },
          "sensitive_attributes": [],
          "private": "bnVsbA==",
          "dependencies": [
            "aws_apigatewayv2_api.lambda",
            "aws_iam_role.lambda_exec",
            "aws_lambda_function.hello_world",
            "data.archive_file.lambda_hello_world",
            "null_resource.go_build_functions_output_hello_world"
          ]
        }
      ]
    },
    {
      "mode": "managed",
      "type": "aws_apigatewayv2_integration",
      "name": "monitored_link_add_multiple",
      "provider": "provider[\"registry.terraform.io/hashicorp/aws\"]",
      "instances": [
        {
          "schema_version": 0,
          "attributes": {
            "api_id": "ueb8gkzdtj",
            "connection_id": "",
            "connection_type": "INTERNET",
            "content_handling_strategy": "",
            "credentials_arn": "",
            "description": "",
            "id": "mkup30q",
            "integration_method": "POST",
            "integration_response_selection_expression": "",
            "integration_subtype": "",
            "integration_type": "AWS_PROXY",
            "integration_uri": "arn:aws:apigateway:ap-southeast-1:lambda:path/2015-03-31/functions/arn:aws:lambda:ap-southeast-1:033737710410:function:MonitoredLinkAddMultiple/invocations",
            "passthrough_behavior": "",
            "payload_format_version": "1.0",
            "request_parameters": {},
            "request_templates": {},
            "response_parameters": [],
            "template_selection_expression": "",
            "timeout_milliseconds": 30000,
            "tls_config": []
          },
          "sensitive_attributes": [],
          "private": "bnVsbA==",
          "dependencies": [
            "aws_apigatewayv2_api.lambda",
            "aws_iam_role.lambda_exec",
            "aws_lambda_function.monitored_link_add_multiple",
            "data.archive_file.lambda_monitored_link_add_multiple",
            "null_resource.go_build_functions_output_monitored_link_add_multiple"
          ]
        }
      ]
    },
    {
      "mode": "managed",
      "type": "aws_apigatewayv2_integration",
      "name": "monitored_link_edit_multiple",
      "provider": "provider[\"registry.terraform.io/hashicorp/aws\"]",
      "instances": [
        {
          "schema_version": 0,
          "attributes": {
            "api_id": "ueb8gkzdtj",
            "connection_id": "",
            "connection_type": "INTERNET",
            "content_handling_strategy": "",
            "credentials_arn": "",
            "description": "",
            "id": "70q48pp",
            "integration_method": "POST",
            "integration_response_selection_expression": "",
            "integration_subtype": "",
            "integration_type": "AWS_PROXY",
            "integration_uri": "arn:aws:apigateway:ap-southeast-1:lambda:path/2015-03-31/functions/arn:aws:lambda:ap-southeast-1:033737710410:function:MonitoredLinkEditMultiple/invocations",
            "passthrough_behavior": "",
            "payload_format_version": "1.0",
            "request_parameters": {},
            "request_templates": {},
            "response_parameters": [],
            "template_selection_expression": "",
            "timeout_milliseconds": 30000,
            "tls_config": []
          },
          "sensitive_attributes": [],
          "private": "bnVsbA==",
          "dependencies": [
            "aws_apigatewayv2_api.lambda",
            "aws_iam_role.lambda_exec",
            "aws_lambda_function.monitored_link_edit_multiple",
            "data.archive_file.lambda_monitored_link_edit_multiple",
            "null_resource.go_build_functions_output_monitored_link_edit_multiple"
          ]
        }
      ]
    },
    {
      "mode": "managed",
      "type": "aws_apigatewayv2_integration",
      "name": "monitored_link_list",
      "provider": "provider[\"registry.terraform.io/hashicorp/aws\"]",
      "instances": [
        {
          "schema_version": 0,
          "attributes": {
            "api_id": "ueb8gkzdtj",
            "connection_id": "",
            "connection_type": "INTERNET",
            "content_handling_strategy": "",
            "credentials_arn": "",
            "description": "",
            "id": "7rmfyqe",
            "integration_method": "POST",
            "integration_response_selection_expression": "",
            "integration_subtype": "",
            "integration_type": "AWS_PROXY",
            "integration_uri": "arn:aws:apigateway:ap-southeast-1:lambda:path/2015-03-31/functions/arn:aws:lambda:ap-southeast-1:033737710410:function:MonitoredLinkList/invocations",
            "passthrough_behavior": "",
            "payload_format_version": "1.0",
            "request_parameters": {},
            "request_templates": {},
            "response_parameters": [],
            "template_selection_expression": "",
            "timeout_milliseconds": 30000,
            "tls_config": []
          },
          "sensitive_attributes": [],
          "private": "bnVsbA==",
          "dependencies": [
            "aws_apigatewayv2_api.lambda",
            "aws_iam_role.lambda_exec",
            "aws_lambda_function.monitored_link_list",
            "data.archive_file.lambda_monitored_link_list",
            "null_resource.go_build_functions_output_monitored_link_list"
          ]
        }
      ]
    },
    {
      "mode": "managed",
      "type": "aws_apigatewayv2_integration",
      "name": "searched_item_add_multiple",
      "provider": "provider[\"registry.terraform.io/hashicorp/aws\"]",
      "instances": [
        {
          "schema_version": 0,
          "attributes": {
            "api_id": "ueb8gkzdtj",
            "connection_id": "",
            "connection_type": "INTERNET",
            "content_handling_strategy": "",
            "credentials_arn": "",
            "description": "",
            "id": "4kjr2w3",
            "integration_method": "POST",
            "integration_response_selection_expression": "",
            "integration_subtype": "",
            "integration_type": "AWS_PROXY",
            "integration_uri": "arn:aws:apigateway:ap-southeast-1:lambda:path/2015-03-31/functions/arn:aws:lambda:ap-southeast-1:033737710410:function:SearchedItemAddMultiple/invocations",
            "passthrough_behavior": "",
            "payload_format_version": "1.0",
            "request_parameters": {},
            "request_templates": {},
            "response_parameters": [],
            "template_selection_expression": "",
            "timeout_milliseconds": 30000,
            "tls_config": []
          },
          "sensitive_attributes": [],
          "private": "bnVsbA==",
          "dependencies": [
            "aws_apigatewayv2_api.lambda",
            "aws_iam_role.lambda_exec",
            "aws_lambda_function.searched_item_add_multiple",
            "data.archive_file.lambda_searched_item_add_multiple",
            "null_resource.go_build_functions_output_searched_item_add_multiple"
          ]
        }
      ]
    },
    {
      "mode": "managed",
      "type": "aws_apigatewayv2_integration",
      "name": "searched_item_edit_multiple",
      "provider": "provider[\"registry.terraform.io/hashicorp/aws\"]",
      "instances": [
        {
          "schema_version": 0,
          "attributes": {
            "api_id": "ueb8gkzdtj",
            "connection_id": "",
            "connection_type": "INTERNET",
            "content_handling_strategy": "",
            "credentials_arn": "",
            "description": "",
            "id": "qvgale4",
            "integration_method": "POST",
            "integration_response_selection_expression": "",
            "integration_subtype": "",
            "integration_type": "AWS_PROXY",
            "integration_uri": "arn:aws:apigateway:ap-southeast-1:lambda:path/2015-03-31/functions/arn:aws:lambda:ap-southeast-1:033737710410:function:SearchedItemEditMultiple/invocations",
            "passthrough_behavior": "",
            "payload_format_version": "1.0",
            "request_parameters": {},
            "request_templates": {},
            "response_parameters": [],
            "template_selection_expression": "",
            "timeout_milliseconds": 30000,
            "tls_config": []
          },
          "sensitive_attributes": [],
          "private": "bnVsbA==",
          "dependencies": [
            "aws_apigatewayv2_api.lambda",
            "aws_iam_role.lambda_exec",
            "aws_lambda_function.searched_item_edit_multiple",
            "data.archive_file.lambda_searched_item_edit_multiple",
            "null_resource.go_build_functions_output_searched_item_edit_multiple"
          ]
        }
      ]
    },
    {
      "mode": "managed",
      "type": "aws_apigatewayv2_integration",
      "name": "searched_item_list",
      "provider": "provider[\"registry.terraform.io/hashicorp/aws\"]",
      "instances": [
        {
          "schema_version": 0,
          "attributes": {
            "api_id": "ueb8gkzdtj",
            "connection_id": "",
            "connection_type": "INTERNET",
            "content_handling_strategy": "",
            "credentials_arn": "",
            "description": "",
            "id": "zac01ti",
            "integration_method": "POST",
            "integration_response_selection_expression": "",
            "integration_subtype": "",
            "integration_type": "AWS_PROXY",
            "integration_uri": "arn:aws:apigateway:ap-southeast-1:lambda:path/2015-03-31/functions/arn:aws:lambda:ap-southeast-1:033737710410:function:SearchedItemList/invocations",
            "passthrough_behavior": "",
            "payload_format_version": "1.0",
            "request_parameters": {},
            "request_templates": {},
            "response_parameters": [],
            "template_selection_expression": "",
            "timeout_milliseconds": 30000,
            "tls_config": []
          },
          "sensitive_attributes": [],
          "private": "bnVsbA==",
          "dependencies": [
            "aws_apigatewayv2_api.lambda",
            "aws_iam_role.lambda_exec",
            "aws_lambda_function.searched_item_list",
            "data.archive_file.lambda_searched_item_list",
            "null_resource.go_build_functions_output_searched_item_list"
          ]
        }
      ]
    },
    {
      "mode": "managed",
      "type": "aws_apigatewayv2_integration",
      "name": "user_edit",
      "provider": "provider[\"registry.terraform.io/hashicorp/aws\"]",
      "instances": [
        {
          "schema_version": 0,
          "attributes": {
            "api_id": "ueb8gkzdtj",
            "connection_id": "",
            "connection_type": "INTERNET",
            "content_handling_strategy": "",
            "credentials_arn": "",
            "description": "",
            "id": "k42n5wd",
            "integration_method": "POST",
            "integration_response_selection_expression": "",
            "integration_subtype": "",
            "integration_type": "AWS_PROXY",
            "integration_uri": "arn:aws:apigateway:ap-southeast-1:lambda:path/2015-03-31/functions/arn:aws:lambda:ap-southeast-1:033737710410:function:UserEdit/invocations",
            "passthrough_behavior": "",
            "payload_format_version": "1.0",
            "request_parameters": {},
            "request_templates": {},
            "response_parameters": [],
            "template_selection_expression": "",
            "timeout_milliseconds": 30000,
            "tls_config": []
          },
          "sensitive_attributes": [],
          "private": "bnVsbA==",
          "dependencies": [
            "aws_apigatewayv2_api.lambda",
            "aws_iam_role.lambda_exec",
            "aws_lambda_function.user_edit",
            "data.archive_file.lambda_user_edit",
            "null_resource.go_build_functions_output_user_edit"
          ]
        }
      ]
    },
    {
      "mode": "managed",
      "type": "aws_apigatewayv2_integration",
      "name": "user_me",
      "provider": "provider[\"registry.terraform.io/hashicorp/aws\"]",
      "instances": [
        {
          "schema_version": 0,
          "attributes": {
            "api_id": "ueb8gkzdtj",
            "connection_id": "",
            "connection_type": "INTERNET",
            "content_handling_strategy": "",
            "credentials_arn": "",
            "description": "",
            "id": "7jeysfu",
            "integration_method": "POST",
            "integration_response_selection_expression": "",
            "integration_subtype": "",
            "integration_type": "AWS_PROXY",
            "integration_uri": "arn:aws:apigateway:ap-southeast-1:lambda:path/2015-03-31/functions/arn:aws:lambda:ap-southeast-1:033737710410:function:UserMe/invocations",
            "passthrough_behavior": "",
            "payload_format_version": "1.0",
            "request_parameters": {},
            "request_templates": {},
            "response_parameters": [],
            "template_selection_expression": "",
            "timeout_milliseconds": 30000,
            "tls_config": []
          },
          "sensitive_attributes": [],
          "private": "bnVsbA==",
          "dependencies": [
            "aws_apigatewayv2_api.lambda",
            "aws_iam_role.lambda_exec",
            "aws_lambda_function.user_me",
            "data.archive_file.lambda_user_me",
            "null_resource.go_build_functions_output_user_me"
          ]
        }
      ]
    },
    {
      "mode": "managed",
      "type": "aws_apigatewayv2_integration",
      "name": "user_reset_password",
      "provider": "provider[\"registry.terraform.io/hashicorp/aws\"]",
      "instances": [
        {
          "schema_version": 0,
          "attributes": {
            "api_id": "ueb8gkzdtj",
            "connection_id": "",
            "connection_type": "INTERNET",
            "content_handling_strategy": "",
            "credentials_arn": "",
            "description": "",
            "id": "q4ev9ua",
            "integration_method": "POST",
            "integration_response_selection_expression": "",
            "integration_subtype": "",
            "integration_type": "AWS_PROXY",
            "integration_uri": "arn:aws:apigateway:ap-southeast-1:lambda:path/2015-03-31/functions/arn:aws:lambda:ap-southeast-1:033737710410:function:UserResetPassword/invocations",
            "passthrough_behavior": "",
            "payload_format_version": "1.0",
            "request_parameters": {},
            "request_templates": {},
            "response_parameters": [],
            "template_selection_expression": "",
            "timeout_milliseconds": 30000,
            "tls_config": []
          },
          "sensitive_attributes": [],
          "private": "bnVsbA==",
          "dependencies": [
            "aws_apigatewayv2_api.lambda",
            "aws_iam_role.lambda_exec",
            "aws_lambda_function.user_reset_password",
            "data.archive_file.lambda_user_reset_password",
            "null_resource.go_build_functions_output_user_reset_password"
          ]
        }
      ]
    },
    {
      "mode": "managed",
      "type": "aws_apigatewayv2_integration",
      "name": "user_sign_in",
      "provider": "provider[\"registry.terraform.io/hashicorp/aws\"]",
      "instances": [
        {
          "schema_version": 0,
          "attributes": {
            "api_id": "ueb8gkzdtj",
            "connection_id": "",
            "connection_type": "INTERNET",
            "content_handling_strategy": "",
            "credentials_arn": "",
            "description": "",
            "id": "7fjul68",
            "integration_method": "POST",
            "integration_response_selection_expression": "",
            "integration_subtype": "",
            "integration_type": "AWS_PROXY",
            "integration_uri": "arn:aws:apigateway:ap-southeast-1:lambda:path/2015-03-31/functions/arn:aws:lambda:ap-southeast-1:033737710410:function:UserSignIn/invocations",
            "passthrough_behavior": "",
            "payload_format_version": "1.0",
            "request_parameters": {},
            "request_templates": {},
            "response_parameters": [],
            "template_selection_expression": "",
            "timeout_milliseconds": 30000,
            "tls_config": []
          },
          "sensitive_attributes": [],
          "private": "bnVsbA==",
          "dependencies": [
            "aws_apigatewayv2_api.lambda",
            "aws_iam_role.lambda_exec",
            "aws_lambda_function.user_sign_in",
            "data.archive_file.lambda_user_sign_in",
            "null_resource.go_build_functions_output_user_sign_in"
          ]
        }
      ]
    },
    {
      "mode": "managed",
      "type": "aws_apigatewayv2_integration",
      "name": "user_sign_up",
      "provider": "provider[\"registry.terraform.io/hashicorp/aws\"]",
      "instances": [
        {
          "schema_version": 0,
          "attributes": {
            "api_id": "ueb8gkzdtj",
            "connection_id": "",
            "connection_type": "INTERNET",
            "content_handling_strategy": "",
            "credentials_arn": "",
            "description": "",
            "id": "omcqcdj",
            "integration_method": "POST",
            "integration_response_selection_expression": "",
            "integration_subtype": "",
            "integration_type": "AWS_PROXY",
            "integration_uri": "arn:aws:apigateway:ap-southeast-1:lambda:path/2015-03-31/functions/arn:aws:lambda:ap-southeast-1:033737710410:function:UserSignUp/invocations",
            "passthrough_behavior": "",
            "payload_format_version": "1.0",
            "request_parameters": {},
            "request_templates": {},
            "response_parameters": [],
            "template_selection_expression": "",
            "timeout_milliseconds": 30000,
            "tls_config": []
          },
          "sensitive_attributes": [],
          "private": "bnVsbA==",
          "dependencies": [
            "aws_apigatewayv2_api.lambda",
            "aws_iam_role.lambda_exec",
            "aws_lambda_function.user_sign_up",
            "data.archive_file.lambda_user_sign_up",
            "null_resource.go_build_functions_output_user_sign_up"
          ]
        }
      ]
    },
    {
      "mode": "managed",
      "type": "aws_apigatewayv2_integration",
      "name": "user_validate_otp",
      "provider": "provider[\"registry.terraform.io/hashicorp/aws\"]",
      "instances": [
        {
          "schema_version": 0,
          "attributes": {
            "api_id": "ueb8gkzdtj",
            "connection_id": "",
            "connection_type": "INTERNET",
            "content_handling_strategy": "",
            "credentials_arn": "",
            "description": "",
            "id": "l9slgbd",
            "integration_method": "POST",
            "integration_response_selection_expression": "",
            "integration_subtype": "",
            "integration_type": "AWS_PROXY",
            "integration_uri": "arn:aws:apigateway:ap-southeast-1:lambda:path/2015-03-31/functions/arn:aws:lambda:ap-southeast-1:033737710410:function:UserValidateOtp/invocations",
            "passthrough_behavior": "",
            "payload_format_version": "1.0",
            "request_parameters": {},
            "request_templates": {},
            "response_parameters": [],
            "template_selection_expression": "",
            "timeout_milliseconds": 30000,
            "tls_config": []
          },
          "sensitive_attributes": [],
          "private": "bnVsbA==",
          "dependencies": [
            "aws_apigatewayv2_api.lambda",
            "aws_iam_role.lambda_exec",
            "aws_lambda_function.user_validate_otp",
            "data.archive_file.lambda_user_validate_otp",
            "null_resource.go_build_functions_output_user_validate_otp"
          ]
        }
      ]
    },
    {
      "mode": "managed",
      "type": "aws_apigatewayv2_route",
      "name": "app_version",
      "provider": "provider[\"registry.terraform.io/hashicorp/aws\"]",
      "instances": [
        {
          "schema_version": 0,
          "attributes": {
            "api_id": "ueb8gkzdtj",
            "api_key_required": false,
            "authorization_scopes": [],
            "authorization_type": "NONE",
            "authorizer_id": "",
            "id": "8l7olzn",
            "model_selection_expression": "",
            "operation_name": "",
            "request_models": {},
            "request_parameter": [],
            "route_key": "GET /appVersion",
            "route_response_selection_expression": "",
            "target": "integrations/d5fd1t0"
          },
          "sensitive_attributes": [],
          "private": "bnVsbA==",
          "dependencies": [
            "aws_apigatewayv2_api.lambda",
            "aws_apigatewayv2_integration.app_version",
            "aws_iam_role.lambda_exec",
            "aws_lambda_function.app_version",
            "data.archive_file.lambda_app_version",
            "null_resource.go_build_functions_output_app_version"
          ]
        }
      ]
    },
    {
      "mode": "managed",
      "type": "aws_apigatewayv2_route",
      "name": "hello_world",
      "provider": "provider[\"registry.terraform.io/hashicorp/aws\"]",
      "instances": [
        {
          "schema_version": 0,
          "attributes": {
            "api_id": "ueb8gkzdtj",
            "api_key_required": false,
            "authorization_scopes": [],
            "authorization_type": "NONE",
            "authorizer_id": "",
            "id": "1yi4gph",
            "model_selection_expression": "",
            "operation_name": "",
            "request_models": {},
            "request_parameter": [],
            "route_key": "GET /hello",
            "route_response_selection_expression": "",
            "target": "integrations/emgs3zu"
          },
          "sensitive_attributes": [],
          "private": "bnVsbA==",
          "dependencies": [
            "aws_apigatewayv2_api.lambda",
            "aws_apigatewayv2_integration.hello_world",
            "aws_iam_role.lambda_exec",
            "aws_lambda_function.hello_world",
            "data.archive_file.lambda_hello_world",
            "null_resource.go_build_functions_output_hello_world"
          ]
        }
      ]
    },
    {
      "mode": "managed",
      "type": "aws_apigatewayv2_route",
      "name": "monitored_link_add_multiple",
      "provider": "provider[\"registry.terraform.io/hashicorp/aws\"]",
      "instances": [
        {
          "schema_version": 0,
          "attributes": {
            "api_id": "ueb8gkzdtj",
            "api_key_required": false,
            "authorization_scopes": [],
            "authorization_type": "NONE",
            "authorizer_id": "",
            "id": "0hnl4af",
            "model_selection_expression": "",
            "operation_name": "",
            "request_models": {},
            "request_parameter": [],
            "route_key": "POST /v1/monitoredLink.addMultiple",
            "route_response_selection_expression": "",
            "target": "integrations/mkup30q"
          },
          "sensitive_attributes": [],
          "private": "bnVsbA==",
          "dependencies": [
            "aws_apigatewayv2_api.lambda",
            "aws_apigatewayv2_integration.monitored_link_add_multiple",
            "aws_iam_role.lambda_exec",
            "aws_lambda_function.monitored_link_add_multiple",
            "data.archive_file.lambda_monitored_link_add_multiple",
            "null_resource.go_build_functions_output_monitored_link_add_multiple"
          ]
        }
      ]
    },
    {
      "mode": "managed",
      "type": "aws_apigatewayv2_route",
      "name": "monitored_link_edit_multiple",
      "provider": "provider[\"registry.terraform.io/hashicorp/aws\"]",
      "instances": [
        {
          "schema_version": 0,
          "attributes": {
            "api_id": "ueb8gkzdtj",
            "api_key_required": false,
            "authorization_scopes": [],
            "authorization_type": "NONE",
            "authorizer_id": "",
            "id": "x50ro1l",
            "model_selection_expression": "",
            "operation_name": "",
            "request_models": {},
            "request_parameter": [],
            "route_key": "POST /v1/monitoredLink.editMultiple",
            "route_response_selection_expression": "",
            "target": "integrations/70q48pp"
          },
          "sensitive_attributes": [],
          "private": "bnVsbA==",
          "dependencies": [
            "aws_apigatewayv2_api.lambda",
            "aws_apigatewayv2_integration.monitored_link_edit_multiple",
            "aws_iam_role.lambda_exec",
            "aws_lambda_function.monitored_link_edit_multiple",
            "data.archive_file.lambda_monitored_link_edit_multiple",
            "null_resource.go_build_functions_output_monitored_link_edit_multiple"
          ]
        }
      ]
    },
    {
      "mode": "managed",
      "type": "aws_apigatewayv2_route",
      "name": "monitored_link_list",
      "provider": "provider[\"registry.terraform.io/hashicorp/aws\"]",
      "instances": [
        {
          "schema_version": 0,
          "attributes": {
            "api_id": "ueb8gkzdtj",
            "api_key_required": false,
            "authorization_scopes": [],
            "authorization_type": "NONE",
            "authorizer_id": "",
            "id": "le60zul",
            "model_selection_expression": "",
            "operation_name": "",
            "request_models": {},
            "request_parameter": [],
            "route_key": "POST /v1/monitoredLink.list",
            "route_response_selection_expression": "",
            "target": "integrations/7rmfyqe"
          },
          "sensitive_attributes": [],
          "private": "bnVsbA==",
          "dependencies": [
            "aws_apigatewayv2_api.lambda",
            "aws_apigatewayv2_integration.monitored_link_list",
            "aws_iam_role.lambda_exec",
            "aws_lambda_function.monitored_link_list",
            "data.archive_file.lambda_monitored_link_list",
            "null_resource.go_build_functions_output_monitored_link_list"
          ]
        }
      ]
    },
    {
      "mode": "managed",
      "type": "aws_apigatewayv2_route",
      "name": "searched_item_add_multiple",
      "provider": "provider[\"registry.terraform.io/hashicorp/aws\"]",
      "instances": [
        {
          "schema_version": 0,
          "attributes": {
            "api_id": "ueb8gkzdtj",
            "api_key_required": false,
            "authorization_scopes": [],
            "authorization_type": "NONE",
            "authorizer_id": "",
            "id": "8urpdj8",
            "model_selection_expression": "",
            "operation_name": "",
            "request_models": {},
            "request_parameter": [],
            "route_key": "POST /v1/searchedItem.addMultiple",
            "route_response_selection_expression": "",
            "target": "integrations/4kjr2w3"
          },
          "sensitive_attributes": [],
          "private": "bnVsbA==",
          "dependencies": [
            "aws_apigatewayv2_api.lambda",
            "aws_apigatewayv2_integration.searched_item_add_multiple",
            "aws_iam_role.lambda_exec",
            "aws_lambda_function.searched_item_add_multiple",
            "data.archive_file.lambda_searched_item_add_multiple",
            "null_resource.go_build_functions_output_searched_item_add_multiple"
          ]
        }
      ]
    },
    {
      "mode": "managed",
      "type": "aws_apigatewayv2_route",
      "name": "searched_item_edit_multiple",
      "provider": "provider[\"registry.terraform.io/hashicorp/aws\"]",
      "instances": [
        {
          "schema_version": 0,
          "attributes": {
            "api_id": "ueb8gkzdtj",
            "api_key_required": false,
            "authorization_scopes": [],
            "authorization_type": "NONE",
            "authorizer_id": "",
            "id": "hovua8t",
            "model_selection_expression": "",
            "operation_name": "",
            "request_models": {},
            "request_parameter": [],
            "route_key": "POST /v1/searchedItem.editMultiple",
            "route_response_selection_expression": "",
            "target": "integrations/qvgale4"
          },
          "sensitive_attributes": [],
          "private": "bnVsbA==",
          "dependencies": [
            "aws_apigatewayv2_api.lambda",
            "aws_apigatewayv2_integration.searched_item_edit_multiple",
            "aws_iam_role.lambda_exec",
            "aws_lambda_function.searched_item_edit_multiple",
            "data.archive_file.lambda_searched_item_edit_multiple",
            "null_resource.go_build_functions_output_searched_item_edit_multiple"
          ]
        }
      ]
    },
    {
      "mode": "managed",
      "type": "aws_apigatewayv2_route",
      "name": "searched_item_list",
      "provider": "provider[\"registry.terraform.io/hashicorp/aws\"]",
      "instances": [
        {
          "schema_version": 0,
          "attributes": {
            "api_id": "ueb8gkzdtj",
            "api_key_required": false,
            "authorization_scopes": [],
            "authorization_type": "NONE",
            "authorizer_id": "",
            "id": "0nkgdfk",
            "model_selection_expression": "",
            "operation_name": "",
            "request_models": {},
            "request_parameter": [],
            "route_key": "POST /v1/searchedItem.list",
            "route_response_selection_expression": "",
            "target": "integrations/zac01ti"
          },
          "sensitive_attributes": [],
          "private": "bnVsbA==",
          "dependencies": [
            "aws_apigatewayv2_api.lambda",
            "aws_apigatewayv2_integration.searched_item_list",
            "aws_iam_role.lambda_exec",
            "aws_lambda_function.searched_item_list",
            "data.archive_file.lambda_searched_item_list",
            "null_resource.go_build_functions_output_searched_item_list"
          ]
        }
      ]
    },
    {
      "mode": "managed",
      "type": "aws_apigatewayv2_route",
      "name": "user_edit",
      "provider": "provider[\"registry.terraform.io/hashicorp/aws\"]",
      "instances": [
        {
          "schema_version": 0,
          "attributes": {
            "api_id": "ueb8gkzdtj",
            "api_key_required": false,
            "authorization_scopes": [],
            "authorization_type": "NONE",
            "authorizer_id": "",
            "id": "1qhlhno",
            "model_selection_expression": "",
            "operation_name": "",
            "request_models": {},
            "request_parameter": [],
            "route_key": "POST /v1/user.edit",
            "route_response_selection_expression": "",
            "target": "integrations/k42n5wd"
          },
          "sensitive_attributes": [],
          "private": "bnVsbA==",
          "dependencies": [
            "aws_apigatewayv2_api.lambda",
            "aws_apigatewayv2_integration.user_edit",
            "aws_iam_role.lambda_exec",
            "aws_lambda_function.user_edit",
            "data.archive_file.lambda_user_edit",
            "null_resource.go_build_functions_output_user_edit"
          ]
        }
      ]
    },
    {
      "mode": "managed",
      "type": "aws_apigatewayv2_route",
      "name": "user_me",
      "provider": "provider[\"registry.terraform.io/hashicorp/aws\"]",
      "instances": [
        {
          "schema_version": 0,
          "attributes": {
            "api_id": "ueb8gkzdtj",
            "api_key_required": false,
            "authorization_scopes": [],
            "authorization_type": "NONE",
            "authorizer_id": "",
            "id": "49qjuof",
            "model_selection_expression": "",
            "operation_name": "",
            "request_models": {},
            "request_parameter": [],
            "route_key": "POST /v1/user.me",
            "route_response_selection_expression": "",
            "target": "integrations/7jeysfu"
          },
          "sensitive_attributes": [],
          "private": "bnVsbA==",
          "dependencies": [
            "aws_apigatewayv2_api.lambda",
            "aws_apigatewayv2_integration.user_me",
            "aws_iam_role.lambda_exec",
            "aws_lambda_function.user_me",
            "data.archive_file.lambda_user_me",
            "null_resource.go_build_functions_output_user_me"
          ]
        }
      ]
    },
    {
      "mode": "managed",
      "type": "aws_apigatewayv2_route",
      "name": "user_reset_password",
      "provider": "provider[\"registry.terraform.io/hashicorp/aws\"]",
      "instances": [
        {
          "schema_version": 0,
          "attributes": {
            "api_id": "ueb8gkzdtj",
            "api_key_required": false,
            "authorization_scopes": [],
            "authorization_type": "NONE",
            "authorizer_id": "",
            "id": "hdxpgb9",
            "model_selection_expression": "",
            "operation_name": "",
            "request_models": {},
            "request_parameter": [],
            "route_key": "POST /v1/user.resetPassword",
            "route_response_selection_expression": "",
            "target": "integrations/q4ev9ua"
          },
          "sensitive_attributes": [],
          "private": "bnVsbA==",
          "dependencies": [
            "aws_apigatewayv2_api.lambda",
            "aws_apigatewayv2_integration.user_reset_password",
            "aws_iam_role.lambda_exec",
            "aws_lambda_function.user_reset_password",
            "data.archive_file.lambda_user_reset_password",
            "null_resource.go_build_functions_output_user_reset_password"
          ]
        }
      ]
    },
    {
      "mode": "managed",
      "type": "aws_apigatewayv2_route",
      "name": "user_sign_in",
      "provider": "provider[\"registry.terraform.io/hashicorp/aws\"]",
      "instances": [
        {
          "schema_version": 0,
          "attributes": {
            "api_id": "ueb8gkzdtj",
            "api_key_required": false,
            "authorization_scopes": [],
            "authorization_type": "NONE",
            "authorizer_id": "",
            "id": "j7ht9lm",
            "model_selection_expression": "",
            "operation_name": "",
            "request_models": {},
            "request_parameter": [],
            "route_key": "POST /v1/user.signin",
            "route_response_selection_expression": "",
            "target": "integrations/7fjul68"
          },
          "sensitive_attributes": [],
          "private": "bnVsbA==",
          "dependencies": [
            "aws_apigatewayv2_api.lambda",
            "aws_apigatewayv2_integration.user_sign_in",
            "aws_iam_role.lambda_exec",
            "aws_lambda_function.user_sign_in",
            "data.archive_file.lambda_user_sign_in",
            "null_resource.go_build_functions_output_user_sign_in"
          ]
        }
      ]
    },
    {
      "mode": "managed",
      "type": "aws_apigatewayv2_route",
      "name": "user_sign_up",
      "provider": "provider[\"registry.terraform.io/hashicorp/aws\"]",
      "instances": [
        {
          "schema_version": 0,
          "attributes": {
            "api_id": "ueb8gkzdtj",
            "api_key_required": false,
            "authorization_scopes": [],
            "authorization_type": "NONE",
            "authorizer_id": "",
            "id": "hxod5ps",
            "model_selection_expression": "",
            "operation_name": "",
            "request_models": {},
            "request_parameter": [],
            "route_key": "POST /v1/user.signup",
            "route_response_selection_expression": "",
            "target": "integrations/omcqcdj"
          },
          "sensitive_attributes": [],
          "private": "bnVsbA==",
          "dependencies": [
            "aws_apigatewayv2_api.lambda",
            "aws_apigatewayv2_integration.user_sign_up",
            "aws_iam_role.lambda_exec",
            "aws_lambda_function.user_sign_up",
            "data.archive_file.lambda_user_sign_up",
            "null_resource.go_build_functions_output_user_sign_up"
          ]
        }
      ]
    },
    {
      "mode": "managed",
      "type": "aws_apigatewayv2_route",
      "name": "user_validate_otp",
      "provider": "provider[\"registry.terraform.io/hashicorp/aws\"]",
      "instances": [
        {
          "schema_version": 0,
          "attributes": {
            "api_id": "ueb8gkzdtj",
            "api_key_required": false,
            "authorization_scopes": [],
            "authorization_type": "NONE",
            "authorizer_id": "",
            "id": "h7yfu1e",
            "model_selection_expression": "",
            "operation_name": "",
            "request_models": {},
            "request_parameter": [],
            "route_key": "POST /v1/user.validateOtp",
            "route_response_selection_expression": "",
            "target": "integrations/l9slgbd"
          },
          "sensitive_attributes": [],
          "private": "bnVsbA==",
          "dependencies": [
            "aws_apigatewayv2_api.lambda",
            "aws_apigatewayv2_integration.user_validate_otp",
            "aws_iam_role.lambda_exec",
            "aws_lambda_function.user_validate_otp",
            "data.archive_file.lambda_user_validate_otp",
            "null_resource.go_build_functions_output_user_validate_otp"
          ]
        }
      ]
    },
    {
      "mode": "managed",
      "type": "aws_apigatewayv2_stage",
      "name": "lambda",
      "provider": "provider[\"registry.terraform.io/hashicorp/aws\"]",
      "instances": [
        {
          "schema_version": 0,
          "attributes": {
            "access_log_settings": [
              {
                "destination_arn": "arn:aws:logs:ap-southeast-1:033737710410:log-group:/aws/api_gw/serverless_lambda_gw",
                "format": "{\"httpMethod\":\"$context.httpMethod\",\"integrationErrorMessage\":\"$context.integrationErrorMessage\",\"protocol\":\"$context.protocol\",\"requestId\":\"$context.requestId\",\"requestTime\":\"$context.requestTime\",\"resourcePath\":\"$context.resourcePath\",\"responseLength\":\"$context.responseLength\",\"routeKey\":\"$context.routeKey\",\"sourceIp\":\"$context.identity.sourceIp\",\"status\":\"$context.status\"}"
              }
            ],
            "api_id": "ueb8gkzdtj",
            "arn": "arn:aws:apigateway:ap-southeast-1::/apis/ueb8gkzdtj/stages/prod",
            "auto_deploy": true,
            "client_certificate_id": "",
            "default_route_settings": [
              {
                "data_trace_enabled": false,
                "detailed_metrics_enabled": true,
                "logging_level": "",
                "throttling_burst_limit": 500,
                "throttling_rate_limit": 1000
              }
            ],
            "deployment_id": "yqmqv3",
            "description": "",
            "execution_arn": "arn:aws:execute-api:ap-southeast-1:033737710410:ueb8gkzdtj/prod",
            "id": "prod",
            "invoke_url": "https://ueb8gkzdtj.execute-api.ap-southeast-1.amazonaws.com/prod",
            "name": "prod",
            "route_settings": [],
            "stage_variables": {},
            "tags": {},
            "tags_all": {
              "deployment_environment_name": "prod",
              "deployment_environment_purpose": "Enviroment accessed and used by end user",
              "module_name": "app-be-serverless",
              "project_name": "diskon-hunter-price-monitoring"
            }
          },
          "sensitive_attributes": [],
          "private": "bnVsbA==",
          "dependencies": [
            "aws_apigatewayv2_api.lambda",
            "aws_cloudwatch_log_group.api_gw"
          ]
        }
      ]
    },
    {
      "mode": "managed",
      "type": "aws_cloudwatch_log_group",
      "name": "api_gw",
      "provider": "provider[\"registry.terraform.io/hashicorp/aws\"]",
      "instances": [
        {
          "schema_version": 0,
          "attributes": {
            "arn": "arn:aws:logs:ap-southeast-1:033737710410:log-group:/aws/api_gw/serverless_lambda_gw",
            "id": "/aws/api_gw/serverless_lambda_gw",
            "kms_key_id": "",
            "name": "/aws/api_gw/serverless_lambda_gw",
            "name_prefix": "",
            "retention_in_days": 30,
            "skip_destroy": false,
            "tags": {},
            "tags_all": {
              "deployment_environment_name": "prod",
              "deployment_environment_purpose": "Enviroment accessed and used by end user",
              "module_name": "app-be-serverless",
              "project_name": "diskon-hunter-price-monitoring"
            }
          },
          "sensitive_attributes": [],
          "private": "bnVsbA==",
          "dependencies": [
            "aws_apigatewayv2_api.lambda"
          ]
        }
      ]
    },
    {
      "mode": "managed",
      "type": "aws_cloudwatch_log_group",
      "name": "app_version",
      "provider": "provider[\"registry.terraform.io/hashicorp/aws\"]",
      "instances": [
        {
          "schema_version": 0,
          "attributes": {
            "arn": "arn:aws:logs:ap-southeast-1:033737710410:log-group:/aws/lambda/AppVersion",
            "id": "/aws/lambda/AppVersion",
            "kms_key_id": "",
            "name": "/aws/lambda/AppVersion",
            "name_prefix": "",
            "retention_in_days": 30,
            "skip_destroy": false,
            "tags": {},
            "tags_all": {
              "deployment_environment_name": "prod",
              "deployment_environment_purpose": "Enviroment accessed and used by end user",
              "module_name": "app-be-serverless",
              "project_name": "diskon-hunter-price-monitoring"
            }
          },
          "sensitive_attributes": [],
          "private": "bnVsbA==",
          "dependencies": [
            "aws_iam_role.lambda_exec",
            "aws_lambda_function.app_version",
            "data.archive_file.lambda_app_version",
            "null_resource.go_build_functions_output_app_version"
          ]
        }
      ]
    },
    {
      "mode": "managed",
      "type": "aws_cloudwatch_log_group",
      "name": "hello_world",
      "provider": "provider[\"registry.terraform.io/hashicorp/aws\"]",
      "instances": [
        {
          "schema_version": 0,
          "attributes": {
            "arn": "arn:aws:logs:ap-southeast-1:033737710410:log-group:/aws/lambda/HelloWorld",
            "id": "/aws/lambda/HelloWorld",
            "kms_key_id": "",
            "name": "/aws/lambda/HelloWorld",
            "name_prefix": "",
            "retention_in_days": 30,
            "skip_destroy": false,
            "tags": {},
            "tags_all": {
              "deployment_environment_name": "prod",
              "deployment_environment_purpose": "Enviroment accessed and used by end user",
              "module_name": "app-be-serverless",
              "project_name": "diskon-hunter-price-monitoring"
            }
          },
          "sensitive_attributes": [],
          "private": "bnVsbA==",
          "dependencies": [
            "aws_iam_role.lambda_exec",
            "aws_lambda_function.hello_world",
            "data.archive_file.lambda_hello_world",
            "null_resource.go_build_functions_output_hello_world"
          ]
        }
      ]
    },
    {
      "mode": "managed",
      "type": "aws_cloudwatch_log_group",
      "name": "monitored_link_add_multiple",
      "provider": "provider[\"registry.terraform.io/hashicorp/aws\"]",
      "instances": [
        {
          "schema_version": 0,
          "attributes": {
            "arn": "arn:aws:logs:ap-southeast-1:033737710410:log-group:/aws/lambda/MonitoredLinkAddMultiple",
            "id": "/aws/lambda/MonitoredLinkAddMultiple",
            "kms_key_id": "",
            "name": "/aws/lambda/MonitoredLinkAddMultiple",
            "name_prefix": "",
            "retention_in_days": 30,
            "skip_destroy": false,
            "tags": {},
            "tags_all": {
              "deployment_environment_name": "prod",
              "deployment_environment_purpose": "Enviroment accessed and used by end user",
              "module_name": "app-be-serverless",
              "project_name": "diskon-hunter-price-monitoring"
            }
          },
          "sensitive_attributes": [],
          "private": "bnVsbA==",
          "dependencies": [
            "aws_iam_role.lambda_exec",
            "aws_lambda_function.monitored_link_add_multiple",
            "data.archive_file.lambda_monitored_link_add_multiple",
            "null_resource.go_build_functions_output_monitored_link_add_multiple"
          ]
        }
      ]
    },
    {
      "mode": "managed",
      "type": "aws_cloudwatch_log_group",
      "name": "monitored_link_edit_multiple",
      "provider": "provider[\"registry.terraform.io/hashicorp/aws\"]",
      "instances": [
        {
          "schema_version": 0,
          "attributes": {
            "arn": "arn:aws:logs:ap-southeast-1:033737710410:log-group:/aws/lambda/MonitoredLinkEditMultiple",
            "id": "/aws/lambda/MonitoredLinkEditMultiple",
            "kms_key_id": "",
            "name": "/aws/lambda/MonitoredLinkEditMultiple",
            "name_prefix": "",
            "retention_in_days": 30,
            "skip_destroy": false,
            "tags": {},
            "tags_all": {
              "deployment_environment_name": "prod",
              "deployment_environment_purpose": "Enviroment accessed and used by end user",
              "module_name": "app-be-serverless",
              "project_name": "diskon-hunter-price-monitoring"
            }
          },
          "sensitive_attributes": [],
          "private": "bnVsbA==",
          "dependencies": [
            "aws_iam_role.lambda_exec",
            "aws_lambda_function.monitored_link_edit_multiple",
            "data.archive_file.lambda_monitored_link_edit_multiple",
            "null_resource.go_build_functions_output_monitored_link_edit_multiple"
          ]
        }
      ]
    },
    {
      "mode": "managed",
      "type": "aws_cloudwatch_log_group",
      "name": "monitored_link_list",
      "provider": "provider[\"registry.terraform.io/hashicorp/aws\"]",
      "instances": [
        {
          "schema_version": 0,
          "attributes": {
            "arn": "arn:aws:logs:ap-southeast-1:033737710410:log-group:/aws/lambda/MonitoredLinkList",
            "id": "/aws/lambda/MonitoredLinkList",
            "kms_key_id": "",
            "name": "/aws/lambda/MonitoredLinkList",
            "name_prefix": "",
            "retention_in_days": 30,
            "skip_destroy": false,
            "tags": {},
            "tags_all": {
              "deployment_environment_name": "prod",
              "deployment_environment_purpose": "Enviroment accessed and used by end user",
              "module_name": "app-be-serverless",
              "project_name": "diskon-hunter-price-monitoring"
            }
          },
          "sensitive_attributes": [],
          "private": "bnVsbA==",
          "dependencies": [
            "aws_iam_role.lambda_exec",
            "aws_lambda_function.monitored_link_list",
            "data.archive_file.lambda_monitored_link_list",
            "null_resource.go_build_functions_output_monitored_link_list"
          ]
        }
      ]
    },
    {
      "mode": "managed",
      "type": "aws_cloudwatch_log_group",
      "name": "searched_item_add_multiple",
      "provider": "provider[\"registry.terraform.io/hashicorp/aws\"]",
      "instances": [
        {
          "schema_version": 0,
          "attributes": {
            "arn": "arn:aws:logs:ap-southeast-1:033737710410:log-group:/aws/lambda/SearchedItemAddMultiple",
            "id": "/aws/lambda/SearchedItemAddMultiple",
            "kms_key_id": "",
            "name": "/aws/lambda/SearchedItemAddMultiple",
            "name_prefix": "",
            "retention_in_days": 30,
            "skip_destroy": false,
            "tags": {},
            "tags_all": {
              "deployment_environment_name": "prod",
              "deployment_environment_purpose": "Enviroment accessed and used by end user",
              "module_name": "app-be-serverless",
              "project_name": "diskon-hunter-price-monitoring"
            }
          },
          "sensitive_attributes": [],
          "private": "bnVsbA==",
          "dependencies": [
            "aws_iam_role.lambda_exec",
            "aws_lambda_function.searched_item_add_multiple",
            "data.archive_file.lambda_searched_item_add_multiple",
            "null_resource.go_build_functions_output_searched_item_add_multiple"
          ]
        }
      ]
    },
    {
      "mode": "managed",
      "type": "aws_cloudwatch_log_group",
      "name": "searched_item_edit_multiple",
      "provider": "provider[\"registry.terraform.io/hashicorp/aws\"]",
      "instances": [
        {
          "schema_version": 0,
          "attributes": {
            "arn": "arn:aws:logs:ap-southeast-1:033737710410:log-group:/aws/lambda/SearchedItemEditMultiple",
            "id": "/aws/lambda/SearchedItemEditMultiple",
            "kms_key_id": "",
            "name": "/aws/lambda/SearchedItemEditMultiple",
            "name_prefix": "",
            "retention_in_days": 30,
            "skip_destroy": false,
            "tags": {},
            "tags_all": {
              "deployment_environment_name": "prod",
              "deployment_environment_purpose": "Enviroment accessed and used by end user",
              "module_name": "app-be-serverless",
              "project_name": "diskon-hunter-price-monitoring"
            }
          },
          "sensitive_attributes": [],
          "private": "bnVsbA==",
          "dependencies": [
            "aws_iam_role.lambda_exec",
            "aws_lambda_function.searched_item_edit_multiple",
            "data.archive_file.lambda_searched_item_edit_multiple",
            "null_resource.go_build_functions_output_searched_item_edit_multiple"
          ]
        }
      ]
    },
    {
      "mode": "managed",
      "type": "aws_cloudwatch_log_group",
      "name": "searched_item_list",
      "provider": "provider[\"registry.terraform.io/hashicorp/aws\"]",
      "instances": [
        {
          "schema_version": 0,
          "attributes": {
            "arn": "arn:aws:logs:ap-southeast-1:033737710410:log-group:/aws/lambda/SearchedItemList",
            "id": "/aws/lambda/SearchedItemList",
            "kms_key_id": "",
            "name": "/aws/lambda/SearchedItemList",
            "name_prefix": "",
            "retention_in_days": 30,
            "skip_destroy": false,
            "tags": {},
            "tags_all": {
              "deployment_environment_name": "prod",
              "deployment_environment_purpose": "Enviroment accessed and used by end user",
              "module_name": "app-be-serverless",
              "project_name": "diskon-hunter-price-monitoring"
            }
          },
          "sensitive_attributes": [],
          "private": "bnVsbA==",
          "dependencies": [
            "aws_iam_role.lambda_exec",
            "aws_lambda_function.searched_item_list",
            "data.archive_file.lambda_searched_item_list",
            "null_resource.go_build_functions_output_searched_item_list"
          ]
        }
      ]
    },
    {
      "mode": "managed",
      "type": "aws_cloudwatch_log_group",
      "name": "user_edit",
      "provider": "provider[\"registry.terraform.io/hashicorp/aws\"]",
      "instances": [
        {
          "schema_version": 0,
          "attributes": {
            "arn": "arn:aws:logs:ap-southeast-1:033737710410:log-group:/aws/lambda/UserEdit",
            "id": "/aws/lambda/UserEdit",
            "kms_key_id": "",
            "name": "/aws/lambda/UserEdit",
            "name_prefix": "",
            "retention_in_days": 30,
            "skip_destroy": false,
            "tags": {},
            "tags_all": {
              "deployment_environment_name": "prod",
              "deployment_environment_purpose": "Enviroment accessed and used by end user",
              "module_name": "app-be-serverless",
              "project_name": "diskon-hunter-price-monitoring"
            }
          },
          "sensitive_attributes": [],
          "private": "bnVsbA==",
          "dependencies": [
            "aws_iam_role.lambda_exec",
            "aws_lambda_function.user_edit",
            "data.archive_file.lambda_user_edit",
            "null_resource.go_build_functions_output_user_edit"
          ]
        }
      ]
    },
    {
      "mode": "managed",
      "type": "aws_cloudwatch_log_group",
      "name": "user_me",
      "provider": "provider[\"registry.terraform.io/hashicorp/aws\"]",
      "instances": [
        {
          "schema_version": 0,
          "attributes": {
            "arn": "arn:aws:logs:ap-southeast-1:033737710410:log-group:/aws/lambda/UserMe",
            "id": "/aws/lambda/UserMe",
            "kms_key_id": "",
            "name": "/aws/lambda/UserMe",
            "name_prefix": "",
            "retention_in_days": 30,
            "skip_destroy": false,
            "tags": {},
            "tags_all": {
              "deployment_environment_name": "prod",
              "deployment_environment_purpose": "Enviroment accessed and used by end user",
              "module_name": "app-be-serverless",
              "project_name": "diskon-hunter-price-monitoring"
            }
          },
          "sensitive_attributes": [],
          "private": "bnVsbA==",
          "dependencies": [
            "aws_iam_role.lambda_exec",
            "aws_lambda_function.user_me",
            "data.archive_file.lambda_user_me",
            "null_resource.go_build_functions_output_user_me"
          ]
        }
      ]
    },
    {
      "mode": "managed",
      "type": "aws_cloudwatch_log_group",
      "name": "user_reset_password",
      "provider": "provider[\"registry.terraform.io/hashicorp/aws\"]",
      "instances": [
        {
          "schema_version": 0,
          "attributes": {
            "arn": "arn:aws:logs:ap-southeast-1:033737710410:log-group:/aws/lambda/UserResetPassword",
            "id": "/aws/lambda/UserResetPassword",
            "kms_key_id": "",
            "name": "/aws/lambda/UserResetPassword",
            "name_prefix": "",
            "retention_in_days": 30,
            "skip_destroy": false,
            "tags": {},
            "tags_all": {
              "deployment_environment_name": "prod",
              "deployment_environment_purpose": "Enviroment accessed and used by end user",
              "module_name": "app-be-serverless",
              "project_name": "diskon-hunter-price-monitoring"
            }
          },
          "sensitive_attributes": [],
          "private": "bnVsbA==",
          "dependencies": [
            "aws_iam_role.lambda_exec",
            "aws_lambda_function.user_reset_password",
            "data.archive_file.lambda_user_reset_password",
            "null_resource.go_build_functions_output_user_reset_password"
          ]
        }
      ]
    },
    {
      "mode": "managed",
      "type": "aws_cloudwatch_log_group",
      "name": "user_sign_in",
      "provider": "provider[\"registry.terraform.io/hashicorp/aws\"]",
      "instances": [
        {
          "schema_version": 0,
          "attributes": {
            "arn": "arn:aws:logs:ap-southeast-1:033737710410:log-group:/aws/lambda/UserSignIn",
            "id": "/aws/lambda/UserSignIn",
            "kms_key_id": "",
            "name": "/aws/lambda/UserSignIn",
            "name_prefix": "",
            "retention_in_days": 30,
            "skip_destroy": false,
            "tags": {},
            "tags_all": {
              "deployment_environment_name": "prod",
              "deployment_environment_purpose": "Enviroment accessed and used by end user",
              "module_name": "app-be-serverless",
              "project_name": "diskon-hunter-price-monitoring"
            }
          },
          "sensitive_attributes": [],
          "private": "bnVsbA==",
          "dependencies": [
            "aws_iam_role.lambda_exec",
            "aws_lambda_function.user_sign_in",
            "data.archive_file.lambda_user_sign_in",
            "null_resource.go_build_functions_output_user_sign_in"
          ]
        }
      ]
    },
    {
      "mode": "managed",
      "type": "aws_cloudwatch_log_group",
      "name": "user_sign_up",
      "provider": "provider[\"registry.terraform.io/hashicorp/aws\"]",
      "instances": [
        {
          "schema_version": 0,
          "attributes": {
            "arn": "arn:aws:logs:ap-southeast-1:033737710410:log-group:/aws/lambda/UserSignUp",
            "id": "/aws/lambda/UserSignUp",
            "kms_key_id": "",
            "name": "/aws/lambda/UserSignUp",
            "name_prefix": "",
            "retention_in_days": 30,
            "skip_destroy": false,
            "tags": {},
            "tags_all": {
              "deployment_environment_name": "prod",
              "deployment_environment_purpose": "Enviroment accessed and used by end user",
              "module_name": "app-be-serverless",
              "project_name": "diskon-hunter-price-monitoring"
            }
          },
          "sensitive_attributes": [],
          "private": "bnVsbA==",
          "dependencies": [
            "aws_iam_role.lambda_exec",
            "aws_lambda_function.user_sign_up",
            "data.archive_file.lambda_user_sign_up",
            "null_resource.go_build_functions_output_user_sign_up"
          ]
        }
      ]
    },
    {
      "mode": "managed",
      "type": "aws_cloudwatch_log_group",
      "name": "user_validate_otp",
      "provider": "provider[\"registry.terraform.io/hashicorp/aws\"]",
      "instances": [
        {
          "schema_version": 0,
          "attributes": {
            "arn": "arn:aws:logs:ap-southeast-1:033737710410:log-group:/aws/lambda/UserValidateOtp",
            "id": "/aws/lambda/UserValidateOtp",
            "kms_key_id": "",
            "name": "/aws/lambda/UserValidateOtp",
            "name_prefix": "",
            "retention_in_days": 30,
            "skip_destroy": false,
            "tags": {},
            "tags_all": {
              "deployment_environment_name": "prod",
              "deployment_environment_purpose": "Enviroment accessed and used by end user",
              "module_name": "app-be-serverless",
              "project_name": "diskon-hunter-price-monitoring"
            }
          },
          "sensitive_attributes": [],
          "private": "bnVsbA==",
          "dependencies": [
            "aws_iam_role.lambda_exec",
            "aws_lambda_function.user_validate_otp",
            "data.archive_file.lambda_user_validate_otp",
            "null_resource.go_build_functions_output_user_validate_otp"
          ]
        }
      ]
    },
    {
      "mode": "managed",
      "type": "aws_iam_role",
      "name": "lambda_exec",
      "provider": "provider[\"registry.terraform.io/hashicorp/aws\"]",
      "instances": [
        {
          "schema_version": 0,
          "attributes": {
            "arn": "arn:aws:iam::033737710410:role/serverless_lambda",
            "assume_role_policy": "{\"Statement\":[{\"Action\":\"sts:AssumeRole\",\"Effect\":\"Allow\",\"Principal\":{\"Service\":\"lambda.amazonaws.com\"},\"Sid\":\"\"}],\"Version\":\"2012-10-17\"}",
            "create_date": "2023-11-21T17:03:14Z",
            "description": "",
            "force_detach_policies": false,
            "id": "serverless_lambda",
            "inline_policy": [],
            "managed_policy_arns": [
              "arn:aws:iam::aws:policy/AmazonDynamoDBFullAccess",
              "arn:aws:iam::aws:policy/AmazonS3FullAccess",
              "arn:aws:iam::aws:policy/AmazonSESFullAccess",
              "arn:aws:iam::aws:policy/service-role/AWSLambdaBasicExecutionRole"
            ],
            "max_session_duration": 3600,
            "name": "serverless_lambda",
            "name_prefix": "",
            "path": "/",
            "permissions_boundary": "",
            "tags": {},
            "tags_all": {
              "deployment_environment_name": "prod",
              "deployment_environment_purpose": "Enviroment accessed and used by end user",
              "module_name": "app-be-serverless",
              "project_name": "diskon-hunter-price-monitoring"
            },
            "unique_id": "AROAQPWXMTNFOWGFSVC5L"
          },
          "sensitive_attributes": [],
          "private": "bnVsbA=="
        }
      ]
    },
    {
      "mode": "managed",
      "type": "aws_iam_role_policy_attachment",
      "name": "lambda_basic_policy",
      "provider": "provider[\"registry.terraform.io/hashicorp/aws\"]",
      "instances": [
        {
          "schema_version": 0,
          "attributes": {
            "id": "serverless_lambda-20231121170314994000000001",
            "policy_arn": "arn:aws:iam::aws:policy/service-role/AWSLambdaBasicExecutionRole",
            "role": "serverless_lambda"
          },
          "sensitive_attributes": [],
          "private": "bnVsbA==",
          "dependencies": [
            "aws_iam_role.lambda_exec"
          ]
        }
      ]
    },
    {
      "mode": "managed",
      "type": "aws_iam_role_policy_attachment",
      "name": "lambda_dynamodb_policy",
      "provider": "provider[\"registry.terraform.io/hashicorp/aws\"]",
      "instances": [
        {
          "schema_version": 0,
          "attributes": {
            "id": "serverless_lambda-20231121170315941400000003",
            "policy_arn": "arn:aws:iam::aws:policy/AmazonDynamoDBFullAccess",
            "role": "serverless_lambda"
          },
          "sensitive_attributes": [],
          "private": "bnVsbA==",
          "dependencies": [
            "aws_iam_role.lambda_exec"
          ]
        }
      ]
    },
    {
      "mode": "managed",
      "type": "aws_iam_role_policy_attachment",
      "name": "lambda_s3_policy",
      "provider": "provider[\"registry.terraform.io/hashicorp/aws\"]",
      "instances": [
        {
          "schema_version": 0,
          "attributes": {
            "id": "serverless_lambda-20231121170315376800000002",
            "policy_arn": "arn:aws:iam::aws:policy/AmazonS3FullAccess",
            "role": "serverless_lambda"
          },
          "sensitive_attributes": [],
          "private": "bnVsbA==",
          "dependencies": [
            "aws_iam_role.lambda_exec"
          ]
        }
      ]
    },
    {
      "mode": "managed",
      "type": "aws_iam_role_policy_attachment",
      "name": "lambda_ses_policy",
      "provider": "provider[\"registry.terraform.io/hashicorp/aws\"]",
      "instances": [
        {
          "schema_version": 0,
          "attributes": {
            "id": "serverless_lambda-20231216083747595600000001",
            "policy_arn": "arn:aws:iam::aws:policy/AmazonSESFullAccess",
            "role": "serverless_lambda"
          },
          "sensitive_attributes": [],
          "private": "bnVsbA==",
          "dependencies": [
            "aws_iam_role.lambda_exec"
          ]
        }
      ]
    },
    {
      "mode": "managed",
      "type": "aws_lambda_function",
      "name": "app_version",
      "provider": "provider[\"registry.terraform.io/hashicorp/aws\"]",
      "instances": [
        {
          "schema_version": 0,
          "attributes": {
            "architectures": [
              "x86_64"
            ],
            "arn": "arn:aws:lambda:ap-southeast-1:033737710410:function:AppVersion",
            "code_signing_config_arn": "",
            "dead_letter_config": [],
            "description": "",
            "environment": [],
            "ephemeral_storage": [
              {
                "size": 512
              }
            ],
            "file_system_config": [],
            "filename": "./dist/functions/app-version.zip",
            "function_name": "AppVersion",
            "handler": "app-version",
            "id": "AppVersion",
            "image_config": [],
            "image_uri": "",
            "invoke_arn": "arn:aws:apigateway:ap-southeast-1:lambda:path/2015-03-31/functions/arn:aws:lambda:ap-southeast-1:033737710410:function:AppVersion/invocations",
            "kms_key_arn": "",
            "last_modified": "2023-12-31T07:28:09.000+0000",
            "layers": [],
            "memory_size": 128,
            "package_type": "Zip",
            "publish": true,
            "qualified_arn": "arn:aws:lambda:ap-southeast-1:033737710410:function:AppVersion:2",
            "qualified_invoke_arn": "arn:aws:apigateway:ap-southeast-1:lambda:path/2015-03-31/functions/arn:aws:lambda:ap-southeast-1:033737710410:function:AppVersion:2/invocations",
            "replace_security_groups_on_destroy": null,
            "replacement_security_group_ids": null,
            "reserved_concurrent_executions": -1,
            "role": "arn:aws:iam::033737710410:role/serverless_lambda",
            "runtime": "go1.x",
            "s3_bucket": null,
            "s3_key": null,
            "s3_object_version": null,
            "signing_job_arn": "",
            "signing_profile_version_arn": "",
            "skip_destroy": false,
            "snap_start": [],
            "source_code_hash": "CnCLHRdjEWqpUFmpd4dC9mgzstpOgaeEwGkj/lDxKWU=",
            "source_code_size": 5258817,
            "tags": {},
            "tags_all": {
              "deployment_environment_name": "prod",
              "deployment_environment_purpose": "Enviroment accessed and used by end user",
              "module_name": "app-be-serverless",
              "project_name": "diskon-hunter-price-monitoring"
            },
            "timeout": 15,
            "timeouts": null,
            "tracing_config": [
              {
                "mode": "PassThrough"
              }
            ],
            "version": "2",
            "vpc_config": []
          },
          "sensitive_attributes": [],
          "private": "eyJlMmJmYjczMC1lY2FhLTExZTYtOGY4OC0zNDM2M2JjN2M0YzAiOnsiY3JlYXRlIjo2MDAwMDAwMDAwMDAsImRlbGV0ZSI6NjAwMDAwMDAwMDAwLCJ1cGRhdGUiOjYwMDAwMDAwMDAwMH19",
          "dependencies": [
            "aws_iam_role.lambda_exec",
            "data.archive_file.lambda_app_version",
            "null_resource.go_build_functions_output_app_version"
          ]
        }
      ]
    },
    {
      "mode": "managed",
      "type": "aws_lambda_function",
      "name": "hello_world",
      "provider": "provider[\"registry.terraform.io/hashicorp/aws\"]",
      "instances": [
        {
          "schema_version": 0,
          "attributes": {
            "architectures": [
              "x86_64"
            ],
            "arn": "arn:aws:lambda:ap-southeast-1:033737710410:function:HelloWorld",
            "code_signing_config_arn": "",
            "dead_letter_config": [],
            "description": "",
            "environment": [],
            "ephemeral_storage": [
              {
                "size": 512
              }
            ],
            "file_system_config": [],
            "filename": "./dist/functions/hello-world.zip",
            "function_name": "HelloWorld",
            "handler": "hello-world",
            "id": "HelloWorld",
            "image_config": [],
            "image_uri": "",
            "invoke_arn": "arn:aws:apigateway:ap-southeast-1:lambda:path/2015-03-31/functions/arn:aws:lambda:ap-southeast-1:033737710410:function:HelloWorld/invocations",
            "kms_key_arn": "",
            "last_modified": "2023-11-21T17:03:44.281+0000",
            "layers": [],
            "memory_size": 128,
            "package_type": "Zip",
            "publish": true,
            "qualified_arn": "arn:aws:lambda:ap-southeast-1:033737710410:function:HelloWorld:1",
            "qualified_invoke_arn": "arn:aws:apigateway:ap-southeast-1:lambda:path/2015-03-31/functions/arn:aws:lambda:ap-southeast-1:033737710410:function:HelloWorld:1/invocations",
            "replace_security_groups_on_destroy": null,
            "replacement_security_group_ids": null,
            "reserved_concurrent_executions": -1,
            "role": "arn:aws:iam::033737710410:role/serverless_lambda",
            "runtime": "go1.x",
            "s3_bucket": null,
            "s3_key": null,
            "s3_object_version": null,
            "signing_job_arn": "",
            "signing_profile_version_arn": "",
            "skip_destroy": false,
            "snap_start": [],
            "source_code_hash": "9A1pTC79cRqNX9NBfGHLCLH4k3ttAkBr+YSoUPc3psM=",
            "source_code_size": 5258915,
            "tags": {},
            "tags_all": {
              "deployment_environment_name": "prod",
              "deployment_environment_purpose": "Enviroment accessed and used by end user",
              "module_name": "app-be-serverless",
              "project_name": "diskon-hunter-price-monitoring"
            },
            "timeout": 15,
            "timeouts": null,
            "tracing_config": [
              {
                "mode": "PassThrough"
              }
            ],
            "version": "1",
            "vpc_config": []
          },
          "sensitive_attributes": [],
          "private": "eyJlMmJmYjczMC1lY2FhLTExZTYtOGY4OC0zNDM2M2JjN2M0YzAiOnsiY3JlYXRlIjo2MDAwMDAwMDAwMDAsImRlbGV0ZSI6NjAwMDAwMDAwMDAwLCJ1cGRhdGUiOjYwMDAwMDAwMDAwMH19",
          "dependencies": [
            "aws_iam_role.lambda_exec",
            "data.archive_file.lambda_hello_world",
            "null_resource.go_build_functions_output_hello_world"
          ]
        }
      ]
    },
    {
      "mode": "managed",
      "type": "aws_lambda_function",
      "name": "monitored_link_add_multiple",
      "provider": "provider[\"registry.terraform.io/hashicorp/aws\"]",
      "instances": [
        {
          "schema_version": 0,
          "attributes": {
            "architectures": [
              "x86_64"
            ],
            "arn": "arn:aws:lambda:ap-southeast-1:033737710410:function:MonitoredLinkAddMultiple",
            "code_signing_config_arn": "",
            "dead_letter_config": [],
            "description": "",
            "environment": [
              {
                "variables": {
                  "aws_deployment_account_id": "033737710410",
                  "aws_deployment_region_short": "apse1",
                  "deployment_environment_name": "prod",
                  "deployment_environment_purpose": "Enviroment accessed and used by end user",
                  "module_name": "app-be-serverless",
                  "project_name": "diskon-hunter-price-monitoring",
                  "project_name_short": "dhpm"
                }
              }
            ],
            "ephemeral_storage": [
              {
                "size": 512
              }
            ],
            "file_system_config": [],
            "filename": "./dist/functions/monitored-link-add-multiple.zip",
            "function_name": "MonitoredLinkAddMultiple",
            "handler": "monitored-link-add-multiple",
            "id": "MonitoredLinkAddMultiple",
            "image_config": [],
            "image_uri": "",
            "invoke_arn": "arn:aws:apigateway:ap-southeast-1:lambda:path/2015-03-31/functions/arn:aws:lambda:ap-southeast-1:033737710410:function:MonitoredLinkAddMultiple/invocations",
            "kms_key_arn": "",
            "last_modified": "2024-01-14T08:40:43.000+0000",
            "layers": [],
            "memory_size": 2048,
            "package_type": "Zip",
            "publish": true,
            "qualified_arn": "arn:aws:lambda:ap-southeast-1:033737710410:function:MonitoredLinkAddMultiple:16",
            "qualified_invoke_arn": "arn:aws:apigateway:ap-southeast-1:lambda:path/2015-03-31/functions/arn:aws:lambda:ap-southeast-1:033737710410:function:MonitoredLinkAddMultiple:16/invocations",
            "replace_security_groups_on_destroy": null,
            "replacement_security_group_ids": null,
            "reserved_concurrent_executions": -1,
            "role": "arn:aws:iam::033737710410:role/serverless_lambda",
            "runtime": "go1.x",
            "s3_bucket": null,
            "s3_key": null,
            "s3_object_version": null,
            "signing_job_arn": "",
            "signing_profile_version_arn": "",
            "skip_destroy": false,
            "snap_start": [],
            "source_code_hash": "6ShG5HpaGdNTxv3eEYqlKDq6b/bHMP8/bBPXhor9fOE=",
            "source_code_size": 9515049,
            "tags": {},
            "tags_all": {
              "deployment_environment_name": "prod",
              "deployment_environment_purpose": "Enviroment accessed and used by end user",
              "module_name": "app-be-serverless",
              "project_name": "diskon-hunter-price-monitoring"
            },
            "timeout": 15,
            "timeouts": null,
            "tracing_config": [
              {
                "mode": "PassThrough"
              }
            ],
            "version": "16",
            "vpc_config": []
          },
          "sensitive_attributes": [],
          "private": "eyJlMmJmYjczMC1lY2FhLTExZTYtOGY4OC0zNDM2M2JjN2M0YzAiOnsiY3JlYXRlIjo2MDAwMDAwMDAwMDAsImRlbGV0ZSI6NjAwMDAwMDAwMDAwLCJ1cGRhdGUiOjYwMDAwMDAwMDAwMH19",
          "dependencies": [
            "aws_iam_role.lambda_exec",
            "data.archive_file.lambda_monitored_link_add_multiple",
            "null_resource.go_build_functions_output_monitored_link_add_multiple"
          ]
        }
      ]
    },
    {
      "mode": "managed",
      "type": "aws_lambda_function",
      "name": "monitored_link_edit_multiple",
      "provider": "provider[\"registry.terraform.io/hashicorp/aws\"]",
      "instances": [
        {
          "schema_version": 0,
          "attributes": {
            "architectures": [
              "x86_64"
            ],
            "arn": "arn:aws:lambda:ap-southeast-1:033737710410:function:MonitoredLinkEditMultiple",
            "code_signing_config_arn": "",
            "dead_letter_config": [],
            "description": "",
            "environment": [
              {
                "variables": {
                  "deployment_environment_name": "prod",
                  "deployment_environment_purpose": "Enviroment accessed and used by end user",
                  "module_name": "app-be-serverless",
                  "project_name": "diskon-hunter-price-monitoring",
                  "project_name_short": "dhpm"
                }
              }
            ],
            "ephemeral_storage": [
              {
                "size": 512
              }
            ],
            "file_system_config": [],
            "filename": "./dist/functions/monitored-link-edit-multiple.zip",
            "function_name": "MonitoredLinkEditMultiple",
            "handler": "monitored-link-edit-multiple",
            "id": "MonitoredLinkEditMultiple",
            "image_config": [],
            "image_uri": "",
            "invoke_arn": "arn:aws:apigateway:ap-southeast-1:lambda:path/2015-03-31/functions/arn:aws:lambda:ap-southeast-1:033737710410:function:MonitoredLinkEditMultiple/invocations",
            "kms_key_arn": "",
            "last_modified": "2024-01-14T08:43:38.000+0000",
            "layers": [],
            "memory_size": 2048,
            "package_type": "Zip",
            "publish": true,
            "qualified_arn": "arn:aws:lambda:ap-southeast-1:033737710410:function:MonitoredLinkEditMultiple:11",
            "qualified_invoke_arn": "arn:aws:apigateway:ap-southeast-1:lambda:path/2015-03-31/functions/arn:aws:lambda:ap-southeast-1:033737710410:function:MonitoredLinkEditMultiple:11/invocations",
            "replace_security_groups_on_destroy": null,
            "replacement_security_group_ids": null,
            "reserved_concurrent_executions": -1,
            "role": "arn:aws:iam::033737710410:role/serverless_lambda",
            "runtime": "go1.x",
            "s3_bucket": null,
            "s3_key": null,
            "s3_object_version": null,
            "signing_job_arn": "",
            "signing_profile_version_arn": "",
            "skip_destroy": false,
            "snap_start": [],
            "source_code_hash": "poBNlJybcrLSfgCD6DxhzGCMGRA/+FUM9wvIEsScHZk=",
            "source_code_size": 9512889,
            "tags": {},
            "tags_all": {
              "deployment_environment_name": "prod",
              "deployment_environment_purpose": "Enviroment accessed and used by end user",
              "module_name": "app-be-serverless",
              "project_name": "diskon-hunter-price-monitoring"
            },
            "timeout": 15,
            "timeouts": null,
            "tracing_config": [
              {
                "mode": "PassThrough"
              }
            ],
            "version": "11",
            "vpc_config": []
          },
          "sensitive_attributes": [],
          "private": "eyJlMmJmYjczMC1lY2FhLTExZTYtOGY4OC0zNDM2M2JjN2M0YzAiOnsiY3JlYXRlIjo2MDAwMDAwMDAwMDAsImRlbGV0ZSI6NjAwMDAwMDAwMDAwLCJ1cGRhdGUiOjYwMDAwMDAwMDAwMH19",
          "dependencies": [
            "aws_iam_role.lambda_exec",
            "data.archive_file.lambda_monitored_link_edit_multiple",
            "null_resource.go_build_functions_output_monitored_link_edit_multiple"
          ]
        }
      ]
    },
    {
      "mode": "managed",
      "type": "aws_lambda_function",
      "name": "monitored_link_list",
      "provider": "provider[\"registry.terraform.io/hashicorp/aws\"]",
      "instances": [
        {
          "schema_version": 0,
          "attributes": {
            "architectures": [
              "x86_64"
            ],
            "arn": "arn:aws:lambda:ap-southeast-1:033737710410:function:MonitoredLinkList",
            "code_signing_config_arn": "",
            "dead_letter_config": [],
            "description": "",
            "environment": [
              {
                "variables": {
                  "aws_deployment_account_id": "033737710410",
                  "aws_deployment_region_short": "apse1",
                  "deployment_environment_name": "prod",
                  "deployment_environment_purpose": "Enviroment accessed and used by end user",
                  "module_name": "app-be-serverless",
                  "project_name": "diskon-hunter-price-monitoring",
                  "project_name_short": "dhpm"
                }
              }
            ],
            "ephemeral_storage": [
              {
                "size": 512
              }
            ],
            "file_system_config": [],
            "filename": "./dist/functions/monitored-link-list.zip",
            "function_name": "MonitoredLinkList",
            "handler": "monitored-link-list",
            "id": "MonitoredLinkList",
            "image_config": [],
            "image_uri": "",
            "invoke_arn": "arn:aws:apigateway:ap-southeast-1:lambda:path/2015-03-31/functions/arn:aws:lambda:ap-southeast-1:033737710410:function:MonitoredLinkList/invocations",
            "kms_key_arn": "",
            "last_modified": "2024-01-14T08:34:54.000+0000",
            "layers": [],
            "memory_size": 2048,
            "package_type": "Zip",
            "publish": true,
            "qualified_arn": "arn:aws:lambda:ap-southeast-1:033737710410:function:MonitoredLinkList:11",
            "qualified_invoke_arn": "arn:aws:apigateway:ap-southeast-1:lambda:path/2015-03-31/functions/arn:aws:lambda:ap-southeast-1:033737710410:function:MonitoredLinkList:11/invocations",
            "replace_security_groups_on_destroy": null,
            "replacement_security_group_ids": null,
            "reserved_concurrent_executions": -1,
            "role": "arn:aws:iam::033737710410:role/serverless_lambda",
            "runtime": "go1.x",
            "s3_bucket": null,
            "s3_key": null,
            "s3_object_version": null,
            "signing_job_arn": "",
            "signing_profile_version_arn": "",
            "skip_destroy": false,
            "snap_start": [],
            "source_code_hash": "gclL6YcrlueA14qnG++68jq/re24R8xG1GeApHIBlsg=",
            "source_code_size": 9487431,
            "tags": {},
            "tags_all": {
              "deployment_environment_name": "prod",
              "deployment_environment_purpose": "Enviroment accessed and used by end user",
              "module_name": "app-be-serverless",
              "project_name": "diskon-hunter-price-monitoring"
            },
            "timeout": 15,
            "timeouts": null,
            "tracing_config": [
              {
                "mode": "PassThrough"
              }
            ],
            "version": "11",
            "vpc_config": []
          },
          "sensitive_attributes": [],
          "private": "eyJlMmJmYjczMC1lY2FhLTExZTYtOGY4OC0zNDM2M2JjN2M0YzAiOnsiY3JlYXRlIjo2MDAwMDAwMDAwMDAsImRlbGV0ZSI6NjAwMDAwMDAwMDAwLCJ1cGRhdGUiOjYwMDAwMDAwMDAwMH19",
          "dependencies": [
            "aws_iam_role.lambda_exec",
            "data.archive_file.lambda_monitored_link_list",
            "null_resource.go_build_functions_output_monitored_link_list"
          ]
        }
      ]
    },
    {
      "mode": "managed",
      "type": "aws_lambda_function",
      "name": "searched_item_add_multiple",
      "provider": "provider[\"registry.terraform.io/hashicorp/aws\"]",
      "instances": [
        {
          "schema_version": 0,
          "attributes": {
            "architectures": [
              "x86_64"
            ],
            "arn": "arn:aws:lambda:ap-southeast-1:033737710410:function:SearchedItemAddMultiple",
            "code_signing_config_arn": "",
            "dead_letter_config": [],
            "description": "",
            "environment": [
              {
                "variables": {
                  "aws_deployment_account_id": "033737710410",
                  "aws_deployment_region_short": "apse1",
                  "deployment_environment_name": "prod",
                  "deployment_environment_purpose": "Enviroment accessed and used by end user",
                  "module_name": "app-be-serverless",
                  "project_name": "diskon-hunter-price-monitoring",
                  "project_name_short": "dhpm"
                }
              }
            ],
            "ephemeral_storage": [
              {
                "size": 512
              }
            ],
            "file_system_config": [],
            "filename": "./dist/functions/searched-item-add-multiple.zip",
            "function_name": "SearchedItemAddMultiple",
            "handler": "searched-item-add-multiple",
            "id": "SearchedItemAddMultiple",
            "image_config": [],
            "image_uri": "",
            "invoke_arn": "arn:aws:apigateway:ap-southeast-1:lambda:path/2015-03-31/functions/arn:aws:lambda:ap-southeast-1:033737710410:function:SearchedItemAddMultiple/invocations",
            "kms_key_arn": "",
            "last_modified": "2024-01-14T08:45:13.000+0000",
            "layers": [],
            "memory_size": 2048,
            "package_type": "Zip",
            "publish": true,
            "qualified_arn": "arn:aws:lambda:ap-southeast-1:033737710410:function:SearchedItemAddMultiple:2",
            "qualified_invoke_arn": "arn:aws:apigateway:ap-southeast-1:lambda:path/2015-03-31/functions/arn:aws:lambda:ap-southeast-1:033737710410:function:SearchedItemAddMultiple:2/invocations",
            "replace_security_groups_on_destroy": null,
            "replacement_security_group_ids": null,
            "reserved_concurrent_executions": -1,
            "role": "arn:aws:iam::033737710410:role/serverless_lambda",
            "runtime": "go1.x",
            "s3_bucket": null,
            "s3_key": null,
            "s3_object_version": null,
            "signing_job_arn": "",
            "signing_profile_version_arn": "",
            "skip_destroy": false,
            "snap_start": [],
            "source_code_hash": "kMeKuF8OzRKdZDkJWJmfOrXsLlLTfDaCq/e1d81Bvds=",
            "source_code_size": 9480238,
            "tags": {},
            "tags_all": {
              "deployment_environment_name": "prod",
              "deployment_environment_purpose": "Enviroment accessed and used by end user",
              "module_name": "app-be-serverless",
              "project_name": "diskon-hunter-price-monitoring"
            },
            "timeout": 15,
            "timeouts": null,
            "tracing_config": [
              {
                "mode": "PassThrough"
              }
            ],
            "version": "2",
            "vpc_config": []
          },
          "sensitive_attributes": [],
          "private": "eyJlMmJmYjczMC1lY2FhLTExZTYtOGY4OC0zNDM2M2JjN2M0YzAiOnsiY3JlYXRlIjo2MDAwMDAwMDAwMDAsImRlbGV0ZSI6NjAwMDAwMDAwMDAwLCJ1cGRhdGUiOjYwMDAwMDAwMDAwMH19",
          "dependencies": [
            "aws_iam_role.lambda_exec",
            "data.archive_file.lambda_searched_item_add_multiple",
            "null_resource.go_build_functions_output_searched_item_add_multiple"
          ]
        }
      ]
    },
    {
      "mode": "managed",
      "type": "aws_lambda_function",
      "name": "searched_item_edit_multiple",
      "provider": "provider[\"registry.terraform.io/hashicorp/aws\"]",
      "instances": [
        {
          "schema_version": 0,
          "attributes": {
            "architectures": [
              "x86_64"
            ],
            "arn": "arn:aws:lambda:ap-southeast-1:033737710410:function:SearchedItemEditMultiple",
            "code_signing_config_arn": "",
            "dead_letter_config": [],
            "description": "",
            "environment": [
              {
                "variables": {
                  "deployment_environment_name": "prod",
                  "deployment_environment_purpose": "Enviroment accessed and used by end user",
                  "module_name": "app-be-serverless",
                  "project_name": "diskon-hunter-price-monitoring",
                  "project_name_short": "dhpm"
                }
              }
            ],
            "ephemeral_storage": [
              {
                "size": 512
              }
            ],
            "file_system_config": [],
            "filename": "./dist/functions/searched-item-edit-multiple.zip",
            "function_name": "SearchedItemEditMultiple",
            "handler": "searched-item-edit-multiple",
            "id": "SearchedItemEditMultiple",
            "image_config": [],
            "image_uri": "",
            "invoke_arn": "arn:aws:apigateway:ap-southeast-1:lambda:path/2015-03-31/functions/arn:aws:lambda:ap-southeast-1:033737710410:function:SearchedItemEditMultiple/invocations",
            "kms_key_arn": "",
            "last_modified": "2024-01-14T08:36:26.000+0000",
            "layers": [],
            "memory_size": 2048,
            "package_type": "Zip",
            "publish": true,
            "qualified_arn": "arn:aws:lambda:ap-southeast-1:033737710410:function:SearchedItemEditMultiple:2",
            "qualified_invoke_arn": "arn:aws:apigateway:ap-southeast-1:lambda:path/2015-03-31/functions/arn:aws:lambda:ap-southeast-1:033737710410:function:SearchedItemEditMultiple:2/invocations",
            "replace_security_groups_on_destroy": null,
            "replacement_security_group_ids": null,
            "reserved_concurrent_executions": -1,
            "role": "arn:aws:iam::033737710410:role/serverless_lambda",
            "runtime": "go1.x",
            "s3_bucket": null,
            "s3_key": null,
            "s3_object_version": null,
            "signing_job_arn": "",
            "signing_profile_version_arn": "",
            "skip_destroy": false,
            "snap_start": [],
            "source_code_hash": "nZwxxjwQsdnOSWg1JTLWsDBxwRAM4Q8ZkzAFns2WiyI=",
            "source_code_size": 9511064,
            "tags": {},
            "tags_all": {
              "deployment_environment_name": "prod",
              "deployment_environment_purpose": "Enviroment accessed and used by end user",
              "module_name": "app-be-serverless",
              "project_name": "diskon-hunter-price-monitoring"
            },
            "timeout": 15,
            "timeouts": null,
            "tracing_config": [
              {
                "mode": "PassThrough"
              }
            ],
            "version": "2",
            "vpc_config": []
          },
          "sensitive_attributes": [],
          "private": "eyJlMmJmYjczMC1lY2FhLTExZTYtOGY4OC0zNDM2M2JjN2M0YzAiOnsiY3JlYXRlIjo2MDAwMDAwMDAwMDAsImRlbGV0ZSI6NjAwMDAwMDAwMDAwLCJ1cGRhdGUiOjYwMDAwMDAwMDAwMH19",
          "dependencies": [
            "aws_iam_role.lambda_exec",
            "data.archive_file.lambda_searched_item_edit_multiple",
            "null_resource.go_build_functions_output_searched_item_edit_multiple"
          ]
        }
      ]
    },
    {
      "mode": "managed",
      "type": "aws_lambda_function",
      "name": "searched_item_list",
      "provider": "provider[\"registry.terraform.io/hashicorp/aws\"]",
      "instances": [
        {
          "schema_version": 0,
          "attributes": {
            "architectures": [
              "x86_64"
            ],
            "arn": "arn:aws:lambda:ap-southeast-1:033737710410:function:SearchedItemList",
            "code_signing_config_arn": "",
            "dead_letter_config": [],
            "description": "",
            "environment": [
              {
                "variables": {
                  "aws_deployment_account_id": "033737710410",
                  "aws_deployment_region_short": "apse1",
                  "deployment_environment_name": "prod",
                  "deployment_environment_purpose": "Enviroment accessed and used by end user",
                  "module_name": "app-be-serverless",
                  "project_name": "diskon-hunter-price-monitoring",
                  "project_name_short": "dhpm"
                }
              }
            ],
            "ephemeral_storage": [
              {
                "size": 512
              }
            ],
            "file_system_config": [],
            "filename": "./dist/functions/searched-item-list.zip",
            "function_name": "SearchedItemList",
            "handler": "searched-item-list",
            "id": "SearchedItemList",
            "image_config": [],
            "image_uri": "",
            "invoke_arn": "arn:aws:apigateway:ap-southeast-1:lambda:path/2015-03-31/functions/arn:aws:lambda:ap-southeast-1:033737710410:function:SearchedItemList/invocations",
            "kms_key_arn": "",
            "last_modified": "2024-01-14T08:29:29.000+0000",
            "layers": [],
            "memory_size": 2048,
            "package_type": "Zip",
            "publish": true,
            "qualified_arn": "arn:aws:lambda:ap-southeast-1:033737710410:function:SearchedItemList:3",
            "qualified_invoke_arn": "arn:aws:apigateway:ap-southeast-1:lambda:path/2015-03-31/functions/arn:aws:lambda:ap-southeast-1:033737710410:function:SearchedItemList:3/invocations",
            "replace_security_groups_on_destroy": null,
            "replacement_security_group_ids": null,
            "reserved_concurrent_executions": -1,
            "role": "arn:aws:iam::033737710410:role/serverless_lambda",
            "runtime": "go1.x",
            "s3_bucket": null,
            "s3_key": null,
            "s3_object_version": null,
            "signing_job_arn": "",
            "signing_profile_version_arn": "",
            "skip_destroy": false,
            "snap_start": [],
            "source_code_hash": "IE0vbjJDkuEWXYIZGpDpfxmO15/x9yoJQ8EJPT1s5m8=",
            "source_code_size": 9480773,
            "tags": {},
            "tags_all": {
              "deployment_environment_name": "prod",
              "deployment_environment_purpose": "Enviroment accessed and used by end user",
              "module_name": "app-be-serverless",
              "project_name": "diskon-hunter-price-monitoring"
            },
            "timeout": 15,
            "timeouts": null,
            "tracing_config": [
              {
                "mode": "PassThrough"
              }
            ],
            "version": "3",
            "vpc_config": []
          },
          "sensitive_attributes": [],
          "private": "eyJlMmJmYjczMC1lY2FhLTExZTYtOGY4OC0zNDM2M2JjN2M0YzAiOnsiY3JlYXRlIjo2MDAwMDAwMDAwMDAsImRlbGV0ZSI6NjAwMDAwMDAwMDAwLCJ1cGRhdGUiOjYwMDAwMDAwMDAwMH19",
          "dependencies": [
            "aws_iam_role.lambda_exec",
            "data.archive_file.lambda_searched_item_list",
            "null_resource.go_build_functions_output_searched_item_list"
          ]
        }
      ]
    },
    {
      "mode": "managed",
      "type": "aws_lambda_function",
      "name": "user_edit",
      "provider": "provider[\"registry.terraform.io/hashicorp/aws\"]",
      "instances": [
        {
          "schema_version": 0,
          "attributes": {
            "architectures": [
              "x86_64"
            ],
            "arn": "arn:aws:lambda:ap-southeast-1:033737710410:function:UserEdit",
            "code_signing_config_arn": "",
            "dead_letter_config": [],
            "description": "",
            "environment": [
              {
                "variables": {
                  "aws_deployment_account_id": "033737710410",
                  "aws_deployment_region_short": "apse1",
                  "deployment_environment_name": "prod",
                  "deployment_environment_purpose": "Enviroment accessed and used by end user",
                  "module_name": "app-be-serverless",
                  "project_name": "diskon-hunter-price-monitoring",
                  "project_name_short": "dhpm"
                }
              }
            ],
            "ephemeral_storage": [
              {
                "size": 512
              }
            ],
            "file_system_config": [],
            "filename": "./dist/functions/user-edit.zip",
            "function_name": "UserEdit",
            "handler": "user-edit",
            "id": "UserEdit",
            "image_config": [],
            "image_uri": "",
            "invoke_arn": "arn:aws:apigateway:ap-southeast-1:lambda:path/2015-03-31/functions/arn:aws:lambda:ap-southeast-1:033737710410:function:UserEdit/invocations",
            "kms_key_arn": "",
            "last_modified": "2024-01-14T08:31:18.000+0000",
            "layers": [],
            "memory_size": 2048,
            "package_type": "Zip",
            "publish": true,
            "qualified_arn": "arn:aws:lambda:ap-southeast-1:033737710410:function:UserEdit:8",
            "qualified_invoke_arn": "arn:aws:apigateway:ap-southeast-1:lambda:path/2015-03-31/functions/arn:aws:lambda:ap-southeast-1:033737710410:function:UserEdit:8/invocations",
            "replace_security_groups_on_destroy": null,
            "replacement_security_group_ids": null,
            "reserved_concurrent_executions": -1,
            "role": "arn:aws:iam::033737710410:role/serverless_lambda",
            "runtime": "go1.x",
            "s3_bucket": null,
            "s3_key": null,
            "s3_object_version": null,
            "signing_job_arn": "",
            "signing_profile_version_arn": "",
            "skip_destroy": false,
            "snap_start": [],
            "source_code_hash": "hSGM4SR4eFNtHz+YJSzVW2NeCBXoCY3y5VBA71Unrf8=",
            "source_code_size": 9522400,
            "tags": {},
            "tags_all": {
              "deployment_environment_name": "prod",
              "deployment_environment_purpose": "Enviroment accessed and used by end user",
              "module_name": "app-be-serverless",
              "project_name": "diskon-hunter-price-monitoring"
            },
            "timeout": 15,
            "timeouts": null,
            "tracing_config": [
              {
                "mode": "PassThrough"
              }
            ],
            "version": "8",
            "vpc_config": []
          },
          "sensitive_attributes": [],
          "private": "eyJlMmJmYjczMC1lY2FhLTExZTYtOGY4OC0zNDM2M2JjN2M0YzAiOnsiY3JlYXRlIjo2MDAwMDAwMDAwMDAsImRlbGV0ZSI6NjAwMDAwMDAwMDAwLCJ1cGRhdGUiOjYwMDAwMDAwMDAwMH19",
          "dependencies": [
            "aws_iam_role.lambda_exec",
            "data.archive_file.lambda_user_edit",
            "null_resource.go_build_functions_output_user_edit"
          ]
        }
      ]
    },
    {
      "mode": "managed",
      "type": "aws_lambda_function",
      "name": "user_me",
      "provider": "provider[\"registry.terraform.io/hashicorp/aws\"]",
      "instances": [
        {
          "schema_version": 0,
          "attributes": {
            "architectures": [
              "x86_64"
            ],
            "arn": "arn:aws:lambda:ap-southeast-1:033737710410:function:UserMe",
            "code_signing_config_arn": "",
            "dead_letter_config": [],
            "description": "",
            "environment": [
              {
                "variables": {
                  "deployment_environment_name": "prod",
                  "deployment_environment_purpose": "Enviroment accessed and used by end user",
                  "module_name": "app-be-serverless",
                  "project_name": "diskon-hunter-price-monitoring",
                  "project_name_short": "dhpm",
                  "route_key": "POST /v1/user.me"
                }
              }
            ],
            "ephemeral_storage": [
              {
                "size": 512
              }
            ],
            "file_system_config": [],
            "filename": "./dist/functions/user-me.zip",
            "function_name": "UserMe",
            "handler": "user-me",
            "id": "UserMe",
            "image_config": [],
            "image_uri": "",
            "invoke_arn": "arn:aws:apigateway:ap-southeast-1:lambda:path/2015-03-31/functions/arn:aws:lambda:ap-southeast-1:033737710410:function:UserMe/invocations",
            "kms_key_arn": "",
            "last_modified": "2024-01-14T08:32:40.000+0000",
            "layers": [],
            "memory_size": 2048,
            "package_type": "Zip",
            "publish": true,
            "qualified_arn": "arn:aws:lambda:ap-southeast-1:033737710410:function:UserMe:7",
            "qualified_invoke_arn": "arn:aws:apigateway:ap-southeast-1:lambda:path/2015-03-31/functions/arn:aws:lambda:ap-southeast-1:033737710410:function:UserMe:7/invocations",
            "replace_security_groups_on_destroy": null,
            "replacement_security_group_ids": null,
            "reserved_concurrent_executions": -1,
            "role": "arn:aws:iam::033737710410:role/serverless_lambda",
            "runtime": "go1.x",
            "s3_bucket": null,
            "s3_key": null,
            "s3_object_version": null,
            "signing_job_arn": "",
            "signing_profile_version_arn": "",
            "skip_destroy": false,
            "snap_start": [],
            "source_code_hash": "w9S2aZG6muXOfmrhSY4PO52+nDo24CaLKka65grOrDU=",
            "source_code_size": 9474200,
            "tags": {},
            "tags_all": {
              "deployment_environment_name": "prod",
              "deployment_environment_purpose": "Enviroment accessed and used by end user",
              "module_name": "app-be-serverless",
              "project_name": "diskon-hunter-price-monitoring"
            },
            "timeout": 15,
            "timeouts": null,
            "tracing_config": [
              {
                "mode": "PassThrough"
              }
            ],
            "version": "7",
            "vpc_config": []
          },
          "sensitive_attributes": [],
          "private": "eyJlMmJmYjczMC1lY2FhLTExZTYtOGY4OC0zNDM2M2JjN2M0YzAiOnsiY3JlYXRlIjo2MDAwMDAwMDAwMDAsImRlbGV0ZSI6NjAwMDAwMDAwMDAwLCJ1cGRhdGUiOjYwMDAwMDAwMDAwMH19",
          "dependencies": [
            "aws_iam_role.lambda_exec",
            "data.archive_file.lambda_user_me",
            "null_resource.go_build_functions_output_user_me"
          ]
        }
      ]
    },
    {
      "mode": "managed",
      "type": "aws_lambda_function",
      "name": "user_reset_password",
      "provider": "provider[\"registry.terraform.io/hashicorp/aws\"]",
      "instances": [
        {
          "schema_version": 0,
          "attributes": {
            "architectures": [
              "x86_64"
            ],
            "arn": "arn:aws:lambda:ap-southeast-1:033737710410:function:UserResetPassword",
            "code_signing_config_arn": "",
            "dead_letter_config": [],
            "description": "",
            "environment": [
              {
                "variables": {
                  "aws_deployment_account_id": "033737710410",
                  "aws_deployment_region_short": "apse1",
                  "deployment_environment_name": "prod",
                  "deployment_environment_purpose": "Enviroment accessed and used by end user",
                  "module_name": "app-be-serverless",
                  "project_name": "diskon-hunter-price-monitoring",
                  "project_name_short": "dhpm"
                }
              }
            ],
            "ephemeral_storage": [
              {
                "size": 512
              }
            ],
            "file_system_config": [],
            "filename": "./dist/functions/user-reset-password.zip",
            "function_name": "UserResetPassword",
            "handler": "user-reset-password",
            "id": "UserResetPassword",
            "image_config": [],
            "image_uri": "",
            "invoke_arn": "arn:aws:apigateway:ap-southeast-1:lambda:path/2015-03-31/functions/arn:aws:lambda:ap-southeast-1:033737710410:function:UserResetPassword/invocations",
            "kms_key_arn": "",
            "last_modified": "2024-01-14T08:41:59.000+0000",
            "layers": [],
            "memory_size": 2048,
            "package_type": "Zip",
            "publish": true,
            "qualified_arn": "arn:aws:lambda:ap-southeast-1:033737710410:function:UserResetPassword:9",
            "qualified_invoke_arn": "arn:aws:apigateway:ap-southeast-1:lambda:path/2015-03-31/functions/arn:aws:lambda:ap-southeast-1:033737710410:function:UserResetPassword:9/invocations",
            "replace_security_groups_on_destroy": null,
            "replacement_security_group_ids": null,
            "reserved_concurrent_executions": -1,
            "role": "arn:aws:iam::033737710410:role/serverless_lambda",
            "runtime": "go1.x",
            "s3_bucket": null,
            "s3_key": null,
            "s3_object_version": null,
            "signing_job_arn": "",
            "signing_profile_version_arn": "",
            "skip_destroy": false,
            "snap_start": [],
            "source_code_hash": "Tzb4+NtMvScQQxxI8yqfEQfYG5xI7uSN0PdkEH0gWy4=",
            "source_code_size": 9089687,
            "tags": {},
            "tags_all": {
              "deployment_environment_name": "prod",
              "deployment_environment_purpose": "Enviroment accessed and used by end user",
              "module_name": "app-be-serverless",
              "project_name": "diskon-hunter-price-monitoring"
            },
            "timeout": 15,
            "timeouts": null,
            "tracing_config": [
              {
                "mode": "PassThrough"
              }
            ],
            "version": "9",
            "vpc_config": []
          },
          "sensitive_attributes": [],
          "private": "eyJlMmJmYjczMC1lY2FhLTExZTYtOGY4OC0zNDM2M2JjN2M0YzAiOnsiY3JlYXRlIjo2MDAwMDAwMDAwMDAsImRlbGV0ZSI6NjAwMDAwMDAwMDAwLCJ1cGRhdGUiOjYwMDAwMDAwMDAwMH19",
          "dependencies": [
            "aws_iam_role.lambda_exec",
            "data.archive_file.lambda_user_reset_password",
            "null_resource.go_build_functions_output_user_reset_password"
          ]
        }
      ]
    },
    {
      "mode": "managed",
      "type": "aws_lambda_function",
      "name": "user_sign_in",
      "provider": "provider[\"registry.terraform.io/hashicorp/aws\"]",
      "instances": [
        {
          "schema_version": 0,
          "attributes": {
            "architectures": [
              "x86_64"
            ],
            "arn": "arn:aws:lambda:ap-southeast-1:033737710410:function:UserSignIn",
            "code_signing_config_arn": "",
            "dead_letter_config": [],
            "description": "",
            "environment": [
              {
                "variables": {
                  "deployment_environment_name": "prod",
                  "deployment_environment_purpose": "Enviroment accessed and used by end user",
                  "module_name": "app-be-serverless",
                  "project_name": "diskon-hunter-price-monitoring",
                  "project_name_short": "dhpm",
                  "route_key": "POST /v1/user.signin"
                }
              }
            ],
            "ephemeral_storage": [
              {
                "size": 512
              }
            ],
            "file_system_config": [],
            "filename": "./dist/functions/user-signin.zip",
            "function_name": "UserSignIn",
            "handler": "user-signin",
            "id": "UserSignIn",
            "image_config": [],
            "image_uri": "",
            "invoke_arn": "arn:aws:apigateway:ap-southeast-1:lambda:path/2015-03-31/functions/arn:aws:lambda:ap-southeast-1:033737710410:function:UserSignIn/invocations",
            "kms_key_arn": "",
            "last_modified": "2024-01-14T08:37:31.000+0000",
            "layers": [],
            "memory_size": 2048,
            "package_type": "Zip",
            "publish": true,
            "qualified_arn": "arn:aws:lambda:ap-southeast-1:033737710410:function:UserSignIn:15",
            "qualified_invoke_arn": "arn:aws:apigateway:ap-southeast-1:lambda:path/2015-03-31/functions/arn:aws:lambda:ap-southeast-1:033737710410:function:UserSignIn:15/invocations",
            "replace_security_groups_on_destroy": null,
            "replacement_security_group_ids": null,
            "reserved_concurrent_executions": -1,
            "role": "arn:aws:iam::033737710410:role/serverless_lambda",
            "runtime": "go1.x",
            "s3_bucket": null,
            "s3_key": null,
            "s3_object_version": null,
            "signing_job_arn": "",
            "signing_profile_version_arn": "",
            "skip_destroy": false,
            "snap_start": [],
            "source_code_hash": "EWq0flXltftH/W+wPT7oKetmQ6OK4yBq+N/Kecco/rw=",
            "source_code_size": 9471613,
            "tags": {},
            "tags_all": {
              "deployment_environment_name": "prod",
              "deployment_environment_purpose": "Enviroment accessed and used by end user",
              "module_name": "app-be-serverless",
              "project_name": "diskon-hunter-price-monitoring"
            },
            "timeout": 15,
            "timeouts": null,
            "tracing_config": [
              {
                "mode": "PassThrough"
              }
            ],
            "version": "15",
            "vpc_config": []
          },
          "sensitive_attributes": [],
          "private": "eyJlMmJmYjczMC1lY2FhLTExZTYtOGY4OC0zNDM2M2JjN2M0YzAiOnsiY3JlYXRlIjo2MDAwMDAwMDAwMDAsImRlbGV0ZSI6NjAwMDAwMDAwMDAwLCJ1cGRhdGUiOjYwMDAwMDAwMDAwMH19",
          "dependencies": [
            "aws_iam_role.lambda_exec",
            "data.archive_file.lambda_user_sign_in",
            "null_resource.go_build_functions_output_user_sign_in"
          ]
        }
      ]
    },
    {
      "mode": "managed",
      "type": "aws_lambda_function",
      "name": "user_sign_up",
      "provider": "provider[\"registry.terraform.io/hashicorp/aws\"]",
      "instances": [
        {
          "schema_version": 0,
          "attributes": {
            "architectures": [
              "x86_64"
            ],
            "arn": "arn:aws:lambda:ap-southeast-1:033737710410:function:UserSignUp",
            "code_signing_config_arn": "",
            "dead_letter_config": [],
            "description": "",
            "environment": [
              {
                "variables": {
                  "aws_deployment_account_id": "033737710410",
                  "aws_deployment_region_short": "apse1",
                  "deployment_environment_name": "prod",
                  "deployment_environment_purpose": "Enviroment accessed and used by end user",
                  "module_name": "app-be-serverless",
                  "project_name": "diskon-hunter-price-monitoring",
                  "project_name_short": "dhpm"
                }
              }
            ],
            "ephemeral_storage": [
              {
                "size": 512
              }
            ],
            "file_system_config": [],
            "filename": "./dist/functions/user-signup.zip",
            "function_name": "UserSignUp",
            "handler": "user-signup",
            "id": "UserSignUp",
            "image_config": [],
            "image_uri": "",
            "invoke_arn": "arn:aws:apigateway:ap-southeast-1:lambda:path/2015-03-31/functions/arn:aws:lambda:ap-southeast-1:033737710410:function:UserSignUp/invocations",
            "kms_key_arn": "",
            "last_modified": "2024-01-14T08:27:59.000+0000",
            "layers": [],
            "memory_size": 2048,
            "package_type": "Zip",
            "publish": true,
            "qualified_arn": "arn:aws:lambda:ap-southeast-1:033737710410:function:UserSignUp:14",
            "qualified_invoke_arn": "arn:aws:apigateway:ap-southeast-1:lambda:path/2015-03-31/functions/arn:aws:lambda:ap-southeast-1:033737710410:function:UserSignUp:14/invocations",
            "replace_security_groups_on_destroy": null,
            "replacement_security_group_ids": null,
            "reserved_concurrent_executions": -1,
            "role": "arn:aws:iam::033737710410:role/serverless_lambda",
            "runtime": "go1.x",
            "s3_bucket": null,
            "s3_key": null,
            "s3_object_version": null,
            "signing_job_arn": "",
            "signing_profile_version_arn": "",
            "skip_destroy": false,
            "snap_start": [],
            "source_code_hash": "uwZPqOXrQu0treVvv5kj2MTVbvtt+NV/y/81t8Zw5Y8=",
            "source_code_size": 9056881,
            "tags": {},
            "tags_all": {
              "deployment_environment_name": "prod",
              "deployment_environment_purpose": "Enviroment accessed and used by end user",
              "module_name": "app-be-serverless",
              "project_name": "diskon-hunter-price-monitoring"
            },
            "timeout": 15,
            "timeouts": null,
            "tracing_config": [
              {
                "mode": "PassThrough"
              }
            ],
            "version": "14",
            "vpc_config": []
          },
          "sensitive_attributes": [],
          "private": "eyJlMmJmYjczMC1lY2FhLTExZTYtOGY4OC0zNDM2M2JjN2M0YzAiOnsiY3JlYXRlIjo2MDAwMDAwMDAwMDAsImRlbGV0ZSI6NjAwMDAwMDAwMDAwLCJ1cGRhdGUiOjYwMDAwMDAwMDAwMH19",
          "dependencies": [
            "aws_iam_role.lambda_exec",
            "data.archive_file.lambda_user_sign_up",
            "null_resource.go_build_functions_output_user_sign_up"
          ]
        }
      ]
    },
    {
      "mode": "managed",
      "type": "aws_lambda_function",
      "name": "user_validate_otp",
      "provider": "provider[\"registry.terraform.io/hashicorp/aws\"]",
      "instances": [
        {
          "schema_version": 0,
          "attributes": {
            "architectures": [
              "x86_64"
            ],
            "arn": "arn:aws:lambda:ap-southeast-1:033737710410:function:UserValidateOtp",
            "code_signing_config_arn": "",
            "dead_letter_config": [],
            "description": "",
            "environment": [
              {
                "variables": {
                  "aws_deployment_account_id": "033737710410",
                  "aws_deployment_region_short": "apse1",
                  "deployment_environment_name": "prod",
                  "deployment_environment_purpose": "Enviroment accessed and used by end user",
                  "module_name": "app-be-serverless",
                  "project_name": "diskon-hunter-price-monitoring",
                  "project_name_short": "dhpm"
                }
              }
            ],
            "ephemeral_storage": [
              {
                "size": 512
              }
            ],
            "file_system_config": [],
            "filename": "./dist/functions/user-validate-otp.zip",
            "function_name": "UserValidateOtp",
            "handler": "user-validate-otp",
            "id": "UserValidateOtp",
            "image_config": [],
            "image_uri": "",
            "invoke_arn": "arn:aws:apigateway:ap-southeast-1:lambda:path/2015-03-31/functions/arn:aws:lambda:ap-southeast-1:033737710410:function:UserValidateOtp/invocations",
            "kms_key_arn": "",
            "last_modified": "2024-01-14T08:39:25.000+0000",
            "layers": [],
            "memory_size": 2048,
            "package_type": "Zip",
            "publish": true,
            "qualified_arn": "arn:aws:lambda:ap-southeast-1:033737710410:function:UserValidateOtp:9",
            "qualified_invoke_arn": "arn:aws:apigateway:ap-southeast-1:lambda:path/2015-03-31/functions/arn:aws:lambda:ap-southeast-1:033737710410:function:UserValidateOtp:9/invocations",
            "replace_security_groups_on_destroy": null,
            "replacement_security_group_ids": null,
            "reserved_concurrent_executions": -1,
            "role": "arn:aws:iam::033737710410:role/serverless_lambda",
            "runtime": "go1.x",
            "s3_bucket": null,
            "s3_key": null,
            "s3_object_version": null,
            "signing_job_arn": "",
            "signing_profile_version_arn": "",
            "skip_destroy": false,
            "snap_start": [],
            "source_code_hash": "HtERObPWFskk+RbQohVoHTz1srxK6Th5cgOn/SjESFQ=",
            "source_code_size": 9043611,
            "tags": {},
            "tags_all": {
              "deployment_environment_name": "prod",
              "deployment_environment_purpose": "Enviroment accessed and used by end user",
              "module_name": "app-be-serverless",
              "project_name": "diskon-hunter-price-monitoring"
            },
            "timeout": 15,
            "timeouts": null,
            "tracing_config": [
              {
                "mode": "PassThrough"
              }
            ],
            "version": "9",
            "vpc_config": []
          },
          "sensitive_attributes": [],
          "private": "eyJlMmJmYjczMC1lY2FhLTExZTYtOGY4OC0zNDM2M2JjN2M0YzAiOnsiY3JlYXRlIjo2MDAwMDAwMDAwMDAsImRlbGV0ZSI6NjAwMDAwMDAwMDAwLCJ1cGRhdGUiOjYwMDAwMDAwMDAwMH19",
          "dependencies": [
            "aws_iam_role.lambda_exec",
            "data.archive_file.lambda_user_validate_otp",
            "null_resource.go_build_functions_output_user_validate_otp"
          ]
        }
      ]
    },
    {
      "mode": "managed",
      "type": "aws_lambda_permission",
      "name": "api_gw_app_version",
      "provider": "provider[\"registry.terraform.io/hashicorp/aws\"]",
      "instances": [
        {
          "schema_version": 0,
          "attributes": {
            "action": "lambda:InvokeFunction",
            "event_source_token": null,
            "function_name": "AppVersion",
            "function_url_auth_type": null,
            "id": "AllowExecutionFromAPIGateway",
            "principal": "apigateway.amazonaws.com",
            "principal_org_id": null,
            "qualifier": "",
            "source_account": null,
            "source_arn": "arn:aws:execute-api:ap-southeast-1:033737710410:ueb8gkzdtj/*/*",
            "statement_id": "AllowExecutionFromAPIGateway",
            "statement_id_prefix": ""
          },
          "sensitive_attributes": [],
          "private": "bnVsbA==",
          "dependencies": [
            "aws_apigatewayv2_api.lambda",
            "aws_iam_role.lambda_exec",
            "aws_lambda_function.app_version",
            "data.archive_file.lambda_app_version",
            "null_resource.go_build_functions_output_app_version"
          ]
        }
      ]
    },
    {
      "mode": "managed",
      "type": "aws_lambda_permission",
      "name": "api_gw_hello_world",
      "provider": "provider[\"registry.terraform.io/hashicorp/aws\"]",
      "instances": [
        {
          "schema_version": 0,
          "attributes": {
            "action": "lambda:InvokeFunction",
            "event_source_token": null,
            "function_name": "HelloWorld",
            "function_url_auth_type": null,
            "id": "AllowExecutionFromAPIGateway",
            "principal": "apigateway.amazonaws.com",
            "principal_org_id": null,
            "qualifier": "",
            "source_account": null,
            "source_arn": "arn:aws:execute-api:ap-southeast-1:033737710410:ueb8gkzdtj/*/*",
            "statement_id": "AllowExecutionFromAPIGateway",
            "statement_id_prefix": ""
          },
          "sensitive_attributes": [],
          "private": "bnVsbA==",
          "dependencies": [
            "aws_apigatewayv2_api.lambda",
            "aws_iam_role.lambda_exec",
            "aws_lambda_function.hello_world",
            "data.archive_file.lambda_hello_world",
            "null_resource.go_build_functions_output_hello_world"
          ]
        }
      ]
    },
    {
      "mode": "managed",
      "type": "aws_lambda_permission",
      "name": "monitored_link_add_multiple",
      "provider": "provider[\"registry.terraform.io/hashicorp/aws\"]",
      "instances": [
        {
          "schema_version": 0,
          "attributes": {
            "action": "lambda:InvokeFunction",
            "event_source_token": null,
            "function_name": "MonitoredLinkAddMultiple",
            "function_url_auth_type": null,
            "id": "AllowExecutionFromAPIGateway",
            "principal": "apigateway.amazonaws.com",
            "principal_org_id": null,
            "qualifier": "",
            "source_account": null,
            "source_arn": "arn:aws:execute-api:ap-southeast-1:033737710410:ueb8gkzdtj/*/*",
            "statement_id": "AllowExecutionFromAPIGateway",
            "statement_id_prefix": ""
          },
          "sensitive_attributes": [],
          "private": "bnVsbA==",
          "dependencies": [
            "aws_apigatewayv2_api.lambda",
            "aws_iam_role.lambda_exec",
            "aws_lambda_function.monitored_link_add_multiple",
            "data.archive_file.lambda_monitored_link_add_multiple",
            "null_resource.go_build_functions_output_monitored_link_add_multiple"
          ]
        }
      ]
    },
    {
      "mode": "managed",
      "type": "aws_lambda_permission",
      "name": "monitored_link_edit_multiple",
      "provider": "provider[\"registry.terraform.io/hashicorp/aws\"]",
      "instances": [
        {
          "schema_version": 0,
          "attributes": {
            "action": "lambda:InvokeFunction",
            "event_source_token": null,
            "function_name": "MonitoredLinkEditMultiple",
            "function_url_auth_type": null,
            "id": "AllowExecutionFromAPIGateway",
            "principal": "apigateway.amazonaws.com",
            "principal_org_id": null,
            "qualifier": "",
            "source_account": null,
            "source_arn": "arn:aws:execute-api:ap-southeast-1:033737710410:ueb8gkzdtj/*/*",
            "statement_id": "AllowExecutionFromAPIGateway",
            "statement_id_prefix": ""
          },
          "sensitive_attributes": [],
          "private": "bnVsbA==",
          "dependencies": [
            "aws_apigatewayv2_api.lambda",
            "aws_iam_role.lambda_exec",
            "aws_lambda_function.monitored_link_edit_multiple",
            "data.archive_file.lambda_monitored_link_edit_multiple",
            "null_resource.go_build_functions_output_monitored_link_edit_multiple"
          ]
        }
      ]
    },
    {
      "mode": "managed",
      "type": "aws_lambda_permission",
      "name": "monitored_link_list",
      "provider": "provider[\"registry.terraform.io/hashicorp/aws\"]",
      "instances": [
        {
          "schema_version": 0,
          "attributes": {
            "action": "lambda:InvokeFunction",
            "event_source_token": null,
            "function_name": "MonitoredLinkList",
            "function_url_auth_type": null,
            "id": "AllowExecutionFromAPIGateway",
            "principal": "apigateway.amazonaws.com",
            "principal_org_id": null,
            "qualifier": "",
            "source_account": null,
            "source_arn": "arn:aws:execute-api:ap-southeast-1:033737710410:ueb8gkzdtj/*/*",
            "statement_id": "AllowExecutionFromAPIGateway",
            "statement_id_prefix": ""
          },
          "sensitive_attributes": [],
          "private": "bnVsbA==",
          "dependencies": [
            "aws_apigatewayv2_api.lambda",
            "aws_iam_role.lambda_exec",
            "aws_lambda_function.monitored_link_list",
            "data.archive_file.lambda_monitored_link_list",
            "null_resource.go_build_functions_output_monitored_link_list"
          ]
        }
      ]
    },
    {
      "mode": "managed",
      "type": "aws_lambda_permission",
      "name": "searched_item_add_multiple",
      "provider": "provider[\"registry.terraform.io/hashicorp/aws\"]",
      "instances": [
        {
          "schema_version": 0,
          "attributes": {
            "action": "lambda:InvokeFunction",
            "event_source_token": null,
            "function_name": "SearchedItemAddMultiple",
            "function_url_auth_type": null,
            "id": "AllowExecutionFromAPIGateway",
            "principal": "apigateway.amazonaws.com",
            "principal_org_id": null,
            "qualifier": "",
            "source_account": null,
            "source_arn": "arn:aws:execute-api:ap-southeast-1:033737710410:ueb8gkzdtj/*/*",
            "statement_id": "AllowExecutionFromAPIGateway",
            "statement_id_prefix": ""
          },
          "sensitive_attributes": [],
          "private": "bnVsbA==",
          "dependencies": [
            "aws_apigatewayv2_api.lambda",
            "aws_iam_role.lambda_exec",
            "aws_lambda_function.searched_item_add_multiple",
            "data.archive_file.lambda_searched_item_add_multiple",
            "null_resource.go_build_functions_output_searched_item_add_multiple"
          ]
        }
      ]
    },
    {
      "mode": "managed",
      "type": "aws_lambda_permission",
      "name": "searched_item_edit_multiple",
      "provider": "provider[\"registry.terraform.io/hashicorp/aws\"]",
      "instances": [
        {
          "schema_version": 0,
          "attributes": {
            "action": "lambda:InvokeFunction",
            "event_source_token": null,
            "function_name": "SearchedItemEditMultiple",
            "function_url_auth_type": null,
            "id": "AllowExecutionFromAPIGateway",
            "principal": "apigateway.amazonaws.com",
            "principal_org_id": null,
            "qualifier": "",
            "source_account": null,
            "source_arn": "arn:aws:execute-api:ap-southeast-1:033737710410:ueb8gkzdtj/*/*",
            "statement_id": "AllowExecutionFromAPIGateway",
            "statement_id_prefix": ""
          },
          "sensitive_attributes": [],
          "private": "bnVsbA==",
          "dependencies": [
            "aws_apigatewayv2_api.lambda",
            "aws_iam_role.lambda_exec",
            "aws_lambda_function.searched_item_edit_multiple",
            "data.archive_file.lambda_searched_item_edit_multiple",
            "null_resource.go_build_functions_output_searched_item_edit_multiple"
          ]
        }
      ]
    },
    {
      "mode": "managed",
      "type": "aws_lambda_permission",
      "name": "searched_item_list",
      "provider": "provider[\"registry.terraform.io/hashicorp/aws\"]",
      "instances": [
        {
          "schema_version": 0,
          "attributes": {
            "action": "lambda:InvokeFunction",
            "event_source_token": null,
            "function_name": "SearchedItemList",
            "function_url_auth_type": null,
            "id": "AllowExecutionFromAPIGateway",
            "principal": "apigateway.amazonaws.com",
            "principal_org_id": null,
            "qualifier": "",
            "source_account": null,
            "source_arn": "arn:aws:execute-api:ap-southeast-1:033737710410:ueb8gkzdtj/*/*",
            "statement_id": "AllowExecutionFromAPIGateway",
            "statement_id_prefix": ""
          },
          "sensitive_attributes": [],
          "private": "bnVsbA==",
          "dependencies": [
            "aws_apigatewayv2_api.lambda",
            "aws_iam_role.lambda_exec",
            "aws_lambda_function.searched_item_list",
            "data.archive_file.lambda_searched_item_list",
            "null_resource.go_build_functions_output_searched_item_list"
          ]
        }
      ]
    },
    {
      "mode": "managed",
      "type": "aws_lambda_permission",
      "name": "user_edit",
      "provider": "provider[\"registry.terraform.io/hashicorp/aws\"]",
      "instances": [
        {
          "schema_version": 0,
          "attributes": {
            "action": "lambda:InvokeFunction",
            "event_source_token": null,
            "function_name": "UserEdit",
            "function_url_auth_type": null,
            "id": "AllowExecutionFromAPIGateway",
            "principal": "apigateway.amazonaws.com",
            "principal_org_id": null,
            "qualifier": "",
            "source_account": null,
            "source_arn": "arn:aws:execute-api:ap-southeast-1:033737710410:ueb8gkzdtj/*/*",
            "statement_id": "AllowExecutionFromAPIGateway",
            "statement_id_prefix": ""
          },
          "sensitive_attributes": [],
          "private": "bnVsbA==",
          "dependencies": [
            "aws_apigatewayv2_api.lambda",
            "aws_iam_role.lambda_exec",
            "aws_lambda_function.user_edit",
            "data.archive_file.lambda_user_edit",
            "null_resource.go_build_functions_output_user_edit"
          ]
        }
      ]
    },
    {
      "mode": "managed",
      "type": "aws_lambda_permission",
      "name": "user_me",
      "provider": "provider[\"registry.terraform.io/hashicorp/aws\"]",
      "instances": [
        {
          "schema_version": 0,
          "attributes": {
            "action": "lambda:InvokeFunction",
            "event_source_token": null,
            "function_name": "UserMe",
            "function_url_auth_type": null,
            "id": "AllowExecutionFromAPIGateway",
            "principal": "apigateway.amazonaws.com",
            "principal_org_id": null,
            "qualifier": "",
            "source_account": null,
            "source_arn": "arn:aws:execute-api:ap-southeast-1:033737710410:ueb8gkzdtj/*/*",
            "statement_id": "AllowExecutionFromAPIGateway",
            "statement_id_prefix": ""
          },
          "sensitive_attributes": [],
          "private": "bnVsbA==",
          "dependencies": [
            "aws_apigatewayv2_api.lambda",
            "aws_iam_role.lambda_exec",
            "aws_lambda_function.user_me",
            "data.archive_file.lambda_user_me",
            "null_resource.go_build_functions_output_user_me"
          ]
        }
      ]
    },
    {
      "mode": "managed",
      "type": "aws_lambda_permission",
      "name": "user_reset_password",
      "provider": "provider[\"registry.terraform.io/hashicorp/aws\"]",
      "instances": [
        {
          "schema_version": 0,
          "attributes": {
            "action": "lambda:InvokeFunction",
            "event_source_token": null,
            "function_name": "UserResetPassword",
            "function_url_auth_type": null,
            "id": "AllowExecutionFromAPIGateway",
            "principal": "apigateway.amazonaws.com",
            "principal_org_id": null,
            "qualifier": "",
            "source_account": null,
            "source_arn": "arn:aws:execute-api:ap-southeast-1:033737710410:ueb8gkzdtj/*/*",
            "statement_id": "AllowExecutionFromAPIGateway",
            "statement_id_prefix": ""
          },
          "sensitive_attributes": [],
          "private": "bnVsbA==",
          "dependencies": [
            "aws_apigatewayv2_api.lambda",
            "aws_iam_role.lambda_exec",
            "aws_lambda_function.user_reset_password",
            "data.archive_file.lambda_user_reset_password",
            "null_resource.go_build_functions_output_user_reset_password"
          ]
        }
      ]
    },
    {
      "mode": "managed",
      "type": "aws_lambda_permission",
      "name": "user_sign_in",
      "provider": "provider[\"registry.terraform.io/hashicorp/aws\"]",
      "instances": [
        {
          "schema_version": 0,
          "attributes": {
            "action": "lambda:InvokeFunction",
            "event_source_token": null,
            "function_name": "UserSignIn",
            "function_url_auth_type": null,
            "id": "AllowExecutionFromAPIGateway",
            "principal": "apigateway.amazonaws.com",
            "principal_org_id": null,
            "qualifier": "",
            "source_account": null,
            "source_arn": "arn:aws:execute-api:ap-southeast-1:033737710410:ueb8gkzdtj/*/*",
            "statement_id": "AllowExecutionFromAPIGateway",
            "statement_id_prefix": ""
          },
          "sensitive_attributes": [],
          "private": "bnVsbA==",
          "dependencies": [
            "aws_apigatewayv2_api.lambda",
            "aws_iam_role.lambda_exec",
            "aws_lambda_function.user_sign_in",
            "data.archive_file.lambda_user_sign_in",
            "null_resource.go_build_functions_output_user_sign_in"
          ]
        }
      ]
    },
    {
      "mode": "managed",
      "type": "aws_lambda_permission",
      "name": "user_sign_up",
      "provider": "provider[\"registry.terraform.io/hashicorp/aws\"]",
      "instances": [
        {
          "schema_version": 0,
          "attributes": {
            "action": "lambda:InvokeFunction",
            "event_source_token": null,
            "function_name": "UserSignUp",
            "function_url_auth_type": null,
            "id": "AllowExecutionFromAPIGateway",
            "principal": "apigateway.amazonaws.com",
            "principal_org_id": null,
            "qualifier": "",
            "source_account": null,
            "source_arn": "arn:aws:execute-api:ap-southeast-1:033737710410:ueb8gkzdtj/*/*",
            "statement_id": "AllowExecutionFromAPIGateway",
            "statement_id_prefix": ""
          },
          "sensitive_attributes": [],
          "private": "bnVsbA==",
          "dependencies": [
            "aws_apigatewayv2_api.lambda",
            "aws_iam_role.lambda_exec",
            "aws_lambda_function.user_sign_up",
            "data.archive_file.lambda_user_sign_up",
            "null_resource.go_build_functions_output_user_sign_up"
          ]
        }
      ]
    },
    {
      "mode": "managed",
      "type": "aws_lambda_permission",
      "name": "user_validate_otp",
      "provider": "provider[\"registry.terraform.io/hashicorp/aws\"]",
      "instances": [
        {
          "schema_version": 0,
          "attributes": {
            "action": "lambda:InvokeFunction",
            "event_source_token": null,
            "function_name": "UserValidateOtp",
            "function_url_auth_type": null,
            "id": "AllowExecutionFromAPIGateway",
            "principal": "apigateway.amazonaws.com",
            "principal_org_id": null,
            "qualifier": "",
            "source_account": null,
            "source_arn": "arn:aws:execute-api:ap-southeast-1:033737710410:ueb8gkzdtj/*/*",
            "statement_id": "AllowExecutionFromAPIGateway",
            "statement_id_prefix": ""
          },
          "sensitive_attributes": [],
          "private": "bnVsbA==",
          "dependencies": [
            "aws_apigatewayv2_api.lambda",
            "aws_iam_role.lambda_exec",
            "aws_lambda_function.user_validate_otp",
            "data.archive_file.lambda_user_validate_otp",
            "null_resource.go_build_functions_output_user_validate_otp"
          ]
        }
      ]
    },
    {
      "mode": "managed",
      "type": "null_resource",
      "name": "go_build_functions_output_app_version",
      "provider": "provider[\"registry.terraform.io/hashicorp/null\"]",
      "instances": [
        {
          "schema_version": 0,
          "attributes": {
            "id": "8679880721641157248",
            "triggers": {
              "always_run": "2024-01-14T08:26:19Z"
            }
          },
          "sensitive_attributes": []
        }
      ]
    },
    {
      "mode": "managed",
      "type": "null_resource",
      "name": "go_build_functions_output_hello_world",
      "provider": "provider[\"registry.terraform.io/hashicorp/null\"]",
      "instances": [
        {
          "schema_version": 0,
          "attributes": {
            "id": "4858382418441263276",
            "triggers": {
              "always_run": "2024-01-14T08:26:19Z"
            }
          },
          "sensitive_attributes": []
        }
      ]
    },
    {
      "mode": "managed",
      "type": "null_resource",
      "name": "go_build_functions_output_monitored_link_add_multiple",
      "provider": "provider[\"registry.terraform.io/hashicorp/null\"]",
      "instances": [
        {
          "schema_version": 0,
          "attributes": {
            "id": "4786626878336666206",
            "triggers": {
              "always_run": "2024-01-14T08:26:19Z"
            }
          },
          "sensitive_attributes": []
        }
      ]
    },
    {
      "mode": "managed",
      "type": "null_resource",
      "name": "go_build_functions_output_monitored_link_edit_multiple",
      "provider": "provider[\"registry.terraform.io/hashicorp/null\"]",
      "instances": [
        {
          "schema_version": 0,
          "attributes": {
            "id": "4847494774388555519",
            "triggers": {
              "always_run": "2024-01-14T08:26:41Z"
            }
          },
          "sensitive_attributes": []
        }
      ]
    },
    {
      "mode": "managed",
      "type": "null_resource",
      "name": "go_build_functions_output_monitored_link_list",
      "provider": "provider[\"registry.terraform.io/hashicorp/null\"]",
      "instances": [
        {
          "schema_version": 0,
          "attributes": {
            "id": "4848799843372741755",
            "triggers": {
              "always_run": "2024-01-14T08:26:30Z"
            }
          },
          "sensitive_attributes": []
        }
      ]
    },
    {
      "mode": "managed",
      "type": "null_resource",
      "name": "go_build_functions_output_searched_item_add_multiple",
      "provider": "provider[\"registry.terraform.io/hashicorp/null\"]",
      "instances": [
        {
          "schema_version": 0,
          "attributes": {
            "id": "7631158834876761146",
            "triggers": {
              "always_run": "2024-01-14T08:26:43Z"
            }
          },
          "sensitive_attributes": []
        }
      ]
    },
    {
      "mode": "managed",
      "type": "null_resource",
      "name": "go_build_functions_output_searched_item_edit_multiple",
      "provider": "provider[\"registry.terraform.io/hashicorp/null\"]",
      "instances": [
        {
          "schema_version": 0,
          "attributes": {
            "id": "3286797734247639306",
            "triggers": {
              "always_run": "2024-01-14T08:26:19Z"
            }
          },
          "sensitive_attributes": []
        }
      ]
    },
    {
      "mode": "managed",
      "type": "null_resource",
      "name": "go_build_functions_output_searched_item_list",
      "provider": "provider[\"registry.terraform.io/hashicorp/null\"]",
      "instances": [
        {
          "schema_version": 0,
          "attributes": {
            "id": "6742496964977227487",
            "triggers": {
              "always_run": "2024-01-14T08:26:19Z"
            }
          },
          "sensitive_attributes": []
        }
      ]
    },
    {
      "mode": "managed",
      "type": "null_resource",
      "name": "go_build_functions_output_user_edit",
      "provider": "provider[\"registry.terraform.io/hashicorp/null\"]",
      "instances": [
        {
          "schema_version": 0,
          "attributes": {
            "id": "9033127073607871269",
            "triggers": {
              "always_run": "2024-01-14T08:26:20Z"
            }
          },
          "sensitive_attributes": []
        }
      ]
    },
    {
      "mode": "managed",
      "type": "null_resource",
      "name": "go_build_functions_output_user_me",
      "provider": "provider[\"registry.terraform.io/hashicorp/null\"]",
      "instances": [
        {
          "schema_version": 0,
          "attributes": {
            "id": "1788115129250222821",
            "triggers": {
              "always_run": "2024-01-14T08:26:19Z"
            }
          },
          "sensitive_attributes": []
        }
      ]
    },
    {
      "mode": "managed",
      "type": "null_resource",
      "name": "go_build_functions_output_user_reset_password",
      "provider": "provider[\"registry.terraform.io/hashicorp/null\"]",
      "instances": [
        {
          "schema_version": 0,
          "attributes": {
            "id": "2760544844911144838",
            "triggers": {
              "always_run": "2024-01-14T08:26:19Z"
            }
          },
          "sensitive_attributes": []
        }
      ]
    },
    {
      "mode": "managed",
      "type": "null_resource",
      "name": "go_build_functions_output_user_sign_in",
      "provider": "provider[\"registry.terraform.io/hashicorp/null\"]",
      "instances": [
        {
          "schema_version": 0,
          "attributes": {
            "id": "6278506795808591351",
            "triggers": {
              "always_run": "2024-01-14T08:26:31Z"
            }
          },
          "sensitive_attributes": []
        }
      ]
    },
    {
      "mode": "managed",
      "type": "null_resource",
      "name": "go_build_functions_output_user_sign_up",
      "provider": "provider[\"registry.terraform.io/hashicorp/null\"]",
      "instances": [
        {
          "schema_version": 0,
          "attributes": {
            "id": "6729452132799549214",
            "triggers": {
              "always_run": "2024-01-14T08:26:19Z"
            }
          },
          "sensitive_attributes": []
        }
      ]
    },
    {
      "mode": "managed",
      "type": "null_resource",
      "name": "go_build_functions_output_user_validate_otp",
      "provider": "provider[\"registry.terraform.io/hashicorp/null\"]",
      "instances": [
        {
          "schema_version": 0,
          "attributes": {
            "id": "3789928398000037355",
            "triggers": {
              "always_run": "2024-01-14T08:26:19Z"
            }
          },
          "sensitive_attributes": []
        }
      ]
    }
  ],
  "check_results": []
}
